{
  "version": 4,
  "terraform_version": "1.5.4",
  "serial": 350,
  "lineage": "67912c20-125a-4d9b-04ab-ff68678cc0bf",
  "outputs": {
    "admin_security_group_id": {
      "value": "sg-0b02e0c32a1711212",
      "type": "string"
    },
    "alb_security_group_id": {
      "value": "sg-0c4a1ef6b4b6642e4",
      "type": "string"
    },
    "private_subnet_ids": {
      "value": [
        "subnet-0b629cd2a39fc427e",
        "subnet-0d8781eb2892e4bf4"
      ],
      "type": [
        "tuple",
        [
          "string",
          "string"
        ]
      ]
    },
    "public_fw_subnet_ids": {
      "value": [
        "subnet-0454539791cd4cb2c",
        "subnet-03d8a38881247e08a"
      ],
      "type": [
        "tuple",
        [
          "string",
          "string"
        ]
      ]
    },
    "public_subnet_ids": {
      "value": [
        "subnet-0515d2539f000d5a4",
        "subnet-06e0ab844cc0ff310"
      ],
      "type": [
        "tuple",
        [
          "string",
          "string"
        ]
      ]
    },
    "vpc_cidr_block": {
      "value": "20.4.0.0/16",
      "type": "string"
    },
    "vpc_id": {
      "value": "vpc-07fe8f59c530405ca",
      "type": "string"
    },
    "web_security_group_id": {
      "value": "sg-0af3fe27df3be5e53",
      "type": "string"
    }
  },
  "resources": [
    {
      "mode": "managed",
      "type": "aws_acm_certificate",
      "name": "acm_cert",
      "provider": "provider[\"registry.terraform.io/hashicorp/aws\"]",
      "instances": [
        {
          "schema_version": 0,
          "attributes": {
            "arn": "arn:aws:acm:ap-northeast-2:518897854809:certificate/7554c3e5-33c9-4290-bdf9-9505bd134c57",
            "certificate_authority_arn": "",
            "certificate_body": null,
            "certificate_chain": null,
            "domain_name": "cpe.skdt.io",
            "domain_validation_options": [
              {
                "domain_name": "cpe.skdt.io",
                "resource_record_name": "_f10cf5c2cb9d577593b752e57825d741.cpe.skdt.io.",
                "resource_record_type": "CNAME",
                "resource_record_value": "_28eecfbe18be03ac1fd33800c7e06470.nbgfhbpblk.acm-validations.aws."
              }
            ],
            "early_renewal_duration": "",
            "id": "arn:aws:acm:ap-northeast-2:518897854809:certificate/7554c3e5-33c9-4290-bdf9-9505bd134c57",
            "key_algorithm": "RSA_2048",
            "not_after": "",
            "not_before": "",
            "options": [
              {
                "certificate_transparency_logging_preference": "ENABLED"
              }
            ],
            "pending_renewal": false,
            "private_key": null,
            "renewal_eligibility": "INELIGIBLE",
            "renewal_summary": [],
            "status": "PENDING_VALIDATION",
            "subject_alternative_names": [
              "cpe.skdt.io"
            ],
            "tags": {
              "Environment": "dt-level3"
            },
            "tags_all": {
              "Environment": "dt-level3"
            },
            "type": "AMAZON_ISSUED",
            "validation_emails": [],
            "validation_method": "DNS",
            "validation_option": []
          },
          "sensitive_attributes": [],
          "private": "bnVsbA==",
          "create_before_destroy": true
        }
      ]
    },
    {
      "mode": "managed",
      "type": "aws_ec2_transit_gateway",
      "name": "thistgw",
      "provider": "provider[\"registry.terraform.io/hashicorp/aws\"]",
      "instances": [
        {
          "schema_version": 0,
          "attributes": {
            "amazon_side_asn": 64512,
            "arn": "arn:aws:ec2:ap-northeast-2:518897854809:transit-gateway/tgw-0de4e635dd9aa98d9",
            "association_default_route_table_id": "",
            "auto_accept_shared_attachments": "enable",
            "default_route_table_association": "disable",
            "default_route_table_propagation": "disable",
            "description": "seoul Transit Gateway",
            "dns_support": "enable",
            "id": "tgw-0de4e635dd9aa98d9",
            "multicast_support": "disable",
            "owner_id": "518897854809",
            "propagation_default_route_table_id": "",
            "tags": {
              "Name": "seoul-tgw"
            },
            "tags_all": {
              "Name": "seoul-tgw"
            },
            "timeouts": null,
            "transit_gateway_cidr_blocks": null,
            "vpn_ecmp_support": "enable"
          },
          "sensitive_attributes": [],
          "private": "eyJlMmJmYjczMC1lY2FhLTExZTYtOGY4OC0zNDM2M2JjN2M0YzAiOnsiY3JlYXRlIjo2MDAwMDAwMDAwMDAsImRlbGV0ZSI6NjAwMDAwMDAwMDAwLCJ1cGRhdGUiOjYwMDAwMDAwMDAwMH19"
        }
      ]
    },
    {
      "mode": "managed",
      "type": "aws_ec2_transit_gateway_route_table",
      "name": "thistgw_rt",
      "provider": "provider[\"registry.terraform.io/hashicorp/aws\"]",
      "instances": [
        {
          "schema_version": 0,
          "attributes": {
            "arn": "arn:aws:ec2:ap-northeast-2:518897854809:transit-gateway-route-table/tgw-rtb-005cef4cd02a7d9f6",
            "default_association_route_table": false,
            "default_propagation_route_table": false,
            "id": "tgw-rtb-005cef4cd02a7d9f6",
            "tags": {
              "Name": "seoul-tgw-rt"
            },
            "tags_all": {
              "Name": "seoul-tgw-rt"
            },
            "transit_gateway_id": "tgw-0de4e635dd9aa98d9"
          },
          "sensitive_attributes": [],
          "private": "bnVsbA==",
          "dependencies": [
            "aws_ec2_transit_gateway.thistgw"
          ]
        }
      ]
    },
    {
      "mode": "managed",
      "type": "aws_ec2_transit_gateway_route_table_association",
      "name": "thistgw_rt",
      "provider": "provider[\"registry.terraform.io/hashicorp/aws\"]",
      "instances": [
        {
          "schema_version": 0,
          "attributes": {
            "id": "tgw-rtb-005cef4cd02a7d9f6_tgw-attach-0afe44d2d127e4b47",
            "resource_id": "vpc-07fe8f59c530405ca",
            "resource_type": "vpc",
            "transit_gateway_attachment_id": "tgw-attach-0afe44d2d127e4b47",
            "transit_gateway_route_table_id": "tgw-rtb-005cef4cd02a7d9f6"
          },
          "sensitive_attributes": [],
          "private": "bnVsbA==",
          "dependencies": [
            "aws_ec2_transit_gateway.thistgw",
            "aws_ec2_transit_gateway_route_table.thistgw_rt",
            "aws_ec2_transit_gateway_vpc_attachment.region_vpc_tgw_attach",
            "module.vpc.aws_eip.this_a",
            "module.vpc.aws_eip.this_c",
            "module.vpc.aws_internet_gateway.this",
            "module.vpc.aws_nat_gateway.this_a",
            "module.vpc.aws_nat_gateway.this_c",
            "module.vpc.aws_route.internet_gateway_fw",
            "module.vpc.aws_route.nat_gateway_a",
            "module.vpc.aws_route.nat_gateway_c",
            "module.vpc.aws_route_table.private_a",
            "module.vpc.aws_route_table.private_c",
            "module.vpc.aws_route_table.public_a",
            "module.vpc.aws_route_table.public_c",
            "module.vpc.aws_route_table.public_fw",
            "module.vpc.aws_route_table_association.private_a",
            "module.vpc.aws_route_table_association.private_c",
            "module.vpc.aws_route_table_association.public_a",
            "module.vpc.aws_route_table_association.public_c",
            "module.vpc.aws_route_table_association.public_fw",
            "module.vpc.aws_security_group.admin",
            "module.vpc.aws_security_group.alb",
            "module.vpc.aws_security_group.web",
            "module.vpc.aws_security_group_rule.admin_access_ingress",
            "module.vpc.aws_security_group_rule.alb_access_ingress",
            "module.vpc.aws_security_group_rule.alb_access_ingress_https",
            "module.vpc.aws_security_group_rule.http_access_ingress",
            "module.vpc.aws_security_group_rule.https_access_ingress",
            "module.vpc.aws_subnet.private",
            "module.vpc.aws_subnet.public",
            "module.vpc.aws_subnet.public_fw",
            "module.vpc.aws_vpc.this",
            "module.vpc.aws_vpc_security_group_ingress_rule.admin_access_ingress_icmp",
            "module.vpc.aws_vpc_security_group_ingress_rule.alb_access_ingress_icmp"
          ]
        }
      ]
    },
    {
      "mode": "managed",
      "type": "aws_ec2_transit_gateway_route_table_propagation",
      "name": "thistgw_rt",
      "provider": "provider[\"registry.terraform.io/hashicorp/aws\"]",
      "instances": [
        {
          "schema_version": 0,
          "attributes": {
            "id": "tgw-rtb-005cef4cd02a7d9f6_tgw-attach-0afe44d2d127e4b47",
            "resource_id": "vpc-07fe8f59c530405ca",
            "resource_type": "vpc",
            "transit_gateway_attachment_id": "tgw-attach-0afe44d2d127e4b47",
            "transit_gateway_route_table_id": "tgw-rtb-005cef4cd02a7d9f6"
          },
          "sensitive_attributes": [],
          "private": "bnVsbA==",
          "dependencies": [
            "aws_ec2_transit_gateway.thistgw",
            "aws_ec2_transit_gateway_route_table.thistgw_rt",
            "aws_ec2_transit_gateway_vpc_attachment.region_vpc_tgw_attach",
            "module.vpc.aws_eip.this_a",
            "module.vpc.aws_eip.this_c",
            "module.vpc.aws_internet_gateway.this",
            "module.vpc.aws_nat_gateway.this_a",
            "module.vpc.aws_nat_gateway.this_c",
            "module.vpc.aws_route.internet_gateway_fw",
            "module.vpc.aws_route.nat_gateway_a",
            "module.vpc.aws_route.nat_gateway_c",
            "module.vpc.aws_route_table.private_a",
            "module.vpc.aws_route_table.private_c",
            "module.vpc.aws_route_table.public_a",
            "module.vpc.aws_route_table.public_c",
            "module.vpc.aws_route_table.public_fw",
            "module.vpc.aws_route_table_association.private_a",
            "module.vpc.aws_route_table_association.private_c",
            "module.vpc.aws_route_table_association.public_a",
            "module.vpc.aws_route_table_association.public_c",
            "module.vpc.aws_route_table_association.public_fw",
            "module.vpc.aws_security_group.admin",
            "module.vpc.aws_security_group.alb",
            "module.vpc.aws_security_group.web",
            "module.vpc.aws_security_group_rule.admin_access_ingress",
            "module.vpc.aws_security_group_rule.alb_access_ingress",
            "module.vpc.aws_security_group_rule.alb_access_ingress_https",
            "module.vpc.aws_security_group_rule.http_access_ingress",
            "module.vpc.aws_security_group_rule.https_access_ingress",
            "module.vpc.aws_subnet.private",
            "module.vpc.aws_subnet.public",
            "module.vpc.aws_subnet.public_fw",
            "module.vpc.aws_vpc.this",
            "module.vpc.aws_vpc_security_group_ingress_rule.admin_access_ingress_icmp",
            "module.vpc.aws_vpc_security_group_ingress_rule.alb_access_ingress_icmp"
          ]
        }
      ]
    },
    {
      "mode": "managed",
      "type": "aws_ec2_transit_gateway_vpc_attachment",
      "name": "region_vpc_tgw_attach",
      "provider": "provider[\"registry.terraform.io/hashicorp/aws\"]",
      "instances": [
        {
          "schema_version": 0,
          "attributes": {
            "appliance_mode_support": "disable",
            "dns_support": "enable",
            "id": "tgw-attach-0afe44d2d127e4b47",
            "ipv6_support": "disable",
            "subnet_ids": [
              "subnet-0515d2539f000d5a4",
              "subnet-06e0ab844cc0ff310"
            ],
            "tags": {
              "Name": "seoul-vpc-tgw-attach"
            },
            "tags_all": {
              "Name": "seoul-vpc-tgw-attach"
            },
            "transit_gateway_default_route_table_association": false,
            "transit_gateway_default_route_table_propagation": false,
            "transit_gateway_id": "tgw-0de4e635dd9aa98d9",
            "vpc_id": "vpc-07fe8f59c530405ca",
            "vpc_owner_id": "518897854809"
          },
          "sensitive_attributes": [],
          "private": "bnVsbA==",
          "dependencies": [
            "aws_ec2_transit_gateway.thistgw",
            "module.vpc.aws_eip.this_a",
            "module.vpc.aws_eip.this_c",
            "module.vpc.aws_internet_gateway.this",
            "module.vpc.aws_nat_gateway.this_a",
            "module.vpc.aws_nat_gateway.this_c",
            "module.vpc.aws_route.internet_gateway_fw",
            "module.vpc.aws_route.nat_gateway_a",
            "module.vpc.aws_route.nat_gateway_c",
            "module.vpc.aws_route_table.private_a",
            "module.vpc.aws_route_table.private_c",
            "module.vpc.aws_route_table.public_a",
            "module.vpc.aws_route_table.public_c",
            "module.vpc.aws_route_table.public_fw",
            "module.vpc.aws_route_table_association.private_a",
            "module.vpc.aws_route_table_association.private_c",
            "module.vpc.aws_route_table_association.public_a",
            "module.vpc.aws_route_table_association.public_c",
            "module.vpc.aws_route_table_association.public_fw",
            "module.vpc.aws_security_group.admin",
            "module.vpc.aws_security_group.alb",
            "module.vpc.aws_security_group.web",
            "module.vpc.aws_security_group_rule.admin_access_ingress",
            "module.vpc.aws_security_group_rule.alb_access_ingress",
            "module.vpc.aws_security_group_rule.alb_access_ingress_https",
            "module.vpc.aws_security_group_rule.http_access_ingress",
            "module.vpc.aws_security_group_rule.https_access_ingress",
            "module.vpc.aws_subnet.private",
            "module.vpc.aws_subnet.public",
            "module.vpc.aws_subnet.public_fw",
            "module.vpc.aws_vpc.this",
            "module.vpc.aws_vpc_security_group_ingress_rule.admin_access_ingress_icmp",
            "module.vpc.aws_vpc_security_group_ingress_rule.alb_access_ingress_icmp"
          ]
        }
      ]
    },
    {
      "mode": "managed",
      "type": "aws_route",
      "name": "priv_a_region_vpc_tgw_attach",
      "provider": "provider[\"registry.terraform.io/hashicorp/aws\"]",
      "instances": [
        {
          "schema_version": 0,
          "attributes": {
            "carrier_gateway_id": "",
            "core_network_arn": "",
            "destination_cidr_block": "10.4.0.0/16",
            "destination_ipv6_cidr_block": "",
            "destination_prefix_list_id": "",
            "egress_only_gateway_id": "",
            "gateway_id": "",
            "id": "r-rtb-056ca95fbe4412ed51896866592",
            "instance_id": "",
            "instance_owner_id": "",
            "local_gateway_id": "",
            "nat_gateway_id": "",
            "network_interface_id": "",
            "origin": "CreateRoute",
            "route_table_id": "rtb-056ca95fbe4412ed5",
            "state": "blackhole",
            "timeouts": null,
            "transit_gateway_id": "tgw-0de4e635dd9aa98d9",
            "vpc_endpoint_id": "",
            "vpc_peering_connection_id": ""
          },
          "sensitive_attributes": [],
          "private": "eyJlMmJmYjczMC1lY2FhLTExZTYtOGY4OC0zNDM2M2JjN2M0YzAiOnsiY3JlYXRlIjozMDAwMDAwMDAwMDAsImRlbGV0ZSI6MzAwMDAwMDAwMDAwLCJ1cGRhdGUiOjEyMDAwMDAwMDAwMH19",
          "dependencies": [
            "aws_ec2_transit_gateway.thistgw",
            "module.vpc.aws_route_table.private_a",
            "module.vpc.aws_vpc.this"
          ]
        }
      ]
    },
    {
      "mode": "managed",
      "type": "aws_route",
      "name": "priv_c_region_vpc_tgw_attach",
      "provider": "provider[\"registry.terraform.io/hashicorp/aws\"]",
      "instances": [
        {
          "schema_version": 0,
          "attributes": {
            "carrier_gateway_id": "",
            "core_network_arn": "",
            "destination_cidr_block": "10.4.0.0/16",
            "destination_ipv6_cidr_block": "",
            "destination_prefix_list_id": "",
            "egress_only_gateway_id": "",
            "gateway_id": "",
            "id": "r-rtb-0be832458f4f094031896866592",
            "instance_id": "",
            "instance_owner_id": "",
            "local_gateway_id": "",
            "nat_gateway_id": "",
            "network_interface_id": "",
            "origin": "CreateRoute",
            "route_table_id": "rtb-0be832458f4f09403",
            "state": "blackhole",
            "timeouts": null,
            "transit_gateway_id": "tgw-0de4e635dd9aa98d9",
            "vpc_endpoint_id": "",
            "vpc_peering_connection_id": ""
          },
          "sensitive_attributes": [],
          "private": "eyJlMmJmYjczMC1lY2FhLTExZTYtOGY4OC0zNDM2M2JjN2M0YzAiOnsiY3JlYXRlIjozMDAwMDAwMDAwMDAsImRlbGV0ZSI6MzAwMDAwMDAwMDAwLCJ1cGRhdGUiOjEyMDAwMDAwMDAwMH19",
          "dependencies": [
            "aws_ec2_transit_gateway.thistgw",
            "module.vpc.aws_route_table.private_c",
            "module.vpc.aws_vpc.this"
          ]
        }
      ]
    },
    {
      "mode": "managed",
      "type": "aws_route",
      "name": "pub_a_region_vpc_tgw_attach",
      "provider": "provider[\"registry.terraform.io/hashicorp/aws\"]",
      "instances": [
        {
          "schema_version": 0,
          "attributes": {
            "carrier_gateway_id": "",
            "core_network_arn": "",
            "destination_cidr_block": "10.4.0.0/16",
            "destination_ipv6_cidr_block": "",
            "destination_prefix_list_id": "",
            "egress_only_gateway_id": "",
            "gateway_id": "",
            "id": "r-rtb-0346efd45b8817da91896866592",
            "instance_id": "",
            "instance_owner_id": "",
            "local_gateway_id": "",
            "nat_gateway_id": "",
            "network_interface_id": "",
            "origin": "CreateRoute",
            "route_table_id": "rtb-0346efd45b8817da9",
            "state": "blackhole",
            "timeouts": null,
            "transit_gateway_id": "tgw-0de4e635dd9aa98d9",
            "vpc_endpoint_id": "",
            "vpc_peering_connection_id": ""
          },
          "sensitive_attributes": [],
          "private": "eyJlMmJmYjczMC1lY2FhLTExZTYtOGY4OC0zNDM2M2JjN2M0YzAiOnsiY3JlYXRlIjozMDAwMDAwMDAwMDAsImRlbGV0ZSI6MzAwMDAwMDAwMDAwLCJ1cGRhdGUiOjEyMDAwMDAwMDAwMH19",
          "dependencies": [
            "aws_ec2_transit_gateway.thistgw",
            "module.vpc.aws_route_table.public_a",
            "module.vpc.aws_vpc.this"
          ]
        }
      ]
    },
    {
      "mode": "managed",
      "type": "aws_route",
      "name": "pub_c_region_vpc_tgw_attach",
      "provider": "provider[\"registry.terraform.io/hashicorp/aws\"]",
      "instances": [
        {
          "schema_version": 0,
          "attributes": {
            "carrier_gateway_id": "",
            "core_network_arn": "",
            "destination_cidr_block": "10.4.0.0/16",
            "destination_ipv6_cidr_block": "",
            "destination_prefix_list_id": "",
            "egress_only_gateway_id": "",
            "gateway_id": "",
            "id": "r-rtb-00e8be2db5635a30f1896866592",
            "instance_id": "",
            "instance_owner_id": "",
            "local_gateway_id": "",
            "nat_gateway_id": "",
            "network_interface_id": "",
            "origin": "CreateRoute",
            "route_table_id": "rtb-00e8be2db5635a30f",
            "state": "blackhole",
            "timeouts": null,
            "transit_gateway_id": "tgw-0de4e635dd9aa98d9",
            "vpc_endpoint_id": "",
            "vpc_peering_connection_id": ""
          },
          "sensitive_attributes": [],
          "private": "eyJlMmJmYjczMC1lY2FhLTExZTYtOGY4OC0zNDM2M2JjN2M0YzAiOnsiY3JlYXRlIjozMDAwMDAwMDAwMDAsImRlbGV0ZSI6MzAwMDAwMDAwMDAwLCJ1cGRhdGUiOjEyMDAwMDAwMDAwMH19",
          "dependencies": [
            "aws_ec2_transit_gateway.thistgw",
            "module.vpc.aws_route_table.public_c",
            "module.vpc.aws_vpc.this"
          ]
        }
      ]
    },
    {
      "module": "module.eks",
      "mode": "data",
      "type": "aws_iam_policy_document",
      "name": "cluster_assume_role_policy",
      "provider": "provider[\"registry.terraform.io/hashicorp/aws\"]",
      "instances": [
        {
          "schema_version": 0,
          "attributes": {
            "id": "1094843630",
            "json": "{\n  \"Version\": \"2012-10-17\",\n  \"Statement\": [\n    {\n      \"Sid\": \"\",\n      \"Effect\": \"Allow\",\n      \"Action\": \"sts:AssumeRoleWithWebIdentity\",\n      \"Principal\": {\n        \"Federated\": \"arn:aws:iam::518897854809:oidc-provider/oidc.eks.ap-northeast-2.amazonaws.com/id/80B33491648459534BB23C1E33E5993B\"\n      },\n      \"Condition\": {\n        \"StringEquals\": {\n          \"oidc.eks.ap-northeast-2.amazonaws.com/id/80B33491648459534BB23C1E33E5993B:sub\": \"system:serviceaccount:kube-system:aws-node\"\n        }\n      }\n    }\n  ]\n}",
            "override_json": null,
            "override_policy_documents": null,
            "policy_id": null,
            "source_json": null,
            "source_policy_documents": null,
            "statement": [
              {
                "actions": [
                  "sts:AssumeRoleWithWebIdentity"
                ],
                "condition": [
                  {
                    "test": "StringEquals",
                    "values": [
                      "system:serviceaccount:kube-system:aws-node"
                    ],
                    "variable": "oidc.eks.ap-northeast-2.amazonaws.com/id/80B33491648459534BB23C1E33E5993B:sub"
                  }
                ],
                "effect": "Allow",
                "not_actions": [],
                "not_principals": [],
                "not_resources": [],
                "principals": [
                  {
                    "identifiers": [
                      "arn:aws:iam::518897854809:oidc-provider/oidc.eks.ap-northeast-2.amazonaws.com/id/80B33491648459534BB23C1E33E5993B"
                    ],
                    "type": "Federated"
                  }
                ],
                "resources": [],
                "sid": ""
              }
            ],
            "version": "2012-10-17"
          },
          "sensitive_attributes": []
        }
      ]
    },
    {
      "module": "module.eks",
      "mode": "data",
      "type": "tls_certificate",
      "name": "cluster",
      "provider": "provider[\"registry.terraform.io/hashicorp/tls\"]",
      "instances": [
        {
          "schema_version": 0,
          "attributes": {
            "certificates": [
              {
                "cert_pem": "-----BEGIN CERTIFICATE-----\nMIIEdTCCA12gAwIBAgIJAKcOSkw0grd/MA0GCSqGSIb3DQEBCwUAMGgxCzAJBgNV\nBAYTAlVTMSUwIwYDVQQKExxTdGFyZmllbGQgVGVjaG5vbG9naWVzLCBJbmMuMTIw\nMAYDVQQLEylTdGFyZmllbGQgQ2xhc3MgMiBDZXJ0aWZpY2F0aW9uIEF1dGhvcml0\neTAeFw0wOTA5MDIwMDAwMDBaFw0zNDA2MjgxNzM5MTZaMIGYMQswCQYDVQQGEwJV\nUzEQMA4GA1UECBMHQXJpem9uYTETMBEGA1UEBxMKU2NvdHRzZGFsZTElMCMGA1UE\nChMcU3RhcmZpZWxkIFRlY2hub2xvZ2llcywgSW5jLjE7MDkGA1UEAxMyU3RhcmZp\nZWxkIFNlcnZpY2VzIFJvb3QgQ2VydGlmaWNhdGUgQXV0aG9yaXR5IC0gRzIwggEi\nMA0GCSqGSIb3DQEBAQUAA4IBDwAwggEKAoIBAQDVDDrEKvlO4vW+GZdfjohTsR8/\ny8+fIBNtKTrID30892t2OGPZNmCom15cAICyL1l/9of5JUOG52kbUpqQ4XHj2C0N\nTm/2yEnZtvMaVq4rtnQU68/7JuMauh2WLmo7WJSJR1b/JaCTcFOD2oR0FMNnngRo\nOt+OQFodSk7PQ5E751bWAHDLUu57fa4657wx+UX2wmDPE1kCK4DMNEffud6QZW0C\nzyyRpqbn3oUYSXxmTqM6bam17jQuug0DuDPfR+uxa40l2ZvOgdFFRjKWcIfeAg5J\nQ4W2bHO7ZOphQazJ1FTfhy/HIrImzJ9ZVGif/L4qL8RVHHVAYBeFAlU5i38FAgMB\nAAGjgfAwge0wDwYDVR0TAQH/BAUwAwEB/zAOBgNVHQ8BAf8EBAMCAYYwHQYDVR0O\nBBYEFJxfAN+qAdcwKziIorhtSpzyEZGDMB8GA1UdIwQYMBaAFL9ft9HO3R+G9FtV\nrNzXEMIOqYjnME8GCCsGAQUFBwEBBEMwQTAcBggrBgEFBQcwAYYQaHR0cDovL28u\nc3MyLnVzLzAhBggrBgEFBQcwAoYVaHR0cDovL3guc3MyLnVzL3guY2VyMCYGA1Ud\nHwQfMB0wG6AZoBeGFWh0dHA6Ly9zLnNzMi51cy9yLmNybDARBgNVHSAECjAIMAYG\nBFUdIAAwDQYJKoZIhvcNAQELBQADggEBACMd44pXyn3pF3lM8R5V/cxTbj5HD9/G\nVfKyBDbtgB9TxF00KGu+x1X8Z+rLP3+QsjPNG1gQggL4+C/1E2DUBc7xgQjB3ad1\nl08YuW3e95ORCLp+QCztweq7dp4zBncdDQh/U90bZKuCJ/Fp1U1ervShw3WnWEQt\n8jxwmKy6abaVd38PMV4s/KCHOkdp8Hlf9BRUpJVeEXgSYCfOn8J3/yNTd126/+pZ\n59vPr5KW7ySaNRB6nJHGDn2Z9j8Z3/VyVOEVqQdZe4O/Ui5GjLIAZHYcSNPYeehu\nVsyuLAOQ1xk4meTKCRlb/weWsKh/NEnfVqn3sF/tM+2MR7cwA130A4w=\n-----END CERTIFICATE-----\n",
                "is_ca": true,
                "issuer": "OU=Starfield Class 2 Certification Authority,O=Starfield Technologies\\, Inc.,C=US",
                "not_after": "2034-06-28T17:39:16Z",
                "not_before": "2009-09-02T00:00:00Z",
                "public_key_algorithm": "RSA",
                "serial_number": "12037640545166866303",
                "sha1_fingerprint": "9e99a48a9960b14926bb7f3b02e22da2b0ab7280",
                "signature_algorithm": "SHA256-RSA",
                "subject": "CN=Starfield Services Root Certificate Authority - G2,O=Starfield Technologies\\, Inc.,L=Scottsdale,ST=Arizona,C=US",
                "version": 3
              },
              {
                "cert_pem": "-----BEGIN CERTIFICATE-----\nMIIEkjCCA3qgAwIBAgITBn+USionzfP6wq4rAfkI7rnExjANBgkqhkiG9w0BAQsF\nADCBmDELMAkGA1UEBhMCVVMxEDAOBgNVBAgTB0FyaXpvbmExEzARBgNVBAcTClNj\nb3R0c2RhbGUxJTAjBgNVBAoTHFN0YXJmaWVsZCBUZWNobm9sb2dpZXMsIEluYy4x\nOzA5BgNVBAMTMlN0YXJmaWVsZCBTZXJ2aWNlcyBSb290IENlcnRpZmljYXRlIEF1\ndGhvcml0eSAtIEcyMB4XDTE1MDUyNTEyMDAwMFoXDTM3MTIzMTAxMDAwMFowOTEL\nMAkGA1UEBhMCVVMxDzANBgNVBAoTBkFtYXpvbjEZMBcGA1UEAxMQQW1hem9uIFJv\nb3QgQ0EgMTCCASIwDQYJKoZIhvcNAQEBBQADggEPADCCAQoCggEBALJ4gHHKeNXj\nca9HgFB0fW7Y14h29Jlo91ghYPl0hAEvrAIthtOgQ3pOsqTQNroBvo3bSMgHFzZM\n9O6II8c+6zf1tRn4SWiw3te5djgdYZ6k/oI2peVKVuRF4fn9tBb6dNqcmzU5L/qw\nIFAGbHrQgLKm+a/sRxmPUDgH3KKHOVj4utWp+UhnMJbulHheb4mjUcAwhmahRWa6\nVOujw5H5SNz/0egwLX0tdHA114gk957EWW67c4cX8jJGKLhD+rcdqsq08p8kDi1L\n93FcXmn/6pUCyziKrlA4b9v7LWIbxcceVOF34GfID5yHI9Y/QCB/IIDEgEw+OyQm\njgSubJrIqg0CAwEAAaOCATEwggEtMA8GA1UdEwEB/wQFMAMBAf8wDgYDVR0PAQH/\nBAQDAgGGMB0GA1UdDgQWBBSEGMyFNOy8DJSULghZnMeyEE4KCDAfBgNVHSMEGDAW\ngBScXwDfqgHXMCs4iKK4bUqc8hGRgzB4BggrBgEFBQcBAQRsMGowLgYIKwYBBQUH\nMAGGImh0dHA6Ly9vY3NwLnJvb3RnMi5hbWF6b250cnVzdC5jb20wOAYIKwYBBQUH\nMAKGLGh0dHA6Ly9jcnQucm9vdGcyLmFtYXpvbnRydXN0LmNvbS9yb290ZzIuY2Vy\nMD0GA1UdHwQ2MDQwMqAwoC6GLGh0dHA6Ly9jcmwucm9vdGcyLmFtYXpvbnRydXN0\nLmNvbS9yb290ZzIuY3JsMBEGA1UdIAQKMAgwBgYEVR0gADANBgkqhkiG9w0BAQsF\nAAOCAQEAYjdCXLwQtT6LLOkMm2xF4gcAevnFWAu5CIw+7bMlPLVvUOTNNWqnkzSW\nMiGpSESrnO09tKpzbeR/FoCJbM8oAxiDR3mjEH4wW6w7sGDgd9QIpuEdfF7Au/ma\neyKdpwAJfqxGF4PcnCZXmTA5YpaP7dreqsXMGz7KQ2hsVxa81Q4gLv7/wmpdLqBK\nbRRYh5TmOTFffHPLkIhqhBGWJ6bt2YFGpn6jcgAKUj6DiAdjd4lpFw85hdKrCEVN\n0FE6/V1dN2RMfjCyVSRCnTawXZwXgWHxyvkQAiSr6w10kY17RSlQOYiypok1JR4U\nakcjMS9cmvqtmg5iUaQqqcT5NJ0hGA==\n-----END CERTIFICATE-----\n",
                "is_ca": true,
                "issuer": "CN=Starfield Services Root Certificate Authority - G2,O=Starfield Technologies\\, Inc.,L=Scottsdale,ST=Arizona,C=US",
                "not_after": "2037-12-31T01:00:00Z",
                "not_before": "2015-05-25T12:00:00Z",
                "public_key_algorithm": "RSA",
                "serial_number": "144918191876577076464031512351042010504348870",
                "sha1_fingerprint": "06b25927c42a721631c1efd9431e648fa62e1e39",
                "signature_algorithm": "SHA256-RSA",
                "subject": "CN=Amazon Root CA 1,O=Amazon,C=US",
                "version": 3
              },
              {
                "cert_pem": "-----BEGIN CERTIFICATE-----\nMIIEXjCCA0agAwIBAgITB3MSOAudZoijOx7Zv5zNpo4ODzANBgkqhkiG9w0BAQsF\nADA5MQswCQYDVQQGEwJVUzEPMA0GA1UEChMGQW1hem9uMRkwFwYDVQQDExBBbWF6\nb24gUm9vdCBDQSAxMB4XDTIyMDgyMzIyMjEyOFoXDTMwMDgyMzIyMjEyOFowPDEL\nMAkGA1UEBhMCVVMxDzANBgNVBAoTBkFtYXpvbjEcMBoGA1UEAxMTQW1hem9uIFJT\nQSAyMDQ4IE0wMTCCASIwDQYJKoZIhvcNAQEBBQADggEPADCCAQoCggEBAOtxLKnL\nH4gokjIwr4pXD3i3NyWVVYesZ1yX0yLI2qIUZ2t88Gfa4gMqs1YSXca1R/lnCKeT\nepWSGA+0+fkQNpp/L4C2T7oTTsddUx7g3ZYzByDTlrwS5HRQQqEFE3O1T5tEJP4t\nf+28IoXsNiEzl3UGzicYgtzj2cWCB41eJgEmJmcf2T8TzzK6a614ZPyq/w4CPAff\nnAV4coz96nW3AyiE2uhuB4zQUIXvgVSycW7sbWLvj5TDXunEpNCRwC4kkZjK7rol\njtT2cbb7W2s4Bkg3R42G3PLqBvt2N32e/0JOTViCk8/iccJ4sXqrS1uUN4iB5Nmv\nJK74csVl+0u0UecCAwEAAaOCAVowggFWMBIGA1UdEwEB/wQIMAYBAf8CAQAwDgYD\nVR0PAQH/BAQDAgGGMB0GA1UdJQQWMBQGCCsGAQUFBwMBBggrBgEFBQcDAjAdBgNV\nHQ4EFgQUgbgOY4qJEhjl+js7UJWf5uWQE4UwHwYDVR0jBBgwFoAUhBjMhTTsvAyU\nlC4IWZzHshBOCggwewYIKwYBBQUHAQEEbzBtMC8GCCsGAQUFBzABhiNodHRwOi8v\nb2NzcC5yb290Y2ExLmFtYXpvbnRydXN0LmNvbTA6BggrBgEFBQcwAoYuaHR0cDov\nL2NydC5yb290Y2ExLmFtYXpvbnRydXN0LmNvbS9yb290Y2ExLmNlcjA/BgNVHR8E\nODA2MDSgMqAwhi5odHRwOi8vY3JsLnJvb3RjYTEuYW1hem9udHJ1c3QuY29tL3Jv\nb3RjYTEuY3JsMBMGA1UdIAQMMAowCAYGZ4EMAQIBMA0GCSqGSIb3DQEBCwUAA4IB\nAQCtAN4CBSMuBjJitGuxlBbkEUDeK/pZwTXv4KqPK0G50fOHOQAd8j21p0cMBgbG\nkfMHVwLU7b0XwZCav0h1ogdPMN1KakK1DT0VwA/+hFvGPJnMV1Kx2G4S1ZaSk0uU\n5QfoiYIIano01J5k4T2HapKQmmOhS/iPtuo00wW+IMLeBuKMn3OLn005hcrOGTad\nhcmeyfhQP7Z+iKHvyoQGi1C0ClymHETx/chhQGDyYSWqB/THwnN15AwLQo0E5V9E\nSJlbe4mBlqeInUsNYugExNf+tOiybcrswBy8OFsd34XOW3rjSUtsuafd9AWySa3h\nxRRrwszrzX/WWGm6wyB+f7C4\n-----END CERTIFICATE-----\n",
                "is_ca": true,
                "issuer": "CN=Amazon Root CA 1,O=Amazon,C=US",
                "not_after": "2030-08-23T22:21:28Z",
                "not_before": "2022-08-23T22:21:28Z",
                "public_key_algorithm": "RSA",
                "serial_number": "166129328851546858514271303855646110030630415",
                "sha1_fingerprint": "2ad974a775f73cbdbbd8f5ac3a49255fa8fb1f8c",
                "signature_algorithm": "SHA256-RSA",
                "subject": "CN=Amazon RSA 2048 M01,O=Amazon,C=US",
                "version": 3
              },
              {
                "cert_pem": "-----BEGIN CERTIFICATE-----\nMIIF9jCCBN6gAwIBAgIQD/gVRvZWUDYz6fgtm6ZoQTANBgkqhkiG9w0BAQsFADA8\nMQswCQYDVQQGEwJVUzEPMA0GA1UEChMGQW1hem9uMRwwGgYDVQQDExNBbWF6b24g\nUlNBIDIwNDggTTAxMB4XDTIzMDQxMzAwMDAwMFoXDTI0MDUxMTIzNTk1OVowMDEu\nMCwGA1UEAxMlb2lkYy5la3MuYXAtbm9ydGhlYXN0LTIuYW1hem9uYXdzLmNvbTCC\nASIwDQYJKoZIhvcNAQEBBQADggEPADCCAQoCggEBAK9V199nNouibpPgHSrdjrKA\nh5fFlFo9T43Cx07Z6BjDhQT4KobV8IXm+QGQnTzti5hO67Wv2aGyPAItu7jvfPIX\nBJWNe5WZ7oBg9W+iPUkOFJV07YkkJX+NIXN8MokO0bCf8v1AK/4MLyZPZuAFoV55\n+b+iM9sYeXm2Mt91zxWdDytWt13FqdERwRAI9skl3hZYF7Wg0FeQDugkgKGuXiRp\nYtjOl9jR0pPLS6Q3viCT2ErANW1H7x05vM2mVcnAwBT8z27BhIYG+3xgd0m5jPGT\nWa3mDrX8uyKHE0tQY8kQJvkRzZUDziZIjPh9MGVd4j2o6X4evsXnQtIQF9o7MxEC\nAwEAAaOCAv4wggL6MB8GA1UdIwQYMBaAFIG4DmOKiRIY5fo7O1CVn+blkBOFMB0G\nA1UdDgQWBBQprSAZbk9duZEdjwd9ZZ5oQwgBQjAwBgNVHREEKTAngiVvaWRjLmVr\ncy5hcC1ub3J0aGVhc3QtMi5hbWF6b25hd3MuY29tMA4GA1UdDwEB/wQEAwIFoDAd\nBgNVHSUEFjAUBggrBgEFBQcDAQYIKwYBBQUHAwIwOwYDVR0fBDQwMjAwoC6gLIYq\naHR0cDovL2NybC5yMm0wMS5hbWF6b250cnVzdC5jb20vcjJtMDEuY3JsMBMGA1Ud\nIAQMMAowCAYGZ4EMAQIBMHUGCCsGAQUFBwEBBGkwZzAtBggrBgEFBQcwAYYhaHR0\ncDovL29jc3AucjJtMDEuYW1hem9udHJ1c3QuY29tMDYGCCsGAQUFBzAChipodHRw\nOi8vY3J0LnIybTAxLmFtYXpvbnRydXN0LmNvbS9yMm0wMS5jZXIwDAYDVR0TAQH/\nBAIwADCCAX4GCisGAQQB1nkCBAIEggFuBIIBagFoAHYA7s3QZNXbGs7FXLedtM0T\nojKHRny87N7DUUhZRnEftZsAAAGHd/mh3wAABAMARzBFAiEA8+zT1VfKboRYL5Sw\nU1mIKNH0U1LSYbF5cnizNh1leNsCIAvdnHROLELH2uL9S3UDU04dI8PM66URHcHY\nOd39GPyMAHYAc9meiRtMlnigIH1HneayxhzQUV5xGSqMa4AQesF3crUAAAGHd/mh\n4wAABAMARzBFAiAiQkK068IRsD7JoLYOAEA0vrO6MScEt/Hb7JZLPQB0XAIhALAA\n/wlapVmlOsvJwhnW/9EbK8jbAmmOvjeu0/J0nzU6AHYASLDja9qmRzQP5WoC+p0w\n6xxSActW3SyB2bu/qznYhHMAAAGHd/mhvgAABAMARzBFAiBmqOexdM4mV/2G3IKd\nwYj+Jh+07M9w8XcR3ycgl3l60wIhALmt6Tt2WOE7PV4DXwVRbz57fBVrJYH0FJ1O\nasMbUBsKMA0GCSqGSIb3DQEBCwUAA4IBAQC6HSjU8ievDGzXFMKgFZk7v2d3lLYt\nxjzEslrFDC8k6WGziaK/CKBDxWlTEGLMoCnHyxnq0TpNoRY6+A+TWSSlNpNlScMX\njK7+K0BC2p2A8vzUUL4PXt09dxv0HJ2jssKrmIQmRr3xRu9ABY9Sux2Hl+LMRSRw\nSilJ33kJLfzdQSIAM1oiK7Lqu/dmhCziRHzm35WIaRd6GIw3c6XFI2EyRW+y7mAe\nZa4oTQqdQRjKnX59Mvg+yXrRgYFAh1ewMNWE5MW84k8sD8t3hYBd9cxVzIXGlZ8j\nJBXDxdg+hl989ZIoVQtVB0/Xg0RCoXvEInwFyAjnp3cHkh988vWVAagL\n-----END CERTIFICATE-----\n",
                "is_ca": false,
                "issuer": "CN=Amazon RSA 2048 M01,O=Amazon,C=US",
                "not_after": "2024-05-11T23:59:59Z",
                "not_before": "2023-04-13T00:00:00Z",
                "public_key_algorithm": "RSA",
                "serial_number": "21226541110501086854736551841735534657",
                "sha1_fingerprint": "52cf73476fc5e6551455942820e1d4745dc82cc5",
                "signature_algorithm": "SHA256-RSA",
                "subject": "CN=oidc.eks.ap-northeast-2.amazonaws.com",
                "version": 3
              }
            ],
            "content": null,
            "id": "d516f34410b983ad338645e4e1cb5bbfcdf5079b",
            "url": "https://oidc.eks.ap-northeast-2.amazonaws.com/id/80B33491648459534BB23C1E33E5993B",
            "verify_chain": true
          },
          "sensitive_attributes": []
        }
      ]
    },
    {
      "module": "module.eks",
      "mode": "managed",
      "type": "aws_eks_cluster",
      "name": "cluster",
      "provider": "provider[\"registry.terraform.io/hashicorp/aws\"]",
      "instances": [
        {
          "schema_version": 0,
          "attributes": {
            "arn": "arn:aws:eks:ap-northeast-2:518897854809:cluster/eks-cluster-Region02-an2",
            "certificate_authority": [
              {
                "data": "LS0tLS1CRUdJTiBDRVJUSUZJQ0FURS0tLS0tCk1JSURCVENDQWUyZ0F3SUJBZ0lJTGtJUCtIbENhL1F3RFFZSktvWklodmNOQVFFTEJRQXdGVEVUTUJFR0ExVUUKQXhNS2EzVmlaWEp1WlhSbGN6QWVGdzB5TXpBNE1EZ3hNVEF6TlRSYUZ3MHpNekE0TURVeE1UQXpOVFJhTUJVeApFekFSQmdOVkJBTVRDbXQxWW1WeWJtVjBaWE13Z2dFaU1BMEdDU3FHU0liM0RRRUJBUVVBQTRJQkR3QXdnZ0VLCkFvSUJBUUM3cFA5UE5lWTNhUURlZHdhc3ZsQVFQTHJtTEY3ZmhHWENkMjFtNGdxTHB4YmM4SDhiVkNmTTZibmIKY2JSY1FCclc2cGcrMkxJNm9hZlBQWjBGMGNaQXJaWHlkc0x3MnV3SlErMkJ6Ny9DcE9YMmhTcDdTUUMrOWpURgpkWTkxUElYUkE1dSs2Q1VBZGkvOEZuaGcwUVhad1dFcG1SMytqU0N3cXNaZUFiQXdhcG9YL2s3bFJkNWhVTjF3CjVkcmNndlRlbGtrWU11L2JMbVEvRWMvaVJBdVBwRTQ2aHVBNGt4QXM1czNVNjVlWFdOQ1JNMUxDdkRnL2F2NUwKeEpnU0VRb205WFlLZHFmaDF2Q3BKUnMzQkZvR0JJdXhxaHlkc0FmQUVkNDQ2VGY5bmNYbXlEbTg0Wlk0TUxxKwpZdjg2ajZYeUp5ckF5RFpuaW5kdDlqbWg5blVEQWdNQkFBR2pXVEJYTUE0R0ExVWREd0VCL3dRRUF3SUNwREFQCkJnTlZIUk1CQWY4RUJUQURBUUgvTUIwR0ExVWREZ1FXQkJTbWlvT09reGw0WW43aHVRNTMwdWw0K29uVml6QVYKQmdOVkhSRUVEakFNZ2dwcmRXSmxjbTVsZEdWek1BMEdDU3FHU0liM0RRRUJDd1VBQTRJQkFRQ3RFSTNWUDFQagppYU9Mb0FGNnFRZ201eWl6MFI5OUgyQ2VvR0gyeXRUYkh0VlNoUGN0cFllRnJZN09LWDdPSDlnVG1EamM1WWx1CkNXNlBJZ0Z4bUxXYlVaMG12M2JQb20vVE9ZUThCa2g2blR6NDBENEVReDc4TE9jbEJKL0h3MGdtV0pvOUJmK2UKMndnRWo1dmVLazRjOHFuUy9oOGNkRlk0MWk1c1BsaWI5K241UndwTGVwSTJWZXEwbGV4MFdxTHk2U0poaUhmZwpDa2p1czJWQkpTWE9iWlYxVHNHaU12d0pDMEtVbURxb04xcm9XWVhHb01iMytyTHZucnVHTXBIYjNQekE3QXVNCmlIek40bG4zK2Z1SmVzMXJkVzBWOVF3TUN6R0tIYXFzM3VkSjhQVHliZ1czZ1BtTEpnY1NodHBQZUhpSFhXcW0KNG92bGNnSEQ1L1BkCi0tLS0tRU5EIENFUlRJRklDQVRFLS0tLS0K"
              }
            ],
            "cluster_id": null,
            "created_at": "2023-08-08 10:59:08.619 +0000 UTC",
            "enabled_cluster_log_types": null,
            "encryption_config": [],
            "endpoint": "https://80B33491648459534BB23C1E33E5993B.gr7.ap-northeast-2.eks.amazonaws.com",
            "id": "eks-cluster-Region02-an2",
            "identity": [
              {
                "oidc": [
                  {
                    "issuer": "https://oidc.eks.ap-northeast-2.amazonaws.com/id/80B33491648459534BB23C1E33E5993B"
                  }
                ]
              }
            ],
            "kubernetes_network_config": [
              {
                "ip_family": "ipv4",
                "service_ipv4_cidr": "10.100.0.0/16",
                "service_ipv6_cidr": ""
              }
            ],
            "name": "eks-cluster-Region02-an2",
            "outpost_config": [],
            "platform_version": "eks.4",
            "role_arn": "arn:aws:iam::518897854809:role/Region02-eks-cluster-role",
            "status": "ACTIVE",
            "tags": null,
            "tags_all": {},
            "timeouts": null,
            "version": "1.27",
            "vpc_config": [
              {
                "cluster_security_group_id": "sg-0ac6c846f1d4c970f",
                "endpoint_private_access": false,
                "endpoint_public_access": true,
                "public_access_cidrs": [
                  "0.0.0.0/0"
                ],
                "security_group_ids": null,
                "subnet_ids": [
                  "subnet-0b629cd2a39fc427e",
                  "subnet-0d8781eb2892e4bf4"
                ],
                "vpc_id": "vpc-07fe8f59c530405ca"
              }
            ]
          },
          "sensitive_attributes": [],
          "private": "eyJlMmJmYjczMC1lY2FhLTExZTYtOGY4OC0zNDM2M2JjN2M0YzAiOnsiY3JlYXRlIjoxODAwMDAwMDAwMDAwLCJkZWxldGUiOjkwMDAwMDAwMDAwMCwidXBkYXRlIjozNjAwMDAwMDAwMDAwfX0=",
          "dependencies": [
            "module.eks.aws_iam_role.clusterrole",
            "module.eks.aws_iam_role_policy_attachment.clusterrole-AmazonEKSClusterPolicy",
            "module.eks.aws_iam_role_policy_attachment.clusterrole-AmazonEKSVPCResourceController",
            "module.vpc.aws_eip.this_a",
            "module.vpc.aws_eip.this_c",
            "module.vpc.aws_internet_gateway.this",
            "module.vpc.aws_nat_gateway.this_a",
            "module.vpc.aws_nat_gateway.this_c",
            "module.vpc.aws_route.internet_gateway_fw",
            "module.vpc.aws_route.nat_gateway_a",
            "module.vpc.aws_route.nat_gateway_c",
            "module.vpc.aws_route_table.private_a",
            "module.vpc.aws_route_table.private_c",
            "module.vpc.aws_route_table.public_a",
            "module.vpc.aws_route_table.public_c",
            "module.vpc.aws_route_table.public_fw",
            "module.vpc.aws_route_table_association.private_a",
            "module.vpc.aws_route_table_association.private_c",
            "module.vpc.aws_route_table_association.public_a",
            "module.vpc.aws_route_table_association.public_c",
            "module.vpc.aws_route_table_association.public_fw",
            "module.vpc.aws_security_group.admin",
            "module.vpc.aws_security_group.alb",
            "module.vpc.aws_security_group.web",
            "module.vpc.aws_security_group_rule.admin_access_ingress",
            "module.vpc.aws_security_group_rule.alb_access_ingress",
            "module.vpc.aws_security_group_rule.alb_access_ingress_https",
            "module.vpc.aws_security_group_rule.http_access_ingress",
            "module.vpc.aws_security_group_rule.https_access_ingress",
            "module.vpc.aws_subnet.private",
            "module.vpc.aws_subnet.public",
            "module.vpc.aws_subnet.public_fw",
            "module.vpc.aws_vpc.this",
            "module.vpc.aws_vpc_security_group_ingress_rule.admin_access_ingress_icmp",
            "module.vpc.aws_vpc_security_group_ingress_rule.alb_access_ingress_icmp"
          ]
        }
      ]
    },
    {
      "module": "module.eks",
      "mode": "managed",
      "type": "aws_eks_node_group",
      "name": "nodegroup",
      "provider": "provider[\"registry.terraform.io/hashicorp/aws\"]",
      "instances": []
    },
    {
      "module": "module.eks",
      "mode": "managed",
      "type": "aws_iam_openid_connect_provider",
      "name": "cluster",
      "provider": "provider[\"registry.terraform.io/hashicorp/aws\"]",
      "instances": [
        {
          "schema_version": 0,
          "attributes": {
            "arn": "arn:aws:iam::518897854809:oidc-provider/oidc.eks.ap-northeast-2.amazonaws.com/id/80B33491648459534BB23C1E33E5993B",
            "client_id_list": [
              "sts.amazonaws.com"
            ],
            "id": "arn:aws:iam::518897854809:oidc-provider/oidc.eks.ap-northeast-2.amazonaws.com/id/80B33491648459534BB23C1E33E5993B",
            "tags": null,
            "tags_all": {},
            "thumbprint_list": [
              "9e99a48a9960b14926bb7f3b02e22da2b0ab7280"
            ],
            "url": "oidc.eks.ap-northeast-2.amazonaws.com/id/80B33491648459534BB23C1E33E5993B"
          },
          "sensitive_attributes": [],
          "private": "bnVsbA==",
          "dependencies": [
            "module.eks.aws_eks_cluster.cluster",
            "module.eks.aws_iam_role.clusterrole",
            "module.eks.aws_iam_role_policy_attachment.clusterrole-AmazonEKSClusterPolicy",
            "module.eks.aws_iam_role_policy_attachment.clusterrole-AmazonEKSVPCResourceController",
            "module.eks.data.tls_certificate.cluster",
            "module.vpc.aws_eip.this_a",
            "module.vpc.aws_eip.this_c",
            "module.vpc.aws_internet_gateway.this",
            "module.vpc.aws_nat_gateway.this_a",
            "module.vpc.aws_nat_gateway.this_c",
            "module.vpc.aws_route.internet_gateway_fw",
            "module.vpc.aws_route.nat_gateway_a",
            "module.vpc.aws_route.nat_gateway_c",
            "module.vpc.aws_route_table.private_a",
            "module.vpc.aws_route_table.private_c",
            "module.vpc.aws_route_table.public_a",
            "module.vpc.aws_route_table.public_c",
            "module.vpc.aws_route_table.public_fw",
            "module.vpc.aws_route_table_association.private_a",
            "module.vpc.aws_route_table_association.private_c",
            "module.vpc.aws_route_table_association.public_a",
            "module.vpc.aws_route_table_association.public_c",
            "module.vpc.aws_route_table_association.public_fw",
            "module.vpc.aws_security_group.admin",
            "module.vpc.aws_security_group.alb",
            "module.vpc.aws_security_group.web",
            "module.vpc.aws_security_group_rule.admin_access_ingress",
            "module.vpc.aws_security_group_rule.alb_access_ingress",
            "module.vpc.aws_security_group_rule.alb_access_ingress_https",
            "module.vpc.aws_security_group_rule.http_access_ingress",
            "module.vpc.aws_security_group_rule.https_access_ingress",
            "module.vpc.aws_subnet.private",
            "module.vpc.aws_subnet.public",
            "module.vpc.aws_subnet.public_fw",
            "module.vpc.aws_vpc.this",
            "module.vpc.aws_vpc_security_group_ingress_rule.admin_access_ingress_icmp",
            "module.vpc.aws_vpc_security_group_ingress_rule.alb_access_ingress_icmp"
          ]
        }
      ]
    },
    {
      "module": "module.eks",
      "mode": "managed",
      "type": "aws_iam_policy",
      "name": "AWSLoadBalancerControllerIAMPolicy",
      "provider": "provider[\"registry.terraform.io/hashicorp/aws\"]",
      "instances": [
        {
          "schema_version": 0,
          "attributes": {
            "arn": "arn:aws:iam::518897854809:policy/AWSLoadBalancerControllerIAMPolicy",
            "description": "",
            "id": "arn:aws:iam::518897854809:policy/AWSLoadBalancerControllerIAMPolicy",
            "name": "AWSLoadBalancerControllerIAMPolicy",
            "name_prefix": "",
            "path": "/",
            "policy": "{\"Statement\":[{\"Action\":[\"iam:CreateServiceLinkedRole\",\"ec2:DescribeAccountAttributes\",\"ec2:DescribeAddresses\",\"ec2:DescribeAvailabilityZones\",\"ec2:DescribeInternetGateways\",\"ec2:DescribeVpcs\",\"ec2:DescribeSubnets\",\"ec2:DescribeSecurityGroups\",\"ec2:DescribeInstances\",\"ec2:DescribeNetworkInterfaces\",\"ec2:DescribeTags\",\"ec2:GetCoipPoolUsage\",\"ec2:DescribeCoipPools\",\"elasticloadbalancing:DescribeLoadBalancers\",\"elasticloadbalancing:DescribeLoadBalancerAttributes\",\"elasticloadbalancing:DescribeListeners\",\"elasticloadbalancing:DescribeListenerCertificates\",\"elasticloadbalancing:DescribeSSLPolicies\",\"elasticloadbalancing:DescribeRules\",\"elasticloadbalancing:DescribeTargetGroups\",\"elasticloadbalancing:DescribeTargetGroupAttributes\",\"elasticloadbalancing:DescribeTargetHealth\",\"elasticloadbalancing:DescribeTags\"],\"Effect\":\"Allow\",\"Resource\":\"*\"},{\"Action\":[\"cognito-idp:DescribeUserPoolClient\",\"acm:ListCertificates\",\"acm:DescribeCertificate\",\"iam:ListServerCertificates\",\"iam:GetServerCertificate\",\"waf-regional:GetWebACL\",\"waf-regional:GetWebACLForResource\",\"waf-regional:AssociateWebACL\",\"waf-regional:DisassociateWebACL\",\"wafv2:GetWebACL\",\"wafv2:GetWebACLForResource\",\"wafv2:AssociateWebACL\",\"wafv2:DisassociateWebACL\",\"shield:GetSubscriptionState\",\"shield:DescribeProtection\",\"shield:CreateProtection\",\"shield:DeleteProtection\"],\"Effect\":\"Allow\",\"Resource\":\"*\"},{\"Action\":[\"ec2:AuthorizeSecurityGroupIngress\",\"ec2:RevokeSecurityGroupIngress\"],\"Effect\":\"Allow\",\"Resource\":\"*\"},{\"Action\":[\"ec2:CreateSecurityGroup\"],\"Effect\":\"Allow\",\"Resource\":\"*\"},{\"Action\":[\"ec2:CreateTags\"],\"Condition\":{\"Null\":{\"aws:RequestTag/elbv2.k8s.aws/cluster\":\"false\"},\"StringEquals\":{\"ec2:CreateAction\":\"CreateSecurityGroup\"}},\"Effect\":\"Allow\",\"Resource\":\"arn:aws:ec2:*:*:security-group/*\"},{\"Action\":[\"ec2:CreateTags\",\"ec2:DeleteTags\"],\"Condition\":{\"Null\":{\"aws:RequestTag/elbv2.k8s.aws/cluster\":\"true\",\"aws:ResourceTag/elbv2.k8s.aws/cluster\":\"false\"}},\"Effect\":\"Allow\",\"Resource\":\"arn:aws:ec2:*:*:security-group/*\"},{\"Action\":[\"ec2:AuthorizeSecurityGroupIngress\",\"ec2:RevokeSecurityGroupIngress\",\"ec2:DeleteSecurityGroup\"],\"Condition\":{\"Null\":{\"aws:ResourceTag/elbv2.k8s.aws/cluster\":\"false\"}},\"Effect\":\"Allow\",\"Resource\":\"*\"},{\"Action\":[\"elasticloadbalancing:CreateLoadBalancer\",\"elasticloadbalancing:CreateTargetGroup\"],\"Condition\":{\"Null\":{\"aws:RequestTag/elbv2.k8s.aws/cluster\":\"false\"}},\"Effect\":\"Allow\",\"Resource\":\"*\"},{\"Action\":[\"elasticloadbalancing:CreateListener\",\"elasticloadbalancing:DeleteListener\",\"elasticloadbalancing:CreateRule\",\"elasticloadbalancing:DeleteRule\"],\"Effect\":\"Allow\",\"Resource\":\"*\"},{\"Action\":[\"elasticloadbalancing:AddTags\",\"elasticloadbalancing:RemoveTags\"],\"Condition\":{\"Null\":{\"aws:RequestTag/elbv2.k8s.aws/cluster\":\"true\",\"aws:ResourceTag/elbv2.k8s.aws/cluster\":\"false\"}},\"Effect\":\"Allow\",\"Resource\":[\"arn:aws:elasticloadbalancing:*:*:targetgroup/*/*\",\"arn:aws:elasticloadbalancing:*:*:loadbalancer/net/*/*\",\"arn:aws:elasticloadbalancing:*:*:loadbalancer/app/*/*\"]},{\"Action\":[\"elasticloadbalancing:AddTags\",\"elasticloadbalancing:RemoveTags\"],\"Effect\":\"Allow\",\"Resource\":[\"arn:aws:elasticloadbalancing:*:*:listener/net/*/*/*\",\"arn:aws:elasticloadbalancing:*:*:listener/app/*/*/*\",\"arn:aws:elasticloadbalancing:*:*:listener-rule/net/*/*/*\",\"arn:aws:elasticloadbalancing:*:*:listener-rule/app/*/*/*\"]},{\"Action\":[\"elasticloadbalancing:ModifyLoadBalancerAttributes\",\"elasticloadbalancing:SetIpAddressType\",\"elasticloadbalancing:SetSecurityGroups\",\"elasticloadbalancing:SetSubnets\",\"elasticloadbalancing:DeleteLoadBalancer\",\"elasticloadbalancing:ModifyTargetGroup\",\"elasticloadbalancing:ModifyTargetGroupAttributes\",\"elasticloadbalancing:DeleteTargetGroup\"],\"Condition\":{\"Null\":{\"aws:ResourceTag/elbv2.k8s.aws/cluster\":\"false\"}},\"Effect\":\"Allow\",\"Resource\":\"*\"},{\"Action\":[\"elasticloadbalancing:RegisterTargets\",\"elasticloadbalancing:DeregisterTargets\"],\"Effect\":\"Allow\",\"Resource\":\"arn:aws:elasticloadbalancing:*:*:targetgroup/*/*\"},{\"Action\":[\"elasticloadbalancing:SetWebAcl\",\"elasticloadbalancing:ModifyListener\",\"elasticloadbalancing:AddListenerCertificates\",\"elasticloadbalancing:RemoveListenerCertificates\",\"elasticloadbalancing:ModifyRule\"],\"Effect\":\"Allow\",\"Resource\":\"*\"}],\"Version\":\"2012-10-17\"}",
            "policy_id": "ANPAXRUFY5FM7XZVNWCRY",
            "tags": {},
            "tags_all": {}
          },
          "sensitive_attributes": [],
          "private": "bnVsbA==",
          "dependencies": [
            "module.vpc.aws_eip.this_a",
            "module.vpc.aws_eip.this_c",
            "module.vpc.aws_internet_gateway.this",
            "module.vpc.aws_nat_gateway.this_a",
            "module.vpc.aws_nat_gateway.this_c",
            "module.vpc.aws_route.internet_gateway_fw",
            "module.vpc.aws_route.nat_gateway_a",
            "module.vpc.aws_route.nat_gateway_c",
            "module.vpc.aws_route_table.private_a",
            "module.vpc.aws_route_table.private_c",
            "module.vpc.aws_route_table.public_a",
            "module.vpc.aws_route_table.public_c",
            "module.vpc.aws_route_table.public_fw",
            "module.vpc.aws_route_table_association.private_a",
            "module.vpc.aws_route_table_association.private_c",
            "module.vpc.aws_route_table_association.public_a",
            "module.vpc.aws_route_table_association.public_c",
            "module.vpc.aws_route_table_association.public_fw",
            "module.vpc.aws_security_group.admin",
            "module.vpc.aws_security_group.alb",
            "module.vpc.aws_security_group.web",
            "module.vpc.aws_security_group_rule.admin_access_ingress",
            "module.vpc.aws_security_group_rule.alb_access_ingress",
            "module.vpc.aws_security_group_rule.alb_access_ingress_https",
            "module.vpc.aws_security_group_rule.http_access_ingress",
            "module.vpc.aws_security_group_rule.https_access_ingress",
            "module.vpc.aws_subnet.private",
            "module.vpc.aws_subnet.public",
            "module.vpc.aws_subnet.public_fw",
            "module.vpc.aws_vpc.this",
            "module.vpc.aws_vpc_security_group_ingress_rule.admin_access_ingress_icmp",
            "module.vpc.aws_vpc_security_group_ingress_rule.alb_access_ingress_icmp"
          ]
        }
      ]
    },
    {
      "module": "module.eks",
      "mode": "managed",
      "type": "aws_iam_role",
      "name": "cluster",
      "provider": "provider[\"registry.terraform.io/hashicorp/aws\"]",
      "instances": [
        {
          "schema_version": 0,
          "attributes": {
            "arn": "arn:aws:iam::518897854809:role/cluster",
            "assume_role_policy": "{\"Statement\":[{\"Action\":\"sts:AssumeRoleWithWebIdentity\",\"Condition\":{\"StringEquals\":{\"oidc.eks.ap-northeast-2.amazonaws.com/id/80B33491648459534BB23C1E33E5993B:sub\":\"system:serviceaccount:kube-system:aws-node\"}},\"Effect\":\"Allow\",\"Principal\":{\"Federated\":\"arn:aws:iam::518897854809:oidc-provider/oidc.eks.ap-northeast-2.amazonaws.com/id/80B33491648459534BB23C1E33E5993B\"},\"Sid\":\"\"}],\"Version\":\"2012-10-17\"}",
            "create_date": "2023-08-08T11:06:01Z",
            "description": "",
            "force_detach_policies": false,
            "id": "cluster",
            "inline_policy": [],
            "managed_policy_arns": [],
            "max_session_duration": 3600,
            "name": "cluster",
            "name_prefix": "",
            "path": "/",
            "permissions_boundary": null,
            "role_last_used": [
              {
                "last_used_date": "",
                "region": ""
              }
            ],
            "tags": null,
            "tags_all": {},
            "unique_id": "AROAXRUFY5FM3XS2D44RR"
          },
          "sensitive_attributes": [],
          "private": "bnVsbA==",
          "dependencies": [
            "module.eks.aws_eks_cluster.cluster",
            "module.eks.aws_iam_openid_connect_provider.cluster",
            "module.eks.aws_iam_role.clusterrole",
            "module.eks.aws_iam_role_policy_attachment.clusterrole-AmazonEKSClusterPolicy",
            "module.eks.aws_iam_role_policy_attachment.clusterrole-AmazonEKSVPCResourceController",
            "module.eks.data.aws_iam_policy_document.cluster_assume_role_policy",
            "module.eks.data.tls_certificate.cluster",
            "module.vpc.aws_eip.this_a",
            "module.vpc.aws_eip.this_c",
            "module.vpc.aws_internet_gateway.this",
            "module.vpc.aws_nat_gateway.this_a",
            "module.vpc.aws_nat_gateway.this_c",
            "module.vpc.aws_route.internet_gateway_fw",
            "module.vpc.aws_route.nat_gateway_a",
            "module.vpc.aws_route.nat_gateway_c",
            "module.vpc.aws_route_table.private_a",
            "module.vpc.aws_route_table.private_c",
            "module.vpc.aws_route_table.public_a",
            "module.vpc.aws_route_table.public_c",
            "module.vpc.aws_route_table.public_fw",
            "module.vpc.aws_route_table_association.private_a",
            "module.vpc.aws_route_table_association.private_c",
            "module.vpc.aws_route_table_association.public_a",
            "module.vpc.aws_route_table_association.public_c",
            "module.vpc.aws_route_table_association.public_fw",
            "module.vpc.aws_security_group.admin",
            "module.vpc.aws_security_group.alb",
            "module.vpc.aws_security_group.web",
            "module.vpc.aws_security_group_rule.admin_access_ingress",
            "module.vpc.aws_security_group_rule.alb_access_ingress",
            "module.vpc.aws_security_group_rule.alb_access_ingress_https",
            "module.vpc.aws_security_group_rule.http_access_ingress",
            "module.vpc.aws_security_group_rule.https_access_ingress",
            "module.vpc.aws_subnet.private",
            "module.vpc.aws_subnet.public",
            "module.vpc.aws_subnet.public_fw",
            "module.vpc.aws_vpc.this",
            "module.vpc.aws_vpc_security_group_ingress_rule.admin_access_ingress_icmp",
            "module.vpc.aws_vpc_security_group_ingress_rule.alb_access_ingress_icmp"
          ]
        }
      ]
    },
    {
      "module": "module.eks",
      "mode": "managed",
      "type": "aws_iam_role",
      "name": "clusterrole",
      "provider": "provider[\"registry.terraform.io/hashicorp/aws\"]",
      "instances": [
        {
          "schema_version": 0,
          "attributes": {
            "arn": "arn:aws:iam::518897854809:role/Region02-eks-cluster-role",
            "assume_role_policy": "{\"Statement\":[{\"Action\":\"sts:AssumeRole\",\"Effect\":\"Allow\",\"Principal\":{\"Service\":\"eks.amazonaws.com\"}}],\"Version\":\"2012-10-17\"}",
            "create_date": "2023-08-08T10:59:04Z",
            "description": "",
            "force_detach_policies": false,
            "id": "Region02-eks-cluster-role",
            "inline_policy": [],
            "managed_policy_arns": [],
            "max_session_duration": 3600,
            "name": "Region02-eks-cluster-role",
            "name_prefix": "",
            "path": "/",
            "permissions_boundary": null,
            "role_last_used": [
              {
                "last_used_date": "",
                "region": ""
              }
            ],
            "tags": null,
            "tags_all": {},
            "unique_id": "AROAXRUFY5FMTF63XHERW"
          },
          "sensitive_attributes": [],
          "private": "bnVsbA==",
          "dependencies": [
            "module.vpc.aws_eip.this_a",
            "module.vpc.aws_eip.this_c",
            "module.vpc.aws_internet_gateway.this",
            "module.vpc.aws_nat_gateway.this_a",
            "module.vpc.aws_nat_gateway.this_c",
            "module.vpc.aws_route.internet_gateway_fw",
            "module.vpc.aws_route.nat_gateway_a",
            "module.vpc.aws_route.nat_gateway_c",
            "module.vpc.aws_route_table.private_a",
            "module.vpc.aws_route_table.private_c",
            "module.vpc.aws_route_table.public_a",
            "module.vpc.aws_route_table.public_c",
            "module.vpc.aws_route_table.public_fw",
            "module.vpc.aws_route_table_association.private_a",
            "module.vpc.aws_route_table_association.private_c",
            "module.vpc.aws_route_table_association.public_a",
            "module.vpc.aws_route_table_association.public_c",
            "module.vpc.aws_route_table_association.public_fw",
            "module.vpc.aws_security_group.admin",
            "module.vpc.aws_security_group.alb",
            "module.vpc.aws_security_group.web",
            "module.vpc.aws_security_group_rule.admin_access_ingress",
            "module.vpc.aws_security_group_rule.alb_access_ingress",
            "module.vpc.aws_security_group_rule.alb_access_ingress_https",
            "module.vpc.aws_security_group_rule.http_access_ingress",
            "module.vpc.aws_security_group_rule.https_access_ingress",
            "module.vpc.aws_subnet.private",
            "module.vpc.aws_subnet.public",
            "module.vpc.aws_subnet.public_fw",
            "module.vpc.aws_vpc.this",
            "module.vpc.aws_vpc_security_group_ingress_rule.admin_access_ingress_icmp",
            "module.vpc.aws_vpc_security_group_ingress_rule.alb_access_ingress_icmp"
          ]
        }
      ]
    },
    {
      "module": "module.eks",
      "mode": "managed",
      "type": "aws_iam_role",
      "name": "nodegrouprole",
      "provider": "provider[\"registry.terraform.io/hashicorp/aws\"]",
      "instances": [
        {
          "schema_version": 0,
          "attributes": {
            "arn": "arn:aws:iam::518897854809:role/Region02-eks-nodegroup-role",
            "assume_role_policy": "{\"Statement\":[{\"Action\":\"sts:AssumeRole\",\"Effect\":\"Allow\",\"Principal\":{\"Service\":\"ec2.amazonaws.com\"}}],\"Version\":\"2012-10-17\"}",
            "create_date": "2023-08-08T10:59:04Z",
            "description": "",
            "force_detach_policies": false,
            "id": "Region02-eks-nodegroup-role",
            "inline_policy": [],
            "managed_policy_arns": [],
            "max_session_duration": 3600,
            "name": "Region02-eks-nodegroup-role",
            "name_prefix": "",
            "path": "/",
            "permissions_boundary": null,
            "role_last_used": [
              {
                "last_used_date": "",
                "region": ""
              }
            ],
            "tags": null,
            "tags_all": {},
            "unique_id": "AROAXRUFY5FM6GDXG43YL"
          },
          "sensitive_attributes": [],
          "private": "bnVsbA==",
          "dependencies": [
            "module.vpc.aws_eip.this_a",
            "module.vpc.aws_eip.this_c",
            "module.vpc.aws_internet_gateway.this",
            "module.vpc.aws_nat_gateway.this_a",
            "module.vpc.aws_nat_gateway.this_c",
            "module.vpc.aws_route.internet_gateway_fw",
            "module.vpc.aws_route.nat_gateway_a",
            "module.vpc.aws_route.nat_gateway_c",
            "module.vpc.aws_route_table.private_a",
            "module.vpc.aws_route_table.private_c",
            "module.vpc.aws_route_table.public_a",
            "module.vpc.aws_route_table.public_c",
            "module.vpc.aws_route_table.public_fw",
            "module.vpc.aws_route_table_association.private_a",
            "module.vpc.aws_route_table_association.private_c",
            "module.vpc.aws_route_table_association.public_a",
            "module.vpc.aws_route_table_association.public_c",
            "module.vpc.aws_route_table_association.public_fw",
            "module.vpc.aws_security_group.admin",
            "module.vpc.aws_security_group.alb",
            "module.vpc.aws_security_group.web",
            "module.vpc.aws_security_group_rule.admin_access_ingress",
            "module.vpc.aws_security_group_rule.alb_access_ingress",
            "module.vpc.aws_security_group_rule.alb_access_ingress_https",
            "module.vpc.aws_security_group_rule.http_access_ingress",
            "module.vpc.aws_security_group_rule.https_access_ingress",
            "module.vpc.aws_subnet.private",
            "module.vpc.aws_subnet.public",
            "module.vpc.aws_subnet.public_fw",
            "module.vpc.aws_vpc.this",
            "module.vpc.aws_vpc_security_group_ingress_rule.admin_access_ingress_icmp",
            "module.vpc.aws_vpc_security_group_ingress_rule.alb_access_ingress_icmp"
          ]
        }
      ]
    },
    {
      "module": "module.eks",
      "mode": "managed",
      "type": "aws_iam_role_policy_attachment",
      "name": "clusterrole-AmazonEKSClusterPolicy",
      "provider": "provider[\"registry.terraform.io/hashicorp/aws\"]",
      "instances": [
        {
          "schema_version": 0,
          "attributes": {
            "id": "Region02-eks-cluster-role-20230808105907995700000005",
            "policy_arn": "arn:aws:iam::aws:policy/AmazonEKSClusterPolicy",
            "role": "Region02-eks-cluster-role"
          },
          "sensitive_attributes": [],
          "private": "bnVsbA==",
          "dependencies": [
            "module.eks.aws_iam_role.clusterrole",
            "module.vpc.aws_eip.this_a",
            "module.vpc.aws_eip.this_c",
            "module.vpc.aws_internet_gateway.this",
            "module.vpc.aws_nat_gateway.this_a",
            "module.vpc.aws_nat_gateway.this_c",
            "module.vpc.aws_route.internet_gateway_fw",
            "module.vpc.aws_route.nat_gateway_a",
            "module.vpc.aws_route.nat_gateway_c",
            "module.vpc.aws_route_table.private_a",
            "module.vpc.aws_route_table.private_c",
            "module.vpc.aws_route_table.public_a",
            "module.vpc.aws_route_table.public_c",
            "module.vpc.aws_route_table.public_fw",
            "module.vpc.aws_route_table_association.private_a",
            "module.vpc.aws_route_table_association.private_c",
            "module.vpc.aws_route_table_association.public_a",
            "module.vpc.aws_route_table_association.public_c",
            "module.vpc.aws_route_table_association.public_fw",
            "module.vpc.aws_security_group.admin",
            "module.vpc.aws_security_group.alb",
            "module.vpc.aws_security_group.web",
            "module.vpc.aws_security_group_rule.admin_access_ingress",
            "module.vpc.aws_security_group_rule.alb_access_ingress",
            "module.vpc.aws_security_group_rule.alb_access_ingress_https",
            "module.vpc.aws_security_group_rule.http_access_ingress",
            "module.vpc.aws_security_group_rule.https_access_ingress",
            "module.vpc.aws_subnet.private",
            "module.vpc.aws_subnet.public",
            "module.vpc.aws_subnet.public_fw",
            "module.vpc.aws_vpc.this",
            "module.vpc.aws_vpc_security_group_ingress_rule.admin_access_ingress_icmp",
            "module.vpc.aws_vpc_security_group_ingress_rule.alb_access_ingress_icmp"
          ]
        }
      ]
    },
    {
      "module": "module.eks",
      "mode": "managed",
      "type": "aws_iam_role_policy_attachment",
      "name": "clusterrole-AmazonEKSServicePolicy",
      "provider": "provider[\"registry.terraform.io/hashicorp/aws\"]",
      "instances": [
        {
          "schema_version": 0,
          "attributes": {
            "id": "Region02-eks-cluster-role-20230808105908253600000007",
            "policy_arn": "arn:aws:iam::aws:policy/AmazonEKSServicePolicy",
            "role": "Region02-eks-cluster-role"
          },
          "sensitive_attributes": [],
          "private": "bnVsbA==",
          "dependencies": [
            "module.eks.aws_iam_role.clusterrole",
            "module.vpc.aws_eip.this_a",
            "module.vpc.aws_eip.this_c",
            "module.vpc.aws_internet_gateway.this",
            "module.vpc.aws_nat_gateway.this_a",
            "module.vpc.aws_nat_gateway.this_c",
            "module.vpc.aws_route.internet_gateway_fw",
            "module.vpc.aws_route.nat_gateway_a",
            "module.vpc.aws_route.nat_gateway_c",
            "module.vpc.aws_route_table.private_a",
            "module.vpc.aws_route_table.private_c",
            "module.vpc.aws_route_table.public_a",
            "module.vpc.aws_route_table.public_c",
            "module.vpc.aws_route_table.public_fw",
            "module.vpc.aws_route_table_association.private_a",
            "module.vpc.aws_route_table_association.private_c",
            "module.vpc.aws_route_table_association.public_a",
            "module.vpc.aws_route_table_association.public_c",
            "module.vpc.aws_route_table_association.public_fw",
            "module.vpc.aws_security_group.admin",
            "module.vpc.aws_security_group.alb",
            "module.vpc.aws_security_group.web",
            "module.vpc.aws_security_group_rule.admin_access_ingress",
            "module.vpc.aws_security_group_rule.alb_access_ingress",
            "module.vpc.aws_security_group_rule.alb_access_ingress_https",
            "module.vpc.aws_security_group_rule.http_access_ingress",
            "module.vpc.aws_security_group_rule.https_access_ingress",
            "module.vpc.aws_subnet.private",
            "module.vpc.aws_subnet.public",
            "module.vpc.aws_subnet.public_fw",
            "module.vpc.aws_vpc.this",
            "module.vpc.aws_vpc_security_group_ingress_rule.admin_access_ingress_icmp",
            "module.vpc.aws_vpc_security_group_ingress_rule.alb_access_ingress_icmp"
          ]
        }
      ]
    },
    {
      "module": "module.eks",
      "mode": "managed",
      "type": "aws_iam_role_policy_attachment",
      "name": "clusterrole-AmazonEKSVPCResourceController",
      "provider": "provider[\"registry.terraform.io/hashicorp/aws\"]",
      "instances": [
        {
          "schema_version": 0,
          "attributes": {
            "id": "Region02-eks-cluster-role-20230808105908041900000006",
            "policy_arn": "arn:aws:iam::aws:policy/AmazonEKSVPCResourceController",
            "role": "Region02-eks-cluster-role"
          },
          "sensitive_attributes": [],
          "private": "bnVsbA==",
          "dependencies": [
            "module.eks.aws_iam_role.clusterrole",
            "module.vpc.aws_eip.this_a",
            "module.vpc.aws_eip.this_c",
            "module.vpc.aws_internet_gateway.this",
            "module.vpc.aws_nat_gateway.this_a",
            "module.vpc.aws_nat_gateway.this_c",
            "module.vpc.aws_route.internet_gateway_fw",
            "module.vpc.aws_route.nat_gateway_a",
            "module.vpc.aws_route.nat_gateway_c",
            "module.vpc.aws_route_table.private_a",
            "module.vpc.aws_route_table.private_c",
            "module.vpc.aws_route_table.public_a",
            "module.vpc.aws_route_table.public_c",
            "module.vpc.aws_route_table.public_fw",
            "module.vpc.aws_route_table_association.private_a",
            "module.vpc.aws_route_table_association.private_c",
            "module.vpc.aws_route_table_association.public_a",
            "module.vpc.aws_route_table_association.public_c",
            "module.vpc.aws_route_table_association.public_fw",
            "module.vpc.aws_security_group.admin",
            "module.vpc.aws_security_group.alb",
            "module.vpc.aws_security_group.web",
            "module.vpc.aws_security_group_rule.admin_access_ingress",
            "module.vpc.aws_security_group_rule.alb_access_ingress",
            "module.vpc.aws_security_group_rule.alb_access_ingress_https",
            "module.vpc.aws_security_group_rule.http_access_ingress",
            "module.vpc.aws_security_group_rule.https_access_ingress",
            "module.vpc.aws_subnet.private",
            "module.vpc.aws_subnet.public",
            "module.vpc.aws_subnet.public_fw",
            "module.vpc.aws_vpc.this",
            "module.vpc.aws_vpc_security_group_ingress_rule.admin_access_ingress_icmp",
            "module.vpc.aws_vpc_security_group_ingress_rule.alb_access_ingress_icmp"
          ]
        }
      ]
    },
    {
      "module": "module.eks",
      "mode": "managed",
      "type": "aws_iam_role_policy_attachment",
      "name": "nodegrouprole-AmazonEC2ContainerRegistryReadOnly",
      "provider": "provider[\"registry.terraform.io/hashicorp/aws\"]",
      "instances": [
        {
          "schema_version": 0,
          "attributes": {
            "id": "Region02-eks-nodegroup-role-20230808105908800700000009",
            "policy_arn": "arn:aws:iam::aws:policy/AmazonEC2ContainerRegistryReadOnly",
            "role": "Region02-eks-nodegroup-role"
          },
          "sensitive_attributes": [],
          "private": "bnVsbA==",
          "dependencies": [
            "module.eks.aws_iam_role.nodegrouprole",
            "module.vpc.aws_eip.this_a",
            "module.vpc.aws_eip.this_c",
            "module.vpc.aws_internet_gateway.this",
            "module.vpc.aws_nat_gateway.this_a",
            "module.vpc.aws_nat_gateway.this_c",
            "module.vpc.aws_route.internet_gateway_fw",
            "module.vpc.aws_route.nat_gateway_a",
            "module.vpc.aws_route.nat_gateway_c",
            "module.vpc.aws_route_table.private_a",
            "module.vpc.aws_route_table.private_c",
            "module.vpc.aws_route_table.public_a",
            "module.vpc.aws_route_table.public_c",
            "module.vpc.aws_route_table.public_fw",
            "module.vpc.aws_route_table_association.private_a",
            "module.vpc.aws_route_table_association.private_c",
            "module.vpc.aws_route_table_association.public_a",
            "module.vpc.aws_route_table_association.public_c",
            "module.vpc.aws_route_table_association.public_fw",
            "module.vpc.aws_security_group.admin",
            "module.vpc.aws_security_group.alb",
            "module.vpc.aws_security_group.web",
            "module.vpc.aws_security_group_rule.admin_access_ingress",
            "module.vpc.aws_security_group_rule.alb_access_ingress",
            "module.vpc.aws_security_group_rule.alb_access_ingress_https",
            "module.vpc.aws_security_group_rule.http_access_ingress",
            "module.vpc.aws_security_group_rule.https_access_ingress",
            "module.vpc.aws_subnet.private",
            "module.vpc.aws_subnet.public",
            "module.vpc.aws_subnet.public_fw",
            "module.vpc.aws_vpc.this",
            "module.vpc.aws_vpc_security_group_ingress_rule.admin_access_ingress_icmp",
            "module.vpc.aws_vpc_security_group_ingress_rule.alb_access_ingress_icmp"
          ]
        }
      ]
    },
    {
      "module": "module.eks",
      "mode": "managed",
      "type": "aws_iam_role_policy_attachment",
      "name": "nodegrouprole-AmazonEKSWorkerNodePolicy",
      "provider": "provider[\"registry.terraform.io/hashicorp/aws\"]",
      "instances": [
        {
          "schema_version": 0,
          "attributes": {
            "id": "Region02-eks-nodegroup-role-20230808105908758000000008",
            "policy_arn": "arn:aws:iam::aws:policy/AmazonEKSWorkerNodePolicy",
            "role": "Region02-eks-nodegroup-role"
          },
          "sensitive_attributes": [],
          "private": "bnVsbA==",
          "dependencies": [
            "module.eks.aws_iam_role.nodegrouprole",
            "module.vpc.aws_eip.this_a",
            "module.vpc.aws_eip.this_c",
            "module.vpc.aws_internet_gateway.this",
            "module.vpc.aws_nat_gateway.this_a",
            "module.vpc.aws_nat_gateway.this_c",
            "module.vpc.aws_route.internet_gateway_fw",
            "module.vpc.aws_route.nat_gateway_a",
            "module.vpc.aws_route.nat_gateway_c",
            "module.vpc.aws_route_table.private_a",
            "module.vpc.aws_route_table.private_c",
            "module.vpc.aws_route_table.public_a",
            "module.vpc.aws_route_table.public_c",
            "module.vpc.aws_route_table.public_fw",
            "module.vpc.aws_route_table_association.private_a",
            "module.vpc.aws_route_table_association.private_c",
            "module.vpc.aws_route_table_association.public_a",
            "module.vpc.aws_route_table_association.public_c",
            "module.vpc.aws_route_table_association.public_fw",
            "module.vpc.aws_security_group.admin",
            "module.vpc.aws_security_group.alb",
            "module.vpc.aws_security_group.web",
            "module.vpc.aws_security_group_rule.admin_access_ingress",
            "module.vpc.aws_security_group_rule.alb_access_ingress",
            "module.vpc.aws_security_group_rule.alb_access_ingress_https",
            "module.vpc.aws_security_group_rule.http_access_ingress",
            "module.vpc.aws_security_group_rule.https_access_ingress",
            "module.vpc.aws_subnet.private",
            "module.vpc.aws_subnet.public",
            "module.vpc.aws_subnet.public_fw",
            "module.vpc.aws_vpc.this",
            "module.vpc.aws_vpc_security_group_ingress_rule.admin_access_ingress_icmp",
            "module.vpc.aws_vpc_security_group_ingress_rule.alb_access_ingress_icmp"
          ]
        }
      ]
    },
    {
      "module": "module.eks",
      "mode": "managed",
      "type": "aws_iam_role_policy_attachment",
      "name": "nodegrouprole-AmazonEKS_CNI_Policy",
      "provider": "provider[\"registry.terraform.io/hashicorp/aws\"]",
      "instances": [
        {
          "schema_version": 0,
          "attributes": {
            "id": "Region02-eks-nodegroup-role-2023080810590907410000000b",
            "policy_arn": "arn:aws:iam::aws:policy/AmazonEKS_CNI_Policy",
            "role": "Region02-eks-nodegroup-role"
          },
          "sensitive_attributes": [],
          "private": "bnVsbA==",
          "dependencies": [
            "module.eks.aws_iam_role.nodegrouprole",
            "module.vpc.aws_eip.this_a",
            "module.vpc.aws_eip.this_c",
            "module.vpc.aws_internet_gateway.this",
            "module.vpc.aws_nat_gateway.this_a",
            "module.vpc.aws_nat_gateway.this_c",
            "module.vpc.aws_route.internet_gateway_fw",
            "module.vpc.aws_route.nat_gateway_a",
            "module.vpc.aws_route.nat_gateway_c",
            "module.vpc.aws_route_table.private_a",
            "module.vpc.aws_route_table.private_c",
            "module.vpc.aws_route_table.public_a",
            "module.vpc.aws_route_table.public_c",
            "module.vpc.aws_route_table.public_fw",
            "module.vpc.aws_route_table_association.private_a",
            "module.vpc.aws_route_table_association.private_c",
            "module.vpc.aws_route_table_association.public_a",
            "module.vpc.aws_route_table_association.public_c",
            "module.vpc.aws_route_table_association.public_fw",
            "module.vpc.aws_security_group.admin",
            "module.vpc.aws_security_group.alb",
            "module.vpc.aws_security_group.web",
            "module.vpc.aws_security_group_rule.admin_access_ingress",
            "module.vpc.aws_security_group_rule.alb_access_ingress",
            "module.vpc.aws_security_group_rule.alb_access_ingress_https",
            "module.vpc.aws_security_group_rule.http_access_ingress",
            "module.vpc.aws_security_group_rule.https_access_ingress",
            "module.vpc.aws_subnet.private",
            "module.vpc.aws_subnet.public",
            "module.vpc.aws_subnet.public_fw",
            "module.vpc.aws_vpc.this",
            "module.vpc.aws_vpc_security_group_ingress_rule.admin_access_ingress_icmp",
            "module.vpc.aws_vpc_security_group_ingress_rule.alb_access_ingress_icmp"
          ]
        }
      ]
    },
    {
      "module": "module.eks",
      "mode": "managed",
      "type": "aws_iam_role_policy_attachment",
      "name": "ssm_policy",
      "provider": "provider[\"registry.terraform.io/hashicorp/aws\"]",
      "instances": [
        {
          "schema_version": 0,
          "attributes": {
            "id": "Region02-eks-nodegroup-role-2023080810590882150000000a",
            "policy_arn": "arn:aws:iam::aws:policy/AmazonSSMManagedInstanceCore",
            "role": "Region02-eks-nodegroup-role"
          },
          "sensitive_attributes": [],
          "private": "bnVsbA==",
          "dependencies": [
            "module.eks.aws_iam_role.nodegrouprole",
            "module.vpc.aws_eip.this_a",
            "module.vpc.aws_eip.this_c",
            "module.vpc.aws_internet_gateway.this",
            "module.vpc.aws_nat_gateway.this_a",
            "module.vpc.aws_nat_gateway.this_c",
            "module.vpc.aws_route.internet_gateway_fw",
            "module.vpc.aws_route.nat_gateway_a",
            "module.vpc.aws_route.nat_gateway_c",
            "module.vpc.aws_route_table.private_a",
            "module.vpc.aws_route_table.private_c",
            "module.vpc.aws_route_table.public_a",
            "module.vpc.aws_route_table.public_c",
            "module.vpc.aws_route_table.public_fw",
            "module.vpc.aws_route_table_association.private_a",
            "module.vpc.aws_route_table_association.private_c",
            "module.vpc.aws_route_table_association.public_a",
            "module.vpc.aws_route_table_association.public_c",
            "module.vpc.aws_route_table_association.public_fw",
            "module.vpc.aws_security_group.admin",
            "module.vpc.aws_security_group.alb",
            "module.vpc.aws_security_group.web",
            "module.vpc.aws_security_group_rule.admin_access_ingress",
            "module.vpc.aws_security_group_rule.alb_access_ingress",
            "module.vpc.aws_security_group_rule.alb_access_ingress_https",
            "module.vpc.aws_security_group_rule.http_access_ingress",
            "module.vpc.aws_security_group_rule.https_access_ingress",
            "module.vpc.aws_subnet.private",
            "module.vpc.aws_subnet.public",
            "module.vpc.aws_subnet.public_fw",
            "module.vpc.aws_vpc.this",
            "module.vpc.aws_vpc_security_group_ingress_rule.admin_access_ingress_icmp",
            "module.vpc.aws_vpc_security_group_ingress_rule.alb_access_ingress_icmp"
          ]
        }
      ]
    },
    {
      "module": "module.network_firewall",
      "mode": "managed",
      "type": "aws_cloudwatch_log_group",
      "name": "fw_alert_log_group",
      "provider": "provider[\"registry.terraform.io/hashicorp/aws\"]",
      "instances": [
        {
          "schema_version": 0,
          "attributes": {
            "arn": "arn:aws:logs:ap-northeast-2:518897854809:log-group:/anf/alert",
            "id": "/anf/alert",
            "kms_key_id": "",
            "name": "/anf/alert",
            "name_prefix": "",
            "retention_in_days": 0,
            "skip_destroy": false,
            "tags": null,
            "tags_all": {}
          },
          "sensitive_attributes": [],
          "private": "bnVsbA==",
          "dependencies": [
            "module.vpc.aws_eip.this_a",
            "module.vpc.aws_eip.this_c",
            "module.vpc.aws_internet_gateway.this",
            "module.vpc.aws_nat_gateway.this_a",
            "module.vpc.aws_nat_gateway.this_c",
            "module.vpc.aws_route.internet_gateway_fw",
            "module.vpc.aws_route.nat_gateway_a",
            "module.vpc.aws_route.nat_gateway_c",
            "module.vpc.aws_route_table.private_a",
            "module.vpc.aws_route_table.private_c",
            "module.vpc.aws_route_table.public_a",
            "module.vpc.aws_route_table.public_c",
            "module.vpc.aws_route_table.public_fw",
            "module.vpc.aws_route_table_association.private_a",
            "module.vpc.aws_route_table_association.private_c",
            "module.vpc.aws_route_table_association.public_a",
            "module.vpc.aws_route_table_association.public_c",
            "module.vpc.aws_route_table_association.public_fw",
            "module.vpc.aws_security_group.admin",
            "module.vpc.aws_security_group.alb",
            "module.vpc.aws_security_group.web",
            "module.vpc.aws_security_group_rule.admin_access_ingress",
            "module.vpc.aws_security_group_rule.alb_access_ingress",
            "module.vpc.aws_security_group_rule.alb_access_ingress_https",
            "module.vpc.aws_security_group_rule.http_access_ingress",
            "module.vpc.aws_security_group_rule.https_access_ingress",
            "module.vpc.aws_subnet.private",
            "module.vpc.aws_subnet.public",
            "module.vpc.aws_subnet.public_fw",
            "module.vpc.aws_vpc.this",
            "module.vpc.aws_vpc_security_group_ingress_rule.admin_access_ingress_icmp",
            "module.vpc.aws_vpc_security_group_ingress_rule.alb_access_ingress_icmp"
          ]
        }
      ]
    },
    {
      "module": "module.network_firewall",
      "mode": "managed",
      "type": "aws_cloudwatch_log_group",
      "name": "fw_flow_log_group",
      "provider": "provider[\"registry.terraform.io/hashicorp/aws\"]",
      "instances": [
        {
          "schema_version": 0,
          "attributes": {
            "arn": "arn:aws:logs:ap-northeast-2:518897854809:log-group:/anf/flow",
            "id": "/anf/flow",
            "kms_key_id": "",
            "name": "/anf/flow",
            "name_prefix": "",
            "retention_in_days": 0,
            "skip_destroy": false,
            "tags": null,
            "tags_all": {}
          },
          "sensitive_attributes": [],
          "private": "bnVsbA==",
          "dependencies": [
            "module.vpc.aws_eip.this_a",
            "module.vpc.aws_eip.this_c",
            "module.vpc.aws_internet_gateway.this",
            "module.vpc.aws_nat_gateway.this_a",
            "module.vpc.aws_nat_gateway.this_c",
            "module.vpc.aws_route.internet_gateway_fw",
            "module.vpc.aws_route.nat_gateway_a",
            "module.vpc.aws_route.nat_gateway_c",
            "module.vpc.aws_route_table.private_a",
            "module.vpc.aws_route_table.private_c",
            "module.vpc.aws_route_table.public_a",
            "module.vpc.aws_route_table.public_c",
            "module.vpc.aws_route_table.public_fw",
            "module.vpc.aws_route_table_association.private_a",
            "module.vpc.aws_route_table_association.private_c",
            "module.vpc.aws_route_table_association.public_a",
            "module.vpc.aws_route_table_association.public_c",
            "module.vpc.aws_route_table_association.public_fw",
            "module.vpc.aws_security_group.admin",
            "module.vpc.aws_security_group.alb",
            "module.vpc.aws_security_group.web",
            "module.vpc.aws_security_group_rule.admin_access_ingress",
            "module.vpc.aws_security_group_rule.alb_access_ingress",
            "module.vpc.aws_security_group_rule.alb_access_ingress_https",
            "module.vpc.aws_security_group_rule.http_access_ingress",
            "module.vpc.aws_security_group_rule.https_access_ingress",
            "module.vpc.aws_subnet.private",
            "module.vpc.aws_subnet.public",
            "module.vpc.aws_subnet.public_fw",
            "module.vpc.aws_vpc.this",
            "module.vpc.aws_vpc_security_group_ingress_rule.admin_access_ingress_icmp",
            "module.vpc.aws_vpc_security_group_ingress_rule.alb_access_ingress_icmp"
          ]
        }
      ]
    },
    {
      "module": "module.network_firewall",
      "mode": "managed",
      "type": "aws_networkfirewall_firewall",
      "name": "fw",
      "provider": "provider[\"registry.terraform.io/hashicorp/aws\"]",
      "instances": [
        {
          "schema_version": 0,
          "attributes": {
            "arn": "arn:aws:network-firewall:ap-northeast-2:518897854809:firewall/Region02-fw",
            "delete_protection": false,
            "description": "",
            "encryption_configuration": [],
            "firewall_policy_arn": "arn:aws:network-firewall:ap-northeast-2:518897854809:firewall-policy/Region02-fwpolicy",
            "firewall_policy_change_protection": false,
            "firewall_status": [
              {
                "sync_states": [
                  {
                    "attachment": [
                      {
                        "endpoint_id": "vpce-02f15f74e8ca64d42",
                        "subnet_id": "subnet-0454539791cd4cb2c"
                      }
                    ],
                    "availability_zone": "ap-northeast-2a"
                  },
                  {
                    "attachment": [
                      {
                        "endpoint_id": "vpce-09d9be85304c71a52",
                        "subnet_id": "subnet-03d8a38881247e08a"
                      }
                    ],
                    "availability_zone": "ap-northeast-2c"
                  }
                ]
              }
            ],
            "id": "arn:aws:network-firewall:ap-northeast-2:518897854809:firewall/Region02-fw",
            "name": "Region02-fw",
            "subnet_change_protection": false,
            "subnet_mapping": [
              {
                "ip_address_type": "IPV4",
                "subnet_id": "subnet-03d8a38881247e08a"
              },
              {
                "ip_address_type": "IPV4",
                "subnet_id": "subnet-0454539791cd4cb2c"
              }
            ],
            "tags": {
              "Managed_by": "Terraform",
              "Name": "Region02-fw",
              "team": "4jo"
            },
            "tags_all": {
              "Managed_by": "Terraform",
              "Name": "Region02-fw",
              "team": "4jo"
            },
            "update_token": "e5f10495-4fde-4e77-a235-bdb1e0e39ad8",
            "vpc_id": "vpc-07fe8f59c530405ca"
          },
          "sensitive_attributes": [],
          "private": "bnVsbA==",
          "dependencies": [
            "module.network_firewall.aws_networkfirewall_firewall_policy.fwpolicy",
            "module.network_firewall.aws_networkfirewall_rule_group.block_domains",
            "module.network_firewall.aws_networkfirewall_rule_group.drop_tcp_test",
            "module.vpc.aws_eip.this_a",
            "module.vpc.aws_eip.this_c",
            "module.vpc.aws_internet_gateway.this",
            "module.vpc.aws_nat_gateway.this_a",
            "module.vpc.aws_nat_gateway.this_c",
            "module.vpc.aws_route.internet_gateway_fw",
            "module.vpc.aws_route.nat_gateway_a",
            "module.vpc.aws_route.nat_gateway_c",
            "module.vpc.aws_route_table.private_a",
            "module.vpc.aws_route_table.private_c",
            "module.vpc.aws_route_table.public_a",
            "module.vpc.aws_route_table.public_c",
            "module.vpc.aws_route_table.public_fw",
            "module.vpc.aws_route_table_association.private_a",
            "module.vpc.aws_route_table_association.private_c",
            "module.vpc.aws_route_table_association.public_a",
            "module.vpc.aws_route_table_association.public_c",
            "module.vpc.aws_route_table_association.public_fw",
            "module.vpc.aws_security_group.admin",
            "module.vpc.aws_security_group.alb",
            "module.vpc.aws_security_group.web",
            "module.vpc.aws_security_group_rule.admin_access_ingress",
            "module.vpc.aws_security_group_rule.alb_access_ingress",
            "module.vpc.aws_security_group_rule.alb_access_ingress_https",
            "module.vpc.aws_security_group_rule.http_access_ingress",
            "module.vpc.aws_security_group_rule.https_access_ingress",
            "module.vpc.aws_subnet.private",
            "module.vpc.aws_subnet.public",
            "module.vpc.aws_subnet.public_fw",
            "module.vpc.aws_vpc.this",
            "module.vpc.aws_vpc_security_group_ingress_rule.admin_access_ingress_icmp",
            "module.vpc.aws_vpc_security_group_ingress_rule.alb_access_ingress_icmp"
          ]
        }
      ]
    },
    {
      "module": "module.network_firewall",
      "mode": "managed",
      "type": "aws_networkfirewall_firewall_policy",
      "name": "fwpolicy",
      "provider": "provider[\"registry.terraform.io/hashicorp/aws\"]",
      "instances": [
        {
          "schema_version": 0,
          "attributes": {
            "arn": "arn:aws:network-firewall:ap-northeast-2:518897854809:firewall-policy/Region02-fwpolicy",
            "description": "",
            "encryption_configuration": [],
            "firewall_policy": [
              {
                "stateful_default_actions": null,
                "stateful_engine_options": [],
                "stateful_rule_group_reference": [
                  {
                    "override": [],
                    "priority": null,
                    "resource_arn": "arn:aws:network-firewall:ap-northeast-2:518897854809:stateful-rulegroup/block-domains"
                  }
                ],
                "stateless_custom_action": [],
                "stateless_default_actions": [
                  "aws:forward_to_sfe"
                ],
                "stateless_fragment_default_actions": [
                  "aws:forward_to_sfe"
                ],
                "stateless_rule_group_reference": [
                  {
                    "priority": 10,
                    "resource_arn": "arn:aws:network-firewall:ap-northeast-2:518897854809:stateless-rulegroup/drop-tcp-test"
                  }
                ]
              }
            ],
            "id": "arn:aws:network-firewall:ap-northeast-2:518897854809:firewall-policy/Region02-fwpolicy",
            "name": "Region02-fwpolicy",
            "tags": {
              "Managed_by": "Terraform",
              "Name": "Region02-fwpolicy",
              "team": "4jo"
            },
            "tags_all": {
              "Managed_by": "Terraform",
              "Name": "Region02-fwpolicy",
              "team": "4jo"
            },
            "update_token": "00bdc010-24ca-4ffe-bc92-a61185e265c3"
          },
          "sensitive_attributes": [],
          "private": "bnVsbA==",
          "dependencies": [
            "module.network_firewall.aws_networkfirewall_rule_group.block_domains",
            "module.network_firewall.aws_networkfirewall_rule_group.drop_tcp_test",
            "module.vpc.aws_eip.this_a",
            "module.vpc.aws_eip.this_c",
            "module.vpc.aws_internet_gateway.this",
            "module.vpc.aws_nat_gateway.this_a",
            "module.vpc.aws_nat_gateway.this_c",
            "module.vpc.aws_route.internet_gateway_fw",
            "module.vpc.aws_route.nat_gateway_a",
            "module.vpc.aws_route.nat_gateway_c",
            "module.vpc.aws_route_table.private_a",
            "module.vpc.aws_route_table.private_c",
            "module.vpc.aws_route_table.public_a",
            "module.vpc.aws_route_table.public_c",
            "module.vpc.aws_route_table.public_fw",
            "module.vpc.aws_route_table_association.private_a",
            "module.vpc.aws_route_table_association.private_c",
            "module.vpc.aws_route_table_association.public_a",
            "module.vpc.aws_route_table_association.public_c",
            "module.vpc.aws_route_table_association.public_fw",
            "module.vpc.aws_security_group.admin",
            "module.vpc.aws_security_group.alb",
            "module.vpc.aws_security_group.web",
            "module.vpc.aws_security_group_rule.admin_access_ingress",
            "module.vpc.aws_security_group_rule.alb_access_ingress",
            "module.vpc.aws_security_group_rule.alb_access_ingress_https",
            "module.vpc.aws_security_group_rule.http_access_ingress",
            "module.vpc.aws_security_group_rule.https_access_ingress",
            "module.vpc.aws_subnet.private",
            "module.vpc.aws_subnet.public",
            "module.vpc.aws_subnet.public_fw",
            "module.vpc.aws_vpc.this",
            "module.vpc.aws_vpc_security_group_ingress_rule.admin_access_ingress_icmp",
            "module.vpc.aws_vpc_security_group_ingress_rule.alb_access_ingress_icmp"
          ]
        }
      ]
    },
    {
      "module": "module.network_firewall",
      "mode": "managed",
      "type": "aws_networkfirewall_logging_configuration",
      "name": "example",
      "provider": "provider[\"registry.terraform.io/hashicorp/aws\"]",
      "instances": [
        {
          "schema_version": 0,
          "attributes": {
            "firewall_arn": "arn:aws:network-firewall:ap-northeast-2:518897854809:firewall/Region02-fw",
            "id": "arn:aws:network-firewall:ap-northeast-2:518897854809:firewall/Region02-fw",
            "logging_configuration": [
              {
                "log_destination_config": [
                  {
                    "log_destination": {
                      "logGroup": "/anf/alert"
                    },
                    "log_destination_type": "CloudWatchLogs",
                    "log_type": "ALERT"
                  },
                  {
                    "log_destination": {
                      "logGroup": "/anf/flow"
                    },
                    "log_destination_type": "CloudWatchLogs",
                    "log_type": "FLOW"
                  }
                ]
              }
            ]
          },
          "sensitive_attributes": [],
          "private": "bnVsbA==",
          "dependencies": [
            "module.network_firewall.aws_cloudwatch_log_group.fw_alert_log_group",
            "module.network_firewall.aws_cloudwatch_log_group.fw_flow_log_group",
            "module.network_firewall.aws_networkfirewall_firewall.fw",
            "module.network_firewall.aws_networkfirewall_firewall_policy.fwpolicy",
            "module.network_firewall.aws_networkfirewall_rule_group.block_domains",
            "module.network_firewall.aws_networkfirewall_rule_group.drop_tcp_test",
            "module.vpc.aws_eip.this_a",
            "module.vpc.aws_eip.this_c",
            "module.vpc.aws_internet_gateway.this",
            "module.vpc.aws_nat_gateway.this_a",
            "module.vpc.aws_nat_gateway.this_c",
            "module.vpc.aws_route.internet_gateway_fw",
            "module.vpc.aws_route.nat_gateway_a",
            "module.vpc.aws_route.nat_gateway_c",
            "module.vpc.aws_route_table.private_a",
            "module.vpc.aws_route_table.private_c",
            "module.vpc.aws_route_table.public_a",
            "module.vpc.aws_route_table.public_c",
            "module.vpc.aws_route_table.public_fw",
            "module.vpc.aws_route_table_association.private_a",
            "module.vpc.aws_route_table_association.private_c",
            "module.vpc.aws_route_table_association.public_a",
            "module.vpc.aws_route_table_association.public_c",
            "module.vpc.aws_route_table_association.public_fw",
            "module.vpc.aws_security_group.admin",
            "module.vpc.aws_security_group.alb",
            "module.vpc.aws_security_group.web",
            "module.vpc.aws_security_group_rule.admin_access_ingress",
            "module.vpc.aws_security_group_rule.alb_access_ingress",
            "module.vpc.aws_security_group_rule.alb_access_ingress_https",
            "module.vpc.aws_security_group_rule.http_access_ingress",
            "module.vpc.aws_security_group_rule.https_access_ingress",
            "module.vpc.aws_subnet.private",
            "module.vpc.aws_subnet.public",
            "module.vpc.aws_subnet.public_fw",
            "module.vpc.aws_vpc.this",
            "module.vpc.aws_vpc_security_group_ingress_rule.admin_access_ingress_icmp",
            "module.vpc.aws_vpc_security_group_ingress_rule.alb_access_ingress_icmp"
          ]
        }
      ]
    },
    {
      "module": "module.network_firewall",
      "mode": "managed",
      "type": "aws_networkfirewall_rule_group",
      "name": "block_domains",
      "provider": "provider[\"registry.terraform.io/hashicorp/aws\"]",
      "instances": [
        {
          "schema_version": 0,
          "attributes": {
            "arn": "arn:aws:network-firewall:ap-northeast-2:518897854809:stateful-rulegroup/block-domains",
            "capacity": 100,
            "description": "",
            "encryption_configuration": [],
            "id": "arn:aws:network-firewall:ap-northeast-2:518897854809:stateful-rulegroup/block-domains",
            "name": "block-domains",
            "rule_group": [
              {
                "reference_sets": [],
                "rule_variables": [
                  {
                    "ip_sets": [
                      {
                        "ip_set": [
                          {
                            "definition": [
                              "20.4.2.0/24"
                            ]
                          }
                        ],
                        "key": "HOME_NET"
                      }
                    ],
                    "port_sets": []
                  }
                ],
                "rules_source": [
                  {
                    "rules_source_list": [
                      {
                        "generated_rules_type": "DENYLIST",
                        "target_types": [
                          "HTTP_HOST",
                          "TLS_SNI"
                        ],
                        "targets": [
                          ".naver.com"
                        ]
                      }
                    ],
                    "rules_string": "",
                    "stateful_rule": [],
                    "stateless_rules_and_custom_actions": []
                  }
                ],
                "stateful_rule_options": []
              }
            ],
            "rules": null,
            "tags": null,
            "tags_all": {},
            "type": "STATEFUL",
            "update_token": "6604d178-86a8-4db0-b2b7-867d5473fe1c"
          },
          "sensitive_attributes": [],
          "private": "bnVsbA==",
          "dependencies": [
            "module.vpc.aws_eip.this_a",
            "module.vpc.aws_eip.this_c",
            "module.vpc.aws_internet_gateway.this",
            "module.vpc.aws_nat_gateway.this_a",
            "module.vpc.aws_nat_gateway.this_c",
            "module.vpc.aws_route.internet_gateway_fw",
            "module.vpc.aws_route.nat_gateway_a",
            "module.vpc.aws_route.nat_gateway_c",
            "module.vpc.aws_route_table.private_a",
            "module.vpc.aws_route_table.private_c",
            "module.vpc.aws_route_table.public_a",
            "module.vpc.aws_route_table.public_c",
            "module.vpc.aws_route_table.public_fw",
            "module.vpc.aws_route_table_association.private_a",
            "module.vpc.aws_route_table_association.private_c",
            "module.vpc.aws_route_table_association.public_a",
            "module.vpc.aws_route_table_association.public_c",
            "module.vpc.aws_route_table_association.public_fw",
            "module.vpc.aws_security_group.admin",
            "module.vpc.aws_security_group.alb",
            "module.vpc.aws_security_group.web",
            "module.vpc.aws_security_group_rule.admin_access_ingress",
            "module.vpc.aws_security_group_rule.alb_access_ingress",
            "module.vpc.aws_security_group_rule.alb_access_ingress_https",
            "module.vpc.aws_security_group_rule.http_access_ingress",
            "module.vpc.aws_security_group_rule.https_access_ingress",
            "module.vpc.aws_subnet.private",
            "module.vpc.aws_subnet.public",
            "module.vpc.aws_subnet.public_fw",
            "module.vpc.aws_vpc.this",
            "module.vpc.aws_vpc_security_group_ingress_rule.admin_access_ingress_icmp",
            "module.vpc.aws_vpc_security_group_ingress_rule.alb_access_ingress_icmp"
          ]
        }
      ]
    },
    {
      "module": "module.network_firewall",
      "mode": "managed",
      "type": "aws_networkfirewall_rule_group",
      "name": "drop_tcp_test",
      "provider": "provider[\"registry.terraform.io/hashicorp/aws\"]",
      "instances": [
        {
          "schema_version": 0,
          "attributes": {
            "arn": "arn:aws:network-firewall:ap-northeast-2:518897854809:stateless-rulegroup/drop-tcp-test",
            "capacity": 10,
            "description": "",
            "encryption_configuration": [],
            "id": "arn:aws:network-firewall:ap-northeast-2:518897854809:stateless-rulegroup/drop-tcp-test",
            "name": "drop-tcp-test",
            "rule_group": [
              {
                "reference_sets": [],
                "rule_variables": [],
                "rules_source": [
                  {
                    "rules_source_list": [],
                    "rules_string": "",
                    "stateful_rule": [],
                    "stateless_rules_and_custom_actions": [
                      {
                        "custom_action": [],
                        "stateless_rule": [
                          {
                            "priority": 1,
                            "rule_definition": [
                              {
                                "actions": [
                                  "aws:drop"
                                ],
                                "match_attributes": [
                                  {
                                    "destination": [
                                      {
                                        "address_definition": "20.4.0.0/16"
                                      }
                                    ],
                                    "destination_port": [],
                                    "protocols": [
                                      6
                                    ],
                                    "source": [
                                      {
                                        "address_definition": "10.0.0.0/24"
                                      }
                                    ],
                                    "source_port": [],
                                    "tcp_flag": []
                                  }
                                ]
                              }
                            ]
                          }
                        ]
                      }
                    ]
                  }
                ],
                "stateful_rule_options": []
              }
            ],
            "rules": null,
            "tags": null,
            "tags_all": {},
            "type": "STATELESS",
            "update_token": "4f08c4a1-f41c-4bbb-8650-7d1956ece4f5"
          },
          "sensitive_attributes": [],
          "private": "bnVsbA==",
          "dependencies": [
            "module.vpc.aws_eip.this_a",
            "module.vpc.aws_eip.this_c",
            "module.vpc.aws_internet_gateway.this",
            "module.vpc.aws_nat_gateway.this_a",
            "module.vpc.aws_nat_gateway.this_c",
            "module.vpc.aws_route.internet_gateway_fw",
            "module.vpc.aws_route.nat_gateway_a",
            "module.vpc.aws_route.nat_gateway_c",
            "module.vpc.aws_route_table.private_a",
            "module.vpc.aws_route_table.private_c",
            "module.vpc.aws_route_table.public_a",
            "module.vpc.aws_route_table.public_c",
            "module.vpc.aws_route_table.public_fw",
            "module.vpc.aws_route_table_association.private_a",
            "module.vpc.aws_route_table_association.private_c",
            "module.vpc.aws_route_table_association.public_a",
            "module.vpc.aws_route_table_association.public_c",
            "module.vpc.aws_route_table_association.public_fw",
            "module.vpc.aws_security_group.admin",
            "module.vpc.aws_security_group.alb",
            "module.vpc.aws_security_group.web",
            "module.vpc.aws_security_group_rule.admin_access_ingress",
            "module.vpc.aws_security_group_rule.alb_access_ingress",
            "module.vpc.aws_security_group_rule.alb_access_ingress_https",
            "module.vpc.aws_security_group_rule.http_access_ingress",
            "module.vpc.aws_security_group_rule.https_access_ingress",
            "module.vpc.aws_subnet.private",
            "module.vpc.aws_subnet.public",
            "module.vpc.aws_subnet.public_fw",
            "module.vpc.aws_vpc.this",
            "module.vpc.aws_vpc_security_group_ingress_rule.admin_access_ingress_icmp",
            "module.vpc.aws_vpc_security_group_ingress_rule.alb_access_ingress_icmp"
          ]
        }
      ]
    },
    {
      "module": "module.network_firewall",
      "mode": "managed",
      "type": "aws_route",
      "name": "gwlb_a",
      "provider": "provider[\"registry.terraform.io/hashicorp/aws\"]",
      "instances": [
        {
          "schema_version": 0,
          "attributes": {
            "carrier_gateway_id": "",
            "core_network_arn": "",
            "destination_cidr_block": "0.0.0.0/0",
            "destination_ipv6_cidr_block": "",
            "destination_prefix_list_id": "",
            "egress_only_gateway_id": "",
            "gateway_id": "",
            "id": "r-rtb-0346efd45b8817da91080289494",
            "instance_id": "",
            "instance_owner_id": "",
            "local_gateway_id": "",
            "nat_gateway_id": "",
            "network_interface_id": "",
            "origin": "CreateRoute",
            "route_table_id": "rtb-0346efd45b8817da9",
            "state": "active",
            "timeouts": null,
            "transit_gateway_id": "",
            "vpc_endpoint_id": "vpce-02f15f74e8ca64d42",
            "vpc_peering_connection_id": ""
          },
          "sensitive_attributes": [],
          "private": "eyJlMmJmYjczMC1lY2FhLTExZTYtOGY4OC0zNDM2M2JjN2M0YzAiOnsiY3JlYXRlIjozMDAwMDAwMDAwMDAsImRlbGV0ZSI6MzAwMDAwMDAwMDAwLCJ1cGRhdGUiOjEyMDAwMDAwMDAwMH19",
          "dependencies": [
            "module.network_firewall.aws_networkfirewall_firewall.fw",
            "module.network_firewall.aws_networkfirewall_firewall_policy.fwpolicy",
            "module.network_firewall.aws_networkfirewall_rule_group.block_domains",
            "module.network_firewall.aws_networkfirewall_rule_group.drop_tcp_test",
            "module.vpc.aws_eip.this_a",
            "module.vpc.aws_eip.this_c",
            "module.vpc.aws_internet_gateway.this",
            "module.vpc.aws_nat_gateway.this_a",
            "module.vpc.aws_nat_gateway.this_c",
            "module.vpc.aws_route.internet_gateway_fw",
            "module.vpc.aws_route.nat_gateway_a",
            "module.vpc.aws_route.nat_gateway_c",
            "module.vpc.aws_route_table.private_a",
            "module.vpc.aws_route_table.private_c",
            "module.vpc.aws_route_table.public_a",
            "module.vpc.aws_route_table.public_c",
            "module.vpc.aws_route_table.public_fw",
            "module.vpc.aws_route_table_association.private_a",
            "module.vpc.aws_route_table_association.private_c",
            "module.vpc.aws_route_table_association.public_a",
            "module.vpc.aws_route_table_association.public_c",
            "module.vpc.aws_route_table_association.public_fw",
            "module.vpc.aws_security_group.admin",
            "module.vpc.aws_security_group.alb",
            "module.vpc.aws_security_group.web",
            "module.vpc.aws_security_group_rule.admin_access_ingress",
            "module.vpc.aws_security_group_rule.alb_access_ingress",
            "module.vpc.aws_security_group_rule.alb_access_ingress_https",
            "module.vpc.aws_security_group_rule.http_access_ingress",
            "module.vpc.aws_security_group_rule.https_access_ingress",
            "module.vpc.aws_subnet.private",
            "module.vpc.aws_subnet.public",
            "module.vpc.aws_subnet.public_fw",
            "module.vpc.aws_vpc.this",
            "module.vpc.aws_vpc_security_group_ingress_rule.admin_access_ingress_icmp",
            "module.vpc.aws_vpc_security_group_ingress_rule.alb_access_ingress_icmp"
          ]
        }
      ]
    },
    {
      "module": "module.network_firewall",
      "mode": "managed",
      "type": "aws_route",
      "name": "gwlb_c",
      "provider": "provider[\"registry.terraform.io/hashicorp/aws\"]",
      "instances": [
        {
          "schema_version": 0,
          "attributes": {
            "carrier_gateway_id": "",
            "core_network_arn": "",
            "destination_cidr_block": "0.0.0.0/0",
            "destination_ipv6_cidr_block": "",
            "destination_prefix_list_id": "",
            "egress_only_gateway_id": "",
            "gateway_id": "",
            "id": "r-rtb-00e8be2db5635a30f1080289494",
            "instance_id": "",
            "instance_owner_id": "",
            "local_gateway_id": "",
            "nat_gateway_id": "",
            "network_interface_id": "",
            "origin": "CreateRoute",
            "route_table_id": "rtb-00e8be2db5635a30f",
            "state": "active",
            "timeouts": null,
            "transit_gateway_id": "",
            "vpc_endpoint_id": "vpce-09d9be85304c71a52",
            "vpc_peering_connection_id": ""
          },
          "sensitive_attributes": [],
          "private": "eyJlMmJmYjczMC1lY2FhLTExZTYtOGY4OC0zNDM2M2JjN2M0YzAiOnsiY3JlYXRlIjozMDAwMDAwMDAwMDAsImRlbGV0ZSI6MzAwMDAwMDAwMDAwLCJ1cGRhdGUiOjEyMDAwMDAwMDAwMH19",
          "dependencies": [
            "module.network_firewall.aws_networkfirewall_firewall.fw",
            "module.network_firewall.aws_networkfirewall_firewall_policy.fwpolicy",
            "module.network_firewall.aws_networkfirewall_rule_group.block_domains",
            "module.network_firewall.aws_networkfirewall_rule_group.drop_tcp_test",
            "module.vpc.aws_eip.this_a",
            "module.vpc.aws_eip.this_c",
            "module.vpc.aws_internet_gateway.this",
            "module.vpc.aws_nat_gateway.this_a",
            "module.vpc.aws_nat_gateway.this_c",
            "module.vpc.aws_route.internet_gateway_fw",
            "module.vpc.aws_route.nat_gateway_a",
            "module.vpc.aws_route.nat_gateway_c",
            "module.vpc.aws_route_table.private_a",
            "module.vpc.aws_route_table.private_c",
            "module.vpc.aws_route_table.public_a",
            "module.vpc.aws_route_table.public_c",
            "module.vpc.aws_route_table.public_fw",
            "module.vpc.aws_route_table_association.private_a",
            "module.vpc.aws_route_table_association.private_c",
            "module.vpc.aws_route_table_association.public_a",
            "module.vpc.aws_route_table_association.public_c",
            "module.vpc.aws_route_table_association.public_fw",
            "module.vpc.aws_security_group.admin",
            "module.vpc.aws_security_group.alb",
            "module.vpc.aws_security_group.web",
            "module.vpc.aws_security_group_rule.admin_access_ingress",
            "module.vpc.aws_security_group_rule.alb_access_ingress",
            "module.vpc.aws_security_group_rule.alb_access_ingress_https",
            "module.vpc.aws_security_group_rule.http_access_ingress",
            "module.vpc.aws_security_group_rule.https_access_ingress",
            "module.vpc.aws_subnet.private",
            "module.vpc.aws_subnet.public",
            "module.vpc.aws_subnet.public_fw",
            "module.vpc.aws_vpc.this",
            "module.vpc.aws_vpc_security_group_ingress_rule.admin_access_ingress_icmp",
            "module.vpc.aws_vpc_security_group_ingress_rule.alb_access_ingress_icmp"
          ]
        }
      ]
    },
    {
      "module": "module.network_firewall",
      "mode": "managed",
      "type": "aws_route",
      "name": "igw",
      "provider": "provider[\"registry.terraform.io/hashicorp/aws\"]",
      "instances": [
        {
          "index_key": 0,
          "schema_version": 0,
          "attributes": {
            "carrier_gateway_id": "",
            "core_network_arn": "",
            "destination_cidr_block": "20.4.2.0/24",
            "destination_ipv6_cidr_block": "",
            "destination_prefix_list_id": "",
            "egress_only_gateway_id": "",
            "gateway_id": "",
            "id": "r-rtb-09a5808b3818dd1301611011835",
            "instance_id": "",
            "instance_owner_id": "",
            "local_gateway_id": "",
            "nat_gateway_id": "",
            "network_interface_id": "",
            "origin": "CreateRoute",
            "route_table_id": "rtb-09a5808b3818dd130",
            "state": "active",
            "timeouts": null,
            "transit_gateway_id": "",
            "vpc_endpoint_id": "vpce-02f15f74e8ca64d42",
            "vpc_peering_connection_id": ""
          },
          "sensitive_attributes": [],
          "private": "eyJlMmJmYjczMC1lY2FhLTExZTYtOGY4OC0zNDM2M2JjN2M0YzAiOnsiY3JlYXRlIjozMDAwMDAwMDAwMDAsImRlbGV0ZSI6MzAwMDAwMDAwMDAwLCJ1cGRhdGUiOjEyMDAwMDAwMDAwMH19",
          "dependencies": [
            "module.network_firewall.aws_networkfirewall_firewall.fw",
            "module.network_firewall.aws_networkfirewall_firewall_policy.fwpolicy",
            "module.network_firewall.aws_networkfirewall_rule_group.block_domains",
            "module.network_firewall.aws_networkfirewall_rule_group.drop_tcp_test",
            "module.network_firewall.aws_route_table.igw",
            "module.vpc.aws_eip.this_a",
            "module.vpc.aws_eip.this_c",
            "module.vpc.aws_internet_gateway.this",
            "module.vpc.aws_nat_gateway.this_a",
            "module.vpc.aws_nat_gateway.this_c",
            "module.vpc.aws_route.internet_gateway_fw",
            "module.vpc.aws_route.nat_gateway_a",
            "module.vpc.aws_route.nat_gateway_c",
            "module.vpc.aws_route_table.private_a",
            "module.vpc.aws_route_table.private_c",
            "module.vpc.aws_route_table.public_a",
            "module.vpc.aws_route_table.public_c",
            "module.vpc.aws_route_table.public_fw",
            "module.vpc.aws_route_table_association.private_a",
            "module.vpc.aws_route_table_association.private_c",
            "module.vpc.aws_route_table_association.public_a",
            "module.vpc.aws_route_table_association.public_c",
            "module.vpc.aws_route_table_association.public_fw",
            "module.vpc.aws_security_group.admin",
            "module.vpc.aws_security_group.alb",
            "module.vpc.aws_security_group.web",
            "module.vpc.aws_security_group_rule.admin_access_ingress",
            "module.vpc.aws_security_group_rule.alb_access_ingress",
            "module.vpc.aws_security_group_rule.alb_access_ingress_https",
            "module.vpc.aws_security_group_rule.http_access_ingress",
            "module.vpc.aws_security_group_rule.https_access_ingress",
            "module.vpc.aws_subnet.private",
            "module.vpc.aws_subnet.public",
            "module.vpc.aws_subnet.public_fw",
            "module.vpc.aws_vpc.this",
            "module.vpc.aws_vpc_security_group_ingress_rule.admin_access_ingress_icmp",
            "module.vpc.aws_vpc_security_group_ingress_rule.alb_access_ingress_icmp"
          ]
        },
        {
          "index_key": 1,
          "schema_version": 0,
          "attributes": {
            "carrier_gateway_id": "",
            "core_network_arn": "",
            "destination_cidr_block": "20.4.22.0/24",
            "destination_ipv6_cidr_block": "",
            "destination_prefix_list_id": "",
            "egress_only_gateway_id": "",
            "gateway_id": "",
            "id": "r-rtb-09a5808b3818dd1301650011441",
            "instance_id": "",
            "instance_owner_id": "",
            "local_gateway_id": "",
            "nat_gateway_id": "",
            "network_interface_id": "",
            "origin": "CreateRoute",
            "route_table_id": "rtb-09a5808b3818dd130",
            "state": "active",
            "timeouts": null,
            "transit_gateway_id": "",
            "vpc_endpoint_id": "vpce-09d9be85304c71a52",
            "vpc_peering_connection_id": ""
          },
          "sensitive_attributes": [],
          "private": "eyJlMmJmYjczMC1lY2FhLTExZTYtOGY4OC0zNDM2M2JjN2M0YzAiOnsiY3JlYXRlIjozMDAwMDAwMDAwMDAsImRlbGV0ZSI6MzAwMDAwMDAwMDAwLCJ1cGRhdGUiOjEyMDAwMDAwMDAwMH19",
          "dependencies": [
            "module.network_firewall.aws_networkfirewall_firewall.fw",
            "module.network_firewall.aws_networkfirewall_firewall_policy.fwpolicy",
            "module.network_firewall.aws_networkfirewall_rule_group.block_domains",
            "module.network_firewall.aws_networkfirewall_rule_group.drop_tcp_test",
            "module.network_firewall.aws_route_table.igw",
            "module.vpc.aws_eip.this_a",
            "module.vpc.aws_eip.this_c",
            "module.vpc.aws_internet_gateway.this",
            "module.vpc.aws_nat_gateway.this_a",
            "module.vpc.aws_nat_gateway.this_c",
            "module.vpc.aws_route.internet_gateway_fw",
            "module.vpc.aws_route.nat_gateway_a",
            "module.vpc.aws_route.nat_gateway_c",
            "module.vpc.aws_route_table.private_a",
            "module.vpc.aws_route_table.private_c",
            "module.vpc.aws_route_table.public_a",
            "module.vpc.aws_route_table.public_c",
            "module.vpc.aws_route_table.public_fw",
            "module.vpc.aws_route_table_association.private_a",
            "module.vpc.aws_route_table_association.private_c",
            "module.vpc.aws_route_table_association.public_a",
            "module.vpc.aws_route_table_association.public_c",
            "module.vpc.aws_route_table_association.public_fw",
            "module.vpc.aws_security_group.admin",
            "module.vpc.aws_security_group.alb",
            "module.vpc.aws_security_group.web",
            "module.vpc.aws_security_group_rule.admin_access_ingress",
            "module.vpc.aws_security_group_rule.alb_access_ingress",
            "module.vpc.aws_security_group_rule.alb_access_ingress_https",
            "module.vpc.aws_security_group_rule.http_access_ingress",
            "module.vpc.aws_security_group_rule.https_access_ingress",
            "module.vpc.aws_subnet.private",
            "module.vpc.aws_subnet.public",
            "module.vpc.aws_subnet.public_fw",
            "module.vpc.aws_vpc.this",
            "module.vpc.aws_vpc_security_group_ingress_rule.admin_access_ingress_icmp",
            "module.vpc.aws_vpc_security_group_ingress_rule.alb_access_ingress_icmp"
          ]
        }
      ]
    },
    {
      "module": "module.network_firewall",
      "mode": "managed",
      "type": "aws_route_table",
      "name": "igw",
      "provider": "provider[\"registry.terraform.io/hashicorp/aws\"]",
      "instances": [
        {
          "schema_version": 0,
          "attributes": {
            "arn": "arn:aws:ec2:ap-northeast-2:518897854809:route-table/rtb-09a5808b3818dd130",
            "id": "rtb-09a5808b3818dd130",
            "owner_id": "518897854809",
            "propagating_vgws": [],
            "route": [],
            "tags": {
              "Managed_by": "terraform",
              "Name": "Region02-igw-rt"
            },
            "tags_all": {
              "Managed_by": "terraform",
              "Name": "Region02-igw-rt"
            },
            "timeouts": null,
            "vpc_id": "vpc-07fe8f59c530405ca"
          },
          "sensitive_attributes": [],
          "private": "eyJlMmJmYjczMC1lY2FhLTExZTYtOGY4OC0zNDM2M2JjN2M0YzAiOnsiY3JlYXRlIjozMDAwMDAwMDAwMDAsImRlbGV0ZSI6MzAwMDAwMDAwMDAwLCJ1cGRhdGUiOjEyMDAwMDAwMDAwMH19",
          "dependencies": [
            "module.vpc.aws_eip.this_a",
            "module.vpc.aws_eip.this_c",
            "module.vpc.aws_internet_gateway.this",
            "module.vpc.aws_nat_gateway.this_a",
            "module.vpc.aws_nat_gateway.this_c",
            "module.vpc.aws_route.internet_gateway_fw",
            "module.vpc.aws_route.nat_gateway_a",
            "module.vpc.aws_route.nat_gateway_c",
            "module.vpc.aws_route_table.private_a",
            "module.vpc.aws_route_table.private_c",
            "module.vpc.aws_route_table.public_a",
            "module.vpc.aws_route_table.public_c",
            "module.vpc.aws_route_table.public_fw",
            "module.vpc.aws_route_table_association.private_a",
            "module.vpc.aws_route_table_association.private_c",
            "module.vpc.aws_route_table_association.public_a",
            "module.vpc.aws_route_table_association.public_c",
            "module.vpc.aws_route_table_association.public_fw",
            "module.vpc.aws_security_group.admin",
            "module.vpc.aws_security_group.alb",
            "module.vpc.aws_security_group.web",
            "module.vpc.aws_security_group_rule.admin_access_ingress",
            "module.vpc.aws_security_group_rule.alb_access_ingress",
            "module.vpc.aws_security_group_rule.alb_access_ingress_https",
            "module.vpc.aws_security_group_rule.http_access_ingress",
            "module.vpc.aws_security_group_rule.https_access_ingress",
            "module.vpc.aws_subnet.private",
            "module.vpc.aws_subnet.public",
            "module.vpc.aws_subnet.public_fw",
            "module.vpc.aws_vpc.this",
            "module.vpc.aws_vpc_security_group_ingress_rule.admin_access_ingress_icmp",
            "module.vpc.aws_vpc_security_group_ingress_rule.alb_access_ingress_icmp"
          ]
        }
      ]
    },
    {
      "module": "module.network_firewall",
      "mode": "managed",
      "type": "aws_route_table_association",
      "name": "igw",
      "provider": "provider[\"registry.terraform.io/hashicorp/aws\"]",
      "instances": [
        {
          "schema_version": 0,
          "attributes": {
            "gateway_id": "igw-0ce2628c19568213b",
            "id": "rtbassoc-0f2513a8238fbc36e",
            "route_table_id": "rtb-09a5808b3818dd130",
            "subnet_id": "",
            "timeouts": null
          },
          "sensitive_attributes": [],
          "private": "eyJlMmJmYjczMC1lY2FhLTExZTYtOGY4OC0zNDM2M2JjN2M0YzAiOnsiY3JlYXRlIjozMDAwMDAwMDAwMDAsImRlbGV0ZSI6MzAwMDAwMDAwMDAwLCJ1cGRhdGUiOjEyMDAwMDAwMDAwMH19",
          "dependencies": [
            "module.network_firewall.aws_route_table.igw",
            "module.vpc.aws_eip.this_a",
            "module.vpc.aws_eip.this_c",
            "module.vpc.aws_internet_gateway.this",
            "module.vpc.aws_nat_gateway.this_a",
            "module.vpc.aws_nat_gateway.this_c",
            "module.vpc.aws_route.internet_gateway_fw",
            "module.vpc.aws_route.nat_gateway_a",
            "module.vpc.aws_route.nat_gateway_c",
            "module.vpc.aws_route_table.private_a",
            "module.vpc.aws_route_table.private_c",
            "module.vpc.aws_route_table.public_a",
            "module.vpc.aws_route_table.public_c",
            "module.vpc.aws_route_table.public_fw",
            "module.vpc.aws_route_table_association.private_a",
            "module.vpc.aws_route_table_association.private_c",
            "module.vpc.aws_route_table_association.public_a",
            "module.vpc.aws_route_table_association.public_c",
            "module.vpc.aws_route_table_association.public_fw",
            "module.vpc.aws_security_group.admin",
            "module.vpc.aws_security_group.alb",
            "module.vpc.aws_security_group.web",
            "module.vpc.aws_security_group_rule.admin_access_ingress",
            "module.vpc.aws_security_group_rule.alb_access_ingress",
            "module.vpc.aws_security_group_rule.alb_access_ingress_https",
            "module.vpc.aws_security_group_rule.http_access_ingress",
            "module.vpc.aws_security_group_rule.https_access_ingress",
            "module.vpc.aws_subnet.private",
            "module.vpc.aws_subnet.public",
            "module.vpc.aws_subnet.public_fw",
            "module.vpc.aws_vpc.this",
            "module.vpc.aws_vpc_security_group_ingress_rule.admin_access_ingress_icmp",
            "module.vpc.aws_vpc_security_group_ingress_rule.alb_access_ingress_icmp"
          ]
        }
      ]
    },
    {
      "module": "module.vpc",
      "mode": "managed",
      "type": "aws_eip",
      "name": "this_a",
      "provider": "provider[\"registry.terraform.io/hashicorp/aws\"]",
      "instances": [
        {
          "schema_version": 0,
          "attributes": {
            "address": null,
            "allocation_id": "eipalloc-0d9780c0c19e261a6",
            "associate_with_private_ip": null,
            "association_id": "",
            "carrier_ip": "",
            "customer_owned_ip": "",
            "customer_owned_ipv4_pool": "",
            "domain": "vpc",
            "id": "eipalloc-0d9780c0c19e261a6",
            "instance": "",
            "network_border_group": "ap-northeast-2",
            "network_interface": "",
            "private_dns": null,
            "private_ip": "",
            "public_dns": "ec2-13-124-110-60.ap-northeast-2.compute.amazonaws.com",
            "public_ip": "13.124.110.60",
            "public_ipv4_pool": "amazon",
            "tags": null,
            "tags_all": {},
            "timeouts": null,
            "vpc": true
          },
          "sensitive_attributes": [],
          "private": "eyJlMmJmYjczMC1lY2FhLTExZTYtOGY4OC0zNDM2M2JjN2M0YzAiOnsiZGVsZXRlIjoxODAwMDAwMDAwMDAsInJlYWQiOjkwMDAwMDAwMDAwMCwidXBkYXRlIjozMDAwMDAwMDAwMDB9fQ==",
          "dependencies": [
            "module.vpc.aws_internet_gateway.this",
            "module.vpc.aws_vpc.this"
          ]
        }
      ]
    },
    {
      "module": "module.vpc",
      "mode": "managed",
      "type": "aws_eip",
      "name": "this_c",
      "provider": "provider[\"registry.terraform.io/hashicorp/aws\"]",
      "instances": [
        {
          "schema_version": 0,
          "attributes": {
            "address": null,
            "allocation_id": "eipalloc-00b297e2865e69424",
            "associate_with_private_ip": null,
            "association_id": "",
            "carrier_ip": "",
            "customer_owned_ip": "",
            "customer_owned_ipv4_pool": "",
            "domain": "vpc",
            "id": "eipalloc-00b297e2865e69424",
            "instance": "",
            "network_border_group": "ap-northeast-2",
            "network_interface": "",
            "private_dns": null,
            "private_ip": "",
            "public_dns": "ec2-15-164-112-95.ap-northeast-2.compute.amazonaws.com",
            "public_ip": "15.164.112.95",
            "public_ipv4_pool": "amazon",
            "tags": null,
            "tags_all": {},
            "timeouts": null,
            "vpc": true
          },
          "sensitive_attributes": [],
          "private": "eyJlMmJmYjczMC1lY2FhLTExZTYtOGY4OC0zNDM2M2JjN2M0YzAiOnsiZGVsZXRlIjoxODAwMDAwMDAwMDAsInJlYWQiOjkwMDAwMDAwMDAwMCwidXBkYXRlIjozMDAwMDAwMDAwMDB9fQ==",
          "dependencies": [
            "module.vpc.aws_internet_gateway.this",
            "module.vpc.aws_vpc.this"
          ]
        }
      ]
    },
    {
      "module": "module.vpc",
      "mode": "managed",
      "type": "aws_internet_gateway",
      "name": "this",
      "provider": "provider[\"registry.terraform.io/hashicorp/aws\"]",
      "instances": [
        {
          "schema_version": 0,
          "attributes": {
            "arn": "arn:aws:ec2:ap-northeast-2:518897854809:internet-gateway/igw-0ce2628c19568213b",
            "id": "igw-0ce2628c19568213b",
            "owner_id": "518897854809",
            "tags": {
              "Managed_by": "terraform",
              "Name": "Region02-igw"
            },
            "tags_all": {
              "Managed_by": "terraform",
              "Name": "Region02-igw"
            },
            "timeouts": null,
            "vpc_id": "vpc-07fe8f59c530405ca"
          },
          "sensitive_attributes": [],
          "private": "eyJlMmJmYjczMC1lY2FhLTExZTYtOGY4OC0zNDM2M2JjN2M0YzAiOnsiY3JlYXRlIjoxMjAwMDAwMDAwMDAwLCJkZWxldGUiOjEyMDAwMDAwMDAwMDAsInVwZGF0ZSI6MTIwMDAwMDAwMDAwMH19",
          "dependencies": [
            "module.vpc.aws_vpc.this"
          ]
        }
      ]
    },
    {
      "module": "module.vpc",
      "mode": "managed",
      "type": "aws_nat_gateway",
      "name": "this_a",
      "provider": "provider[\"registry.terraform.io/hashicorp/aws\"]",
      "instances": [
        {
          "schema_version": 0,
          "attributes": {
            "allocation_id": "eipalloc-0d9780c0c19e261a6",
            "association_id": "eipassoc-057e5d7a1cb7bc5d6",
            "connectivity_type": "public",
            "id": "nat-0e1ad614b9fb8a63c",
            "network_interface_id": "eni-05a30671da245bd45",
            "private_ip": "20.4.2.194",
            "public_ip": "13.124.110.60",
            "subnet_id": "subnet-0515d2539f000d5a4",
            "tags": {
              "Name": "Region02-nat-gw-2a"
            },
            "tags_all": {
              "Name": "Region02-nat-gw-2a"
            }
          },
          "sensitive_attributes": [],
          "private": "bnVsbA==",
          "dependencies": [
            "module.vpc.aws_eip.this_a",
            "module.vpc.aws_internet_gateway.this",
            "module.vpc.aws_subnet.public",
            "module.vpc.aws_vpc.this"
          ]
        }
      ]
    },
    {
      "module": "module.vpc",
      "mode": "managed",
      "type": "aws_nat_gateway",
      "name": "this_c",
      "provider": "provider[\"registry.terraform.io/hashicorp/aws\"]",
      "instances": [
        {
          "schema_version": 0,
          "attributes": {
            "allocation_id": "eipalloc-00b297e2865e69424",
            "association_id": "eipassoc-083f0da3c4c5d11c9",
            "connectivity_type": "public",
            "id": "nat-012cc2d8ddf145220",
            "network_interface_id": "eni-0d133c4a3af4e38fe",
            "private_ip": "20.4.22.134",
            "public_ip": "15.164.112.95",
            "subnet_id": "subnet-06e0ab844cc0ff310",
            "tags": {
              "Name": "Region02-nat-gw-2c"
            },
            "tags_all": {
              "Name": "Region02-nat-gw-2c"
            }
          },
          "sensitive_attributes": [],
          "private": "bnVsbA==",
          "dependencies": [
            "module.vpc.aws_eip.this_c",
            "module.vpc.aws_internet_gateway.this",
            "module.vpc.aws_subnet.public",
            "module.vpc.aws_vpc.this"
          ]
        }
      ]
    },
    {
      "module": "module.vpc",
      "mode": "managed",
      "type": "aws_route",
      "name": "internet_gateway_fw",
      "provider": "provider[\"registry.terraform.io/hashicorp/aws\"]",
      "instances": [
        {
          "schema_version": 0,
          "attributes": {
            "carrier_gateway_id": "",
            "core_network_arn": "",
            "destination_cidr_block": "0.0.0.0/0",
            "destination_ipv6_cidr_block": "",
            "destination_prefix_list_id": "",
            "egress_only_gateway_id": "",
            "gateway_id": "igw-0ce2628c19568213b",
            "id": "r-rtb-0a5044ac9eb6a537a1080289494",
            "instance_id": "",
            "instance_owner_id": "",
            "local_gateway_id": "",
            "nat_gateway_id": "",
            "network_interface_id": "",
            "origin": "CreateRoute",
            "route_table_id": "rtb-0a5044ac9eb6a537a",
            "state": "active",
            "timeouts": null,
            "transit_gateway_id": "",
            "vpc_endpoint_id": "",
            "vpc_peering_connection_id": ""
          },
          "sensitive_attributes": [],
          "private": "eyJlMmJmYjczMC1lY2FhLTExZTYtOGY4OC0zNDM2M2JjN2M0YzAiOnsiY3JlYXRlIjozMDAwMDAwMDAwMDAsImRlbGV0ZSI6MzAwMDAwMDAwMDAwLCJ1cGRhdGUiOjEyMDAwMDAwMDAwMH19",
          "dependencies": [
            "module.vpc.aws_internet_gateway.this",
            "module.vpc.aws_route_table.public_fw",
            "module.vpc.aws_vpc.this"
          ]
        }
      ]
    },
    {
      "module": "module.vpc",
      "mode": "managed",
      "type": "aws_route",
      "name": "nat_gateway_a",
      "provider": "provider[\"registry.terraform.io/hashicorp/aws\"]",
      "instances": [
        {
          "schema_version": 0,
          "attributes": {
            "carrier_gateway_id": "",
            "core_network_arn": "",
            "destination_cidr_block": "0.0.0.0/0",
            "destination_ipv6_cidr_block": "",
            "destination_prefix_list_id": "",
            "egress_only_gateway_id": "",
            "gateway_id": "",
            "id": "r-rtb-056ca95fbe4412ed51080289494",
            "instance_id": "",
            "instance_owner_id": "",
            "local_gateway_id": "",
            "nat_gateway_id": "nat-0e1ad614b9fb8a63c",
            "network_interface_id": "",
            "origin": "CreateRoute",
            "route_table_id": "rtb-056ca95fbe4412ed5",
            "state": "active",
            "timeouts": null,
            "transit_gateway_id": "",
            "vpc_endpoint_id": "",
            "vpc_peering_connection_id": ""
          },
          "sensitive_attributes": [],
          "private": "eyJlMmJmYjczMC1lY2FhLTExZTYtOGY4OC0zNDM2M2JjN2M0YzAiOnsiY3JlYXRlIjozMDAwMDAwMDAwMDAsImRlbGV0ZSI6MzAwMDAwMDAwMDAwLCJ1cGRhdGUiOjEyMDAwMDAwMDAwMH19",
          "dependencies": [
            "module.vpc.aws_eip.this_a",
            "module.vpc.aws_internet_gateway.this",
            "module.vpc.aws_nat_gateway.this_a",
            "module.vpc.aws_route_table.private_a",
            "module.vpc.aws_subnet.public",
            "module.vpc.aws_vpc.this"
          ]
        }
      ]
    },
    {
      "module": "module.vpc",
      "mode": "managed",
      "type": "aws_route",
      "name": "nat_gateway_c",
      "provider": "provider[\"registry.terraform.io/hashicorp/aws\"]",
      "instances": [
        {
          "schema_version": 0,
          "attributes": {
            "carrier_gateway_id": "",
            "core_network_arn": "",
            "destination_cidr_block": "0.0.0.0/0",
            "destination_ipv6_cidr_block": "",
            "destination_prefix_list_id": "",
            "egress_only_gateway_id": "",
            "gateway_id": "",
            "id": "r-rtb-0be832458f4f094031080289494",
            "instance_id": "",
            "instance_owner_id": "",
            "local_gateway_id": "",
            "nat_gateway_id": "nat-012cc2d8ddf145220",
            "network_interface_id": "",
            "origin": "CreateRoute",
            "route_table_id": "rtb-0be832458f4f09403",
            "state": "active",
            "timeouts": null,
            "transit_gateway_id": "",
            "vpc_endpoint_id": "",
            "vpc_peering_connection_id": ""
          },
          "sensitive_attributes": [],
          "private": "eyJlMmJmYjczMC1lY2FhLTExZTYtOGY4OC0zNDM2M2JjN2M0YzAiOnsiY3JlYXRlIjozMDAwMDAwMDAwMDAsImRlbGV0ZSI6MzAwMDAwMDAwMDAwLCJ1cGRhdGUiOjEyMDAwMDAwMDAwMH19",
          "dependencies": [
            "module.vpc.aws_eip.this_c",
            "module.vpc.aws_internet_gateway.this",
            "module.vpc.aws_nat_gateway.this_c",
            "module.vpc.aws_route_table.private_c",
            "module.vpc.aws_subnet.public",
            "module.vpc.aws_vpc.this"
          ]
        }
      ]
    },
    {
      "module": "module.vpc",
      "mode": "managed",
      "type": "aws_route_table",
      "name": "private_a",
      "provider": "provider[\"registry.terraform.io/hashicorp/aws\"]",
      "instances": [
        {
          "schema_version": 0,
          "attributes": {
            "arn": "arn:aws:ec2:ap-northeast-2:518897854809:route-table/rtb-056ca95fbe4412ed5",
            "id": "rtb-056ca95fbe4412ed5",
            "owner_id": "518897854809",
            "propagating_vgws": [],
            "route": [],
            "tags": {
              "Managed_by": "terraform",
              "Name": "Region02-private-a-rt"
            },
            "tags_all": {
              "Managed_by": "terraform",
              "Name": "Region02-private-a-rt"
            },
            "timeouts": null,
            "vpc_id": "vpc-07fe8f59c530405ca"
          },
          "sensitive_attributes": [],
          "private": "eyJlMmJmYjczMC1lY2FhLTExZTYtOGY4OC0zNDM2M2JjN2M0YzAiOnsiY3JlYXRlIjozMDAwMDAwMDAwMDAsImRlbGV0ZSI6MzAwMDAwMDAwMDAwLCJ1cGRhdGUiOjEyMDAwMDAwMDAwMH19",
          "dependencies": [
            "module.vpc.aws_vpc.this"
          ]
        }
      ]
    },
    {
      "module": "module.vpc",
      "mode": "managed",
      "type": "aws_route_table",
      "name": "private_c",
      "provider": "provider[\"registry.terraform.io/hashicorp/aws\"]",
      "instances": [
        {
          "schema_version": 0,
          "attributes": {
            "arn": "arn:aws:ec2:ap-northeast-2:518897854809:route-table/rtb-0be832458f4f09403",
            "id": "rtb-0be832458f4f09403",
            "owner_id": "518897854809",
            "propagating_vgws": [],
            "route": [],
            "tags": {
              "Managed_by": "terraform",
              "Name": "Region02-private-c-rt"
            },
            "tags_all": {
              "Managed_by": "terraform",
              "Name": "Region02-private-c-rt"
            },
            "timeouts": null,
            "vpc_id": "vpc-07fe8f59c530405ca"
          },
          "sensitive_attributes": [],
          "private": "eyJlMmJmYjczMC1lY2FhLTExZTYtOGY4OC0zNDM2M2JjN2M0YzAiOnsiY3JlYXRlIjozMDAwMDAwMDAwMDAsImRlbGV0ZSI6MzAwMDAwMDAwMDAwLCJ1cGRhdGUiOjEyMDAwMDAwMDAwMH19",
          "dependencies": [
            "module.vpc.aws_vpc.this"
          ]
        }
      ]
    },
    {
      "module": "module.vpc",
      "mode": "managed",
      "type": "aws_route_table",
      "name": "public_a",
      "provider": "provider[\"registry.terraform.io/hashicorp/aws\"]",
      "instances": [
        {
          "schema_version": 0,
          "attributes": {
            "arn": "arn:aws:ec2:ap-northeast-2:518897854809:route-table/rtb-0346efd45b8817da9",
            "id": "rtb-0346efd45b8817da9",
            "owner_id": "518897854809",
            "propagating_vgws": [],
            "route": [],
            "tags": {
              "Managed_by": "terraform",
              "Name": "Region02-public-a-rt"
            },
            "tags_all": {
              "Managed_by": "terraform",
              "Name": "Region02-public-a-rt"
            },
            "timeouts": null,
            "vpc_id": "vpc-07fe8f59c530405ca"
          },
          "sensitive_attributes": [],
          "private": "eyJlMmJmYjczMC1lY2FhLTExZTYtOGY4OC0zNDM2M2JjN2M0YzAiOnsiY3JlYXRlIjozMDAwMDAwMDAwMDAsImRlbGV0ZSI6MzAwMDAwMDAwMDAwLCJ1cGRhdGUiOjEyMDAwMDAwMDAwMH19",
          "dependencies": [
            "module.vpc.aws_vpc.this"
          ]
        }
      ]
    },
    {
      "module": "module.vpc",
      "mode": "managed",
      "type": "aws_route_table",
      "name": "public_c",
      "provider": "provider[\"registry.terraform.io/hashicorp/aws\"]",
      "instances": [
        {
          "schema_version": 0,
          "attributes": {
            "arn": "arn:aws:ec2:ap-northeast-2:518897854809:route-table/rtb-00e8be2db5635a30f",
            "id": "rtb-00e8be2db5635a30f",
            "owner_id": "518897854809",
            "propagating_vgws": [],
            "route": [],
            "tags": {
              "Managed_by": "terraform",
              "Name": "Region02-public-c-rt"
            },
            "tags_all": {
              "Managed_by": "terraform",
              "Name": "Region02-public-c-rt"
            },
            "timeouts": null,
            "vpc_id": "vpc-07fe8f59c530405ca"
          },
          "sensitive_attributes": [],
          "private": "eyJlMmJmYjczMC1lY2FhLTExZTYtOGY4OC0zNDM2M2JjN2M0YzAiOnsiY3JlYXRlIjozMDAwMDAwMDAwMDAsImRlbGV0ZSI6MzAwMDAwMDAwMDAwLCJ1cGRhdGUiOjEyMDAwMDAwMDAwMH19",
          "dependencies": [
            "module.vpc.aws_vpc.this"
          ]
        }
      ]
    },
    {
      "module": "module.vpc",
      "mode": "managed",
      "type": "aws_route_table",
      "name": "public_fw",
      "provider": "provider[\"registry.terraform.io/hashicorp/aws\"]",
      "instances": [
        {
          "schema_version": 0,
          "attributes": {
            "arn": "arn:aws:ec2:ap-northeast-2:518897854809:route-table/rtb-0a5044ac9eb6a537a",
            "id": "rtb-0a5044ac9eb6a537a",
            "owner_id": "518897854809",
            "propagating_vgws": [],
            "route": [],
            "tags": {
              "Managed_by": "terraform",
              "Name": "Region02-public-fw-rt"
            },
            "tags_all": {
              "Managed_by": "terraform",
              "Name": "Region02-public-fw-rt"
            },
            "timeouts": null,
            "vpc_id": "vpc-07fe8f59c530405ca"
          },
          "sensitive_attributes": [],
          "private": "eyJlMmJmYjczMC1lY2FhLTExZTYtOGY4OC0zNDM2M2JjN2M0YzAiOnsiY3JlYXRlIjozMDAwMDAwMDAwMDAsImRlbGV0ZSI6MzAwMDAwMDAwMDAwLCJ1cGRhdGUiOjEyMDAwMDAwMDAwMH19",
          "dependencies": [
            "module.vpc.aws_vpc.this"
          ]
        }
      ]
    },
    {
      "module": "module.vpc",
      "mode": "managed",
      "type": "aws_route_table_association",
      "name": "private_a",
      "provider": "provider[\"registry.terraform.io/hashicorp/aws\"]",
      "instances": [
        {
          "schema_version": 0,
          "attributes": {
            "gateway_id": "",
            "id": "rtbassoc-011fd362e5d0a18e3",
            "route_table_id": "rtb-056ca95fbe4412ed5",
            "subnet_id": "subnet-0b629cd2a39fc427e",
            "timeouts": null
          },
          "sensitive_attributes": [],
          "private": "eyJlMmJmYjczMC1lY2FhLTExZTYtOGY4OC0zNDM2M2JjN2M0YzAiOnsiY3JlYXRlIjozMDAwMDAwMDAwMDAsImRlbGV0ZSI6MzAwMDAwMDAwMDAwLCJ1cGRhdGUiOjEyMDAwMDAwMDAwMH19",
          "dependencies": [
            "module.vpc.aws_route_table.private_a",
            "module.vpc.aws_subnet.private",
            "module.vpc.aws_vpc.this"
          ]
        }
      ]
    },
    {
      "module": "module.vpc",
      "mode": "managed",
      "type": "aws_route_table_association",
      "name": "private_c",
      "provider": "provider[\"registry.terraform.io/hashicorp/aws\"]",
      "instances": [
        {
          "schema_version": 0,
          "attributes": {
            "gateway_id": "",
            "id": "rtbassoc-054988fbd41fb3123",
            "route_table_id": "rtb-0be832458f4f09403",
            "subnet_id": "subnet-0d8781eb2892e4bf4",
            "timeouts": null
          },
          "sensitive_attributes": [],
          "private": "eyJlMmJmYjczMC1lY2FhLTExZTYtOGY4OC0zNDM2M2JjN2M0YzAiOnsiY3JlYXRlIjozMDAwMDAwMDAwMDAsImRlbGV0ZSI6MzAwMDAwMDAwMDAwLCJ1cGRhdGUiOjEyMDAwMDAwMDAwMH19",
          "dependencies": [
            "module.vpc.aws_route_table.private_c",
            "module.vpc.aws_subnet.private",
            "module.vpc.aws_vpc.this"
          ]
        }
      ]
    },
    {
      "module": "module.vpc",
      "mode": "managed",
      "type": "aws_route_table_association",
      "name": "public_a",
      "provider": "provider[\"registry.terraform.io/hashicorp/aws\"]",
      "instances": [
        {
          "schema_version": 0,
          "attributes": {
            "gateway_id": "",
            "id": "rtbassoc-052d2f0bf3a7279c2",
            "route_table_id": "rtb-0346efd45b8817da9",
            "subnet_id": "subnet-0515d2539f000d5a4",
            "timeouts": null
          },
          "sensitive_attributes": [],
          "private": "eyJlMmJmYjczMC1lY2FhLTExZTYtOGY4OC0zNDM2M2JjN2M0YzAiOnsiY3JlYXRlIjozMDAwMDAwMDAwMDAsImRlbGV0ZSI6MzAwMDAwMDAwMDAwLCJ1cGRhdGUiOjEyMDAwMDAwMDAwMH19",
          "dependencies": [
            "module.vpc.aws_route_table.public_a",
            "module.vpc.aws_subnet.public",
            "module.vpc.aws_vpc.this"
          ]
        }
      ]
    },
    {
      "module": "module.vpc",
      "mode": "managed",
      "type": "aws_route_table_association",
      "name": "public_c",
      "provider": "provider[\"registry.terraform.io/hashicorp/aws\"]",
      "instances": [
        {
          "schema_version": 0,
          "attributes": {
            "gateway_id": "",
            "id": "rtbassoc-0e83d347fe05c07b5",
            "route_table_id": "rtb-00e8be2db5635a30f",
            "subnet_id": "subnet-06e0ab844cc0ff310",
            "timeouts": null
          },
          "sensitive_attributes": [],
          "private": "eyJlMmJmYjczMC1lY2FhLTExZTYtOGY4OC0zNDM2M2JjN2M0YzAiOnsiY3JlYXRlIjozMDAwMDAwMDAwMDAsImRlbGV0ZSI6MzAwMDAwMDAwMDAwLCJ1cGRhdGUiOjEyMDAwMDAwMDAwMH19",
          "dependencies": [
            "module.vpc.aws_route_table.public_c",
            "module.vpc.aws_subnet.public",
            "module.vpc.aws_vpc.this"
          ]
        }
      ]
    },
    {
      "module": "module.vpc",
      "mode": "managed",
      "type": "aws_route_table_association",
      "name": "public_fw",
      "provider": "provider[\"registry.terraform.io/hashicorp/aws\"]",
      "instances": [
        {
          "index_key": 0,
          "schema_version": 0,
          "attributes": {
            "gateway_id": "",
            "id": "rtbassoc-03bfac15d1a2bcf28",
            "route_table_id": "rtb-0a5044ac9eb6a537a",
            "subnet_id": "subnet-0454539791cd4cb2c",
            "timeouts": null
          },
          "sensitive_attributes": [],
          "private": "eyJlMmJmYjczMC1lY2FhLTExZTYtOGY4OC0zNDM2M2JjN2M0YzAiOnsiY3JlYXRlIjozMDAwMDAwMDAwMDAsImRlbGV0ZSI6MzAwMDAwMDAwMDAwLCJ1cGRhdGUiOjEyMDAwMDAwMDAwMH19",
          "dependencies": [
            "module.vpc.aws_route_table.public_fw",
            "module.vpc.aws_subnet.public_fw",
            "module.vpc.aws_vpc.this"
          ]
        },
        {
          "index_key": 1,
          "schema_version": 0,
          "attributes": {
            "gateway_id": "",
            "id": "rtbassoc-046067b2c892c51b5",
            "route_table_id": "rtb-0a5044ac9eb6a537a",
            "subnet_id": "subnet-03d8a38881247e08a",
            "timeouts": null
          },
          "sensitive_attributes": [],
          "private": "eyJlMmJmYjczMC1lY2FhLTExZTYtOGY4OC0zNDM2M2JjN2M0YzAiOnsiY3JlYXRlIjozMDAwMDAwMDAwMDAsImRlbGV0ZSI6MzAwMDAwMDAwMDAwLCJ1cGRhdGUiOjEyMDAwMDAwMDAwMH19",
          "dependencies": [
            "module.vpc.aws_route_table.public_fw",
            "module.vpc.aws_subnet.public_fw",
            "module.vpc.aws_vpc.this"
          ]
        }
      ]
    },
    {
      "module": "module.vpc",
      "mode": "managed",
      "type": "aws_security_group",
      "name": "admin",
      "provider": "provider[\"registry.terraform.io/hashicorp/aws\"]",
      "instances": [
        {
          "schema_version": 1,
          "attributes": {
            "arn": "arn:aws:ec2:ap-northeast-2:518897854809:security-group/sg-0b02e0c32a1711212",
            "description": "Managed by Terraform",
            "egress": [
              {
                "cidr_blocks": [
                  "0.0.0.0/0"
                ],
                "description": "",
                "from_port": 0,
                "ipv6_cidr_blocks": [],
                "prefix_list_ids": [],
                "protocol": "-1",
                "security_groups": [],
                "self": false,
                "to_port": 0
              }
            ],
            "id": "sg-0b02e0c32a1711212",
            "ingress": [],
            "name": "Region02-admin-sg",
            "name_prefix": "",
            "owner_id": "518897854809",
            "revoke_rules_on_delete": false,
            "tags": {
              "Managed_by": "terraform",
              "Name": "Region02-admin-sg"
            },
            "tags_all": {
              "Managed_by": "terraform",
              "Name": "Region02-admin-sg"
            },
            "timeouts": null,
            "vpc_id": "vpc-07fe8f59c530405ca"
          },
          "sensitive_attributes": [],
          "private": "eyJlMmJmYjczMC1lY2FhLTExZTYtOGY4OC0zNDM2M2JjN2M0YzAiOnsiY3JlYXRlIjo2MDAwMDAwMDAwMDAsImRlbGV0ZSI6OTAwMDAwMDAwMDAwfSwic2NoZW1hX3ZlcnNpb24iOiIxIn0=",
          "dependencies": [
            "module.vpc.aws_vpc.this"
          ]
        }
      ]
    },
    {
      "module": "module.vpc",
      "mode": "managed",
      "type": "aws_security_group",
      "name": "alb",
      "provider": "provider[\"registry.terraform.io/hashicorp/aws\"]",
      "instances": [
        {
          "schema_version": 1,
          "attributes": {
            "arn": "arn:aws:ec2:ap-northeast-2:518897854809:security-group/sg-0c4a1ef6b4b6642e4",
            "description": "Managed by Terraform",
            "egress": [
              {
                "cidr_blocks": [
                  "0.0.0.0/0"
                ],
                "description": "",
                "from_port": 0,
                "ipv6_cidr_blocks": [],
                "prefix_list_ids": [],
                "protocol": "-1",
                "security_groups": [],
                "self": false,
                "to_port": 0
              }
            ],
            "id": "sg-0c4a1ef6b4b6642e4",
            "ingress": [],
            "name": "Region02-alb-sg",
            "name_prefix": "",
            "owner_id": "518897854809",
            "revoke_rules_on_delete": false,
            "tags": {
              "Managed_by": "terraform",
              "Name": "Region02-alb-sg"
            },
            "tags_all": {
              "Managed_by": "terraform",
              "Name": "Region02-alb-sg"
            },
            "timeouts": null,
            "vpc_id": "vpc-07fe8f59c530405ca"
          },
          "sensitive_attributes": [],
          "private": "eyJlMmJmYjczMC1lY2FhLTExZTYtOGY4OC0zNDM2M2JjN2M0YzAiOnsiY3JlYXRlIjo2MDAwMDAwMDAwMDAsImRlbGV0ZSI6OTAwMDAwMDAwMDAwfSwic2NoZW1hX3ZlcnNpb24iOiIxIn0=",
          "dependencies": [
            "module.vpc.aws_vpc.this"
          ]
        }
      ]
    },
    {
      "module": "module.vpc",
      "mode": "managed",
      "type": "aws_security_group",
      "name": "web",
      "provider": "provider[\"registry.terraform.io/hashicorp/aws\"]",
      "instances": [
        {
          "schema_version": 1,
          "attributes": {
            "arn": "arn:aws:ec2:ap-northeast-2:518897854809:security-group/sg-0af3fe27df3be5e53",
            "description": "Managed by Terraform",
            "egress": [
              {
                "cidr_blocks": [
                  "0.0.0.0/0"
                ],
                "description": "",
                "from_port": 0,
                "ipv6_cidr_blocks": [],
                "prefix_list_ids": [],
                "protocol": "-1",
                "security_groups": [],
                "self": false,
                "to_port": 0
              }
            ],
            "id": "sg-0af3fe27df3be5e53",
            "ingress": [],
            "name": "Region02-web-sg",
            "name_prefix": "",
            "owner_id": "518897854809",
            "revoke_rules_on_delete": false,
            "tags": {
              "Managed_by": "terraform",
              "Name": "Region02-web-sg"
            },
            "tags_all": {
              "Managed_by": "terraform",
              "Name": "Region02-web-sg"
            },
            "timeouts": null,
            "vpc_id": "vpc-07fe8f59c530405ca"
          },
          "sensitive_attributes": [],
          "private": "eyJlMmJmYjczMC1lY2FhLTExZTYtOGY4OC0zNDM2M2JjN2M0YzAiOnsiY3JlYXRlIjo2MDAwMDAwMDAwMDAsImRlbGV0ZSI6OTAwMDAwMDAwMDAwfSwic2NoZW1hX3ZlcnNpb24iOiIxIn0=",
          "dependencies": [
            "module.vpc.aws_vpc.this"
          ]
        }
      ]
    },
    {
      "module": "module.vpc",
      "mode": "managed",
      "type": "aws_security_group_rule",
      "name": "admin_access_ingress",
      "provider": "provider[\"registry.terraform.io/hashicorp/aws\"]",
      "instances": [
        {
          "schema_version": 2,
          "attributes": {
            "cidr_blocks": [
              "20.4.0.0/16",
              "218.50.140.95/32",
              "3.36.61.182/32"
            ],
            "description": "Allow SSH for admin",
            "from_port": 22,
            "id": "sgrule-435277138",
            "ipv6_cidr_blocks": null,
            "prefix_list_ids": null,
            "protocol": "tcp",
            "security_group_id": "sg-0b02e0c32a1711212",
            "security_group_rule_id": "",
            "self": false,
            "source_security_group_id": null,
            "timeouts": null,
            "to_port": 22,
            "type": "ingress"
          },
          "sensitive_attributes": [],
          "private": "eyJlMmJmYjczMC1lY2FhLTExZTYtOGY4OC0zNDM2M2JjN2M0YzAiOnsiY3JlYXRlIjozMDAwMDAwMDAwMDB9LCJzY2hlbWFfdmVyc2lvbiI6IjIifQ==",
          "dependencies": [
            "module.vpc.aws_security_group.admin",
            "module.vpc.aws_vpc.this"
          ]
        }
      ]
    },
    {
      "module": "module.vpc",
      "mode": "managed",
      "type": "aws_security_group_rule",
      "name": "alb_access_ingress",
      "provider": "provider[\"registry.terraform.io/hashicorp/aws\"]",
      "instances": [
        {
          "schema_version": 2,
          "attributes": {
            "cidr_blocks": null,
            "description": "Allow HTTP from ALB Security Group",
            "from_port": 80,
            "id": "sgrule-1539139171",
            "ipv6_cidr_blocks": null,
            "prefix_list_ids": null,
            "protocol": "tcp",
            "security_group_id": "sg-0af3fe27df3be5e53",
            "security_group_rule_id": "sgr-0781c5c58ea69f349",
            "self": false,
            "source_security_group_id": "sg-0c4a1ef6b4b6642e4",
            "timeouts": null,
            "to_port": 80,
            "type": "ingress"
          },
          "sensitive_attributes": [],
          "private": "eyJlMmJmYjczMC1lY2FhLTExZTYtOGY4OC0zNDM2M2JjN2M0YzAiOnsiY3JlYXRlIjozMDAwMDAwMDAwMDB9LCJzY2hlbWFfdmVyc2lvbiI6IjIifQ==",
          "dependencies": [
            "module.vpc.aws_security_group.alb",
            "module.vpc.aws_security_group.web",
            "module.vpc.aws_vpc.this"
          ]
        }
      ]
    },
    {
      "module": "module.vpc",
      "mode": "managed",
      "type": "aws_security_group_rule",
      "name": "alb_access_ingress_https",
      "provider": "provider[\"registry.terraform.io/hashicorp/aws\"]",
      "instances": [
        {
          "schema_version": 2,
          "attributes": {
            "cidr_blocks": null,
            "description": "Allow HTTPS from ALB Security Group",
            "from_port": 443,
            "id": "sgrule-60937157",
            "ipv6_cidr_blocks": null,
            "prefix_list_ids": null,
            "protocol": "tcp",
            "security_group_id": "sg-0af3fe27df3be5e53",
            "security_group_rule_id": "sgr-0ed977e7f8d6aa0fc",
            "self": false,
            "source_security_group_id": "sg-0c4a1ef6b4b6642e4",
            "timeouts": null,
            "to_port": 443,
            "type": "ingress"
          },
          "sensitive_attributes": [],
          "private": "eyJlMmJmYjczMC1lY2FhLTExZTYtOGY4OC0zNDM2M2JjN2M0YzAiOnsiY3JlYXRlIjozMDAwMDAwMDAwMDB9LCJzY2hlbWFfdmVyc2lvbiI6IjIifQ==",
          "dependencies": [
            "module.vpc.aws_security_group.alb",
            "module.vpc.aws_security_group.web",
            "module.vpc.aws_vpc.this"
          ]
        }
      ]
    },
    {
      "module": "module.vpc",
      "mode": "managed",
      "type": "aws_security_group_rule",
      "name": "http_access_ingress",
      "provider": "provider[\"registry.terraform.io/hashicorp/aws\"]",
      "instances": [
        {
          "schema_version": 2,
          "attributes": {
            "cidr_blocks": [
              "0.0.0.0/0"
            ],
            "description": "Allow HTTP",
            "from_port": 80,
            "id": "sgrule-1134154848",
            "ipv6_cidr_blocks": null,
            "prefix_list_ids": null,
            "protocol": "tcp",
            "security_group_id": "sg-0c4a1ef6b4b6642e4",
            "security_group_rule_id": "sgr-04d6fc0e56e9f6bfc",
            "self": false,
            "source_security_group_id": null,
            "timeouts": null,
            "to_port": 80,
            "type": "ingress"
          },
          "sensitive_attributes": [],
          "private": "eyJlMmJmYjczMC1lY2FhLTExZTYtOGY4OC0zNDM2M2JjN2M0YzAiOnsiY3JlYXRlIjozMDAwMDAwMDAwMDB9LCJzY2hlbWFfdmVyc2lvbiI6IjIifQ==",
          "dependencies": [
            "module.vpc.aws_security_group.alb",
            "module.vpc.aws_vpc.this"
          ]
        }
      ]
    },
    {
      "module": "module.vpc",
      "mode": "managed",
      "type": "aws_security_group_rule",
      "name": "https_access_ingress",
      "provider": "provider[\"registry.terraform.io/hashicorp/aws\"]",
      "instances": [
        {
          "schema_version": 2,
          "attributes": {
            "cidr_blocks": [
              "0.0.0.0/0"
            ],
            "description": "Allow HTTPS",
            "from_port": 443,
            "id": "sgrule-1113611265",
            "ipv6_cidr_blocks": null,
            "prefix_list_ids": null,
            "protocol": "tcp",
            "security_group_id": "sg-0c4a1ef6b4b6642e4",
            "security_group_rule_id": "sgr-06a5a1c227366dcfb",
            "self": false,
            "source_security_group_id": null,
            "timeouts": null,
            "to_port": 443,
            "type": "ingress"
          },
          "sensitive_attributes": [],
          "private": "eyJlMmJmYjczMC1lY2FhLTExZTYtOGY4OC0zNDM2M2JjN2M0YzAiOnsiY3JlYXRlIjozMDAwMDAwMDAwMDB9LCJzY2hlbWFfdmVyc2lvbiI6IjIifQ==",
          "dependencies": [
            "module.vpc.aws_security_group.alb",
            "module.vpc.aws_vpc.this"
          ]
        }
      ]
    },
    {
      "module": "module.vpc",
      "mode": "managed",
      "type": "aws_subnet",
      "name": "private",
      "provider": "provider[\"registry.terraform.io/hashicorp/aws\"]",
      "instances": [
        {
          "index_key": 0,
          "schema_version": 1,
          "attributes": {
            "arn": "arn:aws:ec2:ap-northeast-2:518897854809:subnet/subnet-0b629cd2a39fc427e",
            "assign_ipv6_address_on_creation": false,
            "availability_zone": "ap-northeast-2a",
            "availability_zone_id": "apne2-az1",
            "cidr_block": "20.4.3.0/24",
            "customer_owned_ipv4_pool": "",
            "enable_dns64": false,
            "enable_lni_at_device_index": 0,
            "enable_resource_name_dns_a_record_on_launch": false,
            "enable_resource_name_dns_aaaa_record_on_launch": false,
            "id": "subnet-0b629cd2a39fc427e",
            "ipv6_cidr_block": "",
            "ipv6_cidr_block_association_id": "",
            "ipv6_native": false,
            "map_customer_owned_ip_on_launch": false,
            "map_public_ip_on_launch": false,
            "outpost_arn": "",
            "owner_id": "518897854809",
            "private_dns_hostname_type_on_launch": "ip-name",
            "tags": {
              "Managed_by": "terraform",
              "Name": "Region02-private-subnet-2a-20.4.3.0/24"
            },
            "tags_all": {
              "Managed_by": "terraform",
              "Name": "Region02-private-subnet-2a-20.4.3.0/24"
            },
            "timeouts": null,
            "vpc_id": "vpc-07fe8f59c530405ca"
          },
          "sensitive_attributes": [],
          "private": "eyJlMmJmYjczMC1lY2FhLTExZTYtOGY4OC0zNDM2M2JjN2M0YzAiOnsiY3JlYXRlIjo2MDAwMDAwMDAwMDAsImRlbGV0ZSI6MTIwMDAwMDAwMDAwMH0sInNjaGVtYV92ZXJzaW9uIjoiMSJ9",
          "dependencies": [
            "module.vpc.aws_vpc.this"
          ]
        },
        {
          "index_key": 1,
          "schema_version": 1,
          "attributes": {
            "arn": "arn:aws:ec2:ap-northeast-2:518897854809:subnet/subnet-0d8781eb2892e4bf4",
            "assign_ipv6_address_on_creation": false,
            "availability_zone": "ap-northeast-2c",
            "availability_zone_id": "apne2-az3",
            "cidr_block": "20.4.33.0/24",
            "customer_owned_ipv4_pool": "",
            "enable_dns64": false,
            "enable_lni_at_device_index": 0,
            "enable_resource_name_dns_a_record_on_launch": false,
            "enable_resource_name_dns_aaaa_record_on_launch": false,
            "id": "subnet-0d8781eb2892e4bf4",
            "ipv6_cidr_block": "",
            "ipv6_cidr_block_association_id": "",
            "ipv6_native": false,
            "map_customer_owned_ip_on_launch": false,
            "map_public_ip_on_launch": false,
            "outpost_arn": "",
            "owner_id": "518897854809",
            "private_dns_hostname_type_on_launch": "ip-name",
            "tags": {
              "Managed_by": "terraform",
              "Name": "Region02-private-subnet-2c-20.4.33.0/24"
            },
            "tags_all": {
              "Managed_by": "terraform",
              "Name": "Region02-private-subnet-2c-20.4.33.0/24"
            },
            "timeouts": null,
            "vpc_id": "vpc-07fe8f59c530405ca"
          },
          "sensitive_attributes": [],
          "private": "eyJlMmJmYjczMC1lY2FhLTExZTYtOGY4OC0zNDM2M2JjN2M0YzAiOnsiY3JlYXRlIjo2MDAwMDAwMDAwMDAsImRlbGV0ZSI6MTIwMDAwMDAwMDAwMH0sInNjaGVtYV92ZXJzaW9uIjoiMSJ9",
          "dependencies": [
            "module.vpc.aws_vpc.this"
          ]
        }
      ]
    },
    {
      "module": "module.vpc",
      "mode": "managed",
      "type": "aws_subnet",
      "name": "public",
      "provider": "provider[\"registry.terraform.io/hashicorp/aws\"]",
      "instances": [
        {
          "index_key": 0,
          "schema_version": 1,
          "attributes": {
            "arn": "arn:aws:ec2:ap-northeast-2:518897854809:subnet/subnet-0515d2539f000d5a4",
            "assign_ipv6_address_on_creation": false,
            "availability_zone": "ap-northeast-2a",
            "availability_zone_id": "apne2-az1",
            "cidr_block": "20.4.2.0/24",
            "customer_owned_ipv4_pool": "",
            "enable_dns64": false,
            "enable_lni_at_device_index": 0,
            "enable_resource_name_dns_a_record_on_launch": false,
            "enable_resource_name_dns_aaaa_record_on_launch": false,
            "id": "subnet-0515d2539f000d5a4",
            "ipv6_cidr_block": "",
            "ipv6_cidr_block_association_id": "",
            "ipv6_native": false,
            "map_customer_owned_ip_on_launch": false,
            "map_public_ip_on_launch": false,
            "outpost_arn": "",
            "owner_id": "518897854809",
            "private_dns_hostname_type_on_launch": "ip-name",
            "tags": {
              "Managed_by": "terraform",
              "Name": "Region02-public-subnet-2a-20.4.2.0/24",
              "kubernetes.io/cluster/eks-cluster-Region02-an2": "shared",
              "kubernetes.io/role/elb": "1"
            },
            "tags_all": {
              "Managed_by": "terraform",
              "Name": "Region02-public-subnet-2a-20.4.2.0/24",
              "kubernetes.io/cluster/eks-cluster-Region02-an2": "shared",
              "kubernetes.io/role/elb": "1"
            },
            "timeouts": null,
            "vpc_id": "vpc-07fe8f59c530405ca"
          },
          "sensitive_attributes": [],
          "private": "eyJlMmJmYjczMC1lY2FhLTExZTYtOGY4OC0zNDM2M2JjN2M0YzAiOnsiY3JlYXRlIjo2MDAwMDAwMDAwMDAsImRlbGV0ZSI6MTIwMDAwMDAwMDAwMH0sInNjaGVtYV92ZXJzaW9uIjoiMSJ9",
          "dependencies": [
            "module.vpc.aws_vpc.this"
          ]
        },
        {
          "index_key": 1,
          "schema_version": 1,
          "attributes": {
            "arn": "arn:aws:ec2:ap-northeast-2:518897854809:subnet/subnet-06e0ab844cc0ff310",
            "assign_ipv6_address_on_creation": false,
            "availability_zone": "ap-northeast-2c",
            "availability_zone_id": "apne2-az3",
            "cidr_block": "20.4.22.0/24",
            "customer_owned_ipv4_pool": "",
            "enable_dns64": false,
            "enable_lni_at_device_index": 0,
            "enable_resource_name_dns_a_record_on_launch": false,
            "enable_resource_name_dns_aaaa_record_on_launch": false,
            "id": "subnet-06e0ab844cc0ff310",
            "ipv6_cidr_block": "",
            "ipv6_cidr_block_association_id": "",
            "ipv6_native": false,
            "map_customer_owned_ip_on_launch": false,
            "map_public_ip_on_launch": false,
            "outpost_arn": "",
            "owner_id": "518897854809",
            "private_dns_hostname_type_on_launch": "ip-name",
            "tags": {
              "Managed_by": "terraform",
              "Name": "Region02-public-subnet-2c-20.4.22.0/24",
              "kubernetes.io/cluster/eks-cluster-Region02-an2": "shared",
              "kubernetes.io/role/elb": "1"
            },
            "tags_all": {
              "Managed_by": "terraform",
              "Name": "Region02-public-subnet-2c-20.4.22.0/24",
              "kubernetes.io/cluster/eks-cluster-Region02-an2": "shared",
              "kubernetes.io/role/elb": "1"
            },
            "timeouts": null,
            "vpc_id": "vpc-07fe8f59c530405ca"
          },
          "sensitive_attributes": [],
          "private": "eyJlMmJmYjczMC1lY2FhLTExZTYtOGY4OC0zNDM2M2JjN2M0YzAiOnsiY3JlYXRlIjo2MDAwMDAwMDAwMDAsImRlbGV0ZSI6MTIwMDAwMDAwMDAwMH0sInNjaGVtYV92ZXJzaW9uIjoiMSJ9",
          "dependencies": [
            "module.vpc.aws_vpc.this"
          ]
        }
      ]
    },
    {
      "module": "module.vpc",
      "mode": "managed",
      "type": "aws_subnet",
      "name": "public_fw",
      "provider": "provider[\"registry.terraform.io/hashicorp/aws\"]",
      "instances": [
        {
          "index_key": 0,
          "schema_version": 1,
          "attributes": {
            "arn": "arn:aws:ec2:ap-northeast-2:518897854809:subnet/subnet-0454539791cd4cb2c",
            "assign_ipv6_address_on_creation": false,
            "availability_zone": "ap-northeast-2a",
            "availability_zone_id": "apne2-az1",
            "cidr_block": "20.4.1.0/24",
            "customer_owned_ipv4_pool": "",
            "enable_dns64": false,
            "enable_lni_at_device_index": 0,
            "enable_resource_name_dns_a_record_on_launch": false,
            "enable_resource_name_dns_aaaa_record_on_launch": false,
            "id": "subnet-0454539791cd4cb2c",
            "ipv6_cidr_block": "",
            "ipv6_cidr_block_association_id": "",
            "ipv6_native": false,
            "map_customer_owned_ip_on_launch": false,
            "map_public_ip_on_launch": false,
            "outpost_arn": "",
            "owner_id": "518897854809",
            "private_dns_hostname_type_on_launch": "ip-name",
            "tags": {
              "Managed_by": "terraform",
              "Name": "Region02-public-fw-subnet-2a-20.4.1.0/24"
            },
            "tags_all": {
              "Managed_by": "terraform",
              "Name": "Region02-public-fw-subnet-2a-20.4.1.0/24"
            },
            "timeouts": null,
            "vpc_id": "vpc-07fe8f59c530405ca"
          },
          "sensitive_attributes": [],
          "private": "eyJlMmJmYjczMC1lY2FhLTExZTYtOGY4OC0zNDM2M2JjN2M0YzAiOnsiY3JlYXRlIjo2MDAwMDAwMDAwMDAsImRlbGV0ZSI6MTIwMDAwMDAwMDAwMH0sInNjaGVtYV92ZXJzaW9uIjoiMSJ9",
          "dependencies": [
            "module.vpc.aws_vpc.this"
          ]
        },
        {
          "index_key": 1,
          "schema_version": 1,
          "attributes": {
            "arn": "arn:aws:ec2:ap-northeast-2:518897854809:subnet/subnet-03d8a38881247e08a",
            "assign_ipv6_address_on_creation": false,
            "availability_zone": "ap-northeast-2c",
            "availability_zone_id": "apne2-az3",
            "cidr_block": "20.4.11.0/24",
            "customer_owned_ipv4_pool": "",
            "enable_dns64": false,
            "enable_lni_at_device_index": 0,
            "enable_resource_name_dns_a_record_on_launch": false,
            "enable_resource_name_dns_aaaa_record_on_launch": false,
            "id": "subnet-03d8a38881247e08a",
            "ipv6_cidr_block": "",
            "ipv6_cidr_block_association_id": "",
            "ipv6_native": false,
            "map_customer_owned_ip_on_launch": false,
            "map_public_ip_on_launch": false,
            "outpost_arn": "",
            "owner_id": "518897854809",
            "private_dns_hostname_type_on_launch": "ip-name",
            "tags": {
              "Managed_by": "terraform",
              "Name": "Region02-public-fw-subnet-2c-20.4.11.0/24"
            },
            "tags_all": {
              "Managed_by": "terraform",
              "Name": "Region02-public-fw-subnet-2c-20.4.11.0/24"
            },
            "timeouts": null,
            "vpc_id": "vpc-07fe8f59c530405ca"
          },
          "sensitive_attributes": [],
          "private": "eyJlMmJmYjczMC1lY2FhLTExZTYtOGY4OC0zNDM2M2JjN2M0YzAiOnsiY3JlYXRlIjo2MDAwMDAwMDAwMDAsImRlbGV0ZSI6MTIwMDAwMDAwMDAwMH0sInNjaGVtYV92ZXJzaW9uIjoiMSJ9",
          "dependencies": [
            "module.vpc.aws_vpc.this"
          ]
        }
      ]
    },
    {
      "module": "module.vpc",
      "mode": "managed",
      "type": "aws_vpc",
      "name": "this",
      "provider": "provider[\"registry.terraform.io/hashicorp/aws\"]",
      "instances": [
        {
          "schema_version": 1,
          "attributes": {
            "arn": "arn:aws:ec2:ap-northeast-2:518897854809:vpc/vpc-07fe8f59c530405ca",
            "assign_generated_ipv6_cidr_block": false,
            "cidr_block": "20.4.0.0/16",
            "default_network_acl_id": "acl-017f6be4be96f140f",
            "default_route_table_id": "rtb-013c322120f61d4a3",
            "default_security_group_id": "sg-00d31c9edf6f0111e",
            "dhcp_options_id": "dopt-0798c0136ccd8c55d",
            "enable_classiclink": false,
            "enable_classiclink_dns_support": false,
            "enable_dns_hostnames": false,
            "enable_dns_support": true,
            "enable_network_address_usage_metrics": false,
            "id": "vpc-07fe8f59c530405ca",
            "instance_tenancy": "default",
            "ipv4_ipam_pool_id": null,
            "ipv4_netmask_length": null,
            "ipv6_association_id": "",
            "ipv6_cidr_block": "",
            "ipv6_cidr_block_network_border_group": "",
            "ipv6_ipam_pool_id": "",
            "ipv6_netmask_length": 0,
            "main_route_table_id": "rtb-013c322120f61d4a3",
            "owner_id": "518897854809",
            "tags": {
              "Managed_by": "terraform",
              "Name": "Region02-vpc",
              "team": "4jo"
            },
            "tags_all": {
              "Managed_by": "terraform",
              "Name": "Region02-vpc",
              "team": "4jo"
            }
          },
          "sensitive_attributes": [],
          "private": "eyJzY2hlbWFfdmVyc2lvbiI6IjEifQ=="
        }
      ]
    },
    {
      "module": "module.vpc",
      "mode": "managed",
      "type": "aws_vpc_security_group_ingress_rule",
      "name": "admin_access_ingress_icmp",
      "provider": "provider[\"registry.terraform.io/hashicorp/aws\"]",
      "instances": [
        {
          "schema_version": 0,
          "attributes": {
            "arn": "arn:aws:ec2:ap-northeast-2:518897854809:security-group-rule/sgr-0e8609d7abc1db507",
            "cidr_ipv4": "0.0.0.0/0",
            "cidr_ipv6": null,
            "description": "ICMP Test",
            "from_port": -1,
            "id": "sgr-0e8609d7abc1db507",
            "ip_protocol": "icmp",
            "prefix_list_id": null,
            "referenced_security_group_id": null,
            "security_group_id": "sg-0b02e0c32a1711212",
            "security_group_rule_id": "sgr-0e8609d7abc1db507",
            "tags": null,
            "tags_all": {},
            "to_port": -1
          },
          "sensitive_attributes": [],
          "dependencies": [
            "module.vpc.aws_security_group.admin",
            "module.vpc.aws_vpc.this"
          ]
        }
      ]
    },
    {
      "module": "module.vpc",
      "mode": "managed",
      "type": "aws_vpc_security_group_ingress_rule",
      "name": "alb_access_ingress_icmp",
      "provider": "provider[\"registry.terraform.io/hashicorp/aws\"]",
      "instances": [
        {
          "schema_version": 0,
          "attributes": {
            "arn": "arn:aws:ec2:ap-northeast-2:518897854809:security-group-rule/sgr-02f73a4e967a42f1d",
            "cidr_ipv4": "0.0.0.0/0",
            "cidr_ipv6": null,
            "description": "ICMP Test",
            "from_port": -1,
            "id": "sgr-02f73a4e967a42f1d",
            "ip_protocol": "icmp",
            "prefix_list_id": null,
            "referenced_security_group_id": null,
            "security_group_id": "sg-0c4a1ef6b4b6642e4",
            "security_group_rule_id": "sgr-02f73a4e967a42f1d",
            "tags": null,
            "tags_all": {},
            "to_port": -1
          },
          "sensitive_attributes": [],
          "dependencies": [
            "module.vpc.aws_security_group.alb",
            "module.vpc.aws_vpc.this"
          ]
        }
      ]
    }
  ],
  "check_results": null
}
