{
  "version": 4,
  "terraform_version": "1.5.4",
  "serial": 546,
  "lineage": "544ee5b4-e00b-b423-cbf4-b5fee2c7612d",
  "outputs": {
    "admin_security_group_id": {
      "value": "sg-0cfda7a5195c59fde",
      "type": "string"
    },
    "alb_security_group_id": {
      "value": "sg-08c97daef15fa03f1",
      "type": "string"
    },
    "cloudfront_domain_name": {
      "value": "dajqcbu2fyxgo.cloudfront.net",
      "type": "string"
    },
    "image_object_uri": {
      "value": "http://dajqcbu2fyxgo.cloudfront.net/images/logo.gif",
      "type": "string"
    },
    "private_subnet_ids": {
      "value": [
        "subnet-0b56fb9d51fe29f11",
        "subnet-0506ea4fd5389a162"
      ],
      "type": [
        "tuple",
        [
          "string",
          "string"
        ]
      ]
    },
    "public_fw_subnet_ids": {
      "value": [
        "subnet-0f5caed4d707fae0b",
        "subnet-0a35a8bba3e46665f"
      ],
      "type": [
        "tuple",
        [
          "string",
          "string"
        ]
      ]
    },
    "public_subnet_ids": {
      "value": [
        "subnet-0c4b47758413216fe",
        "subnet-0d68ec20231e0110f"
      ],
      "type": [
        "tuple",
        [
          "string",
          "string"
        ]
      ]
    },
    "vpc_cidr_block": {
      "value": "10.4.0.0/16",
      "type": "string"
    },
    "vpc_id": {
      "value": "vpc-0cca97fbdbc190704",
      "type": "string"
    },
    "web_alb_arn": {
      "value": "arn:aws:elasticloadbalancing:ap-northeast-1:518897854809:loadbalancer/app/region01-alb/18e615b512a79852",
      "type": "string"
    },
    "web_alb_arn_suffix": {
      "value": "app/region01-alb/18e615b512a79852",
      "type": "string"
    },
    "web_alb_dns_name": {
      "value": "region01-alb-1563133163.ap-northeast-1.elb.amazonaws.com",
      "type": "string"
    },
    "web_alb_name": {
      "value": "region01-alb",
      "type": "string"
    },
    "web_alb_zone_id": {
      "value": "Z14GRHDCWA56QT",
      "type": "string"
    },
    "web_security_group_id": {
      "value": "sg-0533822d5f110289f",
      "type": "string"
    },
    "web_target_group_arn_suffix": {
      "value": "targetgroup/region01-target-group/f8c171d33c4e5645",
      "type": "string"
    }
  },
  "resources": [
    {
      "mode": "managed",
      "type": "aws_acm_certificate",
      "name": "acm_cert",
      "provider": "provider[\"registry.terraform.io/hashicorp/aws\"]",
      "instances": [
        {
          "schema_version": 0,
          "attributes": {
            "arn": "arn:aws:acm:ap-northeast-1:518897854809:certificate/f17a263a-0197-4183-a46b-9dc0ac0eed3f",
            "certificate_authority_arn": "",
            "certificate_body": null,
            "certificate_chain": null,
            "domain_name": "cpe.skdt.io",
            "domain_validation_options": [
              {
                "domain_name": "cpe.skdt.io",
                "resource_record_name": "_f10cf5c2cb9d577593b752e57825d741.cpe.skdt.io.",
                "resource_record_type": "CNAME",
                "resource_record_value": "_28eecfbe18be03ac1fd33800c7e06470.nbgfhbpblk.acm-validations.aws."
              }
            ],
            "early_renewal_duration": "",
            "id": "arn:aws:acm:ap-northeast-1:518897854809:certificate/f17a263a-0197-4183-a46b-9dc0ac0eed3f",
            "key_algorithm": "RSA_2048",
            "not_after": "",
            "not_before": "",
            "options": [
              {
                "certificate_transparency_logging_preference": "ENABLED"
              }
            ],
            "pending_renewal": false,
            "private_key": null,
            "renewal_eligibility": "INELIGIBLE",
            "renewal_summary": [],
            "status": "PENDING_VALIDATION",
            "subject_alternative_names": [
              "cpe.skdt.io"
            ],
            "tags": {
              "Environment": "dt-level3"
            },
            "tags_all": {
              "Environment": "dt-level3"
            },
            "type": "AMAZON_ISSUED",
            "validation_emails": [],
            "validation_method": "DNS",
            "validation_option": []
          },
          "sensitive_attributes": [],
          "private": "bnVsbA==",
          "create_before_destroy": true
        }
      ]
    },
    {
      "mode": "managed",
      "type": "aws_ec2_transit_gateway",
      "name": "thistgw",
      "provider": "provider[\"registry.terraform.io/hashicorp/aws\"]",
      "instances": [
        {
          "schema_version": 0,
          "attributes": {
            "amazon_side_asn": 64512,
            "arn": "arn:aws:ec2:ap-northeast-1:518897854809:transit-gateway/tgw-024e2b4f6d1c794ff",
            "association_default_route_table_id": "",
            "auto_accept_shared_attachments": "enable",
            "default_route_table_association": "disable",
            "default_route_table_propagation": "disable",
            "description": "tokyo Transit Gateway",
            "dns_support": "enable",
            "id": "tgw-024e2b4f6d1c794ff",
            "multicast_support": "disable",
            "owner_id": "518897854809",
            "propagation_default_route_table_id": "",
            "tags": {
              "Name": "tokyo-tgw"
            },
            "tags_all": {
              "Name": "tokyo-tgw"
            },
            "timeouts": null,
            "transit_gateway_cidr_blocks": null,
            "vpn_ecmp_support": "enable"
          },
          "sensitive_attributes": [],
          "private": "eyJlMmJmYjczMC1lY2FhLTExZTYtOGY4OC0zNDM2M2JjN2M0YzAiOnsiY3JlYXRlIjo2MDAwMDAwMDAwMDAsImRlbGV0ZSI6NjAwMDAwMDAwMDAwLCJ1cGRhdGUiOjYwMDAwMDAwMDAwMH19"
        }
      ]
    },
    {
      "mode": "managed",
      "type": "aws_ec2_transit_gateway_route_table",
      "name": "thistgw_rt",
      "provider": "provider[\"registry.terraform.io/hashicorp/aws\"]",
      "instances": [
        {
          "schema_version": 0,
          "attributes": {
            "arn": "arn:aws:ec2:ap-northeast-1:518897854809:transit-gateway-route-table/tgw-rtb-0925b31a0e8699ce6",
            "default_association_route_table": false,
            "default_propagation_route_table": false,
            "id": "tgw-rtb-0925b31a0e8699ce6",
            "tags": {
              "Name": "tokyo-tgw-rt"
            },
            "tags_all": {
              "Name": "tokyo-tgw-rt"
            },
            "transit_gateway_id": "tgw-024e2b4f6d1c794ff"
          },
          "sensitive_attributes": [],
          "private": "bnVsbA==",
          "dependencies": [
            "aws_ec2_transit_gateway.thistgw"
          ]
        }
      ]
    },
    {
      "mode": "managed",
      "type": "aws_ec2_transit_gateway_route_table_association",
      "name": "thistgw_rt",
      "provider": "provider[\"registry.terraform.io/hashicorp/aws\"]",
      "instances": [
        {
          "schema_version": 0,
          "attributes": {
            "id": "tgw-rtb-0925b31a0e8699ce6_tgw-attach-050473fe3c63b637e",
            "resource_id": "vpc-0cca97fbdbc190704",
            "resource_type": "vpc",
            "transit_gateway_attachment_id": "tgw-attach-050473fe3c63b637e",
            "transit_gateway_route_table_id": "tgw-rtb-0925b31a0e8699ce6"
          },
          "sensitive_attributes": [],
          "private": "bnVsbA==",
          "dependencies": [
            "aws_ec2_transit_gateway.thistgw",
            "aws_ec2_transit_gateway_route_table.thistgw_rt",
            "aws_ec2_transit_gateway_vpc_attachment.region_vpc_tgw_attach",
            "module.vpc.aws_eip.this_a",
            "module.vpc.aws_eip.this_c",
            "module.vpc.aws_internet_gateway.this",
            "module.vpc.aws_nat_gateway.this_a",
            "module.vpc.aws_nat_gateway.this_c",
            "module.vpc.aws_route.internet_gateway_fw",
            "module.vpc.aws_route.nat_gateway_a",
            "module.vpc.aws_route.nat_gateway_c",
            "module.vpc.aws_route_table.private_a",
            "module.vpc.aws_route_table.private_c",
            "module.vpc.aws_route_table.public_a",
            "module.vpc.aws_route_table.public_c",
            "module.vpc.aws_route_table.public_fw",
            "module.vpc.aws_route_table_association.private_a",
            "module.vpc.aws_route_table_association.private_c",
            "module.vpc.aws_route_table_association.public_a",
            "module.vpc.aws_route_table_association.public_c",
            "module.vpc.aws_route_table_association.public_fw",
            "module.vpc.aws_security_group.admin",
            "module.vpc.aws_security_group.alb",
            "module.vpc.aws_security_group.web",
            "module.vpc.aws_security_group_rule.admin_access_ingress",
            "module.vpc.aws_security_group_rule.alb_access_ingress",
            "module.vpc.aws_security_group_rule.alb_access_ingress_https",
            "module.vpc.aws_security_group_rule.alb_access_ingress_icmp",
            "module.vpc.aws_security_group_rule.http_access_ingress",
            "module.vpc.aws_security_group_rule.https_access_ingress",
            "module.vpc.aws_subnet.private",
            "module.vpc.aws_subnet.public",
            "module.vpc.aws_subnet.public_fw",
            "module.vpc.aws_vpc.this",
            "module.vpc.aws_vpc_security_group_ingress_rule.icmp_access_ingress"
          ]
        }
      ]
    },
    {
      "mode": "managed",
      "type": "aws_ec2_transit_gateway_route_table_propagation",
      "name": "thistgw_rt",
      "provider": "provider[\"registry.terraform.io/hashicorp/aws\"]",
      "instances": [
        {
          "schema_version": 0,
          "attributes": {
            "id": "tgw-rtb-0925b31a0e8699ce6_tgw-attach-050473fe3c63b637e",
            "resource_id": "vpc-0cca97fbdbc190704",
            "resource_type": "vpc",
            "transit_gateway_attachment_id": "tgw-attach-050473fe3c63b637e",
            "transit_gateway_route_table_id": "tgw-rtb-0925b31a0e8699ce6"
          },
          "sensitive_attributes": [],
          "private": "bnVsbA==",
          "dependencies": [
            "aws_ec2_transit_gateway.thistgw",
            "aws_ec2_transit_gateway_route_table.thistgw_rt",
            "aws_ec2_transit_gateway_vpc_attachment.region_vpc_tgw_attach",
            "module.vpc.aws_eip.this_a",
            "module.vpc.aws_eip.this_c",
            "module.vpc.aws_internet_gateway.this",
            "module.vpc.aws_nat_gateway.this_a",
            "module.vpc.aws_nat_gateway.this_c",
            "module.vpc.aws_route.internet_gateway_fw",
            "module.vpc.aws_route.nat_gateway_a",
            "module.vpc.aws_route.nat_gateway_c",
            "module.vpc.aws_route_table.private_a",
            "module.vpc.aws_route_table.private_c",
            "module.vpc.aws_route_table.public_a",
            "module.vpc.aws_route_table.public_c",
            "module.vpc.aws_route_table.public_fw",
            "module.vpc.aws_route_table_association.private_a",
            "module.vpc.aws_route_table_association.private_c",
            "module.vpc.aws_route_table_association.public_a",
            "module.vpc.aws_route_table_association.public_c",
            "module.vpc.aws_route_table_association.public_fw",
            "module.vpc.aws_security_group.admin",
            "module.vpc.aws_security_group.alb",
            "module.vpc.aws_security_group.web",
            "module.vpc.aws_security_group_rule.admin_access_ingress",
            "module.vpc.aws_security_group_rule.alb_access_ingress",
            "module.vpc.aws_security_group_rule.alb_access_ingress_https",
            "module.vpc.aws_security_group_rule.alb_access_ingress_icmp",
            "module.vpc.aws_security_group_rule.http_access_ingress",
            "module.vpc.aws_security_group_rule.https_access_ingress",
            "module.vpc.aws_subnet.private",
            "module.vpc.aws_subnet.public",
            "module.vpc.aws_subnet.public_fw",
            "module.vpc.aws_vpc.this",
            "module.vpc.aws_vpc_security_group_ingress_rule.icmp_access_ingress"
          ]
        }
      ]
    },
    {
      "mode": "managed",
      "type": "aws_ec2_transit_gateway_vpc_attachment",
      "name": "region_vpc_tgw_attach",
      "provider": "provider[\"registry.terraform.io/hashicorp/aws\"]",
      "instances": [
        {
          "schema_version": 0,
          "attributes": {
            "appliance_mode_support": "disable",
            "dns_support": "enable",
            "id": "tgw-attach-050473fe3c63b637e",
            "ipv6_support": "disable",
            "subnet_ids": [
              "subnet-0c4b47758413216fe",
              "subnet-0d68ec20231e0110f"
            ],
            "tags": {
              "Name": "tokyo-vpc-tgw-attach"
            },
            "tags_all": {
              "Name": "tokyo-vpc-tgw-attach"
            },
            "transit_gateway_default_route_table_association": false,
            "transit_gateway_default_route_table_propagation": false,
            "transit_gateway_id": "tgw-024e2b4f6d1c794ff",
            "vpc_id": "vpc-0cca97fbdbc190704",
            "vpc_owner_id": "518897854809"
          },
          "sensitive_attributes": [],
          "private": "bnVsbA==",
          "dependencies": [
            "aws_ec2_transit_gateway.thistgw",
            "module.vpc.aws_eip.this_a",
            "module.vpc.aws_eip.this_c",
            "module.vpc.aws_internet_gateway.this",
            "module.vpc.aws_nat_gateway.this_a",
            "module.vpc.aws_nat_gateway.this_c",
            "module.vpc.aws_route.internet_gateway_fw",
            "module.vpc.aws_route.nat_gateway_a",
            "module.vpc.aws_route.nat_gateway_c",
            "module.vpc.aws_route_table.private_a",
            "module.vpc.aws_route_table.private_c",
            "module.vpc.aws_route_table.public_a",
            "module.vpc.aws_route_table.public_c",
            "module.vpc.aws_route_table.public_fw",
            "module.vpc.aws_route_table_association.private_a",
            "module.vpc.aws_route_table_association.private_c",
            "module.vpc.aws_route_table_association.public_a",
            "module.vpc.aws_route_table_association.public_c",
            "module.vpc.aws_route_table_association.public_fw",
            "module.vpc.aws_security_group.admin",
            "module.vpc.aws_security_group.alb",
            "module.vpc.aws_security_group.web",
            "module.vpc.aws_security_group_rule.admin_access_ingress",
            "module.vpc.aws_security_group_rule.alb_access_ingress",
            "module.vpc.aws_security_group_rule.alb_access_ingress_https",
            "module.vpc.aws_security_group_rule.alb_access_ingress_icmp",
            "module.vpc.aws_security_group_rule.http_access_ingress",
            "module.vpc.aws_security_group_rule.https_access_ingress",
            "module.vpc.aws_subnet.private",
            "module.vpc.aws_subnet.public",
            "module.vpc.aws_subnet.public_fw",
            "module.vpc.aws_vpc.this",
            "module.vpc.aws_vpc_security_group_ingress_rule.icmp_access_ingress"
          ]
        }
      ]
    },
    {
      "mode": "managed",
      "type": "aws_key_pair",
      "name": "public_key",
      "provider": "provider[\"registry.terraform.io/hashicorp/aws\"]",
      "instances": [
        {
          "schema_version": 1,
          "attributes": {
            "arn": "arn:aws:ec2:ap-northeast-1:518897854809:key-pair/id_rsa.pub",
            "fingerprint": "29:d2:dc:8e:d1:38:d6:39:91:37:04:b0:e1:74:b8:9e",
            "id": "id_rsa.pub",
            "key_name": "id_rsa.pub",
            "key_name_prefix": "",
            "key_pair_id": "key-08754e8eb730be776",
            "key_type": "rsa",
            "public_key": "ssh-rsa AAAAB3NzaC1yc2EAAAADAQABAAABAQCmRfj7VXY7fRumQtAcKedy9RsHwToevrN4Ntm81D9W4fjyAHJurCJi+VO4B2w9g2aCq+KxuZniNITVkbySi9qGRJmJAUO+d/X0yRMCnLyOMdbHM3bYMscMey2An/i8dlek73iEY3cml3Pq9WvWItGQzwBFOTe2NLViCkzsdfikWE/JPcn25YAjUsoZMF5S3TQ6Q3HpfaDtGHwnx1LQqbd7fVNzi5KmedhCUxIQwNfiCSgu0eAyMpZc9hqqqK3U6vDyKO3NSbypmiDGaxUdTBd1BW+6wKyJXb8+UnmQgjiMKI5KjhB18CL1gnaifsa1UBINAjBGJIeHdfYS0eFr0UVR",
            "tags": null,
            "tags_all": {}
          },
          "sensitive_attributes": [],
          "private": "eyJzY2hlbWFfdmVyc2lvbiI6IjEifQ==",
          "create_before_destroy": true
        }
      ]
    },
    {
      "mode": "managed",
      "type": "aws_route",
      "name": "priv_a_region_vpc_tgw_attach",
      "provider": "provider[\"registry.terraform.io/hashicorp/aws\"]",
      "instances": [
        {
          "schema_version": 0,
          "attributes": {
            "carrier_gateway_id": "",
            "core_network_arn": "",
            "destination_cidr_block": "20.4.0.0/16",
            "destination_ipv6_cidr_block": "",
            "destination_prefix_list_id": "",
            "egress_only_gateway_id": "",
            "gateway_id": "",
            "id": "r-rtb-07d7a855136558980387087073",
            "instance_id": "",
            "instance_owner_id": "",
            "local_gateway_id": "",
            "nat_gateway_id": "",
            "network_interface_id": "",
            "origin": "CreateRoute",
            "route_table_id": "rtb-07d7a855136558980",
            "state": "blackhole",
            "timeouts": null,
            "transit_gateway_id": "tgw-024e2b4f6d1c794ff",
            "vpc_endpoint_id": "",
            "vpc_peering_connection_id": ""
          },
          "sensitive_attributes": [],
          "private": "eyJlMmJmYjczMC1lY2FhLTExZTYtOGY4OC0zNDM2M2JjN2M0YzAiOnsiY3JlYXRlIjozMDAwMDAwMDAwMDAsImRlbGV0ZSI6MzAwMDAwMDAwMDAwLCJ1cGRhdGUiOjEyMDAwMDAwMDAwMH19",
          "dependencies": [
            "aws_ec2_transit_gateway.thistgw",
            "module.vpc.aws_route_table.private_a",
            "module.vpc.aws_vpc.this"
          ]
        }
      ]
    },
    {
      "mode": "managed",
      "type": "aws_route",
      "name": "priv_c_region_vpc_tgw_attach",
      "provider": "provider[\"registry.terraform.io/hashicorp/aws\"]",
      "instances": [
        {
          "schema_version": 0,
          "attributes": {
            "carrier_gateway_id": "",
            "core_network_arn": "",
            "destination_cidr_block": "20.4.0.0/16",
            "destination_ipv6_cidr_block": "",
            "destination_prefix_list_id": "",
            "egress_only_gateway_id": "",
            "gateway_id": "",
            "id": "r-rtb-0c673bcdbe5c35bab387087073",
            "instance_id": "",
            "instance_owner_id": "",
            "local_gateway_id": "",
            "nat_gateway_id": "",
            "network_interface_id": "",
            "origin": "CreateRoute",
            "route_table_id": "rtb-0c673bcdbe5c35bab",
            "state": "blackhole",
            "timeouts": null,
            "transit_gateway_id": "tgw-024e2b4f6d1c794ff",
            "vpc_endpoint_id": "",
            "vpc_peering_connection_id": ""
          },
          "sensitive_attributes": [],
          "private": "eyJlMmJmYjczMC1lY2FhLTExZTYtOGY4OC0zNDM2M2JjN2M0YzAiOnsiY3JlYXRlIjozMDAwMDAwMDAwMDAsImRlbGV0ZSI6MzAwMDAwMDAwMDAwLCJ1cGRhdGUiOjEyMDAwMDAwMDAwMH19",
          "dependencies": [
            "aws_ec2_transit_gateway.thistgw",
            "module.vpc.aws_route_table.private_c",
            "module.vpc.aws_vpc.this"
          ]
        }
      ]
    },
    {
      "mode": "managed",
      "type": "aws_route",
      "name": "pub_a_region_vpc_tgw_attach",
      "provider": "provider[\"registry.terraform.io/hashicorp/aws\"]",
      "instances": [
        {
          "schema_version": 0,
          "attributes": {
            "carrier_gateway_id": "",
            "core_network_arn": "",
            "destination_cidr_block": "20.4.0.0/16",
            "destination_ipv6_cidr_block": "",
            "destination_prefix_list_id": "",
            "egress_only_gateway_id": "",
            "gateway_id": "",
            "id": "r-rtb-0bb208bdf1589787a387087073",
            "instance_id": "",
            "instance_owner_id": "",
            "local_gateway_id": "",
            "nat_gateway_id": "",
            "network_interface_id": "",
            "origin": "CreateRoute",
            "route_table_id": "rtb-0bb208bdf1589787a",
            "state": "blackhole",
            "timeouts": null,
            "transit_gateway_id": "tgw-024e2b4f6d1c794ff",
            "vpc_endpoint_id": "",
            "vpc_peering_connection_id": ""
          },
          "sensitive_attributes": [],
          "private": "eyJlMmJmYjczMC1lY2FhLTExZTYtOGY4OC0zNDM2M2JjN2M0YzAiOnsiY3JlYXRlIjozMDAwMDAwMDAwMDAsImRlbGV0ZSI6MzAwMDAwMDAwMDAwLCJ1cGRhdGUiOjEyMDAwMDAwMDAwMH19",
          "dependencies": [
            "aws_ec2_transit_gateway.thistgw",
            "module.vpc.aws_route_table.public_a",
            "module.vpc.aws_vpc.this"
          ]
        }
      ]
    },
    {
      "mode": "managed",
      "type": "aws_route",
      "name": "pub_c_region_vpc_tgw_attach",
      "provider": "provider[\"registry.terraform.io/hashicorp/aws\"]",
      "instances": [
        {
          "schema_version": 0,
          "attributes": {
            "carrier_gateway_id": "",
            "core_network_arn": "",
            "destination_cidr_block": "20.4.0.0/16",
            "destination_ipv6_cidr_block": "",
            "destination_prefix_list_id": "",
            "egress_only_gateway_id": "",
            "gateway_id": "",
            "id": "r-rtb-0451ec4cb32fcdcb2387087073",
            "instance_id": "",
            "instance_owner_id": "",
            "local_gateway_id": "",
            "nat_gateway_id": "",
            "network_interface_id": "",
            "origin": "CreateRoute",
            "route_table_id": "rtb-0451ec4cb32fcdcb2",
            "state": "blackhole",
            "timeouts": null,
            "transit_gateway_id": "tgw-024e2b4f6d1c794ff",
            "vpc_endpoint_id": "",
            "vpc_peering_connection_id": ""
          },
          "sensitive_attributes": [],
          "private": "eyJlMmJmYjczMC1lY2FhLTExZTYtOGY4OC0zNDM2M2JjN2M0YzAiOnsiY3JlYXRlIjozMDAwMDAwMDAwMDAsImRlbGV0ZSI6MzAwMDAwMDAwMDAwLCJ1cGRhdGUiOjEyMDAwMDAwMDAwMH19",
          "dependencies": [
            "aws_ec2_transit_gateway.thistgw",
            "module.vpc.aws_route_table.public_c",
            "module.vpc.aws_vpc.this"
          ]
        }
      ]
    },
    {
      "mode": "managed",
      "type": "aws_route53_record",
      "name": "cert_validation",
      "provider": "provider[\"registry.terraform.io/hashicorp/aws\"]",
      "instances": [
        {
          "index_key": "cpe.skdt.io",
          "schema_version": 2,
          "attributes": {
            "alias": [],
            "allow_overwrite": true,
            "cidr_routing_policy": [],
            "failover_routing_policy": [],
            "fqdn": "_f10cf5c2cb9d577593b752e57825d741.cpe.skdt.io",
            "geolocation_routing_policy": [],
            "health_check_id": "",
            "id": "Z030908817YVOCAK1PMEP__f10cf5c2cb9d577593b752e57825d741.cpe.skdt.io._CNAME",
            "latency_routing_policy": [],
            "multivalue_answer_routing_policy": false,
            "name": "_f10cf5c2cb9d577593b752e57825d741.cpe.skdt.io",
            "records": [
              "_28eecfbe18be03ac1fd33800c7e06470.nbgfhbpblk.acm-validations.aws."
            ],
            "set_identifier": "",
            "ttl": 300,
            "type": "CNAME",
            "weighted_routing_policy": [],
            "zone_id": "Z030908817YVOCAK1PMEP"
          },
          "sensitive_attributes": [],
          "private": "eyJzY2hlbWFfdmVyc2lvbiI6IjIifQ==",
          "dependencies": [
            "aws_acm_certificate.acm_cert"
          ]
        }
      ]
    },
    {
      "mode": "managed",
      "type": "aws_route53_record",
      "name": "www",
      "provider": "provider[\"registry.terraform.io/hashicorp/aws\"]",
      "instances": [
        {
          "schema_version": 2,
          "attributes": {
            "alias": [
              {
                "evaluate_target_health": true,
                "name": "dualstack.region01-alb-1563133163.ap-northeast-1.elb.amazonaws.com",
                "zone_id": "Z14GRHDCWA56QT"
              }
            ],
            "allow_overwrite": null,
            "cidr_routing_policy": [],
            "failover_routing_policy": [],
            "fqdn": "example.cpe.skdt.io",
            "geolocation_routing_policy": [],
            "health_check_id": "",
            "id": "Z030908817YVOCAK1PMEP_example.cpe.skdt.io_A_1",
            "latency_routing_policy": [],
            "multivalue_answer_routing_policy": false,
            "name": "example.cpe.skdt.io",
            "records": null,
            "set_identifier": "1",
            "ttl": 0,
            "type": "A",
            "weighted_routing_policy": [
              {
                "weight": 100
              }
            ],
            "zone_id": "Z030908817YVOCAK1PMEP"
          },
          "sensitive_attributes": [],
          "private": "eyJzY2hlbWFfdmVyc2lvbiI6IjIifQ==",
          "dependencies": [
            "aws_acm_certificate.acm_cert",
            "module.load_balancer.aws_lb.web",
            "module.load_balancer.aws_lb_listener.https",
            "module.load_balancer.aws_lb_listener.web",
            "module.load_balancer.aws_lb_target_group.web",
            "module.vpc.aws_eip.this_a",
            "module.vpc.aws_eip.this_c",
            "module.vpc.aws_internet_gateway.this",
            "module.vpc.aws_nat_gateway.this_a",
            "module.vpc.aws_nat_gateway.this_c",
            "module.vpc.aws_route.internet_gateway_fw",
            "module.vpc.aws_route.nat_gateway_a",
            "module.vpc.aws_route.nat_gateway_c",
            "module.vpc.aws_route_table.private_a",
            "module.vpc.aws_route_table.private_c",
            "module.vpc.aws_route_table.public_a",
            "module.vpc.aws_route_table.public_c",
            "module.vpc.aws_route_table.public_fw",
            "module.vpc.aws_route_table_association.private_a",
            "module.vpc.aws_route_table_association.private_c",
            "module.vpc.aws_route_table_association.public_a",
            "module.vpc.aws_route_table_association.public_c",
            "module.vpc.aws_route_table_association.public_fw",
            "module.vpc.aws_security_group.admin",
            "module.vpc.aws_security_group.alb",
            "module.vpc.aws_security_group.web",
            "module.vpc.aws_security_group_rule.admin_access_ingress",
            "module.vpc.aws_security_group_rule.alb_access_ingress",
            "module.vpc.aws_security_group_rule.alb_access_ingress_https",
            "module.vpc.aws_security_group_rule.alb_access_ingress_icmp",
            "module.vpc.aws_security_group_rule.http_access_ingress",
            "module.vpc.aws_security_group_rule.https_access_ingress",
            "module.vpc.aws_subnet.private",
            "module.vpc.aws_subnet.public",
            "module.vpc.aws_subnet.public_fw",
            "module.vpc.aws_vpc.this",
            "module.vpc.aws_vpc_security_group_ingress_rule.icmp_access_ingress"
          ]
        }
      ]
    },
    {
      "module": "module.auto_scaling_group",
      "mode": "data",
      "type": "template_file",
      "name": "init",
      "provider": "provider[\"registry.terraform.io/hashicorp/template\"]",
      "instances": [
        {
          "schema_version": 0,
          "attributes": {
            "filename": null,
            "id": "25617456ad76e82fbbae9afcb3e718a69737590e760a61daef2ca7c7beab1c09",
            "rendered": "#!/bin/bash\n\napt-get update -y\napt-get install nginx -y\nIP_ADDR=$(curl http://169.254.169.254/latest/meta-data/local-ipv4)\necho \"\u003chtml\u003e\" \u003e /var/www/html/index.html\necho \"\u003cbody\u003e\" \u003e\u003e /var/www/html/index.html\necho \"\u003ch1 style='color:blue;'\u003eHello World\u003c/h1\u003e\" \u003e\u003e /var/www/html/index.html\n#echo \"\u003ch3\u003eVersion 1.0\u003c/h3\u003e\" \u003e\u003e /usr/share/nginx/html/index.html\necho \"\u003ca href='https://aws.amazon.com/'\u003e\u003cp\u003eConnect to AWS homepage\u003c/p\u003e\u003c/a\u003e\" \u003e\u003e /var/www/html/index.html\necho \"\u003cimg src='http://dajqcbu2fyxgo.cloudfront.net/images/logo.gif'\u003e\" \u003e\u003e /var/www/html/index.html\necho \"\u003c/body\u003e\" \u003e\u003e /var/www/html/index.html\necho \"\u003c/html\u003e\" \u003e\u003e /var/www/html/index.html\necho \"\u003cp\u003eSERVER IP : $IP_ADDR\u003c/p\u003e\" \u003e\u003e /var/www/html/index.html\n\nsystemctl restart nginx\n\n\n\nuseradd svtalk -c \"server\" -s /bin/bash -m -d /home/svtalk\necho 'svtalk:dlatldkagh!00' | chpasswd\necho \"svtalk ALL=(ALL) NOPASSWD: ALL\" \u003e\u003e /etc/sudoers.d/90-cloud-init-users \nchage -m 0 -M 99999 -E -1 -I -1 svtalk\nsed -i 's/^PasswordAuthentication.*/PasswordAuthentication yes/g' /etc/ssh/sshd_config\nsystemctl restart sshd\n\n#aws cli\nsudo apt install unzip\ncurl \"https://awscli.amazonaws.com/awscli-exe-linux-x86_64.zip\" -o \"awscliv2.zip\"\nunzip awscliv2.zip\nsudo ./aws/install\n\n#ssm-agent restart\nsudo snap restart amazon-ssm-agent\n\n#codedeploy agent install\nsudo apt install ruby-full -y\nsudo apt install wget -y\nwget https://aws-codedeploy-ap-northeast-2.s3.amazonaws.com/latest/install             #wget https://bucket-name.s3.region-identifier.amazonaws.com/latest/install\nchmod +x ./install\nsudo ./install auto \u003e /tmp/logfile\n\n",
            "template": "#!/bin/bash\n\napt-get update -y\napt-get install nginx -y\nIP_ADDR=$(curl http://169.254.169.254/latest/meta-data/local-ipv4)\necho \"\u003chtml\u003e\" \u003e /var/www/html/index.html\necho \"\u003cbody\u003e\" \u003e\u003e /var/www/html/index.html\necho \"\u003ch1 style='color:blue;'\u003eHello World\u003c/h1\u003e\" \u003e\u003e /var/www/html/index.html\n#echo \"\u003ch3\u003eVersion 1.0\u003c/h3\u003e\" \u003e\u003e /usr/share/nginx/html/index.html\necho \"\u003ca href='https://aws.amazon.com/'\u003e\u003cp\u003eConnect to AWS homepage\u003c/p\u003e\u003c/a\u003e\" \u003e\u003e /var/www/html/index.html\necho \"\u003cimg src='${image_object_uri}'\u003e\" \u003e\u003e /var/www/html/index.html\necho \"\u003c/body\u003e\" \u003e\u003e /var/www/html/index.html\necho \"\u003c/html\u003e\" \u003e\u003e /var/www/html/index.html\necho \"\u003cp\u003eSERVER IP : $IP_ADDR\u003c/p\u003e\" \u003e\u003e /var/www/html/index.html\n\nsystemctl restart nginx\n\n\n\nuseradd svtalk -c \"server\" -s /bin/bash -m -d /home/svtalk\necho 'svtalk:dlatldkagh!00' | chpasswd\necho \"svtalk ALL=(ALL) NOPASSWD: ALL\" \u003e\u003e /etc/sudoers.d/90-cloud-init-users \nchage -m 0 -M 99999 -E -1 -I -1 svtalk\nsed -i 's/^PasswordAuthentication.*/PasswordAuthentication yes/g' /etc/ssh/sshd_config\nsystemctl restart sshd\n\n#aws cli\nsudo apt install unzip\ncurl \"https://awscli.amazonaws.com/awscli-exe-linux-x86_64.zip\" -o \"awscliv2.zip\"\nunzip awscliv2.zip\nsudo ./aws/install\n\n#ssm-agent restart\nsudo snap restart amazon-ssm-agent\n\n#codedeploy agent install\nsudo apt install ruby-full -y\nsudo apt install wget -y\nwget https://aws-codedeploy-ap-northeast-2.s3.amazonaws.com/latest/install             #wget https://bucket-name.s3.region-identifier.amazonaws.com/latest/install\nchmod +x ./install\nsudo ./install auto \u003e /tmp/logfile\n\n",
            "vars": {
              "image_object_uri": "http://dajqcbu2fyxgo.cloudfront.net/images/logo.gif"
            }
          },
          "sensitive_attributes": []
        }
      ]
    },
    {
      "module": "module.auto_scaling_group",
      "mode": "managed",
      "type": "aws_autoscaling_group",
      "name": "web",
      "provider": "provider[\"registry.terraform.io/hashicorp/aws\"]",
      "instances": [
        {
          "schema_version": 0,
          "attributes": {
            "arn": "arn:aws:autoscaling:ap-northeast-1:518897854809:autoScalingGroup:e796d587-1314-4f52-a49b-a0532feba5cc:autoScalingGroupName/region01-web",
            "availability_zones": [
              "ap-northeast-1a",
              "ap-northeast-1c"
            ],
            "capacity_rebalance": false,
            "context": "",
            "default_cooldown": 300,
            "default_instance_warmup": 0,
            "desired_capacity": 1,
            "desired_capacity_type": "",
            "enabled_metrics": [
              "GroupDesiredCapacity",
              "GroupInServiceInstances",
              "GroupMaxSize",
              "GroupMinSize",
              "GroupTotalInstances"
            ],
            "force_delete": false,
            "force_delete_warm_pool": false,
            "health_check_grace_period": 300,
            "health_check_type": "ELB",
            "id": "region01-web",
            "initial_lifecycle_hook": [],
            "instance_refresh": [],
            "launch_configuration": "region01-web-config2023080810130163330000000c",
            "launch_template": [],
            "load_balancers": null,
            "max_instance_lifetime": 0,
            "max_size": 2,
            "metrics_granularity": "1Minute",
            "min_elb_capacity": null,
            "min_size": 1,
            "mixed_instances_policy": [],
            "name": "region01-web",
            "name_prefix": "",
            "placement_group": "",
            "predicted_capacity": 0,
            "protect_from_scale_in": false,
            "service_linked_role_arn": "arn:aws:iam::518897854809:role/aws-service-role/autoscaling.amazonaws.com/AWSServiceRoleForAutoScaling",
            "suspended_processes": null,
            "tag": [
              {
                "key": "Name",
                "propagate_at_launch": true,
                "value": "region01-alb-autoscaling-instance"
              },
              {
                "key": "team",
                "propagate_at_launch": true,
                "value": "4jo"
              }
            ],
            "tags": null,
            "target_group_arns": [
              "arn:aws:elasticloadbalancing:ap-northeast-1:518897854809:targetgroup/region01-target-group/f8c171d33c4e5645"
            ],
            "termination_policies": null,
            "timeouts": null,
            "vpc_zone_identifier": [
              "subnet-0506ea4fd5389a162",
              "subnet-0b56fb9d51fe29f11"
            ],
            "wait_for_capacity_timeout": "10m",
            "wait_for_elb_capacity": null,
            "warm_pool": [],
            "warm_pool_size": 0
          },
          "sensitive_attributes": [],
          "private": "eyJlMmJmYjczMC1lY2FhLTExZTYtOGY4OC0zNDM2M2JjN2M0YzAiOnsiZGVsZXRlIjo2MDAwMDAwMDAwMDAsInVwZGF0ZSI6NjAwMDAwMDAwMDAwfX0=",
          "dependencies": [
            "aws_acm_certificate.acm_cert",
            "aws_key_pair.public_key",
            "module.auto_scaling_group.aws_iam_instance_profile.ssm_instance_profile",
            "module.auto_scaling_group.aws_iam_role.ssm_role",
            "module.auto_scaling_group.aws_launch_configuration.web",
            "module.auto_scaling_group.data.template_file.init",
            "module.load_balancer.aws_lb.web",
            "module.load_balancer.aws_lb_listener.https",
            "module.load_balancer.aws_lb_listener.web",
            "module.load_balancer.aws_lb_target_group.web",
            "module.s3.aws_cloudfront_distribution.images_cdn",
            "module.s3.aws_cloudfront_origin_access_identity.images_bucket_oai",
            "module.s3.aws_s3_bucket.images_bucket",
            "module.s3.aws_s3_bucket.log_bucket",
            "module.s3.aws_s3_bucket_acl.log_bucket",
            "module.s3.aws_s3_bucket_object.images_bucket_object",
            "module.s3.aws_s3_bucket_ownership_controls.log_bucket",
            "module.s3.aws_s3_bucket_policy.images_bucket_policy",
            "module.s3.data.aws_iam_policy_document.images_bucket",
            "module.vpc.aws_eip.this_a",
            "module.vpc.aws_eip.this_c",
            "module.vpc.aws_internet_gateway.this",
            "module.vpc.aws_nat_gateway.this_a",
            "module.vpc.aws_nat_gateway.this_c",
            "module.vpc.aws_route.internet_gateway_fw",
            "module.vpc.aws_route.nat_gateway_a",
            "module.vpc.aws_route.nat_gateway_c",
            "module.vpc.aws_route_table.private_a",
            "module.vpc.aws_route_table.private_c",
            "module.vpc.aws_route_table.public_a",
            "module.vpc.aws_route_table.public_c",
            "module.vpc.aws_route_table.public_fw",
            "module.vpc.aws_route_table_association.private_a",
            "module.vpc.aws_route_table_association.private_c",
            "module.vpc.aws_route_table_association.public_a",
            "module.vpc.aws_route_table_association.public_c",
            "module.vpc.aws_route_table_association.public_fw",
            "module.vpc.aws_security_group.admin",
            "module.vpc.aws_security_group.alb",
            "module.vpc.aws_security_group.web",
            "module.vpc.aws_security_group_rule.admin_access_ingress",
            "module.vpc.aws_security_group_rule.alb_access_ingress",
            "module.vpc.aws_security_group_rule.alb_access_ingress_https",
            "module.vpc.aws_security_group_rule.alb_access_ingress_icmp",
            "module.vpc.aws_security_group_rule.http_access_ingress",
            "module.vpc.aws_security_group_rule.https_access_ingress",
            "module.vpc.aws_subnet.private",
            "module.vpc.aws_subnet.public",
            "module.vpc.aws_subnet.public_fw",
            "module.vpc.aws_vpc.this",
            "module.vpc.aws_vpc_security_group_ingress_rule.icmp_access_ingress"
          ],
          "create_before_destroy": true
        }
      ]
    },
    {
      "module": "module.auto_scaling_group",
      "mode": "managed",
      "type": "aws_autoscaling_notification",
      "name": "asg_notifications",
      "provider": "provider[\"registry.terraform.io/hashicorp/aws\"]",
      "instances": [
        {
          "schema_version": 0,
          "attributes": {
            "group_names": [
              "region01-web"
            ],
            "id": "arn:aws:sns:ap-northeast-1:518897854809:region01-sns-topic",
            "notifications": [
              "autoscaling:EC2_INSTANCE_LAUNCH",
              "autoscaling:EC2_INSTANCE_LAUNCH_ERROR",
              "autoscaling:EC2_INSTANCE_TERMINATE",
              "autoscaling:EC2_INSTANCE_TERMINATE_ERROR"
            ],
            "topic_arn": "arn:aws:sns:ap-northeast-1:518897854809:region01-sns-topic"
          },
          "sensitive_attributes": [],
          "private": "bnVsbA==",
          "dependencies": [
            "aws_acm_certificate.acm_cert",
            "aws_key_pair.public_key",
            "module.auto_scaling_group.aws_autoscaling_group.web",
            "module.auto_scaling_group.aws_iam_instance_profile.ssm_instance_profile",
            "module.auto_scaling_group.aws_iam_role.ssm_role",
            "module.auto_scaling_group.aws_launch_configuration.web",
            "module.auto_scaling_group.aws_sns_topic.asg_updates",
            "module.auto_scaling_group.data.template_file.init",
            "module.load_balancer.aws_lb.web",
            "module.load_balancer.aws_lb_listener.https",
            "module.load_balancer.aws_lb_listener.web",
            "module.load_balancer.aws_lb_target_group.web",
            "module.s3.aws_cloudfront_distribution.images_cdn",
            "module.s3.aws_cloudfront_origin_access_identity.images_bucket_oai",
            "module.s3.aws_s3_bucket.images_bucket",
            "module.s3.aws_s3_bucket.log_bucket",
            "module.s3.aws_s3_bucket_acl.log_bucket",
            "module.s3.aws_s3_bucket_object.images_bucket_object",
            "module.s3.aws_s3_bucket_ownership_controls.log_bucket",
            "module.s3.aws_s3_bucket_policy.images_bucket_policy",
            "module.s3.data.aws_iam_policy_document.images_bucket",
            "module.vpc.aws_eip.this_a",
            "module.vpc.aws_eip.this_c",
            "module.vpc.aws_internet_gateway.this",
            "module.vpc.aws_nat_gateway.this_a",
            "module.vpc.aws_nat_gateway.this_c",
            "module.vpc.aws_route.internet_gateway_fw",
            "module.vpc.aws_route.nat_gateway_a",
            "module.vpc.aws_route.nat_gateway_c",
            "module.vpc.aws_route_table.private_a",
            "module.vpc.aws_route_table.private_c",
            "module.vpc.aws_route_table.public_a",
            "module.vpc.aws_route_table.public_c",
            "module.vpc.aws_route_table.public_fw",
            "module.vpc.aws_route_table_association.private_a",
            "module.vpc.aws_route_table_association.private_c",
            "module.vpc.aws_route_table_association.public_a",
            "module.vpc.aws_route_table_association.public_c",
            "module.vpc.aws_route_table_association.public_fw",
            "module.vpc.aws_security_group.admin",
            "module.vpc.aws_security_group.alb",
            "module.vpc.aws_security_group.web",
            "module.vpc.aws_security_group_rule.admin_access_ingress",
            "module.vpc.aws_security_group_rule.alb_access_ingress",
            "module.vpc.aws_security_group_rule.alb_access_ingress_https",
            "module.vpc.aws_security_group_rule.alb_access_ingress_icmp",
            "module.vpc.aws_security_group_rule.http_access_ingress",
            "module.vpc.aws_security_group_rule.https_access_ingress",
            "module.vpc.aws_subnet.private",
            "module.vpc.aws_subnet.public",
            "module.vpc.aws_subnet.public_fw",
            "module.vpc.aws_vpc.this",
            "module.vpc.aws_vpc_security_group_ingress_rule.icmp_access_ingress"
          ]
        }
      ]
    },
    {
      "module": "module.auto_scaling_group",
      "mode": "managed",
      "type": "aws_autoscaling_policy",
      "name": "web_scaling_policy",
      "provider": "provider[\"registry.terraform.io/hashicorp/aws\"]",
      "instances": [
        {
          "schema_version": 0,
          "attributes": {
            "adjustment_type": "",
            "arn": "arn:aws:autoscaling:ap-northeast-1:518897854809:scalingPolicy:896fdd95-e438-4826-b221-a5a6989c67c1:autoScalingGroupName/region01-web:policyName/region01-web-scaling-policy",
            "autoscaling_group_name": "region01-web",
            "cooldown": 0,
            "enabled": true,
            "estimated_instance_warmup": 60,
            "id": "region01-web-scaling-policy",
            "metric_aggregation_type": "",
            "min_adjustment_magnitude": 0,
            "name": "region01-web-scaling-policy",
            "policy_type": "TargetTrackingScaling",
            "predictive_scaling_configuration": [],
            "scaling_adjustment": 0,
            "step_adjustment": [],
            "target_tracking_configuration": [
              {
                "customized_metric_specification": [],
                "disable_scale_in": false,
                "predefined_metric_specification": [
                  {
                    "predefined_metric_type": "ASGAverageCPUUtilization",
                    "resource_label": ""
                  }
                ],
                "target_value": 40
              }
            ]
          },
          "sensitive_attributes": [],
          "private": "bnVsbA==",
          "dependencies": [
            "aws_acm_certificate.acm_cert",
            "aws_key_pair.public_key",
            "module.auto_scaling_group.aws_autoscaling_group.web",
            "module.auto_scaling_group.aws_iam_instance_profile.ssm_instance_profile",
            "module.auto_scaling_group.aws_iam_role.ssm_role",
            "module.auto_scaling_group.aws_launch_configuration.web",
            "module.auto_scaling_group.data.template_file.init",
            "module.load_balancer.aws_lb.web",
            "module.load_balancer.aws_lb_listener.https",
            "module.load_balancer.aws_lb_listener.web",
            "module.load_balancer.aws_lb_target_group.web",
            "module.s3.aws_cloudfront_distribution.images_cdn",
            "module.s3.aws_cloudfront_origin_access_identity.images_bucket_oai",
            "module.s3.aws_s3_bucket.images_bucket",
            "module.s3.aws_s3_bucket.log_bucket",
            "module.s3.aws_s3_bucket_acl.log_bucket",
            "module.s3.aws_s3_bucket_object.images_bucket_object",
            "module.s3.aws_s3_bucket_ownership_controls.log_bucket",
            "module.s3.aws_s3_bucket_policy.images_bucket_policy",
            "module.s3.data.aws_iam_policy_document.images_bucket",
            "module.vpc.aws_eip.this_a",
            "module.vpc.aws_eip.this_c",
            "module.vpc.aws_internet_gateway.this",
            "module.vpc.aws_nat_gateway.this_a",
            "module.vpc.aws_nat_gateway.this_c",
            "module.vpc.aws_route.internet_gateway_fw",
            "module.vpc.aws_route.nat_gateway_a",
            "module.vpc.aws_route.nat_gateway_c",
            "module.vpc.aws_route_table.private_a",
            "module.vpc.aws_route_table.private_c",
            "module.vpc.aws_route_table.public_a",
            "module.vpc.aws_route_table.public_c",
            "module.vpc.aws_route_table.public_fw",
            "module.vpc.aws_route_table_association.private_a",
            "module.vpc.aws_route_table_association.private_c",
            "module.vpc.aws_route_table_association.public_a",
            "module.vpc.aws_route_table_association.public_c",
            "module.vpc.aws_route_table_association.public_fw",
            "module.vpc.aws_security_group.admin",
            "module.vpc.aws_security_group.alb",
            "module.vpc.aws_security_group.web",
            "module.vpc.aws_security_group_rule.admin_access_ingress",
            "module.vpc.aws_security_group_rule.alb_access_ingress",
            "module.vpc.aws_security_group_rule.alb_access_ingress_https",
            "module.vpc.aws_security_group_rule.alb_access_ingress_icmp",
            "module.vpc.aws_security_group_rule.http_access_ingress",
            "module.vpc.aws_security_group_rule.https_access_ingress",
            "module.vpc.aws_subnet.private",
            "module.vpc.aws_subnet.public",
            "module.vpc.aws_subnet.public_fw",
            "module.vpc.aws_vpc.this",
            "module.vpc.aws_vpc_security_group_ingress_rule.icmp_access_ingress"
          ]
        }
      ]
    },
    {
      "module": "module.auto_scaling_group",
      "mode": "managed",
      "type": "aws_cloudwatch_metric_alarm",
      "name": "web_cpu_alarm_up",
      "provider": "provider[\"registry.terraform.io/hashicorp/aws\"]",
      "instances": [
        {
          "schema_version": 1,
          "attributes": {
            "actions_enabled": true,
            "alarm_actions": [
              "arn:aws:autoscaling:ap-northeast-1:518897854809:scalingPolicy:896fdd95-e438-4826-b221-a5a6989c67c1:autoScalingGroupName/region01-web:policyName/region01-web-scaling-policy"
            ],
            "alarm_description": "This metric monitor EC2 instance CPU utilization",
            "alarm_name": "web_cpu_alarm_up",
            "arn": "arn:aws:cloudwatch:ap-northeast-1:518897854809:alarm:web_cpu_alarm_up",
            "comparison_operator": "GreaterThanOrEqualToThreshold",
            "datapoints_to_alarm": 0,
            "dimensions": null,
            "evaluate_low_sample_count_percentiles": "",
            "evaluation_periods": 2,
            "extended_statistic": "",
            "id": "web_cpu_alarm_up",
            "insufficient_data_actions": null,
            "metric_name": "CPUUtilization",
            "metric_query": [],
            "namespace": "AWS/EC2",
            "ok_actions": null,
            "period": 120,
            "statistic": "Average",
            "tags": null,
            "tags_all": {},
            "threshold": 70,
            "threshold_metric_id": "",
            "treat_missing_data": "missing",
            "unit": ""
          },
          "sensitive_attributes": [],
          "private": "eyJzY2hlbWFfdmVyc2lvbiI6IjEifQ==",
          "dependencies": [
            "aws_acm_certificate.acm_cert",
            "aws_key_pair.public_key",
            "module.auto_scaling_group.aws_autoscaling_group.web",
            "module.auto_scaling_group.aws_autoscaling_policy.web_scaling_policy",
            "module.auto_scaling_group.aws_iam_instance_profile.ssm_instance_profile",
            "module.auto_scaling_group.aws_iam_role.ssm_role",
            "module.auto_scaling_group.aws_launch_configuration.web",
            "module.auto_scaling_group.data.template_file.init",
            "module.load_balancer.aws_lb.web",
            "module.load_balancer.aws_lb_listener.https",
            "module.load_balancer.aws_lb_listener.web",
            "module.load_balancer.aws_lb_target_group.web",
            "module.s3.aws_cloudfront_distribution.images_cdn",
            "module.s3.aws_cloudfront_origin_access_identity.images_bucket_oai",
            "module.s3.aws_s3_bucket.images_bucket",
            "module.s3.aws_s3_bucket.log_bucket",
            "module.s3.aws_s3_bucket_acl.log_bucket",
            "module.s3.aws_s3_bucket_object.images_bucket_object",
            "module.s3.aws_s3_bucket_ownership_controls.log_bucket",
            "module.s3.aws_s3_bucket_policy.images_bucket_policy",
            "module.s3.data.aws_iam_policy_document.images_bucket",
            "module.vpc.aws_eip.this_a",
            "module.vpc.aws_eip.this_c",
            "module.vpc.aws_internet_gateway.this",
            "module.vpc.aws_nat_gateway.this_a",
            "module.vpc.aws_nat_gateway.this_c",
            "module.vpc.aws_route.internet_gateway_fw",
            "module.vpc.aws_route.nat_gateway_a",
            "module.vpc.aws_route.nat_gateway_c",
            "module.vpc.aws_route_table.private_a",
            "module.vpc.aws_route_table.private_c",
            "module.vpc.aws_route_table.public_a",
            "module.vpc.aws_route_table.public_c",
            "module.vpc.aws_route_table.public_fw",
            "module.vpc.aws_route_table_association.private_a",
            "module.vpc.aws_route_table_association.private_c",
            "module.vpc.aws_route_table_association.public_a",
            "module.vpc.aws_route_table_association.public_c",
            "module.vpc.aws_route_table_association.public_fw",
            "module.vpc.aws_security_group.admin",
            "module.vpc.aws_security_group.alb",
            "module.vpc.aws_security_group.web",
            "module.vpc.aws_security_group_rule.admin_access_ingress",
            "module.vpc.aws_security_group_rule.alb_access_ingress",
            "module.vpc.aws_security_group_rule.alb_access_ingress_https",
            "module.vpc.aws_security_group_rule.alb_access_ingress_icmp",
            "module.vpc.aws_security_group_rule.http_access_ingress",
            "module.vpc.aws_security_group_rule.https_access_ingress",
            "module.vpc.aws_subnet.private",
            "module.vpc.aws_subnet.public",
            "module.vpc.aws_subnet.public_fw",
            "module.vpc.aws_vpc.this",
            "module.vpc.aws_vpc_security_group_ingress_rule.icmp_access_ingress"
          ]
        }
      ]
    },
    {
      "module": "module.auto_scaling_group",
      "mode": "managed",
      "type": "aws_iam_instance_profile",
      "name": "ssm_instance_profile",
      "provider": "provider[\"registry.terraform.io/hashicorp/aws\"]",
      "instances": [
        {
          "schema_version": 0,
          "attributes": {
            "arn": "arn:aws:iam::518897854809:instance-profile/region01-ssm-instance-profile",
            "create_date": "2023-08-08T10:12:58Z",
            "id": "region01-ssm-instance-profile",
            "name": "region01-ssm-instance-profile",
            "name_prefix": "",
            "path": "/",
            "role": "region01-ssm-role",
            "tags": null,
            "tags_all": {},
            "unique_id": "AIPAXRUFY5FMVUV3HMDAM"
          },
          "sensitive_attributes": [],
          "private": "bnVsbA==",
          "dependencies": [
            "aws_acm_certificate.acm_cert",
            "module.auto_scaling_group.aws_iam_role.ssm_role",
            "module.load_balancer.aws_lb.web",
            "module.load_balancer.aws_lb_listener.https",
            "module.load_balancer.aws_lb_listener.web",
            "module.load_balancer.aws_lb_target_group.web",
            "module.s3.aws_cloudfront_distribution.images_cdn",
            "module.s3.aws_cloudfront_origin_access_identity.images_bucket_oai",
            "module.s3.aws_s3_bucket.images_bucket",
            "module.s3.aws_s3_bucket.log_bucket",
            "module.s3.aws_s3_bucket_acl.log_bucket",
            "module.s3.aws_s3_bucket_object.images_bucket_object",
            "module.s3.aws_s3_bucket_ownership_controls.log_bucket",
            "module.s3.aws_s3_bucket_policy.images_bucket_policy",
            "module.s3.data.aws_iam_policy_document.images_bucket",
            "module.vpc.aws_eip.this_a",
            "module.vpc.aws_eip.this_c",
            "module.vpc.aws_internet_gateway.this",
            "module.vpc.aws_nat_gateway.this_a",
            "module.vpc.aws_nat_gateway.this_c",
            "module.vpc.aws_route.internet_gateway_fw",
            "module.vpc.aws_route.nat_gateway_a",
            "module.vpc.aws_route.nat_gateway_c",
            "module.vpc.aws_route_table.private_a",
            "module.vpc.aws_route_table.private_c",
            "module.vpc.aws_route_table.public_a",
            "module.vpc.aws_route_table.public_c",
            "module.vpc.aws_route_table.public_fw",
            "module.vpc.aws_route_table_association.private_a",
            "module.vpc.aws_route_table_association.private_c",
            "module.vpc.aws_route_table_association.public_a",
            "module.vpc.aws_route_table_association.public_c",
            "module.vpc.aws_route_table_association.public_fw",
            "module.vpc.aws_security_group.admin",
            "module.vpc.aws_security_group.alb",
            "module.vpc.aws_security_group.web",
            "module.vpc.aws_security_group_rule.admin_access_ingress",
            "module.vpc.aws_security_group_rule.alb_access_ingress",
            "module.vpc.aws_security_group_rule.alb_access_ingress_https",
            "module.vpc.aws_security_group_rule.alb_access_ingress_icmp",
            "module.vpc.aws_security_group_rule.http_access_ingress",
            "module.vpc.aws_security_group_rule.https_access_ingress",
            "module.vpc.aws_subnet.private",
            "module.vpc.aws_subnet.public",
            "module.vpc.aws_subnet.public_fw",
            "module.vpc.aws_vpc.this",
            "module.vpc.aws_vpc_security_group_ingress_rule.icmp_access_ingress"
          ],
          "create_before_destroy": true
        }
      ]
    },
    {
      "module": "module.auto_scaling_group",
      "mode": "managed",
      "type": "aws_iam_role",
      "name": "ssm_role",
      "provider": "provider[\"registry.terraform.io/hashicorp/aws\"]",
      "instances": [
        {
          "schema_version": 0,
          "attributes": {
            "arn": "arn:aws:iam::518897854809:role/region01-ssm-role",
            "assume_role_policy": "{\"Statement\":[{\"Action\":\"sts:AssumeRole\",\"Effect\":\"Allow\",\"Principal\":{\"Service\":\"ec2.amazonaws.com\"}}],\"Version\":\"2012-10-17\"}",
            "create_date": "2023-08-08T10:12:56Z",
            "description": "",
            "force_detach_policies": false,
            "id": "region01-ssm-role",
            "inline_policy": [],
            "managed_policy_arns": [],
            "max_session_duration": 3600,
            "name": "region01-ssm-role",
            "name_prefix": "",
            "path": "/",
            "permissions_boundary": null,
            "role_last_used": [
              {
                "last_used_date": "",
                "region": ""
              }
            ],
            "tags": null,
            "tags_all": {},
            "unique_id": "AROAXRUFY5FM2SLBFSDPU"
          },
          "sensitive_attributes": [],
          "private": "bnVsbA==",
          "dependencies": [
            "aws_acm_certificate.acm_cert",
            "module.load_balancer.aws_lb.web",
            "module.load_balancer.aws_lb_listener.https",
            "module.load_balancer.aws_lb_listener.web",
            "module.load_balancer.aws_lb_target_group.web",
            "module.s3.aws_cloudfront_distribution.images_cdn",
            "module.s3.aws_cloudfront_origin_access_identity.images_bucket_oai",
            "module.s3.aws_s3_bucket.images_bucket",
            "module.s3.aws_s3_bucket.log_bucket",
            "module.s3.aws_s3_bucket_acl.log_bucket",
            "module.s3.aws_s3_bucket_object.images_bucket_object",
            "module.s3.aws_s3_bucket_ownership_controls.log_bucket",
            "module.s3.aws_s3_bucket_policy.images_bucket_policy",
            "module.s3.data.aws_iam_policy_document.images_bucket",
            "module.vpc.aws_eip.this_a",
            "module.vpc.aws_eip.this_c",
            "module.vpc.aws_internet_gateway.this",
            "module.vpc.aws_nat_gateway.this_a",
            "module.vpc.aws_nat_gateway.this_c",
            "module.vpc.aws_route.internet_gateway_fw",
            "module.vpc.aws_route.nat_gateway_a",
            "module.vpc.aws_route.nat_gateway_c",
            "module.vpc.aws_route_table.private_a",
            "module.vpc.aws_route_table.private_c",
            "module.vpc.aws_route_table.public_a",
            "module.vpc.aws_route_table.public_c",
            "module.vpc.aws_route_table.public_fw",
            "module.vpc.aws_route_table_association.private_a",
            "module.vpc.aws_route_table_association.private_c",
            "module.vpc.aws_route_table_association.public_a",
            "module.vpc.aws_route_table_association.public_c",
            "module.vpc.aws_route_table_association.public_fw",
            "module.vpc.aws_security_group.admin",
            "module.vpc.aws_security_group.alb",
            "module.vpc.aws_security_group.web",
            "module.vpc.aws_security_group_rule.admin_access_ingress",
            "module.vpc.aws_security_group_rule.alb_access_ingress",
            "module.vpc.aws_security_group_rule.alb_access_ingress_https",
            "module.vpc.aws_security_group_rule.alb_access_ingress_icmp",
            "module.vpc.aws_security_group_rule.http_access_ingress",
            "module.vpc.aws_security_group_rule.https_access_ingress",
            "module.vpc.aws_subnet.private",
            "module.vpc.aws_subnet.public",
            "module.vpc.aws_subnet.public_fw",
            "module.vpc.aws_vpc.this",
            "module.vpc.aws_vpc_security_group_ingress_rule.icmp_access_ingress"
          ],
          "create_before_destroy": true
        }
      ]
    },
    {
      "module": "module.auto_scaling_group",
      "mode": "managed",
      "type": "aws_iam_role_policy_attachment",
      "name": "cloudwatchfull_policy",
      "provider": "provider[\"registry.terraform.io/hashicorp/aws\"]",
      "instances": [
        {
          "schema_version": 0,
          "attributes": {
            "id": "region01-ssm-role-20230808101300505100000009",
            "policy_arn": "arn:aws:iam::aws:policy/CloudWatchLogsFullAccess",
            "role": "region01-ssm-role"
          },
          "sensitive_attributes": [],
          "private": "bnVsbA==",
          "dependencies": [
            "aws_acm_certificate.acm_cert",
            "module.auto_scaling_group.aws_iam_role.ssm_role",
            "module.load_balancer.aws_lb.web",
            "module.load_balancer.aws_lb_listener.https",
            "module.load_balancer.aws_lb_listener.web",
            "module.load_balancer.aws_lb_target_group.web",
            "module.s3.aws_cloudfront_distribution.images_cdn",
            "module.s3.aws_cloudfront_origin_access_identity.images_bucket_oai",
            "module.s3.aws_s3_bucket.images_bucket",
            "module.s3.aws_s3_bucket.log_bucket",
            "module.s3.aws_s3_bucket_acl.log_bucket",
            "module.s3.aws_s3_bucket_object.images_bucket_object",
            "module.s3.aws_s3_bucket_ownership_controls.log_bucket",
            "module.s3.aws_s3_bucket_policy.images_bucket_policy",
            "module.s3.data.aws_iam_policy_document.images_bucket",
            "module.vpc.aws_eip.this_a",
            "module.vpc.aws_eip.this_c",
            "module.vpc.aws_internet_gateway.this",
            "module.vpc.aws_nat_gateway.this_a",
            "module.vpc.aws_nat_gateway.this_c",
            "module.vpc.aws_route.internet_gateway_fw",
            "module.vpc.aws_route.nat_gateway_a",
            "module.vpc.aws_route.nat_gateway_c",
            "module.vpc.aws_route_table.private_a",
            "module.vpc.aws_route_table.private_c",
            "module.vpc.aws_route_table.public_a",
            "module.vpc.aws_route_table.public_c",
            "module.vpc.aws_route_table.public_fw",
            "module.vpc.aws_route_table_association.private_a",
            "module.vpc.aws_route_table_association.private_c",
            "module.vpc.aws_route_table_association.public_a",
            "module.vpc.aws_route_table_association.public_c",
            "module.vpc.aws_route_table_association.public_fw",
            "module.vpc.aws_security_group.admin",
            "module.vpc.aws_security_group.alb",
            "module.vpc.aws_security_group.web",
            "module.vpc.aws_security_group_rule.admin_access_ingress",
            "module.vpc.aws_security_group_rule.alb_access_ingress",
            "module.vpc.aws_security_group_rule.alb_access_ingress_https",
            "module.vpc.aws_security_group_rule.alb_access_ingress_icmp",
            "module.vpc.aws_security_group_rule.http_access_ingress",
            "module.vpc.aws_security_group_rule.https_access_ingress",
            "module.vpc.aws_subnet.private",
            "module.vpc.aws_subnet.public",
            "module.vpc.aws_subnet.public_fw",
            "module.vpc.aws_vpc.this",
            "module.vpc.aws_vpc_security_group_ingress_rule.icmp_access_ingress"
          ]
        }
      ]
    },
    {
      "module": "module.auto_scaling_group",
      "mode": "managed",
      "type": "aws_iam_role_policy_attachment",
      "name": "codedeployfull_policy",
      "provider": "provider[\"registry.terraform.io/hashicorp/aws\"]",
      "instances": [
        {
          "schema_version": 0,
          "attributes": {
            "id": "region01-ssm-role-2023080810130057470000000b",
            "policy_arn": "arn:aws:iam::aws:policy/AWSCodeDeployFullAccess",
            "role": "region01-ssm-role"
          },
          "sensitive_attributes": [],
          "private": "bnVsbA==",
          "dependencies": [
            "aws_acm_certificate.acm_cert",
            "module.auto_scaling_group.aws_iam_role.ssm_role",
            "module.load_balancer.aws_lb.web",
            "module.load_balancer.aws_lb_listener.https",
            "module.load_balancer.aws_lb_listener.web",
            "module.load_balancer.aws_lb_target_group.web",
            "module.s3.aws_cloudfront_distribution.images_cdn",
            "module.s3.aws_cloudfront_origin_access_identity.images_bucket_oai",
            "module.s3.aws_s3_bucket.images_bucket",
            "module.s3.aws_s3_bucket.log_bucket",
            "module.s3.aws_s3_bucket_acl.log_bucket",
            "module.s3.aws_s3_bucket_object.images_bucket_object",
            "module.s3.aws_s3_bucket_ownership_controls.log_bucket",
            "module.s3.aws_s3_bucket_policy.images_bucket_policy",
            "module.s3.data.aws_iam_policy_document.images_bucket",
            "module.vpc.aws_eip.this_a",
            "module.vpc.aws_eip.this_c",
            "module.vpc.aws_internet_gateway.this",
            "module.vpc.aws_nat_gateway.this_a",
            "module.vpc.aws_nat_gateway.this_c",
            "module.vpc.aws_route.internet_gateway_fw",
            "module.vpc.aws_route.nat_gateway_a",
            "module.vpc.aws_route.nat_gateway_c",
            "module.vpc.aws_route_table.private_a",
            "module.vpc.aws_route_table.private_c",
            "module.vpc.aws_route_table.public_a",
            "module.vpc.aws_route_table.public_c",
            "module.vpc.aws_route_table.public_fw",
            "module.vpc.aws_route_table_association.private_a",
            "module.vpc.aws_route_table_association.private_c",
            "module.vpc.aws_route_table_association.public_a",
            "module.vpc.aws_route_table_association.public_c",
            "module.vpc.aws_route_table_association.public_fw",
            "module.vpc.aws_security_group.admin",
            "module.vpc.aws_security_group.alb",
            "module.vpc.aws_security_group.web",
            "module.vpc.aws_security_group_rule.admin_access_ingress",
            "module.vpc.aws_security_group_rule.alb_access_ingress",
            "module.vpc.aws_security_group_rule.alb_access_ingress_https",
            "module.vpc.aws_security_group_rule.alb_access_ingress_icmp",
            "module.vpc.aws_security_group_rule.http_access_ingress",
            "module.vpc.aws_security_group_rule.https_access_ingress",
            "module.vpc.aws_subnet.private",
            "module.vpc.aws_subnet.public",
            "module.vpc.aws_subnet.public_fw",
            "module.vpc.aws_vpc.this",
            "module.vpc.aws_vpc_security_group_ingress_rule.icmp_access_ingress"
          ]
        }
      ]
    },
    {
      "module": "module.auto_scaling_group",
      "mode": "managed",
      "type": "aws_iam_role_policy_attachment",
      "name": "codedeployrole_policy",
      "provider": "provider[\"registry.terraform.io/hashicorp/aws\"]",
      "instances": [
        {
          "schema_version": 0,
          "attributes": {
            "id": "region01-ssm-role-20230808101259860100000007",
            "policy_arn": "arn:aws:iam::aws:policy/service-role/AWSCodeDeployRole",
            "role": "region01-ssm-role"
          },
          "sensitive_attributes": [],
          "private": "bnVsbA==",
          "dependencies": [
            "aws_acm_certificate.acm_cert",
            "module.auto_scaling_group.aws_iam_role.ssm_role",
            "module.load_balancer.aws_lb.web",
            "module.load_balancer.aws_lb_listener.https",
            "module.load_balancer.aws_lb_listener.web",
            "module.load_balancer.aws_lb_target_group.web",
            "module.s3.aws_cloudfront_distribution.images_cdn",
            "module.s3.aws_cloudfront_origin_access_identity.images_bucket_oai",
            "module.s3.aws_s3_bucket.images_bucket",
            "module.s3.aws_s3_bucket.log_bucket",
            "module.s3.aws_s3_bucket_acl.log_bucket",
            "module.s3.aws_s3_bucket_object.images_bucket_object",
            "module.s3.aws_s3_bucket_ownership_controls.log_bucket",
            "module.s3.aws_s3_bucket_policy.images_bucket_policy",
            "module.s3.data.aws_iam_policy_document.images_bucket",
            "module.vpc.aws_eip.this_a",
            "module.vpc.aws_eip.this_c",
            "module.vpc.aws_internet_gateway.this",
            "module.vpc.aws_nat_gateway.this_a",
            "module.vpc.aws_nat_gateway.this_c",
            "module.vpc.aws_route.internet_gateway_fw",
            "module.vpc.aws_route.nat_gateway_a",
            "module.vpc.aws_route.nat_gateway_c",
            "module.vpc.aws_route_table.private_a",
            "module.vpc.aws_route_table.private_c",
            "module.vpc.aws_route_table.public_a",
            "module.vpc.aws_route_table.public_c",
            "module.vpc.aws_route_table.public_fw",
            "module.vpc.aws_route_table_association.private_a",
            "module.vpc.aws_route_table_association.private_c",
            "module.vpc.aws_route_table_association.public_a",
            "module.vpc.aws_route_table_association.public_c",
            "module.vpc.aws_route_table_association.public_fw",
            "module.vpc.aws_security_group.admin",
            "module.vpc.aws_security_group.alb",
            "module.vpc.aws_security_group.web",
            "module.vpc.aws_security_group_rule.admin_access_ingress",
            "module.vpc.aws_security_group_rule.alb_access_ingress",
            "module.vpc.aws_security_group_rule.alb_access_ingress_https",
            "module.vpc.aws_security_group_rule.alb_access_ingress_icmp",
            "module.vpc.aws_security_group_rule.http_access_ingress",
            "module.vpc.aws_security_group_rule.https_access_ingress",
            "module.vpc.aws_subnet.private",
            "module.vpc.aws_subnet.public",
            "module.vpc.aws_subnet.public_fw",
            "module.vpc.aws_vpc.this",
            "module.vpc.aws_vpc_security_group_ingress_rule.icmp_access_ingress"
          ]
        }
      ]
    },
    {
      "module": "module.auto_scaling_group",
      "mode": "managed",
      "type": "aws_iam_role_policy_attachment",
      "name": "s3full_policy",
      "provider": "provider[\"registry.terraform.io/hashicorp/aws\"]",
      "instances": [
        {
          "schema_version": 0,
          "attributes": {
            "id": "region01-ssm-role-20230808101300174900000008",
            "policy_arn": "arn:aws:iam::aws:policy/AmazonS3FullAccess",
            "role": "region01-ssm-role"
          },
          "sensitive_attributes": [],
          "private": "bnVsbA==",
          "dependencies": [
            "aws_acm_certificate.acm_cert",
            "module.auto_scaling_group.aws_iam_role.ssm_role",
            "module.load_balancer.aws_lb.web",
            "module.load_balancer.aws_lb_listener.https",
            "module.load_balancer.aws_lb_listener.web",
            "module.load_balancer.aws_lb_target_group.web",
            "module.s3.aws_cloudfront_distribution.images_cdn",
            "module.s3.aws_cloudfront_origin_access_identity.images_bucket_oai",
            "module.s3.aws_s3_bucket.images_bucket",
            "module.s3.aws_s3_bucket.log_bucket",
            "module.s3.aws_s3_bucket_acl.log_bucket",
            "module.s3.aws_s3_bucket_object.images_bucket_object",
            "module.s3.aws_s3_bucket_ownership_controls.log_bucket",
            "module.s3.aws_s3_bucket_policy.images_bucket_policy",
            "module.s3.data.aws_iam_policy_document.images_bucket",
            "module.vpc.aws_eip.this_a",
            "module.vpc.aws_eip.this_c",
            "module.vpc.aws_internet_gateway.this",
            "module.vpc.aws_nat_gateway.this_a",
            "module.vpc.aws_nat_gateway.this_c",
            "module.vpc.aws_route.internet_gateway_fw",
            "module.vpc.aws_route.nat_gateway_a",
            "module.vpc.aws_route.nat_gateway_c",
            "module.vpc.aws_route_table.private_a",
            "module.vpc.aws_route_table.private_c",
            "module.vpc.aws_route_table.public_a",
            "module.vpc.aws_route_table.public_c",
            "module.vpc.aws_route_table.public_fw",
            "module.vpc.aws_route_table_association.private_a",
            "module.vpc.aws_route_table_association.private_c",
            "module.vpc.aws_route_table_association.public_a",
            "module.vpc.aws_route_table_association.public_c",
            "module.vpc.aws_route_table_association.public_fw",
            "module.vpc.aws_security_group.admin",
            "module.vpc.aws_security_group.alb",
            "module.vpc.aws_security_group.web",
            "module.vpc.aws_security_group_rule.admin_access_ingress",
            "module.vpc.aws_security_group_rule.alb_access_ingress",
            "module.vpc.aws_security_group_rule.alb_access_ingress_https",
            "module.vpc.aws_security_group_rule.alb_access_ingress_icmp",
            "module.vpc.aws_security_group_rule.http_access_ingress",
            "module.vpc.aws_security_group_rule.https_access_ingress",
            "module.vpc.aws_subnet.private",
            "module.vpc.aws_subnet.public",
            "module.vpc.aws_subnet.public_fw",
            "module.vpc.aws_vpc.this",
            "module.vpc.aws_vpc_security_group_ingress_rule.icmp_access_ingress"
          ]
        }
      ]
    },
    {
      "module": "module.auto_scaling_group",
      "mode": "managed",
      "type": "aws_iam_role_policy_attachment",
      "name": "ssm_policy",
      "provider": "provider[\"registry.terraform.io/hashicorp/aws\"]",
      "instances": [
        {
          "schema_version": 0,
          "attributes": {
            "id": "region01-ssm-role-2023080810130055060000000a",
            "policy_arn": "arn:aws:iam::aws:policy/AmazonSSMManagedInstanceCore",
            "role": "region01-ssm-role"
          },
          "sensitive_attributes": [],
          "private": "bnVsbA==",
          "dependencies": [
            "aws_acm_certificate.acm_cert",
            "module.auto_scaling_group.aws_iam_role.ssm_role",
            "module.load_balancer.aws_lb.web",
            "module.load_balancer.aws_lb_listener.https",
            "module.load_balancer.aws_lb_listener.web",
            "module.load_balancer.aws_lb_target_group.web",
            "module.s3.aws_cloudfront_distribution.images_cdn",
            "module.s3.aws_cloudfront_origin_access_identity.images_bucket_oai",
            "module.s3.aws_s3_bucket.images_bucket",
            "module.s3.aws_s3_bucket.log_bucket",
            "module.s3.aws_s3_bucket_acl.log_bucket",
            "module.s3.aws_s3_bucket_object.images_bucket_object",
            "module.s3.aws_s3_bucket_ownership_controls.log_bucket",
            "module.s3.aws_s3_bucket_policy.images_bucket_policy",
            "module.s3.data.aws_iam_policy_document.images_bucket",
            "module.vpc.aws_eip.this_a",
            "module.vpc.aws_eip.this_c",
            "module.vpc.aws_internet_gateway.this",
            "module.vpc.aws_nat_gateway.this_a",
            "module.vpc.aws_nat_gateway.this_c",
            "module.vpc.aws_route.internet_gateway_fw",
            "module.vpc.aws_route.nat_gateway_a",
            "module.vpc.aws_route.nat_gateway_c",
            "module.vpc.aws_route_table.private_a",
            "module.vpc.aws_route_table.private_c",
            "module.vpc.aws_route_table.public_a",
            "module.vpc.aws_route_table.public_c",
            "module.vpc.aws_route_table.public_fw",
            "module.vpc.aws_route_table_association.private_a",
            "module.vpc.aws_route_table_association.private_c",
            "module.vpc.aws_route_table_association.public_a",
            "module.vpc.aws_route_table_association.public_c",
            "module.vpc.aws_route_table_association.public_fw",
            "module.vpc.aws_security_group.admin",
            "module.vpc.aws_security_group.alb",
            "module.vpc.aws_security_group.web",
            "module.vpc.aws_security_group_rule.admin_access_ingress",
            "module.vpc.aws_security_group_rule.alb_access_ingress",
            "module.vpc.aws_security_group_rule.alb_access_ingress_https",
            "module.vpc.aws_security_group_rule.alb_access_ingress_icmp",
            "module.vpc.aws_security_group_rule.http_access_ingress",
            "module.vpc.aws_security_group_rule.https_access_ingress",
            "module.vpc.aws_subnet.private",
            "module.vpc.aws_subnet.public",
            "module.vpc.aws_subnet.public_fw",
            "module.vpc.aws_vpc.this",
            "module.vpc.aws_vpc_security_group_ingress_rule.icmp_access_ingress"
          ]
        }
      ]
    },
    {
      "module": "module.auto_scaling_group",
      "mode": "managed",
      "type": "aws_launch_configuration",
      "name": "web",
      "provider": "provider[\"registry.terraform.io/hashicorp/aws\"]",
      "instances": [
        {
          "schema_version": 0,
          "attributes": {
            "arn": "arn:aws:autoscaling:ap-northeast-1:518897854809:launchConfiguration:1e582843-812a-4dd4-8e1a-2589290f18d2:launchConfigurationName/region01-web-config2023080810130163330000000c",
            "associate_public_ip_address": false,
            "ebs_block_device": [],
            "ebs_optimized": false,
            "enable_monitoring": true,
            "ephemeral_block_device": [],
            "iam_instance_profile": "region01-ssm-instance-profile",
            "id": "region01-web-config2023080810130163330000000c",
            "image_id": "ami-0d52744d6551d851e",
            "instance_type": "t3.micro",
            "key_name": "id_rsa.pub",
            "metadata_options": [],
            "name": "region01-web-config2023080810130163330000000c",
            "name_prefix": "region01-web-config",
            "placement_tenancy": "",
            "root_block_device": [],
            "security_groups": [
              "sg-0533822d5f110289f",
              "sg-0cfda7a5195c59fde"
            ],
            "spot_price": "",
            "user_data": "e36ed5b51d82478de8945a568e734d9dfd4b5d44",
            "user_data_base64": null,
            "vpc_classic_link_id": "",
            "vpc_classic_link_security_groups": null
          },
          "sensitive_attributes": [],
          "private": "bnVsbA==",
          "dependencies": [
            "aws_acm_certificate.acm_cert",
            "aws_key_pair.public_key",
            "module.auto_scaling_group.aws_iam_instance_profile.ssm_instance_profile",
            "module.auto_scaling_group.aws_iam_role.ssm_role",
            "module.auto_scaling_group.data.template_file.init",
            "module.load_balancer.aws_lb.web",
            "module.load_balancer.aws_lb_listener.https",
            "module.load_balancer.aws_lb_listener.web",
            "module.load_balancer.aws_lb_target_group.web",
            "module.s3.aws_cloudfront_distribution.images_cdn",
            "module.s3.aws_cloudfront_origin_access_identity.images_bucket_oai",
            "module.s3.aws_s3_bucket.images_bucket",
            "module.s3.aws_s3_bucket.log_bucket",
            "module.s3.aws_s3_bucket_acl.log_bucket",
            "module.s3.aws_s3_bucket_object.images_bucket_object",
            "module.s3.aws_s3_bucket_ownership_controls.log_bucket",
            "module.s3.aws_s3_bucket_policy.images_bucket_policy",
            "module.s3.data.aws_iam_policy_document.images_bucket",
            "module.vpc.aws_eip.this_a",
            "module.vpc.aws_eip.this_c",
            "module.vpc.aws_internet_gateway.this",
            "module.vpc.aws_nat_gateway.this_a",
            "module.vpc.aws_nat_gateway.this_c",
            "module.vpc.aws_route.internet_gateway_fw",
            "module.vpc.aws_route.nat_gateway_a",
            "module.vpc.aws_route.nat_gateway_c",
            "module.vpc.aws_route_table.private_a",
            "module.vpc.aws_route_table.private_c",
            "module.vpc.aws_route_table.public_a",
            "module.vpc.aws_route_table.public_c",
            "module.vpc.aws_route_table.public_fw",
            "module.vpc.aws_route_table_association.private_a",
            "module.vpc.aws_route_table_association.private_c",
            "module.vpc.aws_route_table_association.public_a",
            "module.vpc.aws_route_table_association.public_c",
            "module.vpc.aws_route_table_association.public_fw",
            "module.vpc.aws_security_group.admin",
            "module.vpc.aws_security_group.alb",
            "module.vpc.aws_security_group.web",
            "module.vpc.aws_security_group_rule.admin_access_ingress",
            "module.vpc.aws_security_group_rule.alb_access_ingress",
            "module.vpc.aws_security_group_rule.alb_access_ingress_https",
            "module.vpc.aws_security_group_rule.alb_access_ingress_icmp",
            "module.vpc.aws_security_group_rule.http_access_ingress",
            "module.vpc.aws_security_group_rule.https_access_ingress",
            "module.vpc.aws_subnet.private",
            "module.vpc.aws_subnet.public",
            "module.vpc.aws_subnet.public_fw",
            "module.vpc.aws_vpc.this",
            "module.vpc.aws_vpc_security_group_ingress_rule.icmp_access_ingress"
          ],
          "create_before_destroy": true
        }
      ]
    },
    {
      "module": "module.auto_scaling_group",
      "mode": "managed",
      "type": "aws_sns_topic",
      "name": "asg_updates",
      "provider": "provider[\"registry.terraform.io/hashicorp/aws\"]",
      "instances": [
        {
          "schema_version": 0,
          "attributes": {
            "application_failure_feedback_role_arn": "",
            "application_success_feedback_role_arn": "",
            "application_success_feedback_sample_rate": 0,
            "arn": "arn:aws:sns:ap-northeast-1:518897854809:region01-sns-topic",
            "content_based_deduplication": false,
            "delivery_policy": "",
            "display_name": "",
            "fifo_topic": false,
            "firehose_failure_feedback_role_arn": "",
            "firehose_success_feedback_role_arn": "",
            "firehose_success_feedback_sample_rate": 0,
            "http_failure_feedback_role_arn": "",
            "http_success_feedback_role_arn": "",
            "http_success_feedback_sample_rate": 0,
            "id": "arn:aws:sns:ap-northeast-1:518897854809:region01-sns-topic",
            "kms_master_key_id": "",
            "lambda_failure_feedback_role_arn": "",
            "lambda_success_feedback_role_arn": "",
            "lambda_success_feedback_sample_rate": 0,
            "name": "region01-sns-topic",
            "name_prefix": "",
            "owner": "518897854809",
            "policy": "{\"Id\":\"__default_policy_ID\",\"Statement\":[{\"Action\":[\"SNS:GetTopicAttributes\",\"SNS:SetTopicAttributes\",\"SNS:AddPermission\",\"SNS:RemovePermission\",\"SNS:DeleteTopic\",\"SNS:Subscribe\",\"SNS:ListSubscriptionsByTopic\",\"SNS:Publish\"],\"Condition\":{\"StringEquals\":{\"AWS:SourceOwner\":\"518897854809\"}},\"Effect\":\"Allow\",\"Principal\":{\"AWS\":\"*\"},\"Resource\":\"arn:aws:sns:ap-northeast-1:518897854809:region01-sns-topic\",\"Sid\":\"__default_statement_ID\"}],\"Version\":\"2008-10-17\"}",
            "signature_version": 0,
            "sqs_failure_feedback_role_arn": "",
            "sqs_success_feedback_role_arn": "",
            "sqs_success_feedback_sample_rate": 0,
            "tags": null,
            "tags_all": {},
            "tracing_config": ""
          },
          "sensitive_attributes": [],
          "private": "bnVsbA==",
          "dependencies": [
            "aws_acm_certificate.acm_cert",
            "module.load_balancer.aws_lb.web",
            "module.load_balancer.aws_lb_listener.https",
            "module.load_balancer.aws_lb_listener.web",
            "module.load_balancer.aws_lb_target_group.web",
            "module.s3.aws_cloudfront_distribution.images_cdn",
            "module.s3.aws_cloudfront_origin_access_identity.images_bucket_oai",
            "module.s3.aws_s3_bucket.images_bucket",
            "module.s3.aws_s3_bucket.log_bucket",
            "module.s3.aws_s3_bucket_acl.log_bucket",
            "module.s3.aws_s3_bucket_object.images_bucket_object",
            "module.s3.aws_s3_bucket_ownership_controls.log_bucket",
            "module.s3.aws_s3_bucket_policy.images_bucket_policy",
            "module.s3.data.aws_iam_policy_document.images_bucket",
            "module.vpc.aws_eip.this_a",
            "module.vpc.aws_eip.this_c",
            "module.vpc.aws_internet_gateway.this",
            "module.vpc.aws_nat_gateway.this_a",
            "module.vpc.aws_nat_gateway.this_c",
            "module.vpc.aws_route.internet_gateway_fw",
            "module.vpc.aws_route.nat_gateway_a",
            "module.vpc.aws_route.nat_gateway_c",
            "module.vpc.aws_route_table.private_a",
            "module.vpc.aws_route_table.private_c",
            "module.vpc.aws_route_table.public_a",
            "module.vpc.aws_route_table.public_c",
            "module.vpc.aws_route_table.public_fw",
            "module.vpc.aws_route_table_association.private_a",
            "module.vpc.aws_route_table_association.private_c",
            "module.vpc.aws_route_table_association.public_a",
            "module.vpc.aws_route_table_association.public_c",
            "module.vpc.aws_route_table_association.public_fw",
            "module.vpc.aws_security_group.admin",
            "module.vpc.aws_security_group.alb",
            "module.vpc.aws_security_group.web",
            "module.vpc.aws_security_group_rule.admin_access_ingress",
            "module.vpc.aws_security_group_rule.alb_access_ingress",
            "module.vpc.aws_security_group_rule.alb_access_ingress_https",
            "module.vpc.aws_security_group_rule.alb_access_ingress_icmp",
            "module.vpc.aws_security_group_rule.http_access_ingress",
            "module.vpc.aws_security_group_rule.https_access_ingress",
            "module.vpc.aws_subnet.private",
            "module.vpc.aws_subnet.public",
            "module.vpc.aws_subnet.public_fw",
            "module.vpc.aws_vpc.this",
            "module.vpc.aws_vpc_security_group_ingress_rule.icmp_access_ingress"
          ]
        }
      ]
    },
    {
      "module": "module.auto_scaling_group",
      "mode": "managed",
      "type": "aws_sns_topic_subscription",
      "name": "web_updates_sqs_target",
      "provider": "provider[\"registry.terraform.io/hashicorp/aws\"]",
      "instances": [
        {
          "schema_version": 0,
          "attributes": {
            "arn": "arn:aws:sns:ap-northeast-1:518897854809:region01-sns-topic:afb4cde4-8743-424a-8934-116c402e517e",
            "confirmation_timeout_in_minutes": 1,
            "confirmation_was_authenticated": false,
            "delivery_policy": "",
            "endpoint": "dana@naver.com",
            "endpoint_auto_confirms": false,
            "filter_policy": "",
            "filter_policy_scope": "",
            "id": "arn:aws:sns:ap-northeast-1:518897854809:region01-sns-topic:afb4cde4-8743-424a-8934-116c402e517e",
            "owner_id": "518897854809",
            "pending_confirmation": true,
            "protocol": "email",
            "raw_message_delivery": false,
            "redrive_policy": "",
            "subscription_role_arn": "",
            "topic_arn": "arn:aws:sns:ap-northeast-1:518897854809:region01-sns-topic"
          },
          "sensitive_attributes": [],
          "private": "bnVsbA==",
          "dependencies": [
            "aws_acm_certificate.acm_cert",
            "module.auto_scaling_group.aws_sns_topic.asg_updates",
            "module.load_balancer.aws_lb.web",
            "module.load_balancer.aws_lb_listener.https",
            "module.load_balancer.aws_lb_listener.web",
            "module.load_balancer.aws_lb_target_group.web",
            "module.s3.aws_cloudfront_distribution.images_cdn",
            "module.s3.aws_cloudfront_origin_access_identity.images_bucket_oai",
            "module.s3.aws_s3_bucket.images_bucket",
            "module.s3.aws_s3_bucket.log_bucket",
            "module.s3.aws_s3_bucket_acl.log_bucket",
            "module.s3.aws_s3_bucket_object.images_bucket_object",
            "module.s3.aws_s3_bucket_ownership_controls.log_bucket",
            "module.s3.aws_s3_bucket_policy.images_bucket_policy",
            "module.s3.data.aws_iam_policy_document.images_bucket",
            "module.vpc.aws_eip.this_a",
            "module.vpc.aws_eip.this_c",
            "module.vpc.aws_internet_gateway.this",
            "module.vpc.aws_nat_gateway.this_a",
            "module.vpc.aws_nat_gateway.this_c",
            "module.vpc.aws_route.internet_gateway_fw",
            "module.vpc.aws_route.nat_gateway_a",
            "module.vpc.aws_route.nat_gateway_c",
            "module.vpc.aws_route_table.private_a",
            "module.vpc.aws_route_table.private_c",
            "module.vpc.aws_route_table.public_a",
            "module.vpc.aws_route_table.public_c",
            "module.vpc.aws_route_table.public_fw",
            "module.vpc.aws_route_table_association.private_a",
            "module.vpc.aws_route_table_association.private_c",
            "module.vpc.aws_route_table_association.public_a",
            "module.vpc.aws_route_table_association.public_c",
            "module.vpc.aws_route_table_association.public_fw",
            "module.vpc.aws_security_group.admin",
            "module.vpc.aws_security_group.alb",
            "module.vpc.aws_security_group.web",
            "module.vpc.aws_security_group_rule.admin_access_ingress",
            "module.vpc.aws_security_group_rule.alb_access_ingress",
            "module.vpc.aws_security_group_rule.alb_access_ingress_https",
            "module.vpc.aws_security_group_rule.alb_access_ingress_icmp",
            "module.vpc.aws_security_group_rule.http_access_ingress",
            "module.vpc.aws_security_group_rule.https_access_ingress",
            "module.vpc.aws_subnet.private",
            "module.vpc.aws_subnet.public",
            "module.vpc.aws_subnet.public_fw",
            "module.vpc.aws_vpc.this",
            "module.vpc.aws_vpc_security_group_ingress_rule.icmp_access_ingress"
          ]
        }
      ]
    },
    {
      "module": "module.load_balancer",
      "mode": "managed",
      "type": "aws_lb",
      "name": "web",
      "provider": "provider[\"registry.terraform.io/hashicorp/aws\"]",
      "instances": [
        {
          "schema_version": 0,
          "attributes": {
            "access_logs": [
              {
                "bucket": "",
                "enabled": false,
                "prefix": ""
              }
            ],
            "arn": "arn:aws:elasticloadbalancing:ap-northeast-1:518897854809:loadbalancer/app/region01-alb/18e615b512a79852",
            "arn_suffix": "app/region01-alb/18e615b512a79852",
            "customer_owned_ipv4_pool": "",
            "desync_mitigation_mode": "defensive",
            "dns_name": "region01-alb-1563133163.ap-northeast-1.elb.amazonaws.com",
            "drop_invalid_header_fields": false,
            "enable_cross_zone_load_balancing": true,
            "enable_deletion_protection": false,
            "enable_http2": true,
            "enable_tls_version_and_cipher_suite_headers": false,
            "enable_waf_fail_open": false,
            "enable_xff_client_port": false,
            "id": "arn:aws:elasticloadbalancing:ap-northeast-1:518897854809:loadbalancer/app/region01-alb/18e615b512a79852",
            "idle_timeout": 60,
            "internal": false,
            "ip_address_type": "ipv4",
            "load_balancer_type": "application",
            "name": "region01-alb",
            "name_prefix": null,
            "preserve_host_header": false,
            "security_groups": [
              "sg-08c97daef15fa03f1"
            ],
            "subnet_mapping": [
              {
                "allocation_id": "",
                "ipv6_address": "",
                "outpost_id": "",
                "private_ipv4_address": "",
                "subnet_id": "subnet-0c4b47758413216fe"
              },
              {
                "allocation_id": "",
                "ipv6_address": "",
                "outpost_id": "",
                "private_ipv4_address": "",
                "subnet_id": "subnet-0d68ec20231e0110f"
              }
            ],
            "subnets": [
              "subnet-0c4b47758413216fe",
              "subnet-0d68ec20231e0110f"
            ],
            "tags": {
              "Managed_by": "Terraform",
              "team": "4jo"
            },
            "tags_all": {
              "Managed_by": "Terraform",
              "team": "4jo"
            },
            "timeouts": null,
            "vpc_id": "vpc-0cca97fbdbc190704",
            "xff_header_processing_mode": "append",
            "zone_id": "Z14GRHDCWA56QT"
          },
          "sensitive_attributes": [],
          "private": "eyJlMmJmYjczMC1lY2FhLTExZTYtOGY4OC0zNDM2M2JjN2M0YzAiOnsiY3JlYXRlIjo2MDAwMDAwMDAwMDAsImRlbGV0ZSI6NjAwMDAwMDAwMDAwLCJ1cGRhdGUiOjYwMDAwMDAwMDAwMH19",
          "dependencies": [
            "aws_acm_certificate.acm_cert",
            "module.vpc.aws_eip.this_a",
            "module.vpc.aws_eip.this_c",
            "module.vpc.aws_internet_gateway.this",
            "module.vpc.aws_nat_gateway.this_a",
            "module.vpc.aws_nat_gateway.this_c",
            "module.vpc.aws_route.internet_gateway_fw",
            "module.vpc.aws_route.nat_gateway_a",
            "module.vpc.aws_route.nat_gateway_c",
            "module.vpc.aws_route_table.private_a",
            "module.vpc.aws_route_table.private_c",
            "module.vpc.aws_route_table.public_a",
            "module.vpc.aws_route_table.public_c",
            "module.vpc.aws_route_table.public_fw",
            "module.vpc.aws_route_table_association.private_a",
            "module.vpc.aws_route_table_association.private_c",
            "module.vpc.aws_route_table_association.public_a",
            "module.vpc.aws_route_table_association.public_c",
            "module.vpc.aws_route_table_association.public_fw",
            "module.vpc.aws_security_group.admin",
            "module.vpc.aws_security_group.alb",
            "module.vpc.aws_security_group.web",
            "module.vpc.aws_security_group_rule.admin_access_ingress",
            "module.vpc.aws_security_group_rule.alb_access_ingress",
            "module.vpc.aws_security_group_rule.alb_access_ingress_https",
            "module.vpc.aws_security_group_rule.alb_access_ingress_icmp",
            "module.vpc.aws_security_group_rule.http_access_ingress",
            "module.vpc.aws_security_group_rule.https_access_ingress",
            "module.vpc.aws_subnet.private",
            "module.vpc.aws_subnet.public",
            "module.vpc.aws_subnet.public_fw",
            "module.vpc.aws_vpc.this",
            "module.vpc.aws_vpc_security_group_ingress_rule.icmp_access_ingress"
          ],
          "create_before_destroy": true
        }
      ]
    },
    {
      "module": "module.load_balancer",
      "mode": "managed",
      "type": "aws_lb_listener",
      "name": "https",
      "provider": "provider[\"registry.terraform.io/hashicorp/aws\"]",
      "instances": [
        {
          "schema_version": 0,
          "attributes": {
            "alpn_policy": null,
            "arn": "arn:aws:elasticloadbalancing:ap-northeast-1:518897854809:listener/app/region01-alb/18e615b512a79852/2dcad64d093d9c13",
            "certificate_arn": "arn:aws:acm:ap-northeast-1:518897854809:certificate/f17a263a-0197-4183-a46b-9dc0ac0eed3f",
            "default_action": [
              {
                "authenticate_cognito": [],
                "authenticate_oidc": [],
                "fixed_response": [],
                "forward": [],
                "order": 1,
                "redirect": [],
                "target_group_arn": "arn:aws:elasticloadbalancing:ap-northeast-1:518897854809:targetgroup/region01-target-group/f8c171d33c4e5645",
                "type": "forward"
              }
            ],
            "id": "arn:aws:elasticloadbalancing:ap-northeast-1:518897854809:listener/app/region01-alb/18e615b512a79852/2dcad64d093d9c13",
            "load_balancer_arn": "arn:aws:elasticloadbalancing:ap-northeast-1:518897854809:loadbalancer/app/region01-alb/18e615b512a79852",
            "port": 443,
            "protocol": "HTTPS",
            "ssl_policy": "ELBSecurityPolicy-TLS13-1-2-2021-06",
            "tags": null,
            "tags_all": {},
            "timeouts": null
          },
          "sensitive_attributes": [],
          "private": "eyJlMmJmYjczMC1lY2FhLTExZTYtOGY4OC0zNDM2M2JjN2M0YzAiOnsicmVhZCI6NjAwMDAwMDAwMDAwfX0=",
          "dependencies": [
            "aws_acm_certificate.acm_cert",
            "module.load_balancer.aws_lb.web",
            "module.load_balancer.aws_lb_target_group.web",
            "module.vpc.aws_eip.this_a",
            "module.vpc.aws_eip.this_c",
            "module.vpc.aws_internet_gateway.this",
            "module.vpc.aws_nat_gateway.this_a",
            "module.vpc.aws_nat_gateway.this_c",
            "module.vpc.aws_route.internet_gateway_fw",
            "module.vpc.aws_route.nat_gateway_a",
            "module.vpc.aws_route.nat_gateway_c",
            "module.vpc.aws_route_table.private_a",
            "module.vpc.aws_route_table.private_c",
            "module.vpc.aws_route_table.public_a",
            "module.vpc.aws_route_table.public_c",
            "module.vpc.aws_route_table.public_fw",
            "module.vpc.aws_route_table_association.private_a",
            "module.vpc.aws_route_table_association.private_c",
            "module.vpc.aws_route_table_association.public_a",
            "module.vpc.aws_route_table_association.public_c",
            "module.vpc.aws_route_table_association.public_fw",
            "module.vpc.aws_security_group.admin",
            "module.vpc.aws_security_group.alb",
            "module.vpc.aws_security_group.web",
            "module.vpc.aws_security_group_rule.admin_access_ingress",
            "module.vpc.aws_security_group_rule.alb_access_ingress",
            "module.vpc.aws_security_group_rule.alb_access_ingress_https",
            "module.vpc.aws_security_group_rule.alb_access_ingress_icmp",
            "module.vpc.aws_security_group_rule.http_access_ingress",
            "module.vpc.aws_security_group_rule.https_access_ingress",
            "module.vpc.aws_subnet.private",
            "module.vpc.aws_subnet.public",
            "module.vpc.aws_subnet.public_fw",
            "module.vpc.aws_vpc.this",
            "module.vpc.aws_vpc_security_group_ingress_rule.icmp_access_ingress"
          ],
          "create_before_destroy": true
        }
      ]
    },
    {
      "module": "module.load_balancer",
      "mode": "managed",
      "type": "aws_lb_listener",
      "name": "web",
      "provider": "provider[\"registry.terraform.io/hashicorp/aws\"]",
      "instances": [
        {
          "schema_version": 0,
          "attributes": {
            "alpn_policy": null,
            "arn": "arn:aws:elasticloadbalancing:ap-northeast-1:518897854809:listener/app/region01-alb/18e615b512a79852/524c9677ac7e93dd",
            "certificate_arn": null,
            "default_action": [
              {
                "authenticate_cognito": [],
                "authenticate_oidc": [],
                "fixed_response": [],
                "forward": [],
                "order": 1,
                "redirect": [
                  {
                    "host": "#{host}",
                    "path": "/#{path}",
                    "port": "443",
                    "protocol": "HTTPS",
                    "query": "#{query}",
                    "status_code": "HTTP_301"
                  }
                ],
                "target_group_arn": "",
                "type": "redirect"
              }
            ],
            "id": "arn:aws:elasticloadbalancing:ap-northeast-1:518897854809:listener/app/region01-alb/18e615b512a79852/524c9677ac7e93dd",
            "load_balancer_arn": "arn:aws:elasticloadbalancing:ap-northeast-1:518897854809:loadbalancer/app/region01-alb/18e615b512a79852",
            "port": 80,
            "protocol": "HTTP",
            "ssl_policy": "",
            "tags": null,
            "tags_all": {},
            "timeouts": null
          },
          "sensitive_attributes": [],
          "private": "eyJlMmJmYjczMC1lY2FhLTExZTYtOGY4OC0zNDM2M2JjN2M0YzAiOnsicmVhZCI6NjAwMDAwMDAwMDAwfX0=",
          "dependencies": [
            "aws_acm_certificate.acm_cert",
            "module.load_balancer.aws_lb.web",
            "module.vpc.aws_eip.this_a",
            "module.vpc.aws_eip.this_c",
            "module.vpc.aws_internet_gateway.this",
            "module.vpc.aws_nat_gateway.this_a",
            "module.vpc.aws_nat_gateway.this_c",
            "module.vpc.aws_route.internet_gateway_fw",
            "module.vpc.aws_route.nat_gateway_a",
            "module.vpc.aws_route.nat_gateway_c",
            "module.vpc.aws_route_table.private_a",
            "module.vpc.aws_route_table.private_c",
            "module.vpc.aws_route_table.public_a",
            "module.vpc.aws_route_table.public_c",
            "module.vpc.aws_route_table.public_fw",
            "module.vpc.aws_route_table_association.private_a",
            "module.vpc.aws_route_table_association.private_c",
            "module.vpc.aws_route_table_association.public_a",
            "module.vpc.aws_route_table_association.public_c",
            "module.vpc.aws_route_table_association.public_fw",
            "module.vpc.aws_security_group.admin",
            "module.vpc.aws_security_group.alb",
            "module.vpc.aws_security_group.web",
            "module.vpc.aws_security_group_rule.admin_access_ingress",
            "module.vpc.aws_security_group_rule.alb_access_ingress",
            "module.vpc.aws_security_group_rule.alb_access_ingress_https",
            "module.vpc.aws_security_group_rule.alb_access_ingress_icmp",
            "module.vpc.aws_security_group_rule.http_access_ingress",
            "module.vpc.aws_security_group_rule.https_access_ingress",
            "module.vpc.aws_subnet.private",
            "module.vpc.aws_subnet.public",
            "module.vpc.aws_subnet.public_fw",
            "module.vpc.aws_vpc.this",
            "module.vpc.aws_vpc_security_group_ingress_rule.icmp_access_ingress"
          ],
          "create_before_destroy": true
        }
      ]
    },
    {
      "module": "module.load_balancer",
      "mode": "managed",
      "type": "aws_lb_target_group",
      "name": "web",
      "provider": "provider[\"registry.terraform.io/hashicorp/aws\"]",
      "instances": [
        {
          "schema_version": 0,
          "attributes": {
            "arn": "arn:aws:elasticloadbalancing:ap-northeast-1:518897854809:targetgroup/region01-target-group/f8c171d33c4e5645",
            "arn_suffix": "targetgroup/region01-target-group/f8c171d33c4e5645",
            "connection_termination": false,
            "deregistration_delay": "300",
            "health_check": [
              {
                "enabled": true,
                "healthy_threshold": 5,
                "interval": 30,
                "matcher": "200",
                "path": "/",
                "port": "traffic-port",
                "protocol": "HTTP",
                "timeout": 5,
                "unhealthy_threshold": 2
              }
            ],
            "id": "arn:aws:elasticloadbalancing:ap-northeast-1:518897854809:targetgroup/region01-target-group/f8c171d33c4e5645",
            "ip_address_type": "ipv4",
            "lambda_multi_value_headers_enabled": false,
            "load_balancing_algorithm_type": "round_robin",
            "load_balancing_cross_zone_enabled": "use_load_balancer_configuration",
            "name": "region01-target-group",
            "name_prefix": null,
            "port": 80,
            "preserve_client_ip": null,
            "protocol": "HTTP",
            "protocol_version": "HTTP1",
            "proxy_protocol_v2": false,
            "slow_start": 0,
            "stickiness": [
              {
                "cookie_duration": 86400,
                "cookie_name": "",
                "enabled": false,
                "type": "lb_cookie"
              }
            ],
            "tags": null,
            "tags_all": {},
            "target_failover": [
              {
                "on_deregistration": null,
                "on_unhealthy": null
              }
            ],
            "target_type": "instance",
            "vpc_id": "vpc-0cca97fbdbc190704"
          },
          "sensitive_attributes": [],
          "private": "bnVsbA==",
          "dependencies": [
            "aws_acm_certificate.acm_cert",
            "module.vpc.aws_eip.this_a",
            "module.vpc.aws_eip.this_c",
            "module.vpc.aws_internet_gateway.this",
            "module.vpc.aws_nat_gateway.this_a",
            "module.vpc.aws_nat_gateway.this_c",
            "module.vpc.aws_route.internet_gateway_fw",
            "module.vpc.aws_route.nat_gateway_a",
            "module.vpc.aws_route.nat_gateway_c",
            "module.vpc.aws_route_table.private_a",
            "module.vpc.aws_route_table.private_c",
            "module.vpc.aws_route_table.public_a",
            "module.vpc.aws_route_table.public_c",
            "module.vpc.aws_route_table.public_fw",
            "module.vpc.aws_route_table_association.private_a",
            "module.vpc.aws_route_table_association.private_c",
            "module.vpc.aws_route_table_association.public_a",
            "module.vpc.aws_route_table_association.public_c",
            "module.vpc.aws_route_table_association.public_fw",
            "module.vpc.aws_security_group.admin",
            "module.vpc.aws_security_group.alb",
            "module.vpc.aws_security_group.web",
            "module.vpc.aws_security_group_rule.admin_access_ingress",
            "module.vpc.aws_security_group_rule.alb_access_ingress",
            "module.vpc.aws_security_group_rule.alb_access_ingress_https",
            "module.vpc.aws_security_group_rule.alb_access_ingress_icmp",
            "module.vpc.aws_security_group_rule.http_access_ingress",
            "module.vpc.aws_security_group_rule.https_access_ingress",
            "module.vpc.aws_subnet.private",
            "module.vpc.aws_subnet.public",
            "module.vpc.aws_subnet.public_fw",
            "module.vpc.aws_vpc.this",
            "module.vpc.aws_vpc_security_group_ingress_rule.icmp_access_ingress"
          ],
          "create_before_destroy": true
        }
      ]
    },
    {
      "module": "module.network_firewall",
      "mode": "managed",
      "type": "aws_cloudwatch_log_group",
      "name": "fw_alert_log_group",
      "provider": "provider[\"registry.terraform.io/hashicorp/aws\"]",
      "instances": [
        {
          "schema_version": 0,
          "attributes": {
            "arn": "arn:aws:logs:ap-northeast-1:518897854809:log-group:/anf/alert",
            "id": "/anf/alert",
            "kms_key_id": "",
            "name": "/anf/alert",
            "name_prefix": "",
            "retention_in_days": 0,
            "skip_destroy": false,
            "tags": null,
            "tags_all": {}
          },
          "sensitive_attributes": [],
          "private": "bnVsbA==",
          "dependencies": [
            "module.vpc.aws_eip.this_a",
            "module.vpc.aws_eip.this_c",
            "module.vpc.aws_internet_gateway.this",
            "module.vpc.aws_nat_gateway.this_a",
            "module.vpc.aws_nat_gateway.this_c",
            "module.vpc.aws_route.internet_gateway_fw",
            "module.vpc.aws_route.nat_gateway_a",
            "module.vpc.aws_route.nat_gateway_c",
            "module.vpc.aws_route_table.private_a",
            "module.vpc.aws_route_table.private_c",
            "module.vpc.aws_route_table.public_a",
            "module.vpc.aws_route_table.public_c",
            "module.vpc.aws_route_table.public_fw",
            "module.vpc.aws_route_table_association.private_a",
            "module.vpc.aws_route_table_association.private_c",
            "module.vpc.aws_route_table_association.public_a",
            "module.vpc.aws_route_table_association.public_c",
            "module.vpc.aws_route_table_association.public_fw",
            "module.vpc.aws_security_group.admin",
            "module.vpc.aws_security_group.alb",
            "module.vpc.aws_security_group.web",
            "module.vpc.aws_security_group_rule.admin_access_ingress",
            "module.vpc.aws_security_group_rule.alb_access_ingress",
            "module.vpc.aws_security_group_rule.alb_access_ingress_https",
            "module.vpc.aws_security_group_rule.alb_access_ingress_icmp",
            "module.vpc.aws_security_group_rule.http_access_ingress",
            "module.vpc.aws_security_group_rule.https_access_ingress",
            "module.vpc.aws_subnet.private",
            "module.vpc.aws_subnet.public",
            "module.vpc.aws_subnet.public_fw",
            "module.vpc.aws_vpc.this",
            "module.vpc.aws_vpc_security_group_ingress_rule.icmp_access_ingress"
          ]
        }
      ]
    },
    {
      "module": "module.network_firewall",
      "mode": "managed",
      "type": "aws_cloudwatch_log_group",
      "name": "fw_flow_log_group",
      "provider": "provider[\"registry.terraform.io/hashicorp/aws\"]",
      "instances": [
        {
          "schema_version": 0,
          "attributes": {
            "arn": "arn:aws:logs:ap-northeast-1:518897854809:log-group:/anf/flow",
            "id": "/anf/flow",
            "kms_key_id": "",
            "name": "/anf/flow",
            "name_prefix": "",
            "retention_in_days": 0,
            "skip_destroy": false,
            "tags": null,
            "tags_all": {}
          },
          "sensitive_attributes": [],
          "private": "bnVsbA==",
          "dependencies": [
            "module.vpc.aws_eip.this_a",
            "module.vpc.aws_eip.this_c",
            "module.vpc.aws_internet_gateway.this",
            "module.vpc.aws_nat_gateway.this_a",
            "module.vpc.aws_nat_gateway.this_c",
            "module.vpc.aws_route.internet_gateway_fw",
            "module.vpc.aws_route.nat_gateway_a",
            "module.vpc.aws_route.nat_gateway_c",
            "module.vpc.aws_route_table.private_a",
            "module.vpc.aws_route_table.private_c",
            "module.vpc.aws_route_table.public_a",
            "module.vpc.aws_route_table.public_c",
            "module.vpc.aws_route_table.public_fw",
            "module.vpc.aws_route_table_association.private_a",
            "module.vpc.aws_route_table_association.private_c",
            "module.vpc.aws_route_table_association.public_a",
            "module.vpc.aws_route_table_association.public_c",
            "module.vpc.aws_route_table_association.public_fw",
            "module.vpc.aws_security_group.admin",
            "module.vpc.aws_security_group.alb",
            "module.vpc.aws_security_group.web",
            "module.vpc.aws_security_group_rule.admin_access_ingress",
            "module.vpc.aws_security_group_rule.alb_access_ingress",
            "module.vpc.aws_security_group_rule.alb_access_ingress_https",
            "module.vpc.aws_security_group_rule.alb_access_ingress_icmp",
            "module.vpc.aws_security_group_rule.http_access_ingress",
            "module.vpc.aws_security_group_rule.https_access_ingress",
            "module.vpc.aws_subnet.private",
            "module.vpc.aws_subnet.public",
            "module.vpc.aws_subnet.public_fw",
            "module.vpc.aws_vpc.this",
            "module.vpc.aws_vpc_security_group_ingress_rule.icmp_access_ingress"
          ]
        }
      ]
    },
    {
      "module": "module.network_firewall",
      "mode": "managed",
      "type": "aws_networkfirewall_firewall",
      "name": "fw",
      "provider": "provider[\"registry.terraform.io/hashicorp/aws\"]",
      "instances": [
        {
          "schema_version": 0,
          "attributes": {
            "arn": "arn:aws:network-firewall:ap-northeast-1:518897854809:firewall/region01-fw",
            "delete_protection": false,
            "description": "",
            "encryption_configuration": [],
            "firewall_policy_arn": "arn:aws:network-firewall:ap-northeast-1:518897854809:firewall-policy/region01-fwpolicy",
            "firewall_policy_change_protection": false,
            "firewall_status": [
              {
                "sync_states": [
                  {
                    "attachment": [
                      {
                        "endpoint_id": "vpce-091a46c71e919b595",
                        "subnet_id": "subnet-0a35a8bba3e46665f"
                      }
                    ],
                    "availability_zone": "ap-northeast-1c"
                  },
                  {
                    "attachment": [
                      {
                        "endpoint_id": "vpce-0ea267d3866ed1ff7",
                        "subnet_id": "subnet-0f5caed4d707fae0b"
                      }
                    ],
                    "availability_zone": "ap-northeast-1a"
                  }
                ]
              }
            ],
            "id": "arn:aws:network-firewall:ap-northeast-1:518897854809:firewall/region01-fw",
            "name": "region01-fw",
            "subnet_change_protection": false,
            "subnet_mapping": [
              {
                "ip_address_type": "IPV4",
                "subnet_id": "subnet-0a35a8bba3e46665f"
              },
              {
                "ip_address_type": "IPV4",
                "subnet_id": "subnet-0f5caed4d707fae0b"
              }
            ],
            "tags": {
              "Managed_by": "Terraform",
              "Name": "region01-fw",
              "team": "4jo"
            },
            "tags_all": {
              "Managed_by": "Terraform",
              "Name": "region01-fw",
              "team": "4jo"
            },
            "update_token": "b6b6da06-c827-47ba-9ab0-60c501aa76ec",
            "vpc_id": "vpc-0cca97fbdbc190704"
          },
          "sensitive_attributes": [],
          "private": "bnVsbA==",
          "dependencies": [
            "module.network_firewall.aws_networkfirewall_firewall_policy.fwpolicy",
            "module.network_firewall.aws_networkfirewall_rule_group.block_domains",
            "module.network_firewall.aws_networkfirewall_rule_group.drop_tcp_test",
            "module.vpc.aws_eip.this_a",
            "module.vpc.aws_eip.this_c",
            "module.vpc.aws_internet_gateway.this",
            "module.vpc.aws_nat_gateway.this_a",
            "module.vpc.aws_nat_gateway.this_c",
            "module.vpc.aws_route.internet_gateway_fw",
            "module.vpc.aws_route.nat_gateway_a",
            "module.vpc.aws_route.nat_gateway_c",
            "module.vpc.aws_route_table.private_a",
            "module.vpc.aws_route_table.private_c",
            "module.vpc.aws_route_table.public_a",
            "module.vpc.aws_route_table.public_c",
            "module.vpc.aws_route_table.public_fw",
            "module.vpc.aws_route_table_association.private_a",
            "module.vpc.aws_route_table_association.private_c",
            "module.vpc.aws_route_table_association.public_a",
            "module.vpc.aws_route_table_association.public_c",
            "module.vpc.aws_route_table_association.public_fw",
            "module.vpc.aws_security_group.admin",
            "module.vpc.aws_security_group.alb",
            "module.vpc.aws_security_group.web",
            "module.vpc.aws_security_group_rule.admin_access_ingress",
            "module.vpc.aws_security_group_rule.alb_access_ingress",
            "module.vpc.aws_security_group_rule.alb_access_ingress_https",
            "module.vpc.aws_security_group_rule.alb_access_ingress_icmp",
            "module.vpc.aws_security_group_rule.http_access_ingress",
            "module.vpc.aws_security_group_rule.https_access_ingress",
            "module.vpc.aws_subnet.private",
            "module.vpc.aws_subnet.public",
            "module.vpc.aws_subnet.public_fw",
            "module.vpc.aws_vpc.this",
            "module.vpc.aws_vpc_security_group_ingress_rule.icmp_access_ingress"
          ]
        }
      ]
    },
    {
      "module": "module.network_firewall",
      "mode": "managed",
      "type": "aws_networkfirewall_firewall_policy",
      "name": "fwpolicy",
      "provider": "provider[\"registry.terraform.io/hashicorp/aws\"]",
      "instances": [
        {
          "schema_version": 0,
          "attributes": {
            "arn": "arn:aws:network-firewall:ap-northeast-1:518897854809:firewall-policy/region01-fwpolicy",
            "description": "",
            "encryption_configuration": [],
            "firewall_policy": [
              {
                "stateful_default_actions": null,
                "stateful_engine_options": [],
                "stateful_rule_group_reference": [
                  {
                    "override": [],
                    "priority": null,
                    "resource_arn": "arn:aws:network-firewall:ap-northeast-1:518897854809:stateful-rulegroup/block-domains"
                  }
                ],
                "stateless_custom_action": [],
                "stateless_default_actions": [
                  "aws:forward_to_sfe"
                ],
                "stateless_fragment_default_actions": [
                  "aws:forward_to_sfe"
                ],
                "stateless_rule_group_reference": [
                  {
                    "priority": 10,
                    "resource_arn": "arn:aws:network-firewall:ap-northeast-1:518897854809:stateless-rulegroup/drop-tcp-test"
                  }
                ]
              }
            ],
            "id": "arn:aws:network-firewall:ap-northeast-1:518897854809:firewall-policy/region01-fwpolicy",
            "name": "region01-fwpolicy",
            "tags": {
              "Managed_by": "Terraform",
              "Name": "region01-fwpolicy",
              "team": "4jo"
            },
            "tags_all": {
              "Managed_by": "Terraform",
              "Name": "region01-fwpolicy",
              "team": "4jo"
            },
            "update_token": "f7791ac0-c4e8-4ea5-adbe-6f178107cccc"
          },
          "sensitive_attributes": [],
          "private": "bnVsbA==",
          "dependencies": [
            "module.network_firewall.aws_networkfirewall_rule_group.block_domains",
            "module.network_firewall.aws_networkfirewall_rule_group.drop_tcp_test",
            "module.vpc.aws_eip.this_a",
            "module.vpc.aws_eip.this_c",
            "module.vpc.aws_internet_gateway.this",
            "module.vpc.aws_nat_gateway.this_a",
            "module.vpc.aws_nat_gateway.this_c",
            "module.vpc.aws_route.internet_gateway_fw",
            "module.vpc.aws_route.nat_gateway_a",
            "module.vpc.aws_route.nat_gateway_c",
            "module.vpc.aws_route_table.private_a",
            "module.vpc.aws_route_table.private_c",
            "module.vpc.aws_route_table.public_a",
            "module.vpc.aws_route_table.public_c",
            "module.vpc.aws_route_table.public_fw",
            "module.vpc.aws_route_table_association.private_a",
            "module.vpc.aws_route_table_association.private_c",
            "module.vpc.aws_route_table_association.public_a",
            "module.vpc.aws_route_table_association.public_c",
            "module.vpc.aws_route_table_association.public_fw",
            "module.vpc.aws_security_group.admin",
            "module.vpc.aws_security_group.alb",
            "module.vpc.aws_security_group.web",
            "module.vpc.aws_security_group_rule.admin_access_ingress",
            "module.vpc.aws_security_group_rule.alb_access_ingress",
            "module.vpc.aws_security_group_rule.alb_access_ingress_https",
            "module.vpc.aws_security_group_rule.alb_access_ingress_icmp",
            "module.vpc.aws_security_group_rule.http_access_ingress",
            "module.vpc.aws_security_group_rule.https_access_ingress",
            "module.vpc.aws_subnet.private",
            "module.vpc.aws_subnet.public",
            "module.vpc.aws_subnet.public_fw",
            "module.vpc.aws_vpc.this",
            "module.vpc.aws_vpc_security_group_ingress_rule.icmp_access_ingress"
          ]
        }
      ]
    },
    {
      "module": "module.network_firewall",
      "mode": "managed",
      "type": "aws_networkfirewall_logging_configuration",
      "name": "example",
      "provider": "provider[\"registry.terraform.io/hashicorp/aws\"]",
      "instances": [
        {
          "schema_version": 0,
          "attributes": {
            "firewall_arn": "arn:aws:network-firewall:ap-northeast-1:518897854809:firewall/region01-fw",
            "id": "arn:aws:network-firewall:ap-northeast-1:518897854809:firewall/region01-fw",
            "logging_configuration": [
              {
                "log_destination_config": [
                  {
                    "log_destination": {
                      "logGroup": "/anf/alert"
                    },
                    "log_destination_type": "CloudWatchLogs",
                    "log_type": "ALERT"
                  },
                  {
                    "log_destination": {
                      "logGroup": "/anf/flow"
                    },
                    "log_destination_type": "CloudWatchLogs",
                    "log_type": "FLOW"
                  }
                ]
              }
            ]
          },
          "sensitive_attributes": [],
          "private": "bnVsbA==",
          "dependencies": [
            "module.network_firewall.aws_cloudwatch_log_group.fw_alert_log_group",
            "module.network_firewall.aws_cloudwatch_log_group.fw_flow_log_group",
            "module.network_firewall.aws_networkfirewall_firewall.fw",
            "module.network_firewall.aws_networkfirewall_firewall_policy.fwpolicy",
            "module.network_firewall.aws_networkfirewall_rule_group.block_domains",
            "module.network_firewall.aws_networkfirewall_rule_group.drop_tcp_test",
            "module.vpc.aws_eip.this_a",
            "module.vpc.aws_eip.this_c",
            "module.vpc.aws_internet_gateway.this",
            "module.vpc.aws_nat_gateway.this_a",
            "module.vpc.aws_nat_gateway.this_c",
            "module.vpc.aws_route.internet_gateway_fw",
            "module.vpc.aws_route.nat_gateway_a",
            "module.vpc.aws_route.nat_gateway_c",
            "module.vpc.aws_route_table.private_a",
            "module.vpc.aws_route_table.private_c",
            "module.vpc.aws_route_table.public_a",
            "module.vpc.aws_route_table.public_c",
            "module.vpc.aws_route_table.public_fw",
            "module.vpc.aws_route_table_association.private_a",
            "module.vpc.aws_route_table_association.private_c",
            "module.vpc.aws_route_table_association.public_a",
            "module.vpc.aws_route_table_association.public_c",
            "module.vpc.aws_route_table_association.public_fw",
            "module.vpc.aws_security_group.admin",
            "module.vpc.aws_security_group.alb",
            "module.vpc.aws_security_group.web",
            "module.vpc.aws_security_group_rule.admin_access_ingress",
            "module.vpc.aws_security_group_rule.alb_access_ingress",
            "module.vpc.aws_security_group_rule.alb_access_ingress_https",
            "module.vpc.aws_security_group_rule.alb_access_ingress_icmp",
            "module.vpc.aws_security_group_rule.http_access_ingress",
            "module.vpc.aws_security_group_rule.https_access_ingress",
            "module.vpc.aws_subnet.private",
            "module.vpc.aws_subnet.public",
            "module.vpc.aws_subnet.public_fw",
            "module.vpc.aws_vpc.this",
            "module.vpc.aws_vpc_security_group_ingress_rule.icmp_access_ingress"
          ]
        }
      ]
    },
    {
      "module": "module.network_firewall",
      "mode": "managed",
      "type": "aws_networkfirewall_rule_group",
      "name": "block_domains",
      "provider": "provider[\"registry.terraform.io/hashicorp/aws\"]",
      "instances": [
        {
          "schema_version": 0,
          "attributes": {
            "arn": "arn:aws:network-firewall:ap-northeast-1:518897854809:stateful-rulegroup/block-domains",
            "capacity": 100,
            "description": "",
            "encryption_configuration": [],
            "id": "arn:aws:network-firewall:ap-northeast-1:518897854809:stateful-rulegroup/block-domains",
            "name": "block-domains",
            "rule_group": [
              {
                "reference_sets": [],
                "rule_variables": [
                  {
                    "ip_sets": [
                      {
                        "ip_set": [
                          {
                            "definition": [
                              "10.4.2.0/24"
                            ]
                          }
                        ],
                        "key": "HOME_NET"
                      }
                    ],
                    "port_sets": []
                  }
                ],
                "rules_source": [
                  {
                    "rules_source_list": [
                      {
                        "generated_rules_type": "DENYLIST",
                        "target_types": [
                          "HTTP_HOST",
                          "TLS_SNI"
                        ],
                        "targets": [
                          ".naver.com"
                        ]
                      }
                    ],
                    "rules_string": "",
                    "stateful_rule": [],
                    "stateless_rules_and_custom_actions": []
                  }
                ],
                "stateful_rule_options": []
              }
            ],
            "rules": null,
            "tags": null,
            "tags_all": {},
            "type": "STATEFUL",
            "update_token": "489bf360-2d10-41b9-abd3-cddbe61789ff"
          },
          "sensitive_attributes": [],
          "private": "bnVsbA==",
          "dependencies": [
            "module.vpc.aws_eip.this_a",
            "module.vpc.aws_eip.this_c",
            "module.vpc.aws_internet_gateway.this",
            "module.vpc.aws_nat_gateway.this_a",
            "module.vpc.aws_nat_gateway.this_c",
            "module.vpc.aws_route.internet_gateway_fw",
            "module.vpc.aws_route.nat_gateway_a",
            "module.vpc.aws_route.nat_gateway_c",
            "module.vpc.aws_route_table.private_a",
            "module.vpc.aws_route_table.private_c",
            "module.vpc.aws_route_table.public_a",
            "module.vpc.aws_route_table.public_c",
            "module.vpc.aws_route_table.public_fw",
            "module.vpc.aws_route_table_association.private_a",
            "module.vpc.aws_route_table_association.private_c",
            "module.vpc.aws_route_table_association.public_a",
            "module.vpc.aws_route_table_association.public_c",
            "module.vpc.aws_route_table_association.public_fw",
            "module.vpc.aws_security_group.admin",
            "module.vpc.aws_security_group.alb",
            "module.vpc.aws_security_group.web",
            "module.vpc.aws_security_group_rule.admin_access_ingress",
            "module.vpc.aws_security_group_rule.alb_access_ingress",
            "module.vpc.aws_security_group_rule.alb_access_ingress_https",
            "module.vpc.aws_security_group_rule.alb_access_ingress_icmp",
            "module.vpc.aws_security_group_rule.http_access_ingress",
            "module.vpc.aws_security_group_rule.https_access_ingress",
            "module.vpc.aws_subnet.private",
            "module.vpc.aws_subnet.public",
            "module.vpc.aws_subnet.public_fw",
            "module.vpc.aws_vpc.this",
            "module.vpc.aws_vpc_security_group_ingress_rule.icmp_access_ingress"
          ]
        }
      ]
    },
    {
      "module": "module.network_firewall",
      "mode": "managed",
      "type": "aws_networkfirewall_rule_group",
      "name": "drop_tcp_test",
      "provider": "provider[\"registry.terraform.io/hashicorp/aws\"]",
      "instances": [
        {
          "schema_version": 0,
          "attributes": {
            "arn": "arn:aws:network-firewall:ap-northeast-1:518897854809:stateless-rulegroup/drop-tcp-test",
            "capacity": 10,
            "description": "",
            "encryption_configuration": [],
            "id": "arn:aws:network-firewall:ap-northeast-1:518897854809:stateless-rulegroup/drop-tcp-test",
            "name": "drop-tcp-test",
            "rule_group": [
              {
                "reference_sets": [],
                "rule_variables": [],
                "rules_source": [
                  {
                    "rules_source_list": [],
                    "rules_string": "",
                    "stateful_rule": [],
                    "stateless_rules_and_custom_actions": [
                      {
                        "custom_action": [],
                        "stateless_rule": [
                          {
                            "priority": 1,
                            "rule_definition": [
                              {
                                "actions": [
                                  "aws:drop"
                                ],
                                "match_attributes": [
                                  {
                                    "destination": [
                                      {
                                        "address_definition": "10.4.0.0/16"
                                      }
                                    ],
                                    "destination_port": [],
                                    "protocols": [
                                      6
                                    ],
                                    "source": [
                                      {
                                        "address_definition": "52.78.52.144/32"
                                      }
                                    ],
                                    "source_port": [],
                                    "tcp_flag": []
                                  }
                                ]
                              }
                            ]
                          }
                        ]
                      }
                    ]
                  }
                ],
                "stateful_rule_options": []
              }
            ],
            "rules": null,
            "tags": null,
            "tags_all": {},
            "type": "STATELESS",
            "update_token": "a1157ada-f6c0-47c1-8d09-aab395b0953e"
          },
          "sensitive_attributes": [],
          "private": "bnVsbA==",
          "dependencies": [
            "module.vpc.aws_eip.this_a",
            "module.vpc.aws_eip.this_c",
            "module.vpc.aws_internet_gateway.this",
            "module.vpc.aws_nat_gateway.this_a",
            "module.vpc.aws_nat_gateway.this_c",
            "module.vpc.aws_route.internet_gateway_fw",
            "module.vpc.aws_route.nat_gateway_a",
            "module.vpc.aws_route.nat_gateway_c",
            "module.vpc.aws_route_table.private_a",
            "module.vpc.aws_route_table.private_c",
            "module.vpc.aws_route_table.public_a",
            "module.vpc.aws_route_table.public_c",
            "module.vpc.aws_route_table.public_fw",
            "module.vpc.aws_route_table_association.private_a",
            "module.vpc.aws_route_table_association.private_c",
            "module.vpc.aws_route_table_association.public_a",
            "module.vpc.aws_route_table_association.public_c",
            "module.vpc.aws_route_table_association.public_fw",
            "module.vpc.aws_security_group.admin",
            "module.vpc.aws_security_group.alb",
            "module.vpc.aws_security_group.web",
            "module.vpc.aws_security_group_rule.admin_access_ingress",
            "module.vpc.aws_security_group_rule.alb_access_ingress",
            "module.vpc.aws_security_group_rule.alb_access_ingress_https",
            "module.vpc.aws_security_group_rule.alb_access_ingress_icmp",
            "module.vpc.aws_security_group_rule.http_access_ingress",
            "module.vpc.aws_security_group_rule.https_access_ingress",
            "module.vpc.aws_subnet.private",
            "module.vpc.aws_subnet.public",
            "module.vpc.aws_subnet.public_fw",
            "module.vpc.aws_vpc.this",
            "module.vpc.aws_vpc_security_group_ingress_rule.icmp_access_ingress"
          ]
        }
      ]
    },
    {
      "module": "module.network_firewall",
      "mode": "managed",
      "type": "aws_route",
      "name": "gwlb_a",
      "provider": "provider[\"registry.terraform.io/hashicorp/aws\"]",
      "instances": [
        {
          "schema_version": 0,
          "attributes": {
            "carrier_gateway_id": "",
            "core_network_arn": "",
            "destination_cidr_block": "0.0.0.0/0",
            "destination_ipv6_cidr_block": "",
            "destination_prefix_list_id": "",
            "egress_only_gateway_id": "",
            "gateway_id": "",
            "id": "r-rtb-0bb208bdf1589787a1080289494",
            "instance_id": "",
            "instance_owner_id": "",
            "local_gateway_id": "",
            "nat_gateway_id": "",
            "network_interface_id": "",
            "origin": "CreateRoute",
            "route_table_id": "rtb-0bb208bdf1589787a",
            "state": "active",
            "timeouts": null,
            "transit_gateway_id": "",
            "vpc_endpoint_id": "vpce-0ea267d3866ed1ff7",
            "vpc_peering_connection_id": ""
          },
          "sensitive_attributes": [],
          "private": "eyJlMmJmYjczMC1lY2FhLTExZTYtOGY4OC0zNDM2M2JjN2M0YzAiOnsiY3JlYXRlIjozMDAwMDAwMDAwMDAsImRlbGV0ZSI6MzAwMDAwMDAwMDAwLCJ1cGRhdGUiOjEyMDAwMDAwMDAwMH19",
          "dependencies": [
            "module.network_firewall.aws_networkfirewall_firewall.fw",
            "module.network_firewall.aws_networkfirewall_firewall_policy.fwpolicy",
            "module.network_firewall.aws_networkfirewall_rule_group.block_domains",
            "module.network_firewall.aws_networkfirewall_rule_group.drop_tcp_test",
            "module.vpc.aws_eip.this_a",
            "module.vpc.aws_eip.this_c",
            "module.vpc.aws_internet_gateway.this",
            "module.vpc.aws_nat_gateway.this_a",
            "module.vpc.aws_nat_gateway.this_c",
            "module.vpc.aws_route.internet_gateway_fw",
            "module.vpc.aws_route.nat_gateway_a",
            "module.vpc.aws_route.nat_gateway_c",
            "module.vpc.aws_route_table.private_a",
            "module.vpc.aws_route_table.private_c",
            "module.vpc.aws_route_table.public_a",
            "module.vpc.aws_route_table.public_c",
            "module.vpc.aws_route_table.public_fw",
            "module.vpc.aws_route_table_association.private_a",
            "module.vpc.aws_route_table_association.private_c",
            "module.vpc.aws_route_table_association.public_a",
            "module.vpc.aws_route_table_association.public_c",
            "module.vpc.aws_route_table_association.public_fw",
            "module.vpc.aws_security_group.admin",
            "module.vpc.aws_security_group.alb",
            "module.vpc.aws_security_group.web",
            "module.vpc.aws_security_group_rule.admin_access_ingress",
            "module.vpc.aws_security_group_rule.alb_access_ingress",
            "module.vpc.aws_security_group_rule.alb_access_ingress_https",
            "module.vpc.aws_security_group_rule.alb_access_ingress_icmp",
            "module.vpc.aws_security_group_rule.http_access_ingress",
            "module.vpc.aws_security_group_rule.https_access_ingress",
            "module.vpc.aws_subnet.private",
            "module.vpc.aws_subnet.public",
            "module.vpc.aws_subnet.public_fw",
            "module.vpc.aws_vpc.this",
            "module.vpc.aws_vpc_security_group_ingress_rule.icmp_access_ingress"
          ]
        }
      ]
    },
    {
      "module": "module.network_firewall",
      "mode": "managed",
      "type": "aws_route",
      "name": "gwlb_c",
      "provider": "provider[\"registry.terraform.io/hashicorp/aws\"]",
      "instances": [
        {
          "schema_version": 0,
          "attributes": {
            "carrier_gateway_id": "",
            "core_network_arn": "",
            "destination_cidr_block": "0.0.0.0/0",
            "destination_ipv6_cidr_block": "",
            "destination_prefix_list_id": "",
            "egress_only_gateway_id": "",
            "gateway_id": "",
            "id": "r-rtb-0451ec4cb32fcdcb21080289494",
            "instance_id": "",
            "instance_owner_id": "",
            "local_gateway_id": "",
            "nat_gateway_id": "",
            "network_interface_id": "",
            "origin": "CreateRoute",
            "route_table_id": "rtb-0451ec4cb32fcdcb2",
            "state": "active",
            "timeouts": null,
            "transit_gateway_id": "",
            "vpc_endpoint_id": "vpce-091a46c71e919b595",
            "vpc_peering_connection_id": ""
          },
          "sensitive_attributes": [],
          "private": "eyJlMmJmYjczMC1lY2FhLTExZTYtOGY4OC0zNDM2M2JjN2M0YzAiOnsiY3JlYXRlIjozMDAwMDAwMDAwMDAsImRlbGV0ZSI6MzAwMDAwMDAwMDAwLCJ1cGRhdGUiOjEyMDAwMDAwMDAwMH19",
          "dependencies": [
            "module.network_firewall.aws_networkfirewall_firewall.fw",
            "module.network_firewall.aws_networkfirewall_firewall_policy.fwpolicy",
            "module.network_firewall.aws_networkfirewall_rule_group.block_domains",
            "module.network_firewall.aws_networkfirewall_rule_group.drop_tcp_test",
            "module.vpc.aws_eip.this_a",
            "module.vpc.aws_eip.this_c",
            "module.vpc.aws_internet_gateway.this",
            "module.vpc.aws_nat_gateway.this_a",
            "module.vpc.aws_nat_gateway.this_c",
            "module.vpc.aws_route.internet_gateway_fw",
            "module.vpc.aws_route.nat_gateway_a",
            "module.vpc.aws_route.nat_gateway_c",
            "module.vpc.aws_route_table.private_a",
            "module.vpc.aws_route_table.private_c",
            "module.vpc.aws_route_table.public_a",
            "module.vpc.aws_route_table.public_c",
            "module.vpc.aws_route_table.public_fw",
            "module.vpc.aws_route_table_association.private_a",
            "module.vpc.aws_route_table_association.private_c",
            "module.vpc.aws_route_table_association.public_a",
            "module.vpc.aws_route_table_association.public_c",
            "module.vpc.aws_route_table_association.public_fw",
            "module.vpc.aws_security_group.admin",
            "module.vpc.aws_security_group.alb",
            "module.vpc.aws_security_group.web",
            "module.vpc.aws_security_group_rule.admin_access_ingress",
            "module.vpc.aws_security_group_rule.alb_access_ingress",
            "module.vpc.aws_security_group_rule.alb_access_ingress_https",
            "module.vpc.aws_security_group_rule.alb_access_ingress_icmp",
            "module.vpc.aws_security_group_rule.http_access_ingress",
            "module.vpc.aws_security_group_rule.https_access_ingress",
            "module.vpc.aws_subnet.private",
            "module.vpc.aws_subnet.public",
            "module.vpc.aws_subnet.public_fw",
            "module.vpc.aws_vpc.this",
            "module.vpc.aws_vpc_security_group_ingress_rule.icmp_access_ingress"
          ]
        }
      ]
    },
    {
      "module": "module.network_firewall",
      "mode": "managed",
      "type": "aws_route",
      "name": "igw",
      "provider": "provider[\"registry.terraform.io/hashicorp/aws\"]",
      "instances": [
        {
          "index_key": 0,
          "schema_version": 0,
          "attributes": {
            "carrier_gateway_id": "",
            "core_network_arn": "",
            "destination_cidr_block": "10.4.2.0/24",
            "destination_ipv6_cidr_block": "",
            "destination_prefix_list_id": "",
            "egress_only_gateway_id": "",
            "gateway_id": "",
            "id": "r-rtb-088d2e7f1afb6cd87102469380",
            "instance_id": "",
            "instance_owner_id": "",
            "local_gateway_id": "",
            "nat_gateway_id": "",
            "network_interface_id": "",
            "origin": "CreateRoute",
            "route_table_id": "rtb-088d2e7f1afb6cd87",
            "state": "active",
            "timeouts": null,
            "transit_gateway_id": "",
            "vpc_endpoint_id": "vpce-0ea267d3866ed1ff7",
            "vpc_peering_connection_id": ""
          },
          "sensitive_attributes": [],
          "private": "eyJlMmJmYjczMC1lY2FhLTExZTYtOGY4OC0zNDM2M2JjN2M0YzAiOnsiY3JlYXRlIjozMDAwMDAwMDAwMDAsImRlbGV0ZSI6MzAwMDAwMDAwMDAwLCJ1cGRhdGUiOjEyMDAwMDAwMDAwMH19",
          "dependencies": [
            "module.network_firewall.aws_networkfirewall_firewall.fw",
            "module.network_firewall.aws_networkfirewall_firewall_policy.fwpolicy",
            "module.network_firewall.aws_networkfirewall_rule_group.block_domains",
            "module.network_firewall.aws_networkfirewall_rule_group.drop_tcp_test",
            "module.network_firewall.aws_route_table.igw",
            "module.vpc.aws_eip.this_a",
            "module.vpc.aws_eip.this_c",
            "module.vpc.aws_internet_gateway.this",
            "module.vpc.aws_nat_gateway.this_a",
            "module.vpc.aws_nat_gateway.this_c",
            "module.vpc.aws_route.internet_gateway_fw",
            "module.vpc.aws_route.nat_gateway_a",
            "module.vpc.aws_route.nat_gateway_c",
            "module.vpc.aws_route_table.private_a",
            "module.vpc.aws_route_table.private_c",
            "module.vpc.aws_route_table.public_a",
            "module.vpc.aws_route_table.public_c",
            "module.vpc.aws_route_table.public_fw",
            "module.vpc.aws_route_table_association.private_a",
            "module.vpc.aws_route_table_association.private_c",
            "module.vpc.aws_route_table_association.public_a",
            "module.vpc.aws_route_table_association.public_c",
            "module.vpc.aws_route_table_association.public_fw",
            "module.vpc.aws_security_group.admin",
            "module.vpc.aws_security_group.alb",
            "module.vpc.aws_security_group.web",
            "module.vpc.aws_security_group_rule.admin_access_ingress",
            "module.vpc.aws_security_group_rule.alb_access_ingress",
            "module.vpc.aws_security_group_rule.alb_access_ingress_https",
            "module.vpc.aws_security_group_rule.alb_access_ingress_icmp",
            "module.vpc.aws_security_group_rule.http_access_ingress",
            "module.vpc.aws_security_group_rule.https_access_ingress",
            "module.vpc.aws_subnet.private",
            "module.vpc.aws_subnet.public",
            "module.vpc.aws_subnet.public_fw",
            "module.vpc.aws_vpc.this",
            "module.vpc.aws_vpc_security_group_ingress_rule.icmp_access_ingress"
          ]
        },
        {
          "index_key": 1,
          "schema_version": 0,
          "attributes": {
            "carrier_gateway_id": "",
            "core_network_arn": "",
            "destination_cidr_block": "10.4.22.0/24",
            "destination_ipv6_cidr_block": "",
            "destination_prefix_list_id": "",
            "egress_only_gateway_id": "",
            "gateway_id": "",
            "id": "r-rtb-088d2e7f1afb6cd87365428673",
            "instance_id": "",
            "instance_owner_id": "",
            "local_gateway_id": "",
            "nat_gateway_id": "",
            "network_interface_id": "",
            "origin": "CreateRoute",
            "route_table_id": "rtb-088d2e7f1afb6cd87",
            "state": "active",
            "timeouts": null,
            "transit_gateway_id": "",
            "vpc_endpoint_id": "vpce-091a46c71e919b595",
            "vpc_peering_connection_id": ""
          },
          "sensitive_attributes": [],
          "private": "eyJlMmJmYjczMC1lY2FhLTExZTYtOGY4OC0zNDM2M2JjN2M0YzAiOnsiY3JlYXRlIjozMDAwMDAwMDAwMDAsImRlbGV0ZSI6MzAwMDAwMDAwMDAwLCJ1cGRhdGUiOjEyMDAwMDAwMDAwMH19",
          "dependencies": [
            "module.network_firewall.aws_networkfirewall_firewall.fw",
            "module.network_firewall.aws_networkfirewall_firewall_policy.fwpolicy",
            "module.network_firewall.aws_networkfirewall_rule_group.block_domains",
            "module.network_firewall.aws_networkfirewall_rule_group.drop_tcp_test",
            "module.network_firewall.aws_route_table.igw",
            "module.vpc.aws_eip.this_a",
            "module.vpc.aws_eip.this_c",
            "module.vpc.aws_internet_gateway.this",
            "module.vpc.aws_nat_gateway.this_a",
            "module.vpc.aws_nat_gateway.this_c",
            "module.vpc.aws_route.internet_gateway_fw",
            "module.vpc.aws_route.nat_gateway_a",
            "module.vpc.aws_route.nat_gateway_c",
            "module.vpc.aws_route_table.private_a",
            "module.vpc.aws_route_table.private_c",
            "module.vpc.aws_route_table.public_a",
            "module.vpc.aws_route_table.public_c",
            "module.vpc.aws_route_table.public_fw",
            "module.vpc.aws_route_table_association.private_a",
            "module.vpc.aws_route_table_association.private_c",
            "module.vpc.aws_route_table_association.public_a",
            "module.vpc.aws_route_table_association.public_c",
            "module.vpc.aws_route_table_association.public_fw",
            "module.vpc.aws_security_group.admin",
            "module.vpc.aws_security_group.alb",
            "module.vpc.aws_security_group.web",
            "module.vpc.aws_security_group_rule.admin_access_ingress",
            "module.vpc.aws_security_group_rule.alb_access_ingress",
            "module.vpc.aws_security_group_rule.alb_access_ingress_https",
            "module.vpc.aws_security_group_rule.alb_access_ingress_icmp",
            "module.vpc.aws_security_group_rule.http_access_ingress",
            "module.vpc.aws_security_group_rule.https_access_ingress",
            "module.vpc.aws_subnet.private",
            "module.vpc.aws_subnet.public",
            "module.vpc.aws_subnet.public_fw",
            "module.vpc.aws_vpc.this",
            "module.vpc.aws_vpc_security_group_ingress_rule.icmp_access_ingress"
          ]
        }
      ]
    },
    {
      "module": "module.network_firewall",
      "mode": "managed",
      "type": "aws_route_table",
      "name": "igw",
      "provider": "provider[\"registry.terraform.io/hashicorp/aws\"]",
      "instances": [
        {
          "schema_version": 0,
          "attributes": {
            "arn": "arn:aws:ec2:ap-northeast-1:518897854809:route-table/rtb-088d2e7f1afb6cd87",
            "id": "rtb-088d2e7f1afb6cd87",
            "owner_id": "518897854809",
            "propagating_vgws": [],
            "route": [],
            "tags": {
              "Managed_by": "terraform",
              "Name": "region01-igw-rt"
            },
            "tags_all": {
              "Managed_by": "terraform",
              "Name": "region01-igw-rt"
            },
            "timeouts": null,
            "vpc_id": "vpc-0cca97fbdbc190704"
          },
          "sensitive_attributes": [],
          "private": "eyJlMmJmYjczMC1lY2FhLTExZTYtOGY4OC0zNDM2M2JjN2M0YzAiOnsiY3JlYXRlIjozMDAwMDAwMDAwMDAsImRlbGV0ZSI6MzAwMDAwMDAwMDAwLCJ1cGRhdGUiOjEyMDAwMDAwMDAwMH19",
          "dependencies": [
            "module.vpc.aws_eip.this_a",
            "module.vpc.aws_eip.this_c",
            "module.vpc.aws_internet_gateway.this",
            "module.vpc.aws_nat_gateway.this_a",
            "module.vpc.aws_nat_gateway.this_c",
            "module.vpc.aws_route.internet_gateway_fw",
            "module.vpc.aws_route.nat_gateway_a",
            "module.vpc.aws_route.nat_gateway_c",
            "module.vpc.aws_route_table.private_a",
            "module.vpc.aws_route_table.private_c",
            "module.vpc.aws_route_table.public_a",
            "module.vpc.aws_route_table.public_c",
            "module.vpc.aws_route_table.public_fw",
            "module.vpc.aws_route_table_association.private_a",
            "module.vpc.aws_route_table_association.private_c",
            "module.vpc.aws_route_table_association.public_a",
            "module.vpc.aws_route_table_association.public_c",
            "module.vpc.aws_route_table_association.public_fw",
            "module.vpc.aws_security_group.admin",
            "module.vpc.aws_security_group.alb",
            "module.vpc.aws_security_group.web",
            "module.vpc.aws_security_group_rule.admin_access_ingress",
            "module.vpc.aws_security_group_rule.alb_access_ingress",
            "module.vpc.aws_security_group_rule.alb_access_ingress_https",
            "module.vpc.aws_security_group_rule.alb_access_ingress_icmp",
            "module.vpc.aws_security_group_rule.http_access_ingress",
            "module.vpc.aws_security_group_rule.https_access_ingress",
            "module.vpc.aws_subnet.private",
            "module.vpc.aws_subnet.public",
            "module.vpc.aws_subnet.public_fw",
            "module.vpc.aws_vpc.this",
            "module.vpc.aws_vpc_security_group_ingress_rule.icmp_access_ingress"
          ]
        }
      ]
    },
    {
      "module": "module.network_firewall",
      "mode": "managed",
      "type": "aws_route_table_association",
      "name": "igw",
      "provider": "provider[\"registry.terraform.io/hashicorp/aws\"]",
      "instances": [
        {
          "schema_version": 0,
          "attributes": {
            "gateway_id": "igw-0eeb7a0248accc076",
            "id": "rtbassoc-08c2bdbb3584ec40e",
            "route_table_id": "rtb-088d2e7f1afb6cd87",
            "subnet_id": "",
            "timeouts": null
          },
          "sensitive_attributes": [],
          "private": "eyJlMmJmYjczMC1lY2FhLTExZTYtOGY4OC0zNDM2M2JjN2M0YzAiOnsiY3JlYXRlIjozMDAwMDAwMDAwMDAsImRlbGV0ZSI6MzAwMDAwMDAwMDAwLCJ1cGRhdGUiOjEyMDAwMDAwMDAwMH19",
          "dependencies": [
            "module.network_firewall.aws_route_table.igw",
            "module.vpc.aws_eip.this_a",
            "module.vpc.aws_eip.this_c",
            "module.vpc.aws_internet_gateway.this",
            "module.vpc.aws_nat_gateway.this_a",
            "module.vpc.aws_nat_gateway.this_c",
            "module.vpc.aws_route.internet_gateway_fw",
            "module.vpc.aws_route.nat_gateway_a",
            "module.vpc.aws_route.nat_gateway_c",
            "module.vpc.aws_route_table.private_a",
            "module.vpc.aws_route_table.private_c",
            "module.vpc.aws_route_table.public_a",
            "module.vpc.aws_route_table.public_c",
            "module.vpc.aws_route_table.public_fw",
            "module.vpc.aws_route_table_association.private_a",
            "module.vpc.aws_route_table_association.private_c",
            "module.vpc.aws_route_table_association.public_a",
            "module.vpc.aws_route_table_association.public_c",
            "module.vpc.aws_route_table_association.public_fw",
            "module.vpc.aws_security_group.admin",
            "module.vpc.aws_security_group.alb",
            "module.vpc.aws_security_group.web",
            "module.vpc.aws_security_group_rule.admin_access_ingress",
            "module.vpc.aws_security_group_rule.alb_access_ingress",
            "module.vpc.aws_security_group_rule.alb_access_ingress_https",
            "module.vpc.aws_security_group_rule.alb_access_ingress_icmp",
            "module.vpc.aws_security_group_rule.http_access_ingress",
            "module.vpc.aws_security_group_rule.https_access_ingress",
            "module.vpc.aws_subnet.private",
            "module.vpc.aws_subnet.public",
            "module.vpc.aws_subnet.public_fw",
            "module.vpc.aws_vpc.this",
            "module.vpc.aws_vpc_security_group_ingress_rule.icmp_access_ingress"
          ]
        }
      ]
    },
    {
      "module": "module.s3",
      "mode": "data",
      "type": "aws_iam_policy_document",
      "name": "images_bucket",
      "provider": "provider[\"registry.terraform.io/hashicorp/aws\"]",
      "instances": [
        {
          "schema_version": 0,
          "attributes": {
            "id": "964515677",
            "json": "{\n  \"Version\": \"2012-10-17\",\n  \"Statement\": [\n    {\n      \"Sid\": \"\",\n      \"Effect\": \"Allow\",\n      \"Action\": \"s3:GetObject\",\n      \"Resource\": \"arn:aws:s3:::4jo-web-images-ap-northeast-1/*\",\n      \"Principal\": {\n        \"AWS\": \"arn:aws:iam::cloudfront:user/CloudFront Origin Access Identity E38ROZP2RTREKR\"\n      }\n    },\n    {\n      \"Sid\": \"\",\n      \"Effect\": \"Allow\",\n      \"Action\": \"s3:ListBucket\",\n      \"Resource\": \"arn:aws:s3:::4jo-web-images-ap-northeast-1\",\n      \"Principal\": {\n        \"AWS\": \"arn:aws:iam::cloudfront:user/CloudFront Origin Access Identity E38ROZP2RTREKR\"\n      }\n    }\n  ]\n}",
            "override_json": null,
            "override_policy_documents": null,
            "policy_id": null,
            "source_json": null,
            "source_policy_documents": null,
            "statement": [
              {
                "actions": [
                  "s3:GetObject"
                ],
                "condition": [],
                "effect": "Allow",
                "not_actions": [],
                "not_principals": [],
                "not_resources": [],
                "principals": [
                  {
                    "identifiers": [
                      "arn:aws:iam::cloudfront:user/CloudFront Origin Access Identity E38ROZP2RTREKR"
                    ],
                    "type": "AWS"
                  }
                ],
                "resources": [
                  "arn:aws:s3:::4jo-web-images-ap-northeast-1/*"
                ],
                "sid": ""
              },
              {
                "actions": [
                  "s3:ListBucket"
                ],
                "condition": [],
                "effect": "Allow",
                "not_actions": [],
                "not_principals": [],
                "not_resources": [],
                "principals": [
                  {
                    "identifiers": [
                      "arn:aws:iam::cloudfront:user/CloudFront Origin Access Identity E38ROZP2RTREKR"
                    ],
                    "type": "AWS"
                  }
                ],
                "resources": [
                  "arn:aws:s3:::4jo-web-images-ap-northeast-1"
                ],
                "sid": ""
              }
            ],
            "version": "2012-10-17"
          },
          "sensitive_attributes": []
        }
      ]
    },
    {
      "module": "module.s3",
      "mode": "managed",
      "type": "aws_cloudfront_distribution",
      "name": "images_cdn",
      "provider": "provider[\"registry.terraform.io/hashicorp/aws\"]",
      "instances": [
        {
          "schema_version": 1,
          "attributes": {
            "aliases": null,
            "arn": "arn:aws:cloudfront::518897854809:distribution/E1QZKU5B2AZHS3",
            "caller_reference": "terraform-20230808100840107500000004",
            "comment": "4jo_images_cdn",
            "custom_error_response": [],
            "default_cache_behavior": [
              {
                "allowed_methods": [
                  "GET",
                  "HEAD",
                  "OPTIONS"
                ],
                "cache_policy_id": "",
                "cached_methods": [
                  "GET",
                  "HEAD",
                  "OPTIONS"
                ],
                "compress": false,
                "default_ttl": 3600,
                "field_level_encryption_id": "",
                "forwarded_values": [
                  {
                    "cookies": [
                      {
                        "forward": "none",
                        "whitelisted_names": []
                      }
                    ],
                    "headers": [],
                    "query_string": false,
                    "query_string_cache_keys": []
                  }
                ],
                "function_association": [],
                "lambda_function_association": [],
                "max_ttl": 86400,
                "min_ttl": 0,
                "origin_request_policy_id": "",
                "realtime_log_config_arn": "",
                "response_headers_policy_id": "",
                "smooth_streaming": false,
                "target_origin_id": "4jo-web-images-ap-northeast-1",
                "trusted_key_groups": [],
                "trusted_signers": [],
                "viewer_protocol_policy": "allow-all"
              }
            ],
            "default_root_object": "images/logo.gif",
            "domain_name": "dajqcbu2fyxgo.cloudfront.net",
            "enabled": true,
            "etag": "E1ZEMSQR4IJKXU",
            "hosted_zone_id": "Z2FDTNDATAQYW2",
            "http_version": "http2",
            "id": "E1QZKU5B2AZHS3",
            "in_progress_validation_batches": 0,
            "is_ipv6_enabled": true,
            "last_modified_time": "2023-08-08 10:08:40.946 +0000 UTC",
            "logging_config": [
              {
                "bucket": "4jo-cf-log-ap-northeast-1.s3.amazonaws.com",
                "include_cookies": false,
                "prefix": "4jo"
              }
            ],
            "ordered_cache_behavior": [],
            "origin": [
              {
                "connection_attempts": 3,
                "connection_timeout": 10,
                "custom_header": [],
                "custom_origin_config": [],
                "domain_name": "4jo-web-images-ap-northeast-1.s3.ap-northeast-1.amazonaws.com",
                "origin_access_control_id": "",
                "origin_id": "4jo-web-images-ap-northeast-1",
                "origin_path": "",
                "origin_shield": [],
                "s3_origin_config": [
                  {
                    "origin_access_identity": "origin-access-identity/cloudfront/E38ROZP2RTREKR"
                  }
                ]
              }
            ],
            "origin_group": [],
            "price_class": "PriceClass_All",
            "restrictions": [
              {
                "geo_restriction": [
                  {
                    "locations": [],
                    "restriction_type": "none"
                  }
                ]
              }
            ],
            "retain_on_delete": false,
            "status": "InProgress",
            "tags": {
              "Name": "4jo-cloudfront"
            },
            "tags_all": {
              "Name": "4jo-cloudfront"
            },
            "trusted_key_groups": [
              {
                "enabled": false,
                "items": []
              }
            ],
            "trusted_signers": [
              {
                "enabled": false,
                "items": []
              }
            ],
            "viewer_certificate": [
              {
                "acm_certificate_arn": "",
                "cloudfront_default_certificate": true,
                "iam_certificate_id": "",
                "minimum_protocol_version": "TLSv1",
                "ssl_support_method": ""
              }
            ],
            "wait_for_deployment": false,
            "web_acl_id": ""
          },
          "sensitive_attributes": [],
          "private": "eyJzY2hlbWFfdmVyc2lvbiI6IjEifQ==",
          "dependencies": [
            "module.s3.aws_cloudfront_origin_access_identity.images_bucket_oai",
            "module.s3.aws_s3_bucket.images_bucket"
          ],
          "create_before_destroy": true
        }
      ]
    },
    {
      "module": "module.s3",
      "mode": "managed",
      "type": "aws_cloudfront_origin_access_identity",
      "name": "images_bucket_oai",
      "provider": "provider[\"registry.terraform.io/hashicorp/aws\"]",
      "instances": [
        {
          "schema_version": 0,
          "attributes": {
            "caller_reference": "terraform-20230808100836534400000002",
            "cloudfront_access_identity_path": "origin-access-identity/cloudfront/E38ROZP2RTREKR",
            "comment": "4jo_origin_access_identity",
            "etag": "E37VSD4KYKJWTI",
            "iam_arn": "arn:aws:iam::cloudfront:user/CloudFront Origin Access Identity E38ROZP2RTREKR",
            "id": "E38ROZP2RTREKR",
            "s3_canonical_user_id": "2562ac6d69e0a2f1d554aee8106069de09ee3d90b10b928d009c254c8b8189a0c694c15779ac319dfd004743fa08c4d8"
          },
          "sensitive_attributes": [],
          "private": "bnVsbA==",
          "create_before_destroy": true
        }
      ]
    },
    {
      "module": "module.s3",
      "mode": "managed",
      "type": "aws_s3_bucket",
      "name": "images_bucket",
      "provider": "provider[\"registry.terraform.io/hashicorp/aws\"]",
      "instances": [
        {
          "schema_version": 0,
          "attributes": {
            "acceleration_status": "",
            "acl": "private",
            "arn": "arn:aws:s3:::4jo-web-images-ap-northeast-1",
            "bucket": "4jo-web-images-ap-northeast-1",
            "bucket_domain_name": "4jo-web-images-ap-northeast-1.s3.amazonaws.com",
            "bucket_prefix": "",
            "bucket_regional_domain_name": "4jo-web-images-ap-northeast-1.s3.ap-northeast-1.amazonaws.com",
            "cors_rule": [],
            "force_destroy": true,
            "grant": [
              {
                "id": "cd2689c2bfa08cf0aa6bdfebfc93def3d0e0178823a3afe8847e7aa1a68be4c2",
                "permissions": [
                  "FULL_CONTROL"
                ],
                "type": "CanonicalUser",
                "uri": ""
              }
            ],
            "hosted_zone_id": "Z2M4EHUR26P7ZW",
            "id": "4jo-web-images-ap-northeast-1",
            "lifecycle_rule": [],
            "logging": [],
            "object_lock_configuration": [],
            "object_lock_enabled": false,
            "policy": "",
            "region": "ap-northeast-1",
            "replication_configuration": [],
            "request_payer": "BucketOwner",
            "server_side_encryption_configuration": [
              {
                "rule": [
                  {
                    "apply_server_side_encryption_by_default": [
                      {
                        "kms_master_key_id": "",
                        "sse_algorithm": "AES256"
                      }
                    ],
                    "bucket_key_enabled": false
                  }
                ]
              }
            ],
            "tags": {
              "Name": "4jo-web-images-ap-northeast-1"
            },
            "tags_all": {
              "Name": "4jo-web-images-ap-northeast-1"
            },
            "timeouts": null,
            "versioning": [
              {
                "enabled": false,
                "mfa_delete": false
              }
            ],
            "website": [],
            "website_domain": null,
            "website_endpoint": null
          },
          "sensitive_attributes": [],
          "private": "eyJlMmJmYjczMC1lY2FhLTExZTYtOGY4OC0zNDM2M2JjN2M0YzAiOnsiY3JlYXRlIjoxMjAwMDAwMDAwMDAwLCJkZWxldGUiOjM2MDAwMDAwMDAwMDAsInJlYWQiOjEyMDAwMDAwMDAwMDAsInVwZGF0ZSI6MTIwMDAwMDAwMDAwMH19",
          "create_before_destroy": true
        }
      ]
    },
    {
      "module": "module.s3",
      "mode": "managed",
      "type": "aws_s3_bucket",
      "name": "log_bucket",
      "provider": "provider[\"registry.terraform.io/hashicorp/aws\"]",
      "instances": [
        {
          "schema_version": 0,
          "attributes": {
            "acceleration_status": "",
            "acl": null,
            "arn": "arn:aws:s3:::4jo-cf-log-ap-northeast-1",
            "bucket": "4jo-cf-log-ap-northeast-1",
            "bucket_domain_name": "4jo-cf-log-ap-northeast-1.s3.amazonaws.com",
            "bucket_prefix": "",
            "bucket_regional_domain_name": "4jo-cf-log-ap-northeast-1.s3.ap-northeast-1.amazonaws.com",
            "cors_rule": [],
            "force_destroy": true,
            "grant": [
              {
                "id": "cd2689c2bfa08cf0aa6bdfebfc93def3d0e0178823a3afe8847e7aa1a68be4c2",
                "permissions": [
                  "FULL_CONTROL"
                ],
                "type": "CanonicalUser",
                "uri": ""
              }
            ],
            "hosted_zone_id": "Z2M4EHUR26P7ZW",
            "id": "4jo-cf-log-ap-northeast-1",
            "lifecycle_rule": [],
            "logging": [],
            "object_lock_configuration": [],
            "object_lock_enabled": false,
            "policy": "",
            "region": "ap-northeast-1",
            "replication_configuration": [],
            "request_payer": "BucketOwner",
            "server_side_encryption_configuration": [
              {
                "rule": [
                  {
                    "apply_server_side_encryption_by_default": [
                      {
                        "kms_master_key_id": "",
                        "sse_algorithm": "AES256"
                      }
                    ],
                    "bucket_key_enabled": false
                  }
                ]
              }
            ],
            "tags": {
              "Name": "4jo-cf-log-ap-northeast-1"
            },
            "tags_all": {
              "Name": "4jo-cf-log-ap-northeast-1"
            },
            "timeouts": null,
            "versioning": [
              {
                "enabled": false,
                "mfa_delete": false
              }
            ],
            "website": [],
            "website_domain": null,
            "website_endpoint": null
          },
          "sensitive_attributes": [],
          "private": "eyJlMmJmYjczMC1lY2FhLTExZTYtOGY4OC0zNDM2M2JjN2M0YzAiOnsiY3JlYXRlIjoxMjAwMDAwMDAwMDAwLCJkZWxldGUiOjM2MDAwMDAwMDAwMDAsInJlYWQiOjEyMDAwMDAwMDAwMDAsInVwZGF0ZSI6MTIwMDAwMDAwMDAwMH19",
          "create_before_destroy": true
        }
      ]
    },
    {
      "module": "module.s3",
      "mode": "managed",
      "type": "aws_s3_bucket_acl",
      "name": "log_bucket",
      "provider": "provider[\"registry.terraform.io/hashicorp/aws\"]",
      "instances": [
        {
          "schema_version": 0,
          "attributes": {
            "access_control_policy": [
              {
                "grant": [
                  {
                    "grantee": [
                      {
                        "display_name": "dana7923",
                        "email_address": "",
                        "id": "cd2689c2bfa08cf0aa6bdfebfc93def3d0e0178823a3afe8847e7aa1a68be4c2",
                        "type": "CanonicalUser",
                        "uri": ""
                      }
                    ],
                    "permission": "FULL_CONTROL"
                  }
                ],
                "owner": [
                  {
                    "display_name": "dana7923",
                    "id": "cd2689c2bfa08cf0aa6bdfebfc93def3d0e0178823a3afe8847e7aa1a68be4c2"
                  }
                ]
              }
            ],
            "acl": "private",
            "bucket": "4jo-cf-log-ap-northeast-1",
            "expected_bucket_owner": "",
            "id": "4jo-cf-log-ap-northeast-1,private"
          },
          "sensitive_attributes": [],
          "private": "bnVsbA==",
          "dependencies": [
            "module.s3.aws_s3_bucket.log_bucket",
            "module.s3.aws_s3_bucket_ownership_controls.log_bucket"
          ],
          "create_before_destroy": true
        }
      ]
    },
    {
      "module": "module.s3",
      "mode": "managed",
      "type": "aws_s3_bucket_object",
      "name": "images_bucket_object",
      "provider": "provider[\"registry.terraform.io/hashicorp/aws\"]",
      "instances": [
        {
          "schema_version": 0,
          "attributes": {
            "acl": "private",
            "bucket": "4jo-web-images-ap-northeast-1",
            "bucket_key_enabled": false,
            "cache_control": "",
            "content": null,
            "content_base64": null,
            "content_disposition": "",
            "content_encoding": "",
            "content_language": "",
            "content_type": "image/gif",
            "etag": "986cb93fbd9d24c11ab008977dc8c8a6",
            "force_destroy": false,
            "id": "images/logo.gif",
            "key": "images/logo.gif",
            "kms_key_id": null,
            "metadata": null,
            "object_lock_legal_hold_status": "",
            "object_lock_mode": "",
            "object_lock_retain_until_date": "",
            "server_side_encryption": "AES256",
            "source": "./images/logo.gif",
            "source_hash": null,
            "storage_class": "STANDARD",
            "tags": null,
            "tags_all": {},
            "version_id": "",
            "website_redirect": ""
          },
          "sensitive_attributes": [],
          "private": "bnVsbA==",
          "dependencies": [
            "module.s3.aws_s3_bucket.images_bucket"
          ],
          "create_before_destroy": true
        }
      ]
    },
    {
      "module": "module.s3",
      "mode": "managed",
      "type": "aws_s3_bucket_ownership_controls",
      "name": "log_bucket",
      "provider": "provider[\"registry.terraform.io/hashicorp/aws\"]",
      "instances": [
        {
          "schema_version": 0,
          "attributes": {
            "bucket": "4jo-cf-log-ap-northeast-1",
            "id": "4jo-cf-log-ap-northeast-1",
            "rule": [
              {
                "object_ownership": "BucketOwnerPreferred"
              }
            ]
          },
          "sensitive_attributes": [],
          "private": "bnVsbA==",
          "dependencies": [
            "module.s3.aws_s3_bucket.log_bucket"
          ],
          "create_before_destroy": true
        }
      ]
    },
    {
      "module": "module.s3",
      "mode": "managed",
      "type": "aws_s3_bucket_policy",
      "name": "images_bucket_policy",
      "provider": "provider[\"registry.terraform.io/hashicorp/aws\"]",
      "instances": [
        {
          "schema_version": 0,
          "attributes": {
            "bucket": "4jo-web-images-ap-northeast-1",
            "id": "4jo-web-images-ap-northeast-1",
            "policy": "{\"Statement\":[{\"Action\":\"s3:GetObject\",\"Effect\":\"Allow\",\"Principal\":{\"AWS\":\"arn:aws:iam::cloudfront:user/CloudFront Origin Access Identity E38ROZP2RTREKR\"},\"Resource\":\"arn:aws:s3:::4jo-web-images-ap-northeast-1/*\",\"Sid\":\"\"},{\"Action\":\"s3:ListBucket\",\"Effect\":\"Allow\",\"Principal\":{\"AWS\":\"arn:aws:iam::cloudfront:user/CloudFront Origin Access Identity E38ROZP2RTREKR\"},\"Resource\":\"arn:aws:s3:::4jo-web-images-ap-northeast-1\",\"Sid\":\"\"}],\"Version\":\"2012-10-17\"}"
          },
          "sensitive_attributes": [],
          "private": "bnVsbA==",
          "dependencies": [
            "module.s3.aws_cloudfront_origin_access_identity.images_bucket_oai",
            "module.s3.aws_s3_bucket.images_bucket",
            "module.s3.data.aws_iam_policy_document.images_bucket"
          ],
          "create_before_destroy": true
        }
      ]
    },
    {
      "module": "module.vpc",
      "mode": "managed",
      "type": "aws_eip",
      "name": "this_a",
      "provider": "provider[\"registry.terraform.io/hashicorp/aws\"]",
      "instances": [
        {
          "schema_version": 0,
          "attributes": {
            "address": null,
            "allocation_id": "eipalloc-09eee3f0a2b59b9e0",
            "associate_with_private_ip": null,
            "association_id": "",
            "carrier_ip": "",
            "customer_owned_ip": "",
            "customer_owned_ipv4_pool": "",
            "domain": "vpc",
            "id": "eipalloc-09eee3f0a2b59b9e0",
            "instance": "",
            "network_border_group": "ap-northeast-1",
            "network_interface": "",
            "private_dns": null,
            "private_ip": "",
            "public_dns": "ec2-54-64-95-69.ap-northeast-1.compute.amazonaws.com",
            "public_ip": "54.64.95.69",
            "public_ipv4_pool": "amazon",
            "tags": null,
            "tags_all": {},
            "timeouts": null,
            "vpc": true
          },
          "sensitive_attributes": [],
          "private": "eyJlMmJmYjczMC1lY2FhLTExZTYtOGY4OC0zNDM2M2JjN2M0YzAiOnsiZGVsZXRlIjoxODAwMDAwMDAwMDAsInJlYWQiOjkwMDAwMDAwMDAwMCwidXBkYXRlIjozMDAwMDAwMDAwMDB9fQ==",
          "dependencies": [
            "module.vpc.aws_internet_gateway.this",
            "module.vpc.aws_vpc.this"
          ],
          "create_before_destroy": true
        }
      ]
    },
    {
      "module": "module.vpc",
      "mode": "managed",
      "type": "aws_eip",
      "name": "this_c",
      "provider": "provider[\"registry.terraform.io/hashicorp/aws\"]",
      "instances": [
        {
          "schema_version": 0,
          "attributes": {
            "address": null,
            "allocation_id": "eipalloc-00a82cbfb13686e10",
            "associate_with_private_ip": null,
            "association_id": "",
            "carrier_ip": "",
            "customer_owned_ip": "",
            "customer_owned_ipv4_pool": "",
            "domain": "vpc",
            "id": "eipalloc-00a82cbfb13686e10",
            "instance": "",
            "network_border_group": "ap-northeast-1",
            "network_interface": "",
            "private_dns": null,
            "private_ip": "",
            "public_dns": "ec2-54-65-90-249.ap-northeast-1.compute.amazonaws.com",
            "public_ip": "54.65.90.249",
            "public_ipv4_pool": "amazon",
            "tags": null,
            "tags_all": {},
            "timeouts": null,
            "vpc": true
          },
          "sensitive_attributes": [],
          "private": "eyJlMmJmYjczMC1lY2FhLTExZTYtOGY4OC0zNDM2M2JjN2M0YzAiOnsiZGVsZXRlIjoxODAwMDAwMDAwMDAsInJlYWQiOjkwMDAwMDAwMDAwMCwidXBkYXRlIjozMDAwMDAwMDAwMDB9fQ==",
          "dependencies": [
            "module.vpc.aws_internet_gateway.this",
            "module.vpc.aws_vpc.this"
          ],
          "create_before_destroy": true
        }
      ]
    },
    {
      "module": "module.vpc",
      "mode": "managed",
      "type": "aws_internet_gateway",
      "name": "this",
      "provider": "provider[\"registry.terraform.io/hashicorp/aws\"]",
      "instances": [
        {
          "schema_version": 0,
          "attributes": {
            "arn": "arn:aws:ec2:ap-northeast-1:518897854809:internet-gateway/igw-0eeb7a0248accc076",
            "id": "igw-0eeb7a0248accc076",
            "owner_id": "518897854809",
            "tags": {
              "Managed_by": "terraform",
              "Name": "region01-igw"
            },
            "tags_all": {
              "Managed_by": "terraform",
              "Name": "region01-igw"
            },
            "timeouts": null,
            "vpc_id": "vpc-0cca97fbdbc190704"
          },
          "sensitive_attributes": [],
          "private": "eyJlMmJmYjczMC1lY2FhLTExZTYtOGY4OC0zNDM2M2JjN2M0YzAiOnsiY3JlYXRlIjoxMjAwMDAwMDAwMDAwLCJkZWxldGUiOjEyMDAwMDAwMDAwMDAsInVwZGF0ZSI6MTIwMDAwMDAwMDAwMH19",
          "dependencies": [
            "module.vpc.aws_vpc.this"
          ],
          "create_before_destroy": true
        }
      ]
    },
    {
      "module": "module.vpc",
      "mode": "managed",
      "type": "aws_nat_gateway",
      "name": "this_a",
      "provider": "provider[\"registry.terraform.io/hashicorp/aws\"]",
      "instances": [
        {
          "schema_version": 0,
          "attributes": {
            "allocation_id": "eipalloc-09eee3f0a2b59b9e0",
            "association_id": "eipassoc-0a22590e394ad9e1b",
            "connectivity_type": "public",
            "id": "nat-0ebbd7d19096e3aaf",
            "network_interface_id": "eni-06648bb56d2325f48",
            "private_ip": "10.4.2.34",
            "public_ip": "54.64.95.69",
            "subnet_id": "subnet-0c4b47758413216fe",
            "tags": {
              "Name": "region01-nat-gw-1a"
            },
            "tags_all": {
              "Name": "region01-nat-gw-1a"
            }
          },
          "sensitive_attributes": [],
          "private": "bnVsbA==",
          "dependencies": [
            "module.vpc.aws_eip.this_a",
            "module.vpc.aws_internet_gateway.this",
            "module.vpc.aws_subnet.public",
            "module.vpc.aws_vpc.this"
          ],
          "create_before_destroy": true
        }
      ]
    },
    {
      "module": "module.vpc",
      "mode": "managed",
      "type": "aws_nat_gateway",
      "name": "this_c",
      "provider": "provider[\"registry.terraform.io/hashicorp/aws\"]",
      "instances": [
        {
          "schema_version": 0,
          "attributes": {
            "allocation_id": "eipalloc-00a82cbfb13686e10",
            "association_id": "eipassoc-09cc10e7f64f4652f",
            "connectivity_type": "public",
            "id": "nat-01a04b13caf3fa1f3",
            "network_interface_id": "eni-06abb67f0b85f8982",
            "private_ip": "10.4.22.238",
            "public_ip": "54.65.90.249",
            "subnet_id": "subnet-0d68ec20231e0110f",
            "tags": {
              "Name": "region01-nat-gw-1c"
            },
            "tags_all": {
              "Name": "region01-nat-gw-1c"
            }
          },
          "sensitive_attributes": [],
          "private": "bnVsbA==",
          "dependencies": [
            "module.vpc.aws_eip.this_c",
            "module.vpc.aws_internet_gateway.this",
            "module.vpc.aws_subnet.public",
            "module.vpc.aws_vpc.this"
          ],
          "create_before_destroy": true
        }
      ]
    },
    {
      "module": "module.vpc",
      "mode": "managed",
      "type": "aws_route",
      "name": "internet_gateway_fw",
      "provider": "provider[\"registry.terraform.io/hashicorp/aws\"]",
      "instances": [
        {
          "schema_version": 0,
          "attributes": {
            "carrier_gateway_id": "",
            "core_network_arn": "",
            "destination_cidr_block": "0.0.0.0/0",
            "destination_ipv6_cidr_block": "",
            "destination_prefix_list_id": "",
            "egress_only_gateway_id": "",
            "gateway_id": "igw-0eeb7a0248accc076",
            "id": "r-rtb-003a43b0a8cf4ac5b1080289494",
            "instance_id": "",
            "instance_owner_id": "",
            "local_gateway_id": "",
            "nat_gateway_id": "",
            "network_interface_id": "",
            "origin": "CreateRoute",
            "route_table_id": "rtb-003a43b0a8cf4ac5b",
            "state": "active",
            "timeouts": null,
            "transit_gateway_id": "",
            "vpc_endpoint_id": "",
            "vpc_peering_connection_id": ""
          },
          "sensitive_attributes": [],
          "private": "eyJlMmJmYjczMC1lY2FhLTExZTYtOGY4OC0zNDM2M2JjN2M0YzAiOnsiY3JlYXRlIjozMDAwMDAwMDAwMDAsImRlbGV0ZSI6MzAwMDAwMDAwMDAwLCJ1cGRhdGUiOjEyMDAwMDAwMDAwMH19",
          "dependencies": [
            "module.vpc.aws_internet_gateway.this",
            "module.vpc.aws_route_table.public_fw",
            "module.vpc.aws_vpc.this"
          ],
          "create_before_destroy": true
        }
      ]
    },
    {
      "module": "module.vpc",
      "mode": "managed",
      "type": "aws_route",
      "name": "nat_gateway_a",
      "provider": "provider[\"registry.terraform.io/hashicorp/aws\"]",
      "instances": [
        {
          "schema_version": 0,
          "attributes": {
            "carrier_gateway_id": "",
            "core_network_arn": "",
            "destination_cidr_block": "0.0.0.0/0",
            "destination_ipv6_cidr_block": "",
            "destination_prefix_list_id": "",
            "egress_only_gateway_id": "",
            "gateway_id": "",
            "id": "r-rtb-07d7a8551365589801080289494",
            "instance_id": "",
            "instance_owner_id": "",
            "local_gateway_id": "",
            "nat_gateway_id": "nat-0ebbd7d19096e3aaf",
            "network_interface_id": "",
            "origin": "CreateRoute",
            "route_table_id": "rtb-07d7a855136558980",
            "state": "active",
            "timeouts": null,
            "transit_gateway_id": "",
            "vpc_endpoint_id": "",
            "vpc_peering_connection_id": ""
          },
          "sensitive_attributes": [],
          "private": "eyJlMmJmYjczMC1lY2FhLTExZTYtOGY4OC0zNDM2M2JjN2M0YzAiOnsiY3JlYXRlIjozMDAwMDAwMDAwMDAsImRlbGV0ZSI6MzAwMDAwMDAwMDAwLCJ1cGRhdGUiOjEyMDAwMDAwMDAwMH19",
          "dependencies": [
            "module.vpc.aws_eip.this_a",
            "module.vpc.aws_internet_gateway.this",
            "module.vpc.aws_nat_gateway.this_a",
            "module.vpc.aws_route_table.private_a",
            "module.vpc.aws_subnet.public",
            "module.vpc.aws_vpc.this"
          ],
          "create_before_destroy": true
        }
      ]
    },
    {
      "module": "module.vpc",
      "mode": "managed",
      "type": "aws_route",
      "name": "nat_gateway_c",
      "provider": "provider[\"registry.terraform.io/hashicorp/aws\"]",
      "instances": [
        {
          "schema_version": 0,
          "attributes": {
            "carrier_gateway_id": "",
            "core_network_arn": "",
            "destination_cidr_block": "0.0.0.0/0",
            "destination_ipv6_cidr_block": "",
            "destination_prefix_list_id": "",
            "egress_only_gateway_id": "",
            "gateway_id": "",
            "id": "r-rtb-0c673bcdbe5c35bab1080289494",
            "instance_id": "",
            "instance_owner_id": "",
            "local_gateway_id": "",
            "nat_gateway_id": "nat-01a04b13caf3fa1f3",
            "network_interface_id": "",
            "origin": "CreateRoute",
            "route_table_id": "rtb-0c673bcdbe5c35bab",
            "state": "active",
            "timeouts": null,
            "transit_gateway_id": "",
            "vpc_endpoint_id": "",
            "vpc_peering_connection_id": ""
          },
          "sensitive_attributes": [],
          "private": "eyJlMmJmYjczMC1lY2FhLTExZTYtOGY4OC0zNDM2M2JjN2M0YzAiOnsiY3JlYXRlIjozMDAwMDAwMDAwMDAsImRlbGV0ZSI6MzAwMDAwMDAwMDAwLCJ1cGRhdGUiOjEyMDAwMDAwMDAwMH19",
          "dependencies": [
            "module.vpc.aws_eip.this_c",
            "module.vpc.aws_internet_gateway.this",
            "module.vpc.aws_nat_gateway.this_c",
            "module.vpc.aws_route_table.private_c",
            "module.vpc.aws_subnet.public",
            "module.vpc.aws_vpc.this"
          ],
          "create_before_destroy": true
        }
      ]
    },
    {
      "module": "module.vpc",
      "mode": "managed",
      "type": "aws_route_table",
      "name": "private_a",
      "provider": "provider[\"registry.terraform.io/hashicorp/aws\"]",
      "instances": [
        {
          "schema_version": 0,
          "attributes": {
            "arn": "arn:aws:ec2:ap-northeast-1:518897854809:route-table/rtb-07d7a855136558980",
            "id": "rtb-07d7a855136558980",
            "owner_id": "518897854809",
            "propagating_vgws": [],
            "route": [],
            "tags": {
              "Managed_by": "terraform",
              "Name": "region01-private-a-rt"
            },
            "tags_all": {
              "Managed_by": "terraform",
              "Name": "region01-private-a-rt"
            },
            "timeouts": null,
            "vpc_id": "vpc-0cca97fbdbc190704"
          },
          "sensitive_attributes": [],
          "private": "eyJlMmJmYjczMC1lY2FhLTExZTYtOGY4OC0zNDM2M2JjN2M0YzAiOnsiY3JlYXRlIjozMDAwMDAwMDAwMDAsImRlbGV0ZSI6MzAwMDAwMDAwMDAwLCJ1cGRhdGUiOjEyMDAwMDAwMDAwMH19",
          "dependencies": [
            "module.vpc.aws_vpc.this"
          ],
          "create_before_destroy": true
        }
      ]
    },
    {
      "module": "module.vpc",
      "mode": "managed",
      "type": "aws_route_table",
      "name": "private_c",
      "provider": "provider[\"registry.terraform.io/hashicorp/aws\"]",
      "instances": [
        {
          "schema_version": 0,
          "attributes": {
            "arn": "arn:aws:ec2:ap-northeast-1:518897854809:route-table/rtb-0c673bcdbe5c35bab",
            "id": "rtb-0c673bcdbe5c35bab",
            "owner_id": "518897854809",
            "propagating_vgws": [],
            "route": [],
            "tags": {
              "Managed_by": "terraform",
              "Name": "region01-private-c-rt"
            },
            "tags_all": {
              "Managed_by": "terraform",
              "Name": "region01-private-c-rt"
            },
            "timeouts": null,
            "vpc_id": "vpc-0cca97fbdbc190704"
          },
          "sensitive_attributes": [],
          "private": "eyJlMmJmYjczMC1lY2FhLTExZTYtOGY4OC0zNDM2M2JjN2M0YzAiOnsiY3JlYXRlIjozMDAwMDAwMDAwMDAsImRlbGV0ZSI6MzAwMDAwMDAwMDAwLCJ1cGRhdGUiOjEyMDAwMDAwMDAwMH19",
          "dependencies": [
            "module.vpc.aws_vpc.this"
          ],
          "create_before_destroy": true
        }
      ]
    },
    {
      "module": "module.vpc",
      "mode": "managed",
      "type": "aws_route_table",
      "name": "public_a",
      "provider": "provider[\"registry.terraform.io/hashicorp/aws\"]",
      "instances": [
        {
          "schema_version": 0,
          "attributes": {
            "arn": "arn:aws:ec2:ap-northeast-1:518897854809:route-table/rtb-0bb208bdf1589787a",
            "id": "rtb-0bb208bdf1589787a",
            "owner_id": "518897854809",
            "propagating_vgws": [],
            "route": [],
            "tags": {
              "Managed_by": "terraform",
              "Name": "region01-public-a-rt"
            },
            "tags_all": {
              "Managed_by": "terraform",
              "Name": "region01-public-a-rt"
            },
            "timeouts": null,
            "vpc_id": "vpc-0cca97fbdbc190704"
          },
          "sensitive_attributes": [],
          "private": "eyJlMmJmYjczMC1lY2FhLTExZTYtOGY4OC0zNDM2M2JjN2M0YzAiOnsiY3JlYXRlIjozMDAwMDAwMDAwMDAsImRlbGV0ZSI6MzAwMDAwMDAwMDAwLCJ1cGRhdGUiOjEyMDAwMDAwMDAwMH19",
          "dependencies": [
            "module.vpc.aws_vpc.this"
          ],
          "create_before_destroy": true
        }
      ]
    },
    {
      "module": "module.vpc",
      "mode": "managed",
      "type": "aws_route_table",
      "name": "public_c",
      "provider": "provider[\"registry.terraform.io/hashicorp/aws\"]",
      "instances": [
        {
          "schema_version": 0,
          "attributes": {
            "arn": "arn:aws:ec2:ap-northeast-1:518897854809:route-table/rtb-0451ec4cb32fcdcb2",
            "id": "rtb-0451ec4cb32fcdcb2",
            "owner_id": "518897854809",
            "propagating_vgws": [],
            "route": [],
            "tags": {
              "Managed_by": "terraform",
              "Name": "region01-public-c-rt"
            },
            "tags_all": {
              "Managed_by": "terraform",
              "Name": "region01-public-c-rt"
            },
            "timeouts": null,
            "vpc_id": "vpc-0cca97fbdbc190704"
          },
          "sensitive_attributes": [],
          "private": "eyJlMmJmYjczMC1lY2FhLTExZTYtOGY4OC0zNDM2M2JjN2M0YzAiOnsiY3JlYXRlIjozMDAwMDAwMDAwMDAsImRlbGV0ZSI6MzAwMDAwMDAwMDAwLCJ1cGRhdGUiOjEyMDAwMDAwMDAwMH19",
          "dependencies": [
            "module.vpc.aws_vpc.this"
          ],
          "create_before_destroy": true
        }
      ]
    },
    {
      "module": "module.vpc",
      "mode": "managed",
      "type": "aws_route_table",
      "name": "public_fw",
      "provider": "provider[\"registry.terraform.io/hashicorp/aws\"]",
      "instances": [
        {
          "schema_version": 0,
          "attributes": {
            "arn": "arn:aws:ec2:ap-northeast-1:518897854809:route-table/rtb-003a43b0a8cf4ac5b",
            "id": "rtb-003a43b0a8cf4ac5b",
            "owner_id": "518897854809",
            "propagating_vgws": [],
            "route": [],
            "tags": {
              "Managed_by": "terraform",
              "Name": "region01-public-fw-rt"
            },
            "tags_all": {
              "Managed_by": "terraform",
              "Name": "region01-public-fw-rt"
            },
            "timeouts": null,
            "vpc_id": "vpc-0cca97fbdbc190704"
          },
          "sensitive_attributes": [],
          "private": "eyJlMmJmYjczMC1lY2FhLTExZTYtOGY4OC0zNDM2M2JjN2M0YzAiOnsiY3JlYXRlIjozMDAwMDAwMDAwMDAsImRlbGV0ZSI6MzAwMDAwMDAwMDAwLCJ1cGRhdGUiOjEyMDAwMDAwMDAwMH19",
          "dependencies": [
            "module.vpc.aws_vpc.this"
          ],
          "create_before_destroy": true
        }
      ]
    },
    {
      "module": "module.vpc",
      "mode": "managed",
      "type": "aws_route_table_association",
      "name": "private_a",
      "provider": "provider[\"registry.terraform.io/hashicorp/aws\"]",
      "instances": [
        {
          "schema_version": 0,
          "attributes": {
            "gateway_id": "",
            "id": "rtbassoc-023fa60c78d3aff1c",
            "route_table_id": "rtb-07d7a855136558980",
            "subnet_id": "subnet-0b56fb9d51fe29f11",
            "timeouts": null
          },
          "sensitive_attributes": [],
          "private": "eyJlMmJmYjczMC1lY2FhLTExZTYtOGY4OC0zNDM2M2JjN2M0YzAiOnsiY3JlYXRlIjozMDAwMDAwMDAwMDAsImRlbGV0ZSI6MzAwMDAwMDAwMDAwLCJ1cGRhdGUiOjEyMDAwMDAwMDAwMH19",
          "dependencies": [
            "module.vpc.aws_route_table.private_a",
            "module.vpc.aws_subnet.private",
            "module.vpc.aws_vpc.this"
          ],
          "create_before_destroy": true
        }
      ]
    },
    {
      "module": "module.vpc",
      "mode": "managed",
      "type": "aws_route_table_association",
      "name": "private_c",
      "provider": "provider[\"registry.terraform.io/hashicorp/aws\"]",
      "instances": [
        {
          "schema_version": 0,
          "attributes": {
            "gateway_id": "",
            "id": "rtbassoc-0a1d1c699c8ac0caf",
            "route_table_id": "rtb-0c673bcdbe5c35bab",
            "subnet_id": "subnet-0506ea4fd5389a162",
            "timeouts": null
          },
          "sensitive_attributes": [],
          "private": "eyJlMmJmYjczMC1lY2FhLTExZTYtOGY4OC0zNDM2M2JjN2M0YzAiOnsiY3JlYXRlIjozMDAwMDAwMDAwMDAsImRlbGV0ZSI6MzAwMDAwMDAwMDAwLCJ1cGRhdGUiOjEyMDAwMDAwMDAwMH19",
          "dependencies": [
            "module.vpc.aws_route_table.private_c",
            "module.vpc.aws_subnet.private",
            "module.vpc.aws_vpc.this"
          ],
          "create_before_destroy": true
        }
      ]
    },
    {
      "module": "module.vpc",
      "mode": "managed",
      "type": "aws_route_table_association",
      "name": "public_a",
      "provider": "provider[\"registry.terraform.io/hashicorp/aws\"]",
      "instances": [
        {
          "schema_version": 0,
          "attributes": {
            "gateway_id": "",
            "id": "rtbassoc-01c58095b592981b8",
            "route_table_id": "rtb-0bb208bdf1589787a",
            "subnet_id": "subnet-0c4b47758413216fe",
            "timeouts": null
          },
          "sensitive_attributes": [],
          "private": "eyJlMmJmYjczMC1lY2FhLTExZTYtOGY4OC0zNDM2M2JjN2M0YzAiOnsiY3JlYXRlIjozMDAwMDAwMDAwMDAsImRlbGV0ZSI6MzAwMDAwMDAwMDAwLCJ1cGRhdGUiOjEyMDAwMDAwMDAwMH19",
          "dependencies": [
            "module.vpc.aws_route_table.public_a",
            "module.vpc.aws_subnet.public",
            "module.vpc.aws_vpc.this"
          ],
          "create_before_destroy": true
        }
      ]
    },
    {
      "module": "module.vpc",
      "mode": "managed",
      "type": "aws_route_table_association",
      "name": "public_c",
      "provider": "provider[\"registry.terraform.io/hashicorp/aws\"]",
      "instances": [
        {
          "schema_version": 0,
          "attributes": {
            "gateway_id": "",
            "id": "rtbassoc-018f2b911106a7438",
            "route_table_id": "rtb-0451ec4cb32fcdcb2",
            "subnet_id": "subnet-0d68ec20231e0110f",
            "timeouts": null
          },
          "sensitive_attributes": [],
          "private": "eyJlMmJmYjczMC1lY2FhLTExZTYtOGY4OC0zNDM2M2JjN2M0YzAiOnsiY3JlYXRlIjozMDAwMDAwMDAwMDAsImRlbGV0ZSI6MzAwMDAwMDAwMDAwLCJ1cGRhdGUiOjEyMDAwMDAwMDAwMH19",
          "dependencies": [
            "module.vpc.aws_route_table.public_c",
            "module.vpc.aws_subnet.public",
            "module.vpc.aws_vpc.this"
          ],
          "create_before_destroy": true
        }
      ]
    },
    {
      "module": "module.vpc",
      "mode": "managed",
      "type": "aws_route_table_association",
      "name": "public_fw",
      "provider": "provider[\"registry.terraform.io/hashicorp/aws\"]",
      "instances": [
        {
          "index_key": 0,
          "schema_version": 0,
          "attributes": {
            "gateway_id": "",
            "id": "rtbassoc-0e39fa0fbec48c4aa",
            "route_table_id": "rtb-003a43b0a8cf4ac5b",
            "subnet_id": "subnet-0f5caed4d707fae0b",
            "timeouts": null
          },
          "sensitive_attributes": [],
          "private": "eyJlMmJmYjczMC1lY2FhLTExZTYtOGY4OC0zNDM2M2JjN2M0YzAiOnsiY3JlYXRlIjozMDAwMDAwMDAwMDAsImRlbGV0ZSI6MzAwMDAwMDAwMDAwLCJ1cGRhdGUiOjEyMDAwMDAwMDAwMH19",
          "dependencies": [
            "module.vpc.aws_route_table.public_fw",
            "module.vpc.aws_subnet.public_fw",
            "module.vpc.aws_vpc.this"
          ],
          "create_before_destroy": true
        },
        {
          "index_key": 1,
          "schema_version": 0,
          "attributes": {
            "gateway_id": "",
            "id": "rtbassoc-0e0f11c1d4d4a65df",
            "route_table_id": "rtb-003a43b0a8cf4ac5b",
            "subnet_id": "subnet-0a35a8bba3e46665f",
            "timeouts": null
          },
          "sensitive_attributes": [],
          "private": "eyJlMmJmYjczMC1lY2FhLTExZTYtOGY4OC0zNDM2M2JjN2M0YzAiOnsiY3JlYXRlIjozMDAwMDAwMDAwMDAsImRlbGV0ZSI6MzAwMDAwMDAwMDAwLCJ1cGRhdGUiOjEyMDAwMDAwMDAwMH19",
          "dependencies": [
            "module.vpc.aws_route_table.public_fw",
            "module.vpc.aws_subnet.public_fw",
            "module.vpc.aws_vpc.this"
          ],
          "create_before_destroy": true
        }
      ]
    },
    {
      "module": "module.vpc",
      "mode": "managed",
      "type": "aws_security_group",
      "name": "admin",
      "provider": "provider[\"registry.terraform.io/hashicorp/aws\"]",
      "instances": [
        {
          "schema_version": 1,
          "attributes": {
            "arn": "arn:aws:ec2:ap-northeast-1:518897854809:security-group/sg-0cfda7a5195c59fde",
            "description": "Managed by Terraform",
            "egress": [
              {
                "cidr_blocks": [
                  "0.0.0.0/0"
                ],
                "description": "",
                "from_port": 0,
                "ipv6_cidr_blocks": [],
                "prefix_list_ids": [],
                "protocol": "-1",
                "security_groups": [],
                "self": false,
                "to_port": 0
              }
            ],
            "id": "sg-0cfda7a5195c59fde",
            "ingress": [],
            "name": "region01-admin-sg",
            "name_prefix": "",
            "owner_id": "518897854809",
            "revoke_rules_on_delete": false,
            "tags": {
              "Managed_by": "terraform",
              "Name": "region01-admin-sg"
            },
            "tags_all": {
              "Managed_by": "terraform",
              "Name": "region01-admin-sg"
            },
            "timeouts": null,
            "vpc_id": "vpc-0cca97fbdbc190704"
          },
          "sensitive_attributes": [],
          "private": "eyJlMmJmYjczMC1lY2FhLTExZTYtOGY4OC0zNDM2M2JjN2M0YzAiOnsiY3JlYXRlIjo2MDAwMDAwMDAwMDAsImRlbGV0ZSI6OTAwMDAwMDAwMDAwfSwic2NoZW1hX3ZlcnNpb24iOiIxIn0=",
          "dependencies": [
            "module.vpc.aws_vpc.this"
          ],
          "create_before_destroy": true
        }
      ]
    },
    {
      "module": "module.vpc",
      "mode": "managed",
      "type": "aws_security_group",
      "name": "alb",
      "provider": "provider[\"registry.terraform.io/hashicorp/aws\"]",
      "instances": [
        {
          "schema_version": 1,
          "attributes": {
            "arn": "arn:aws:ec2:ap-northeast-1:518897854809:security-group/sg-08c97daef15fa03f1",
            "description": "Managed by Terraform",
            "egress": [
              {
                "cidr_blocks": [
                  "0.0.0.0/0"
                ],
                "description": "",
                "from_port": 0,
                "ipv6_cidr_blocks": [],
                "prefix_list_ids": [],
                "protocol": "-1",
                "security_groups": [],
                "self": false,
                "to_port": 0
              }
            ],
            "id": "sg-08c97daef15fa03f1",
            "ingress": [],
            "name": "region01-alb-sg",
            "name_prefix": "",
            "owner_id": "518897854809",
            "revoke_rules_on_delete": false,
            "tags": {
              "Managed_by": "terraform",
              "Name": "region01-alb-sg"
            },
            "tags_all": {
              "Managed_by": "terraform",
              "Name": "region01-alb-sg"
            },
            "timeouts": null,
            "vpc_id": "vpc-0cca97fbdbc190704"
          },
          "sensitive_attributes": [],
          "private": "eyJlMmJmYjczMC1lY2FhLTExZTYtOGY4OC0zNDM2M2JjN2M0YzAiOnsiY3JlYXRlIjo2MDAwMDAwMDAwMDAsImRlbGV0ZSI6OTAwMDAwMDAwMDAwfSwic2NoZW1hX3ZlcnNpb24iOiIxIn0=",
          "dependencies": [
            "module.vpc.aws_vpc.this"
          ],
          "create_before_destroy": true
        }
      ]
    },
    {
      "module": "module.vpc",
      "mode": "managed",
      "type": "aws_security_group",
      "name": "web",
      "provider": "provider[\"registry.terraform.io/hashicorp/aws\"]",
      "instances": [
        {
          "schema_version": 1,
          "attributes": {
            "arn": "arn:aws:ec2:ap-northeast-1:518897854809:security-group/sg-0533822d5f110289f",
            "description": "Managed by Terraform",
            "egress": [
              {
                "cidr_blocks": [
                  "0.0.0.0/0"
                ],
                "description": "",
                "from_port": 0,
                "ipv6_cidr_blocks": [],
                "prefix_list_ids": [],
                "protocol": "-1",
                "security_groups": [],
                "self": false,
                "to_port": 0
              }
            ],
            "id": "sg-0533822d5f110289f",
            "ingress": [],
            "name": "region01-web-sg",
            "name_prefix": "",
            "owner_id": "518897854809",
            "revoke_rules_on_delete": false,
            "tags": {
              "Managed_by": "terraform",
              "Name": "region01-web-sg"
            },
            "tags_all": {
              "Managed_by": "terraform",
              "Name": "region01-web-sg"
            },
            "timeouts": null,
            "vpc_id": "vpc-0cca97fbdbc190704"
          },
          "sensitive_attributes": [],
          "private": "eyJlMmJmYjczMC1lY2FhLTExZTYtOGY4OC0zNDM2M2JjN2M0YzAiOnsiY3JlYXRlIjo2MDAwMDAwMDAwMDAsImRlbGV0ZSI6OTAwMDAwMDAwMDAwfSwic2NoZW1hX3ZlcnNpb24iOiIxIn0=",
          "dependencies": [
            "module.vpc.aws_vpc.this"
          ],
          "create_before_destroy": true
        }
      ]
    },
    {
      "module": "module.vpc",
      "mode": "managed",
      "type": "aws_security_group_rule",
      "name": "admin_access_ingress",
      "provider": "provider[\"registry.terraform.io/hashicorp/aws\"]",
      "instances": [
        {
          "schema_version": 2,
          "attributes": {
            "cidr_blocks": [
              "116.127.84.104/32",
              "218.50.140.95/32",
              "10.4.0.0/16"
            ],
            "description": "Allow SSH for admin",
            "from_port": 22,
            "id": "sgrule-1277532254",
            "ipv6_cidr_blocks": null,
            "prefix_list_ids": null,
            "protocol": "tcp",
            "security_group_id": "sg-0cfda7a5195c59fde",
            "security_group_rule_id": "",
            "self": false,
            "source_security_group_id": null,
            "timeouts": null,
            "to_port": 22,
            "type": "ingress"
          },
          "sensitive_attributes": [],
          "private": "eyJlMmJmYjczMC1lY2FhLTExZTYtOGY4OC0zNDM2M2JjN2M0YzAiOnsiY3JlYXRlIjozMDAwMDAwMDAwMDB9LCJzY2hlbWFfdmVyc2lvbiI6IjIifQ==",
          "dependencies": [
            "module.vpc.aws_security_group.admin",
            "module.vpc.aws_vpc.this"
          ],
          "create_before_destroy": true
        }
      ]
    },
    {
      "module": "module.vpc",
      "mode": "managed",
      "type": "aws_security_group_rule",
      "name": "alb_access_ingress",
      "provider": "provider[\"registry.terraform.io/hashicorp/aws\"]",
      "instances": [
        {
          "schema_version": 2,
          "attributes": {
            "cidr_blocks": null,
            "description": "Allow HTTP from ALB Security Group",
            "from_port": 80,
            "id": "sgrule-1746890553",
            "ipv6_cidr_blocks": null,
            "prefix_list_ids": null,
            "protocol": "tcp",
            "security_group_id": "sg-0533822d5f110289f",
            "security_group_rule_id": "sgr-0da1693eaac3c3f60",
            "self": false,
            "source_security_group_id": "sg-08c97daef15fa03f1",
            "timeouts": null,
            "to_port": 80,
            "type": "ingress"
          },
          "sensitive_attributes": [],
          "private": "eyJlMmJmYjczMC1lY2FhLTExZTYtOGY4OC0zNDM2M2JjN2M0YzAiOnsiY3JlYXRlIjozMDAwMDAwMDAwMDB9LCJzY2hlbWFfdmVyc2lvbiI6IjIifQ==",
          "dependencies": [
            "module.vpc.aws_security_group.alb",
            "module.vpc.aws_security_group.web",
            "module.vpc.aws_vpc.this"
          ],
          "create_before_destroy": true
        }
      ]
    },
    {
      "module": "module.vpc",
      "mode": "managed",
      "type": "aws_security_group_rule",
      "name": "alb_access_ingress_https",
      "provider": "provider[\"registry.terraform.io/hashicorp/aws\"]",
      "instances": [
        {
          "schema_version": 2,
          "attributes": {
            "cidr_blocks": null,
            "description": "Allow HTTPS from ALB Security Group",
            "from_port": 443,
            "id": "sgrule-1629963661",
            "ipv6_cidr_blocks": null,
            "prefix_list_ids": null,
            "protocol": "tcp",
            "security_group_id": "sg-0533822d5f110289f",
            "security_group_rule_id": "sgr-0dfb7e31b8e5889fd",
            "self": false,
            "source_security_group_id": "sg-08c97daef15fa03f1",
            "timeouts": null,
            "to_port": 443,
            "type": "ingress"
          },
          "sensitive_attributes": [],
          "private": "eyJlMmJmYjczMC1lY2FhLTExZTYtOGY4OC0zNDM2M2JjN2M0YzAiOnsiY3JlYXRlIjozMDAwMDAwMDAwMDB9LCJzY2hlbWFfdmVyc2lvbiI6IjIifQ==",
          "dependencies": [
            "module.vpc.aws_security_group.alb",
            "module.vpc.aws_security_group.web",
            "module.vpc.aws_vpc.this"
          ],
          "create_before_destroy": true
        }
      ]
    },
    {
      "module": "module.vpc",
      "mode": "managed",
      "type": "aws_security_group_rule",
      "name": "alb_access_ingress_icmp",
      "provider": "provider[\"registry.terraform.io/hashicorp/aws\"]",
      "instances": [
        {
          "schema_version": 2,
          "attributes": {
            "cidr_blocks": null,
            "description": "Allow ICMP Test from ALB Security Group",
            "from_port": 1521,
            "id": "sgrule-2058765161",
            "ipv6_cidr_blocks": null,
            "prefix_list_ids": null,
            "protocol": "tcp",
            "security_group_id": "sg-0533822d5f110289f",
            "security_group_rule_id": "sgr-0dcb04afd0fb3837f",
            "self": false,
            "source_security_group_id": "sg-08c97daef15fa03f1",
            "timeouts": null,
            "to_port": 1521,
            "type": "ingress"
          },
          "sensitive_attributes": [],
          "private": "eyJlMmJmYjczMC1lY2FhLTExZTYtOGY4OC0zNDM2M2JjN2M0YzAiOnsiY3JlYXRlIjozMDAwMDAwMDAwMDB9LCJzY2hlbWFfdmVyc2lvbiI6IjIifQ==",
          "dependencies": [
            "module.vpc.aws_security_group.alb",
            "module.vpc.aws_security_group.web",
            "module.vpc.aws_vpc.this"
          ],
          "create_before_destroy": true
        }
      ]
    },
    {
      "module": "module.vpc",
      "mode": "managed",
      "type": "aws_security_group_rule",
      "name": "http_access_ingress",
      "provider": "provider[\"registry.terraform.io/hashicorp/aws\"]",
      "instances": [
        {
          "schema_version": 2,
          "attributes": {
            "cidr_blocks": [
              "0.0.0.0/0"
            ],
            "description": "Allow HTTP",
            "from_port": 80,
            "id": "sgrule-1932944366",
            "ipv6_cidr_blocks": null,
            "prefix_list_ids": null,
            "protocol": "tcp",
            "security_group_id": "sg-08c97daef15fa03f1",
            "security_group_rule_id": "sgr-0cf804c47c4162fb9",
            "self": false,
            "source_security_group_id": null,
            "timeouts": null,
            "to_port": 80,
            "type": "ingress"
          },
          "sensitive_attributes": [],
          "private": "eyJlMmJmYjczMC1lY2FhLTExZTYtOGY4OC0zNDM2M2JjN2M0YzAiOnsiY3JlYXRlIjozMDAwMDAwMDAwMDB9LCJzY2hlbWFfdmVyc2lvbiI6IjIifQ==",
          "dependencies": [
            "module.vpc.aws_security_group.alb",
            "module.vpc.aws_vpc.this"
          ],
          "create_before_destroy": true
        }
      ]
    },
    {
      "module": "module.vpc",
      "mode": "managed",
      "type": "aws_security_group_rule",
      "name": "https_access_ingress",
      "provider": "provider[\"registry.terraform.io/hashicorp/aws\"]",
      "instances": [
        {
          "schema_version": 2,
          "attributes": {
            "cidr_blocks": [
              "0.0.0.0/0"
            ],
            "description": "Allow HTTPS",
            "from_port": 443,
            "id": "sgrule-1301938364",
            "ipv6_cidr_blocks": null,
            "prefix_list_ids": null,
            "protocol": "tcp",
            "security_group_id": "sg-08c97daef15fa03f1",
            "security_group_rule_id": "sgr-07557f6a8a0163ff9",
            "self": false,
            "source_security_group_id": null,
            "timeouts": null,
            "to_port": 443,
            "type": "ingress"
          },
          "sensitive_attributes": [],
          "private": "eyJlMmJmYjczMC1lY2FhLTExZTYtOGY4OC0zNDM2M2JjN2M0YzAiOnsiY3JlYXRlIjozMDAwMDAwMDAwMDB9LCJzY2hlbWFfdmVyc2lvbiI6IjIifQ==",
          "dependencies": [
            "module.vpc.aws_security_group.alb",
            "module.vpc.aws_vpc.this"
          ],
          "create_before_destroy": true
        }
      ]
    },
    {
      "module": "module.vpc",
      "mode": "managed",
      "type": "aws_subnet",
      "name": "private",
      "provider": "provider[\"registry.terraform.io/hashicorp/aws\"]",
      "instances": [
        {
          "index_key": 0,
          "schema_version": 1,
          "attributes": {
            "arn": "arn:aws:ec2:ap-northeast-1:518897854809:subnet/subnet-0b56fb9d51fe29f11",
            "assign_ipv6_address_on_creation": false,
            "availability_zone": "ap-northeast-1a",
            "availability_zone_id": "apne1-az4",
            "cidr_block": "10.4.3.0/24",
            "customer_owned_ipv4_pool": "",
            "enable_dns64": false,
            "enable_lni_at_device_index": 0,
            "enable_resource_name_dns_a_record_on_launch": false,
            "enable_resource_name_dns_aaaa_record_on_launch": false,
            "id": "subnet-0b56fb9d51fe29f11",
            "ipv6_cidr_block": "",
            "ipv6_cidr_block_association_id": "",
            "ipv6_native": false,
            "map_customer_owned_ip_on_launch": false,
            "map_public_ip_on_launch": false,
            "outpost_arn": "",
            "owner_id": "518897854809",
            "private_dns_hostname_type_on_launch": "ip-name",
            "tags": {
              "Managed_by": "terraform",
              "Name": "region01-private-subnet-2a-10.4.3.0/24"
            },
            "tags_all": {
              "Managed_by": "terraform",
              "Name": "region01-private-subnet-2a-10.4.3.0/24"
            },
            "timeouts": null,
            "vpc_id": "vpc-0cca97fbdbc190704"
          },
          "sensitive_attributes": [],
          "private": "eyJlMmJmYjczMC1lY2FhLTExZTYtOGY4OC0zNDM2M2JjN2M0YzAiOnsiY3JlYXRlIjo2MDAwMDAwMDAwMDAsImRlbGV0ZSI6MTIwMDAwMDAwMDAwMH0sInNjaGVtYV92ZXJzaW9uIjoiMSJ9",
          "dependencies": [
            "module.vpc.aws_vpc.this"
          ],
          "create_before_destroy": true
        },
        {
          "index_key": 1,
          "schema_version": 1,
          "attributes": {
            "arn": "arn:aws:ec2:ap-northeast-1:518897854809:subnet/subnet-0506ea4fd5389a162",
            "assign_ipv6_address_on_creation": false,
            "availability_zone": "ap-northeast-1c",
            "availability_zone_id": "apne1-az1",
            "cidr_block": "10.4.33.0/24",
            "customer_owned_ipv4_pool": "",
            "enable_dns64": false,
            "enable_lni_at_device_index": 0,
            "enable_resource_name_dns_a_record_on_launch": false,
            "enable_resource_name_dns_aaaa_record_on_launch": false,
            "id": "subnet-0506ea4fd5389a162",
            "ipv6_cidr_block": "",
            "ipv6_cidr_block_association_id": "",
            "ipv6_native": false,
            "map_customer_owned_ip_on_launch": false,
            "map_public_ip_on_launch": false,
            "outpost_arn": "",
            "owner_id": "518897854809",
            "private_dns_hostname_type_on_launch": "ip-name",
            "tags": {
              "Managed_by": "terraform",
              "Name": "region01-private-subnet-2c-10.4.33.0/24"
            },
            "tags_all": {
              "Managed_by": "terraform",
              "Name": "region01-private-subnet-2c-10.4.33.0/24"
            },
            "timeouts": null,
            "vpc_id": "vpc-0cca97fbdbc190704"
          },
          "sensitive_attributes": [],
          "private": "eyJlMmJmYjczMC1lY2FhLTExZTYtOGY4OC0zNDM2M2JjN2M0YzAiOnsiY3JlYXRlIjo2MDAwMDAwMDAwMDAsImRlbGV0ZSI6MTIwMDAwMDAwMDAwMH0sInNjaGVtYV92ZXJzaW9uIjoiMSJ9",
          "dependencies": [
            "module.vpc.aws_vpc.this"
          ],
          "create_before_destroy": true
        }
      ]
    },
    {
      "module": "module.vpc",
      "mode": "managed",
      "type": "aws_subnet",
      "name": "public",
      "provider": "provider[\"registry.terraform.io/hashicorp/aws\"]",
      "instances": [
        {
          "index_key": 0,
          "schema_version": 1,
          "attributes": {
            "arn": "arn:aws:ec2:ap-northeast-1:518897854809:subnet/subnet-0c4b47758413216fe",
            "assign_ipv6_address_on_creation": false,
            "availability_zone": "ap-northeast-1a",
            "availability_zone_id": "apne1-az4",
            "cidr_block": "10.4.2.0/24",
            "customer_owned_ipv4_pool": "",
            "enable_dns64": false,
            "enable_lni_at_device_index": 0,
            "enable_resource_name_dns_a_record_on_launch": false,
            "enable_resource_name_dns_aaaa_record_on_launch": false,
            "id": "subnet-0c4b47758413216fe",
            "ipv6_cidr_block": "",
            "ipv6_cidr_block_association_id": "",
            "ipv6_native": false,
            "map_customer_owned_ip_on_launch": false,
            "map_public_ip_on_launch": false,
            "outpost_arn": "",
            "owner_id": "518897854809",
            "private_dns_hostname_type_on_launch": "ip-name",
            "tags": {
              "Managed_by": "terraform",
              "Name": "region01-public-subnet-1a-10.4.2.0/24"
            },
            "tags_all": {
              "Managed_by": "terraform",
              "Name": "region01-public-subnet-1a-10.4.2.0/24"
            },
            "timeouts": null,
            "vpc_id": "vpc-0cca97fbdbc190704"
          },
          "sensitive_attributes": [],
          "private": "eyJlMmJmYjczMC1lY2FhLTExZTYtOGY4OC0zNDM2M2JjN2M0YzAiOnsiY3JlYXRlIjo2MDAwMDAwMDAwMDAsImRlbGV0ZSI6MTIwMDAwMDAwMDAwMH0sInNjaGVtYV92ZXJzaW9uIjoiMSJ9",
          "dependencies": [
            "module.vpc.aws_vpc.this"
          ],
          "create_before_destroy": true
        },
        {
          "index_key": 1,
          "schema_version": 1,
          "attributes": {
            "arn": "arn:aws:ec2:ap-northeast-1:518897854809:subnet/subnet-0d68ec20231e0110f",
            "assign_ipv6_address_on_creation": false,
            "availability_zone": "ap-northeast-1c",
            "availability_zone_id": "apne1-az1",
            "cidr_block": "10.4.22.0/24",
            "customer_owned_ipv4_pool": "",
            "enable_dns64": false,
            "enable_lni_at_device_index": 0,
            "enable_resource_name_dns_a_record_on_launch": false,
            "enable_resource_name_dns_aaaa_record_on_launch": false,
            "id": "subnet-0d68ec20231e0110f",
            "ipv6_cidr_block": "",
            "ipv6_cidr_block_association_id": "",
            "ipv6_native": false,
            "map_customer_owned_ip_on_launch": false,
            "map_public_ip_on_launch": false,
            "outpost_arn": "",
            "owner_id": "518897854809",
            "private_dns_hostname_type_on_launch": "ip-name",
            "tags": {
              "Managed_by": "terraform",
              "Name": "region01-public-subnet-1c-10.4.22.0/24"
            },
            "tags_all": {
              "Managed_by": "terraform",
              "Name": "region01-public-subnet-1c-10.4.22.0/24"
            },
            "timeouts": null,
            "vpc_id": "vpc-0cca97fbdbc190704"
          },
          "sensitive_attributes": [],
          "private": "eyJlMmJmYjczMC1lY2FhLTExZTYtOGY4OC0zNDM2M2JjN2M0YzAiOnsiY3JlYXRlIjo2MDAwMDAwMDAwMDAsImRlbGV0ZSI6MTIwMDAwMDAwMDAwMH0sInNjaGVtYV92ZXJzaW9uIjoiMSJ9",
          "dependencies": [
            "module.vpc.aws_vpc.this"
          ],
          "create_before_destroy": true
        }
      ]
    },
    {
      "module": "module.vpc",
      "mode": "managed",
      "type": "aws_subnet",
      "name": "public_fw",
      "provider": "provider[\"registry.terraform.io/hashicorp/aws\"]",
      "instances": [
        {
          "index_key": 0,
          "schema_version": 1,
          "attributes": {
            "arn": "arn:aws:ec2:ap-northeast-1:518897854809:subnet/subnet-0f5caed4d707fae0b",
            "assign_ipv6_address_on_creation": false,
            "availability_zone": "ap-northeast-1a",
            "availability_zone_id": "apne1-az4",
            "cidr_block": "10.4.1.0/24",
            "customer_owned_ipv4_pool": "",
            "enable_dns64": false,
            "enable_lni_at_device_index": 0,
            "enable_resource_name_dns_a_record_on_launch": false,
            "enable_resource_name_dns_aaaa_record_on_launch": false,
            "id": "subnet-0f5caed4d707fae0b",
            "ipv6_cidr_block": "",
            "ipv6_cidr_block_association_id": "",
            "ipv6_native": false,
            "map_customer_owned_ip_on_launch": false,
            "map_public_ip_on_launch": false,
            "outpost_arn": "",
            "owner_id": "518897854809",
            "private_dns_hostname_type_on_launch": "ip-name",
            "tags": {
              "Managed_by": "terraform",
              "Name": "region01-public-fw-subnet-1a-10.4.1.0/24"
            },
            "tags_all": {
              "Managed_by": "terraform",
              "Name": "region01-public-fw-subnet-1a-10.4.1.0/24"
            },
            "timeouts": null,
            "vpc_id": "vpc-0cca97fbdbc190704"
          },
          "sensitive_attributes": [],
          "private": "eyJlMmJmYjczMC1lY2FhLTExZTYtOGY4OC0zNDM2M2JjN2M0YzAiOnsiY3JlYXRlIjo2MDAwMDAwMDAwMDAsImRlbGV0ZSI6MTIwMDAwMDAwMDAwMH0sInNjaGVtYV92ZXJzaW9uIjoiMSJ9",
          "dependencies": [
            "module.vpc.aws_vpc.this"
          ],
          "create_before_destroy": true
        },
        {
          "index_key": 1,
          "schema_version": 1,
          "attributes": {
            "arn": "arn:aws:ec2:ap-northeast-1:518897854809:subnet/subnet-0a35a8bba3e46665f",
            "assign_ipv6_address_on_creation": false,
            "availability_zone": "ap-northeast-1c",
            "availability_zone_id": "apne1-az1",
            "cidr_block": "10.4.11.0/24",
            "customer_owned_ipv4_pool": "",
            "enable_dns64": false,
            "enable_lni_at_device_index": 0,
            "enable_resource_name_dns_a_record_on_launch": false,
            "enable_resource_name_dns_aaaa_record_on_launch": false,
            "id": "subnet-0a35a8bba3e46665f",
            "ipv6_cidr_block": "",
            "ipv6_cidr_block_association_id": "",
            "ipv6_native": false,
            "map_customer_owned_ip_on_launch": false,
            "map_public_ip_on_launch": false,
            "outpost_arn": "",
            "owner_id": "518897854809",
            "private_dns_hostname_type_on_launch": "ip-name",
            "tags": {
              "Managed_by": "terraform",
              "Name": "region01-public-fw-subnet-1c-10.4.11.0/24"
            },
            "tags_all": {
              "Managed_by": "terraform",
              "Name": "region01-public-fw-subnet-1c-10.4.11.0/24"
            },
            "timeouts": null,
            "vpc_id": "vpc-0cca97fbdbc190704"
          },
          "sensitive_attributes": [],
          "private": "eyJlMmJmYjczMC1lY2FhLTExZTYtOGY4OC0zNDM2M2JjN2M0YzAiOnsiY3JlYXRlIjo2MDAwMDAwMDAwMDAsImRlbGV0ZSI6MTIwMDAwMDAwMDAwMH0sInNjaGVtYV92ZXJzaW9uIjoiMSJ9",
          "dependencies": [
            "module.vpc.aws_vpc.this"
          ],
          "create_before_destroy": true
        }
      ]
    },
    {
      "module": "module.vpc",
      "mode": "managed",
      "type": "aws_vpc",
      "name": "this",
      "provider": "provider[\"registry.terraform.io/hashicorp/aws\"]",
      "instances": [
        {
          "schema_version": 1,
          "attributes": {
            "arn": "arn:aws:ec2:ap-northeast-1:518897854809:vpc/vpc-0cca97fbdbc190704",
            "assign_generated_ipv6_cidr_block": false,
            "cidr_block": "10.4.0.0/16",
            "default_network_acl_id": "acl-00982f1ae4727fa3a",
            "default_route_table_id": "rtb-084bcdf35af3ffe4b",
            "default_security_group_id": "sg-06a0ca92c07e6efe8",
            "dhcp_options_id": "dopt-01b4f717acc54782a",
            "enable_classiclink": false,
            "enable_classiclink_dns_support": false,
            "enable_dns_hostnames": true,
            "enable_dns_support": true,
            "enable_network_address_usage_metrics": false,
            "id": "vpc-0cca97fbdbc190704",
            "instance_tenancy": "default",
            "ipv4_ipam_pool_id": null,
            "ipv4_netmask_length": null,
            "ipv6_association_id": "",
            "ipv6_cidr_block": "",
            "ipv6_cidr_block_network_border_group": "",
            "ipv6_ipam_pool_id": "",
            "ipv6_netmask_length": 0,
            "main_route_table_id": "rtb-084bcdf35af3ffe4b",
            "owner_id": "518897854809",
            "tags": {
              "Managed_by": "terraform",
              "Name": "region01-vpc",
              "team": "4jo"
            },
            "tags_all": {
              "Managed_by": "terraform",
              "Name": "region01-vpc",
              "team": "4jo"
            }
          },
          "sensitive_attributes": [],
          "private": "eyJzY2hlbWFfdmVyc2lvbiI6IjEifQ==",
          "create_before_destroy": true
        }
      ]
    },
    {
      "module": "module.vpc",
      "mode": "managed",
      "type": "aws_vpc_security_group_ingress_rule",
      "name": "icmp_access_ingress",
      "provider": "provider[\"registry.terraform.io/hashicorp/aws\"]",
      "instances": [
        {
          "schema_version": 0,
          "attributes": {
            "arn": "arn:aws:ec2:ap-northeast-1:518897854809:security-group-rule/sgr-0aeb3b610fe0adc2f",
            "cidr_ipv4": "0.0.0.0/0",
            "cidr_ipv6": null,
            "description": "ICMP Test",
            "from_port": -1,
            "id": "sgr-0aeb3b610fe0adc2f",
            "ip_protocol": "icmp",
            "prefix_list_id": null,
            "referenced_security_group_id": null,
            "security_group_id": "sg-08c97daef15fa03f1",
            "security_group_rule_id": "sgr-0aeb3b610fe0adc2f",
            "tags": null,
            "tags_all": {},
            "to_port": -1
          },
          "sensitive_attributes": [],
          "dependencies": [
            "module.vpc.aws_security_group.alb",
            "module.vpc.aws_vpc.this"
          ],
          "create_before_destroy": true
        }
      ]
    }
  ],
  "check_results": null
}
